{
  "version": 4,
  "terraform_version": "1.12.1",
  "serial": 580,
  "lineage": "35aa9bfc-f14e-ce5d-ad8d-3f00bba0111a",
  "outputs": {},
  "resources": [
    {
      "mode": "data",
      "type": "aws_caller_identity",
      "name": "current",
      "provider": "provider[\"registry.terraform.io/hashicorp/aws\"]",
      "instances": [
        {
          "schema_version": 0,
          "attributes": {
            "account_id": "211125619133",
            "arn": "arn:aws:iam::211125619133:user/Jeremy",
            "id": "211125619133",
            "user_id": "AIDATCKARJG6T2JYWDM3D"
          },
          "sensitive_attributes": [],
          "identity_schema_version": 0
        }
      ]
    },
    {
      "mode": "data",
      "type": "aws_lambda_layer_version",
      "name": "spotify_sparticuz",
      "provider": "provider[\"registry.terraform.io/hashicorp/aws\"]",
      "instances": [
        {
          "schema_version": 0,
          "attributes": {
            "arn": "arn:aws:lambda:us-west-1:211125619133:layer:spotify-sparticuz-layer:2",
            "code_sha256": "SFeJqbQtLmTk2Vs+jr8YHncGglIcpI7U7F6SfSCLoYM=",
            "compatible_architecture": null,
            "compatible_architectures": [
              "x86_64"
            ],
            "compatible_runtime": null,
            "compatible_runtimes": [
              "nodejs20.x",
              "nodejs22.x"
            ],
            "created_date": "2025-09-10T07:46:09.672+0000",
            "description": "",
            "id": "arn:aws:lambda:us-west-1:211125619133:layer:spotify-sparticuz-layer:2",
            "layer_arn": "arn:aws:lambda:us-west-1:211125619133:layer:spotify-sparticuz-layer",
            "layer_name": "spotify-sparticuz-layer",
            "license_info": "",
            "signing_job_arn": "",
            "signing_profile_version_arn": "",
            "source_code_hash": "SFeJqbQtLmTk2Vs+jr8YHncGglIcpI7U7F6SfSCLoYM=",
            "source_code_size": 64650506,
            "version": 2
          },
          "sensitive_attributes": [],
          "identity_schema_version": 0
        }
      ]
    },
    {
      "mode": "data",
      "type": "aws_region",
      "name": "current",
      "provider": "provider[\"registry.terraform.io/hashicorp/aws\"]",
      "instances": [
        {
          "schema_version": 0,
          "attributes": {
            "description": "US West (N. California)",
            "endpoint": "ec2.us-west-1.amazonaws.com",
            "id": "us-west-1",
            "name": "us-west-1"
          },
          "sensitive_attributes": [],
          "identity_schema_version": 0
        }
      ]
    },
    {
      "mode": "data",
      "type": "aws_secretsmanager_secret_version",
      "name": "spotify_api_secrets",
      "provider": "provider[\"registry.terraform.io/hashicorp/aws\"]",
      "instances": [
        {
          "schema_version": 0,
          "attributes": {
            "arn": "arn:aws:secretsmanager:us-west-1:211125619133:secret:SpotifyAPICreds-ck6Gnk",
            "created_date": "2025-09-11T10:41:10Z",
            "id": "SpotifyAPICreds|AWSCURRENT",
            "secret_binary": "",
            "secret_id": "SpotifyAPICreds",
            "secret_string": "{\"SPOTIFY_REFRESH_TOKEN\":\"AQAjLfKQ1aTAmdBaB1smWU5jq-59WjDznskM90XoHcZNbB_Yt4TgoLMLSCbqTtBIpM6bpyema-V5iNIdk29gDi3v1cRQ0cL1jt_kP68zhP4n_c38AiSGQlEuBs-dN38E5Dg\",\"SPOTIFY_CLIENT_ID\":\"ca1cd64416c445398c7c7e0db471dd68\",\"SPOTIFY_CLIENT_SECRET\":\"2f4a918c35b74acd9fcea703d297833e\"}",
            "version_id": "b3805a47-8e36-4191-b64d-b191f28fc771",
            "version_stage": "AWSCURRENT",
            "version_stages": [
              "AWSCURRENT"
            ]
          },
          "sensitive_attributes": [
            [
              {
                "type": "get_attr",
                "value": "secret_binary"
              }
            ],
            [
              {
                "type": "get_attr",
                "value": "secret_string"
              }
            ]
          ],
          "identity_schema_version": 0
        }
      ]
    },
    {
      "mode": "managed",
      "type": "aws_cloudwatch_event_rule",
      "name": "listening_history_ingestor_trigger",
      "provider": "provider[\"registry.terraform.io/hashicorp/aws\"]",
      "instances": [
        {
          "schema_version": 1,
          "attributes": {
            "arn": "arn:aws:events:us-west-1:211125619133:rule/listening-history-ingestor-trigger",
            "description": "Triggers listening history ingestor Lambda every hour",
            "event_bus_name": "default",
            "event_pattern": null,
            "force_destroy": false,
            "id": "listening-history-ingestor-trigger",
            "is_enabled": true,
            "name": "listening-history-ingestor-trigger",
            "name_prefix": "",
            "role_arn": "",
            "schedule_expression": "cron(0 * * * ? *)",
            "state": "ENABLED",
            "tags": {},
            "tags_all": {}
          },
          "sensitive_attributes": [],
          "identity_schema_version": 0,
          "private": "eyJzY2hlbWFfdmVyc2lvbiI6IjEifQ=="
        }
      ]
    },
    {
      "mode": "managed",
      "type": "aws_cloudwatch_event_target",
      "name": "trigger_synthetic_lambda",
      "provider": "provider[\"registry.terraform.io/hashicorp/aws\"]",
      "instances": [
        {
          "schema_version": 1,
          "attributes": {
            "appsync_target": [],
            "arn": "arn:aws:lambda:us-west-1:211125619133:function:spotify-listening-history-ingestor-lambda",
            "batch_target": [],
            "dead_letter_config": [],
            "ecs_target": [],
            "event_bus_name": "default",
            "force_destroy": false,
            "http_target": [],
            "id": "listening-history-ingestor-trigger-SyntheticDataLambda",
            "input": "{\"trigger\":\"daily\"}",
            "input_path": "",
            "input_transformer": [],
            "kinesis_target": [],
            "redshift_target": [],
            "retry_policy": [],
            "role_arn": "",
            "rule": "listening-history-ingestor-trigger",
            "run_command_targets": [],
            "sagemaker_pipeline_target": [],
            "sqs_target": [],
            "target_id": "SyntheticDataLambda"
          },
          "sensitive_attributes": [],
          "identity_schema_version": 0,
          "private": "eyJzY2hlbWFfdmVyc2lvbiI6IjEifQ==",
          "dependencies": [
            "aws_cloudwatch_event_rule.listening_history_ingestor_trigger",
            "data.aws_caller_identity.current",
            "data.aws_secretsmanager_secret_version.spotify_api_secrets",
            "module.artist_history_table.aws_dynamodb_table.table",
            "module.listening_history_ingestor_lambda.aws_iam_role.execution_role",
            "module.listening_history_ingestor_lambda.aws_lambda_function.function",
            "module.listening_history_ingestor_lambda.aws_s3_object.s3_upload",
            "module.listening_history_ingestor_lambda.data.archive_file.zip",
            "module.listening_history_table.aws_dynamodb_table.table",
            "module.shared_lambda_layer.aws_lambda_layer_version.version",
            "module.shared_lambda_layer.aws_s3_object.s3_upload",
            "module.shared_lambda_layer.data.archive_file.zip",
            "module.status_timestamps_table.aws_dynamodb_table.table"
          ]
        }
      ]
    },
    {
      "mode": "managed",
      "type": "aws_iam_policy",
      "name": "chart_generator_policy",
      "provider": "provider[\"registry.terraform.io/hashicorp/aws\"]",
      "instances": [
        {
          "schema_version": 0,
          "attributes": {
            "arn": "arn:aws:iam::211125619133:policy/chart-generator-policy",
            "attachment_count": 1,
            "description": "Allows the listening history ingestor Lambda to write to the DynamoDB table.",
            "id": "arn:aws:iam::211125619133:policy/chart-generator-policy",
            "name": "chart-generator-policy",
            "name_prefix": "",
            "path": "/",
            "policy": "{\"Statement\":[{\"Action\":[\"dynamodb:Query\"],\"Effect\":\"Allow\",\"Resource\":\"arn:aws:dynamodb:us-west-1:211125619133:table/spotify-listening-history\"},{\"Action\":[\"dynamodb:GetItem\",\"dynamodb:PutItem\",\"dynamodb:UpdateItem\"],\"Effect\":\"Allow\",\"Resource\":\"arn:aws:dynamodb:us-west-1:211125619133:table/spotify-status-timestamps-table\"},{\"Action\":[\"dynamodb:GetItem\",\"dynamodb:PutItem\",\"dynamodb:UpdateItem\"],\"Effect\":\"Allow\",\"Resource\":[\"arn:aws:dynamodb:us-west-1:211125619133:table/spotify-song-history\",\"arn:aws:dynamodb:us-west-1:211125619133:table/spotify-artist-history\",\"arn:aws:dynamodb:us-west-1:211125619133:table/spotify-album-history\"]},{\"Action\":[\"s3:PutObject\"],\"Effect\":\"Allow\",\"Resource\":\"arn:aws:s3:::jeremy-spotify-chart-history-bucket/*\"}],\"Version\":\"2012-10-17\"}",
            "policy_id": "ANPATCKARJG6WSIR2LYJ3",
            "tags": {},
            "tags_all": {}
          },
          "sensitive_attributes": [],
          "identity_schema_version": 0,
          "private": "bnVsbA==",
          "dependencies": [
            "module.album_history_table.aws_dynamodb_table.table",
            "module.artist_history_table.aws_dynamodb_table.table",
            "module.listening_history_table.aws_dynamodb_table.table",
            "module.song_chart_history_bucket.aws_s3_bucket.s3",
            "module.song_history_table.aws_dynamodb_table.table",
            "module.status_timestamps_table.aws_dynamodb_table.table"
          ]
        }
      ]
    },
    {
      "mode": "managed",
      "type": "aws_iam_policy",
      "name": "get_chart_policy",
      "provider": "provider[\"registry.terraform.io/hashicorp/aws\"]",
      "instances": [
        {
          "schema_version": 0,
          "attributes": {
            "arn": "arn:aws:iam::211125619133:policy/get-chart-policy",
            "attachment_count": 1,
            "description": "Allows the get chart Lambda to write to the DynamoDB table.",
            "id": "arn:aws:iam::211125619133:policy/get-chart-policy",
            "name": "get-chart-policy",
            "name_prefix": "",
            "path": "/",
            "policy": "{\"Statement\":[{\"Action\":[\"s3:GetObject\"],\"Effect\":\"Allow\",\"Resource\":\"arn:aws:s3:::jeremy-spotify-chart-history-bucket/*\"}],\"Version\":\"2012-10-17\"}",
            "policy_id": "ANPATCKARJG6UFB4SYCKC",
            "tags": {},
            "tags_all": {}
          },
          "sensitive_attributes": [],
          "identity_schema_version": 0,
          "private": "bnVsbA==",
          "dependencies": [
            "module.song_chart_history_bucket.aws_s3_bucket.s3"
          ]
        }
      ]
    },
    {
      "mode": "managed",
      "type": "aws_iam_policy",
      "name": "ingest_genres_policy",
      "provider": "provider[\"registry.terraform.io/hashicorp/aws\"]",
      "instances": [
        {
          "schema_version": 0,
          "attributes": {
            "arn": "arn:aws:iam::211125619133:policy/ingest-genres-policy",
            "attachment_count": 1,
            "description": "Allows the ingest genres Lambda to scan and update the listening history table.",
            "id": "arn:aws:iam::211125619133:policy/ingest-genres-policy",
            "name": "ingest-genres-policy",
            "name_prefix": "",
            "path": "/",
            "policy": "{\"Statement\":[{\"Action\":[\"dynamodb:Scan\",\"dynamodb:UpdateItem\",\"dynamodb:GetItem\"],\"Effect\":\"Allow\",\"Resource\":\"arn:aws:dynamodb:us-west-1:211125619133:table/spotify-listening-history\"},{\"Action\":[\"secretsmanager:GetSecretValue\"],\"Effect\":\"Allow\",\"Resource\":\"*\"},{\"Action\":[\"dynamodb:GetItem\",\"dynamodb:PutItem\",\"dynamodb:UpdateItem\"],\"Effect\":\"Allow\",\"Resource\":[\"arn:aws:dynamodb:us-west-1:211125619133:table/spotify-status-timestamps-table\",\"arn:aws:dynamodb:us-west-1:211125619133:table/spotify-artist-history\"]}],\"Version\":\"2012-10-17\"}",
            "policy_id": "ANPATCKARJG6T64DDUN5F",
            "tags": {},
            "tags_all": {}
          },
          "sensitive_attributes": [],
          "identity_schema_version": 0,
          "private": "bnVsbA==",
          "dependencies": [
            "module.artist_history_table.aws_dynamodb_table.table",
            "module.listening_history_table.aws_dynamodb_table.table",
            "module.status_timestamps_table.aws_dynamodb_table.table"
          ]
        }
      ]
    },
    {
      "mode": "managed",
      "type": "aws_iam_policy",
      "name": "list_charts_policy",
      "provider": "provider[\"registry.terraform.io/hashicorp/aws\"]",
      "instances": [
        {
          "schema_version": 0,
          "attributes": {
            "arn": "arn:aws:iam::211125619133:policy/list-charts-policy",
            "attachment_count": 1,
            "description": "Allows the list charts Lambda to read from S3.",
            "id": "arn:aws:iam::211125619133:policy/list-charts-policy",
            "name": "list-charts-policy",
            "name_prefix": "",
            "path": "/",
            "policy": "{\"Statement\":[{\"Action\":[\"s3:ListBucket\"],\"Effect\":\"Allow\",\"Resource\":\"arn:aws:s3:::jeremy-spotify-chart-history-bucket\"}],\"Version\":\"2012-10-17\"}",
            "policy_id": "ANPATCKARJG6RFNO2JJ4O",
            "tags": {},
            "tags_all": {}
          },
          "sensitive_attributes": [],
          "identity_schema_version": 0,
          "private": "bnVsbA==",
          "dependencies": [
            "module.song_chart_history_bucket.aws_s3_bucket.s3"
          ]
        }
      ]
    },
    {
      "mode": "managed",
      "type": "aws_iam_policy",
      "name": "listening_history_ingestor_policy",
      "provider": "provider[\"registry.terraform.io/hashicorp/aws\"]",
      "instances": [
        {
          "schema_version": 0,
          "attributes": {
            "arn": "arn:aws:iam::211125619133:policy/listening-history-ingestor-policy",
            "attachment_count": 1,
            "description": "Allows the listening history ingestor Lambda to write to the DynamoDB table.",
            "id": "arn:aws:iam::211125619133:policy/listening-history-ingestor-policy",
            "name": "listening-history-ingestor-policy",
            "name_prefix": "",
            "path": "/",
            "policy": "{\"Statement\":[{\"Action\":[\"dynamodb:PutItem\",\"dynamodb:BatchWriteItem\"],\"Effect\":\"Allow\",\"Resource\":\"arn:aws:dynamodb:us-west-1:211125619133:table/spotify-listening-history\"},{\"Action\":[\"dynamodb:GetItem\",\"dynamodb:PutItem\",\"dynamodb:UpdateItem\"],\"Effect\":\"Allow\",\"Resource\":[\"arn:aws:dynamodb:us-west-1:211125619133:table/spotify-status-timestamps-table\",\"arn:aws:dynamodb:us-west-1:211125619133:table/spotify-artist-history\"]}],\"Version\":\"2012-10-17\"}",
            "policy_id": "ANPATCKARJG6XT5O2VWNT",
            "tags": {},
            "tags_all": {}
          },
          "sensitive_attributes": [],
          "identity_schema_version": 0,
          "private": "bnVsbA==",
          "dependencies": [
            "module.artist_history_table.aws_dynamodb_table.table",
            "module.listening_history_table.aws_dynamodb_table.table",
            "module.status_timestamps_table.aws_dynamodb_table.table"
          ]
        }
      ]
    },
    {
      "mode": "managed",
      "type": "aws_iam_policy",
      "name": "reset_chart_data_policy",
      "provider": "provider[\"registry.terraform.io/hashicorp/aws\"]",
      "instances": [
        {
          "schema_version": 0,
          "attributes": {
            "arn": "arn:aws:iam::211125619133:policy/reset-chart-data-policy",
            "attachment_count": 1,
            "description": "Allows the reset chart data Lambda to write to the DynamoDB table.",
            "id": "arn:aws:iam::211125619133:policy/reset-chart-data-policy",
            "name": "reset-chart-data-policy",
            "name_prefix": "",
            "path": "/",
            "policy": "{\"Statement\":[{\"Action\":[\"dynamodb:Scan\",\"dynamodb:BatchWriteItem\"],\"Effect\":\"Allow\",\"Resource\":\"arn:aws:dynamodb:us-west-1:211125619133:table/spotify-song-history\"}],\"Version\":\"2012-10-17\"}",
            "policy_id": "ANPATCKARJG6UZ25EJ6CA",
            "tags": {},
            "tags_all": {}
          },
          "sensitive_attributes": [],
          "identity_schema_version": 0,
          "private": "bnVsbA==",
          "dependencies": [
            "module.song_history_table.aws_dynamodb_table.table"
          ]
        }
      ]
    },
    {
      "mode": "managed",
      "type": "aws_iam_policy",
      "name": "song_chart_playlist_generator_policy",
      "provider": "provider[\"registry.terraform.io/hashicorp/aws\"]",
      "instances": [
        {
          "schema_version": 0,
          "attributes": {
            "arn": "arn:aws:iam::211125619133:policy/song-chart-playlist-generator-policy",
            "attachment_count": 1,
            "description": "Allows the song chart playlist generator Lambda to read from S3",
            "id": "arn:aws:iam::211125619133:policy/song-chart-playlist-generator-policy",
            "name": "song-chart-playlist-generator-policy",
            "name_prefix": "",
            "path": "/",
            "policy": "{\"Statement\":[{\"Action\":[\"s3:GetObject\"],\"Effect\":\"Allow\",\"Resource\":\"arn:aws:s3:::jeremy-spotify-chart-history-bucket/*\"}],\"Version\":\"2012-10-17\"}",
            "policy_id": "ANPATCKARJG6RRVFBDJY2",
            "tags": {},
            "tags_all": {}
          },
          "sensitive_attributes": [],
          "identity_schema_version": 0,
          "private": "bnVsbA==",
          "dependencies": [
            "module.song_chart_history_bucket.aws_s3_bucket.s3"
          ]
        }
      ]
    },
    {
      "mode": "managed",
      "type": "aws_iam_role_policy_attachment",
      "name": "chart_generator_attach",
      "provider": "provider[\"registry.terraform.io/hashicorp/aws\"]",
      "instances": [
        {
          "schema_version": 0,
          "attributes": {
            "id": "spotify-chart-generator-lambda-exec-role-20250908233545132100000001",
            "policy_arn": "arn:aws:iam::211125619133:policy/chart-generator-policy",
            "role": "spotify-chart-generator-lambda-exec-role"
          },
          "sensitive_attributes": [],
          "identity_schema_version": 0,
          "private": "bnVsbA==",
          "dependencies": [
            "aws_iam_policy.chart_generator_policy",
            "module.album_history_table.aws_dynamodb_table.table",
            "module.artist_history_table.aws_dynamodb_table.table",
            "module.chart_generator_lambda.aws_iam_role.execution_role",
            "module.listening_history_table.aws_dynamodb_table.table",
            "module.song_chart_history_bucket.aws_s3_bucket.s3",
            "module.song_history_table.aws_dynamodb_table.table",
            "module.status_timestamps_table.aws_dynamodb_table.table"
          ]
        }
      ]
    },
    {
      "mode": "managed",
      "type": "aws_iam_role_policy_attachment",
      "name": "get_chart_attach",
      "provider": "provider[\"registry.terraform.io/hashicorp/aws\"]",
      "instances": [
        {
          "schema_version": 0,
          "attributes": {
            "id": "spotify-get-chart-lambda-exec-role-20250911075814017800000004",
            "policy_arn": "arn:aws:iam::211125619133:policy/get-chart-policy",
            "role": "spotify-get-chart-lambda-exec-role"
          },
          "sensitive_attributes": [],
          "identity_schema_version": 0,
          "private": "bnVsbA==",
          "dependencies": [
            "aws_iam_policy.get_chart_policy",
            "module.get_chart_lambda.aws_iam_role.execution_role",
            "module.song_chart_history_bucket.aws_s3_bucket.s3"
          ]
        }
      ]
    },
    {
      "mode": "managed",
      "type": "aws_iam_role_policy_attachment",
      "name": "ingest_genres_attach",
      "provider": "provider[\"registry.terraform.io/hashicorp/aws\"]",
      "instances": [
        {
          "schema_version": 0,
          "attributes": {
            "id": "spotify-ingest-genres-data-lambda-exec-role-20250911195044075400000001",
            "policy_arn": "arn:aws:iam::211125619133:policy/ingest-genres-policy",
            "role": "spotify-ingest-genres-data-lambda-exec-role"
          },
          "sensitive_attributes": [],
          "identity_schema_version": 0,
          "private": "bnVsbA==",
          "dependencies": [
            "aws_iam_policy.ingest_genres_policy",
            "module.artist_history_table.aws_dynamodb_table.table",
            "module.ingest_genres_lambda.aws_iam_role.execution_role",
            "module.listening_history_table.aws_dynamodb_table.table",
            "module.status_timestamps_table.aws_dynamodb_table.table"
          ]
        }
      ]
    },
    {
      "mode": "managed",
      "type": "aws_iam_role_policy_attachment",
      "name": "list_charts_attach",
      "provider": "provider[\"registry.terraform.io/hashicorp/aws\"]",
      "instances": [
        {
          "schema_version": 0,
          "attributes": {
            "id": "spotify-list-charts-lambda-exec-role-20250911075813969400000002",
            "policy_arn": "arn:aws:iam::211125619133:policy/list-charts-policy",
            "role": "spotify-list-charts-lambda-exec-role"
          },
          "sensitive_attributes": [],
          "identity_schema_version": 0,
          "private": "bnVsbA==",
          "dependencies": [
            "aws_iam_policy.list_charts_policy",
            "module.list_charts_lambda.aws_iam_role.execution_role",
            "module.song_chart_history_bucket.aws_s3_bucket.s3"
          ]
        }
      ]
    },
    {
      "mode": "managed",
      "type": "aws_iam_role_policy_attachment",
      "name": "listening_history_ingestor_attach",
      "provider": "provider[\"registry.terraform.io/hashicorp/aws\"]",
      "instances": [
        {
          "schema_version": 0,
          "attributes": {
            "id": "spotify-listening-history-ingestor-lambda-exec-role-20250908221107870000000001",
            "policy_arn": "arn:aws:iam::211125619133:policy/listening-history-ingestor-policy",
            "role": "spotify-listening-history-ingestor-lambda-exec-role"
          },
          "sensitive_attributes": [],
          "identity_schema_version": 0,
          "private": "bnVsbA==",
          "dependencies": [
            "aws_iam_policy.listening_history_ingestor_policy",
            "module.artist_history_table.aws_dynamodb_table.table",
            "module.listening_history_ingestor_lambda.aws_iam_role.execution_role",
            "module.listening_history_table.aws_dynamodb_table.table",
            "module.status_timestamps_table.aws_dynamodb_table.table"
          ]
        }
      ]
    },
    {
      "mode": "managed",
      "type": "aws_iam_role_policy_attachment",
      "name": "reset_chart_data_attach",
      "provider": "provider[\"registry.terraform.io/hashicorp/aws\"]",
      "instances": [
        {
          "schema_version": 0,
          "attributes": {
            "id": "spotify-reset-chart-data-lambda-exec-role-20250911050603247100000001",
            "policy_arn": "arn:aws:iam::211125619133:policy/reset-chart-data-policy",
            "role": "spotify-reset-chart-data-lambda-exec-role"
          },
          "sensitive_attributes": [],
          "identity_schema_version": 0,
          "private": "bnVsbA==",
          "dependencies": [
            "aws_iam_policy.reset_chart_data_policy",
            "module.reset_chart_data_lambda.aws_iam_role.execution_role",
            "module.song_history_table.aws_dynamodb_table.table"
          ]
        }
      ]
    },
    {
      "mode": "managed",
      "type": "aws_iam_role_policy_attachment",
      "name": "song_chart_playlist_generator_attach",
      "provider": "provider[\"registry.terraform.io/hashicorp/aws\"]",
      "instances": [
        {
          "schema_version": 0,
          "attributes": {
            "id": "spotify-song-chart-playlist-generator-lambda-exec-role-20250910174428696100000002",
            "policy_arn": "arn:aws:iam::211125619133:policy/song-chart-playlist-generator-policy",
            "role": "spotify-song-chart-playlist-generator-lambda-exec-role"
          },
          "sensitive_attributes": [],
          "identity_schema_version": 0,
          "private": "bnVsbA==",
          "dependencies": [
            "aws_iam_policy.song_chart_playlist_generator_policy",
            "module.song_chart_history_bucket.aws_s3_bucket.s3",
            "module.song_chart_playlist_generator_lambda.aws_iam_role.execution_role"
          ]
        }
      ]
    },
    {
      "mode": "managed",
      "type": "aws_lambda_permission",
      "name": "allow_eventbridge",
      "provider": "provider[\"registry.terraform.io/hashicorp/aws\"]",
      "instances": [
        {
          "schema_version": 0,
          "attributes": {
            "action": "lambda:InvokeFunction",
            "event_source_token": null,
            "function_name": "spotify-listening-history-ingestor-lambda",
            "function_url_auth_type": null,
            "id": "AllowEventBridgeInvoke",
            "principal": "events.amazonaws.com",
            "principal_org_id": null,
            "qualifier": "",
            "source_account": null,
            "source_arn": "arn:aws:events:us-west-1:211125619133:rule/listening-history-ingestor-trigger",
            "statement_id": "AllowEventBridgeInvoke",
            "statement_id_prefix": ""
          },
          "sensitive_attributes": [],
          "identity_schema_version": 0,
          "private": "bnVsbA==",
          "dependencies": [
            "aws_cloudwatch_event_rule.listening_history_ingestor_trigger",
            "data.aws_caller_identity.current",
            "data.aws_secretsmanager_secret_version.spotify_api_secrets",
            "module.artist_history_table.aws_dynamodb_table.table",
            "module.listening_history_ingestor_lambda.aws_iam_role.execution_role",
            "module.listening_history_ingestor_lambda.aws_lambda_function.function",
            "module.listening_history_ingestor_lambda.aws_s3_object.s3_upload",
            "module.listening_history_ingestor_lambda.data.archive_file.zip",
            "module.listening_history_table.aws_dynamodb_table.table",
            "module.shared_lambda_layer.aws_lambda_layer_version.version",
            "module.shared_lambda_layer.aws_s3_object.s3_upload",
            "module.shared_lambda_layer.data.archive_file.zip",
            "module.status_timestamps_table.aws_dynamodb_table.table"
          ]
        }
      ]
    },
    {
      "module": "module.album_history_table",
      "mode": "managed",
      "type": "aws_dynamodb_table",
      "name": "table",
      "provider": "provider[\"registry.terraform.io/hashicorp/aws\"]",
      "instances": [
        {
          "schema_version": 1,
          "attributes": {
            "arn": "arn:aws:dynamodb:us-west-1:211125619133:table/spotify-album-history",
            "attribute": [
              {
                "name": "album_id",
                "type": "S"
              }
            ],
            "billing_mode": "PAY_PER_REQUEST",
            "deletion_protection_enabled": false,
            "global_secondary_index": [],
            "hash_key": "album_id",
            "id": "spotify-album-history",
            "import_table": [],
            "local_secondary_index": [],
            "name": "spotify-album-history",
            "on_demand_throughput": [],
            "point_in_time_recovery": [
              {
                "enabled": false
              }
            ],
            "range_key": null,
            "read_capacity": 0,
            "replica": [],
            "restore_date_time": null,
            "restore_source_name": null,
            "restore_source_table_arn": null,
            "restore_to_latest_time": null,
            "server_side_encryption": [],
            "stream_arn": "",
            "stream_enabled": false,
            "stream_label": "",
            "stream_view_type": "",
            "table_class": "STANDARD",
            "tags": {
              "Developer": "Jeremy Quinto",
              "Environment": "spotify",
              "Name": "spotify-album-history",
              "Namespace": "jeremy",
              "Owner": "Jeremy Quinto",
              "Project": "spotify-project",
              "Stage": "spotify"
            },
            "tags_all": {
              "Developer": "Jeremy Quinto",
              "Environment": "spotify",
              "Name": "spotify-album-history",
              "Namespace": "jeremy",
              "Owner": "Jeremy Quinto",
              "Project": "spotify-project",
              "Stage": "spotify"
            },
            "timeouts": null,
            "ttl": [
              {
                "attribute_name": "",
                "enabled": false
              }
            ],
            "write_capacity": 0
          },
          "sensitive_attributes": [],
          "identity_schema_version": 0,
          "private": "eyJlMmJmYjczMC1lY2FhLTExZTYtOGY4OC0zNDM2M2JjN2M0YzAiOnsiY3JlYXRlIjoxODAwMDAwMDAwMDAwLCJkZWxldGUiOjYwMDAwMDAwMDAwMCwidXBkYXRlIjozNjAwMDAwMDAwMDAwfSwic2NoZW1hX3ZlcnNpb24iOiIxIn0="
        }
      ]
    },
    {
      "module": "module.artist_history_table",
      "mode": "managed",
      "type": "aws_dynamodb_table",
      "name": "table",
      "provider": "provider[\"registry.terraform.io/hashicorp/aws\"]",
      "instances": [
        {
          "schema_version": 1,
          "attributes": {
            "arn": "arn:aws:dynamodb:us-west-1:211125619133:table/spotify-artist-history",
            "attribute": [
              {
                "name": "artist_id",
                "type": "S"
              }
            ],
            "billing_mode": "PAY_PER_REQUEST",
            "deletion_protection_enabled": false,
            "global_secondary_index": [],
            "hash_key": "artist_id",
            "id": "spotify-artist-history",
            "import_table": [],
            "local_secondary_index": [],
            "name": "spotify-artist-history",
            "on_demand_throughput": [],
            "point_in_time_recovery": [
              {
                "enabled": false
              }
            ],
            "range_key": null,
            "read_capacity": 0,
            "replica": [],
            "restore_date_time": null,
            "restore_source_name": null,
            "restore_source_table_arn": null,
            "restore_to_latest_time": null,
            "server_side_encryption": [],
            "stream_arn": "",
            "stream_enabled": false,
            "stream_label": "",
            "stream_view_type": "",
            "table_class": "STANDARD",
            "tags": {
              "Developer": "Jeremy Quinto",
              "Environment": "spotify",
              "Name": "spotify-artist-history",
              "Namespace": "jeremy",
              "Owner": "Jeremy Quinto",
              "Project": "spotify-project",
              "Stage": "spotify"
            },
            "tags_all": {
              "Developer": "Jeremy Quinto",
              "Environment": "spotify",
              "Name": "spotify-artist-history",
              "Namespace": "jeremy",
              "Owner": "Jeremy Quinto",
              "Project": "spotify-project",
              "Stage": "spotify"
            },
            "timeouts": null,
            "ttl": [
              {
                "attribute_name": "",
                "enabled": false
              }
            ],
            "write_capacity": 0
          },
          "sensitive_attributes": [],
          "identity_schema_version": 0,
          "private": "eyJlMmJmYjczMC1lY2FhLTExZTYtOGY4OC0zNDM2M2JjN2M0YzAiOnsiY3JlYXRlIjoxODAwMDAwMDAwMDAwLCJkZWxldGUiOjYwMDAwMDAwMDAwMCwidXBkYXRlIjozNjAwMDAwMDAwMDAwfSwic2NoZW1hX3ZlcnNpb24iOiIxIn0="
        }
      ]
    },
    {
      "module": "module.browser_lambda_layer",
      "mode": "managed",
      "type": "aws_lambda_layer_version",
      "name": "version",
      "provider": "provider[\"registry.terraform.io/hashicorp/aws\"]",
      "instances": [
        {
          "schema_version": 0,
          "attributes": {
            "arn": "arn:aws:lambda:us-west-1:211125619133:layer:spotify-browser-layer:6",
            "code_sha256": "lfedP2jd+n0iwscjorELeOkV6Olpd5iG8S7XmfN2F38=",
            "compatible_architectures": [
              "arm64",
              "x86_64"
            ],
            "compatible_runtimes": [
              "nodejs20.x"
            ],
            "created_date": "2025-09-10T07:43:11.047+0000",
            "description": "Utilities and dependencies for browser lambda",
            "filename": "./../backend/build/layers/browser_layer.zip",
            "id": "arn:aws:lambda:us-west-1:211125619133:layer:spotify-browser-layer:6",
            "layer_arn": "arn:aws:lambda:us-west-1:211125619133:layer:spotify-browser-layer",
            "layer_name": "spotify-browser-layer",
            "license_info": "",
            "s3_bucket": null,
            "s3_key": null,
            "s3_object_version": null,
            "signing_job_arn": "",
            "signing_profile_version_arn": "",
            "skip_destroy": false,
            "source_code_hash": "lfedP2jd+n0iwscjorELeOkV6Olpd5iG8S7XmfN2F38=",
            "source_code_size": 4509050,
            "version": "6"
          },
          "sensitive_attributes": [],
          "identity_schema_version": 0,
          "private": "bnVsbA==",
          "dependencies": [
            "module.browser_lambda_layer.aws_s3_object.s3_upload",
            "module.browser_lambda_layer.data.archive_file.zip"
          ]
        }
      ]
    },
    {
      "module": "module.chart_generator_lambda",
      "mode": "data",
      "type": "archive_file",
      "name": "zip",
      "provider": "provider[\"registry.terraform.io/hashicorp/archive\"]",
      "instances": [
        {
          "index_key": 0,
          "schema_version": 0,
          "attributes": {
            "exclude_symlink_directories": null,
            "excludes": [
              "*.zip"
            ],
            "id": "06690e8ad2335153b5da77cb3d04c5a256bf8df8",
            "output_base64sha256": "aIC6rFn/LTf5YIMgvZlniFfvuDOFr5HRL42vncwA0Ys=",
            "output_base64sha512": "SEee+zhCWsiAphQOUkjHVP0gQ1UfePKnU+fCAIyUIcn1dq2uK7VrAQ41qhy+INW/buPni+fb5orc43yBCTypyg==",
            "output_file_mode": null,
            "output_md5": "d59348fdcfcbd1fc1505f01927f95811",
            "output_path": "./../backend/build/chart_generator/chart_generator.zip",
            "output_sha": "06690e8ad2335153b5da77cb3d04c5a256bf8df8",
            "output_sha256": "6880baac59ff2d37f9608320bd99678857efb83385af91d12f8daf9dcc00d18b",
            "output_sha512": "48479efb38425ac880a6140e5248c754fd2043551f78f2a753e7c2008c9421c9f576adae2bb56b010e35aa1cbe20d5bf6ee3e78be7dbe68adce37c81093ca9ca",
            "output_size": 35338,
            "source": [],
            "source_content": null,
            "source_content_filename": null,
            "source_dir": "./../backend/dist/chart_generator",
            "source_file": null,
            "type": "zip"
          },
          "sensitive_attributes": [],
          "identity_schema_version": 0
        }
      ]
    },
    {
      "module": "module.chart_generator_lambda",
      "mode": "managed",
      "type": "aws_cloudwatch_log_group",
      "name": "lambda_log_group",
      "provider": "provider[\"registry.terraform.io/hashicorp/aws\"]",
      "instances": [
        {
          "schema_version": 0,
          "attributes": {
            "arn": "arn:aws:logs:us-west-1:211125619133:log-group:/aws/lambda/spotify-chart-generator-lambda",
            "id": "/aws/lambda/spotify-chart-generator-lambda",
            "kms_key_id": "",
            "log_group_class": "STANDARD",
            "name": "/aws/lambda/spotify-chart-generator-lambda",
            "name_prefix": "",
            "retention_in_days": 7,
            "skip_destroy": false,
            "tags": {
              "Developer": "Jeremy Quinto",
              "Environment": "spotify",
              "Name": "spotify-chart-generator-lambda",
              "Namespace": "jeremy",
              "Owner": "Jeremy Quinto",
              "Project": "spotify-project",
              "Stage": "spotify"
            },
            "tags_all": {
              "Developer": "Jeremy Quinto",
              "Environment": "spotify",
              "Name": "spotify-chart-generator-lambda",
              "Namespace": "jeremy",
              "Owner": "Jeremy Quinto",
              "Project": "spotify-project",
              "Stage": "spotify"
            }
          },
          "sensitive_attributes": [],
          "identity_schema_version": 0,
          "private": "bnVsbA=="
        }
      ]
    },
    {
      "module": "module.chart_generator_lambda",
      "mode": "managed",
      "type": "aws_iam_role",
      "name": "execution_role",
      "provider": "provider[\"registry.terraform.io/hashicorp/aws\"]",
      "instances": [
        {
          "schema_version": 0,
          "attributes": {
            "arn": "arn:aws:iam::211125619133:role/spotify-chart-generator-lambda-exec-role",
            "assume_role_policy": "{\"Statement\":[{\"Action\":\"sts:AssumeRole\",\"Effect\":\"Allow\",\"Principal\":{\"Service\":\"lambda.amazonaws.com\"}}],\"Version\":\"2012-10-17\"}",
            "create_date": "2025-09-08T23:35:01Z",
            "description": "Execution role for Lambda function spotify-chart-generator-lambda",
            "force_detach_policies": false,
            "id": "spotify-chart-generator-lambda-exec-role",
            "inline_policy": [],
            "managed_policy_arns": [
              "arn:aws:iam::211125619133:policy/chart-generator-policy",
              "arn:aws:iam::aws:policy/service-role/AWSLambdaBasicExecutionRole"
            ],
            "max_session_duration": 3600,
            "name": "spotify-chart-generator-lambda-exec-role",
            "name_prefix": "",
            "path": "/",
            "permissions_boundary": "",
            "tags": {
              "Developer": "Jeremy Quinto",
              "Environment": "spotify",
              "Name": "spotify-chart-generator-lambda-exec-role",
              "Namespace": "jeremy",
              "Owner": "Jeremy Quinto",
              "Project": "spotify-project",
              "Stage": "spotify"
            },
            "tags_all": {
              "Developer": "Jeremy Quinto",
              "Environment": "spotify",
              "Name": "spotify-chart-generator-lambda-exec-role",
              "Namespace": "jeremy",
              "Owner": "Jeremy Quinto",
              "Project": "spotify-project",
              "Stage": "spotify"
            },
            "unique_id": "AROATCKARJG63VSWSO5OU"
          },
          "sensitive_attributes": [],
          "identity_schema_version": 0,
          "private": "bnVsbA=="
        }
      ]
    },
    {
      "module": "module.chart_generator_lambda",
      "mode": "managed",
      "type": "aws_iam_role_policy_attachment",
      "name": "lambda_basic_execution_role",
      "provider": "provider[\"registry.terraform.io/hashicorp/aws\"]",
      "instances": [
        {
          "schema_version": 0,
          "attributes": {
            "id": "spotify-chart-generator-lambda-exec-role-20250908233459045800000001",
            "policy_arn": "arn:aws:iam::aws:policy/service-role/AWSLambdaBasicExecutionRole",
            "role": "spotify-chart-generator-lambda-exec-role"
          },
          "sensitive_attributes": [],
          "identity_schema_version": 0,
          "private": "bnVsbA==",
          "dependencies": [
            "module.chart_generator_lambda.aws_iam_role.execution_role"
          ]
        }
      ]
    },
    {
      "module": "module.chart_generator_lambda",
      "mode": "managed",
      "type": "aws_lambda_function",
      "name": "function",
      "provider": "provider[\"registry.terraform.io/hashicorp/aws\"]",
      "instances": [
        {
          "schema_version": 0,
          "attributes": {
            "architectures": [
              "x86_64"
            ],
            "arn": "arn:aws:lambda:us-west-1:211125619133:function:spotify-chart-generator-lambda",
            "code_sha256": "aIC6rFn/LTf5YIMgvZlniFfvuDOFr5HRL42vncwA0Ys=",
            "code_signing_config_arn": "",
            "dead_letter_config": [],
            "description": "",
            "environment": [
              {
                "variables": {
                  "ALBUM_HISTORY_TABLE_NAME": "spotify-album-history",
                  "ARTIST_HISTORY_TABLE_NAME": "spotify-artist-history",
                  "AWS_ACCOUNT_ID": "211125619133",
                  "ENV": "spotify",
                  "INGESTION_STATUS_TABLE_NAME": "spotify-status-timestamps-table",
                  "LISTENING_HISTORY_TABLE_NAME": "spotify-listening-history",
                  "REGION": "us-west-1",
                  "SONG_CHART_HISTORY_BUCKET_NAME": "jeremy-spotify-chart-history-bucket",
                  "SONG_HISTORY_TABLE_NAME": "spotify-song-history",
                  "SPOTIFY_CLIENT_ID": "ca1cd64416c445398c7c7e0db471dd68",
                  "SPOTIFY_CLIENT_SECRET": "2f4a918c35b74acd9fcea703d297833e",
                  "SPOTIFY_REFRESH_TOKEN": "AQAjLfKQ1aTAmdBaB1smWU5jq-59WjDznskM90XoHcZNbB_Yt4TgoLMLSCbqTtBIpM6bpyema-V5iNIdk29gDi3v1cRQ0cL1jt_kP68zhP4n_c38AiSGQlEuBs-dN38E5Dg"
                }
              }
            ],
            "ephemeral_storage": [
              {
                "size": 512
              }
            ],
            "file_system_config": [],
            "filename": "./../backend/build/chart_generator/chart_generator.zip",
            "function_name": "spotify-chart-generator-lambda",
            "handler": "handler.handler",
            "id": "spotify-chart-generator-lambda",
            "image_config": [],
            "image_uri": "",
            "invoke_arn": "arn:aws:apigateway:us-west-1:lambda:path/2015-03-31/functions/arn:aws:lambda:us-west-1:211125619133:function:spotify-chart-generator-lambda/invocations",
            "kms_key_arn": "",
            "last_modified": "2025-09-11T22:20:17.000+0000",
            "layers": [
              "arn:aws:lambda:us-west-1:211125619133:layer:spotify-sparticuz-layer:2",
              "arn:aws:lambda:us-west-1:211125619133:layer:spotify-browser-layer:6",
              "arn:aws:lambda:us-west-1:211125619133:layer:spotify-shared-layer:13"
            ],
            "logging_config": [
              {
                "application_log_level": "",
                "log_format": "Text",
                "log_group": "/aws/lambda/spotify-chart-generator-lambda",
                "system_log_level": ""
              }
            ],
            "memory_size": 1536,
            "package_type": "Zip",
            "publish": false,
            "qualified_arn": "arn:aws:lambda:us-west-1:211125619133:function:spotify-chart-generator-lambda:$LATEST",
            "qualified_invoke_arn": "arn:aws:apigateway:us-west-1:lambda:path/2015-03-31/functions/arn:aws:lambda:us-west-1:211125619133:function:spotify-chart-generator-lambda:$LATEST/invocations",
            "replace_security_groups_on_destroy": null,
            "replacement_security_group_ids": null,
            "reserved_concurrent_executions": -1,
            "role": "arn:aws:iam::211125619133:role/spotify-chart-generator-lambda-exec-role",
            "runtime": "nodejs20.x",
            "s3_bucket": null,
            "s3_key": null,
            "s3_object_version": null,
            "signing_job_arn": "",
            "signing_profile_version_arn": "",
            "skip_destroy": false,
            "snap_start": [],
            "source_code_hash": "aIC6rFn/LTf5YIMgvZlniFfvuDOFr5HRL42vncwA0Ys=",
            "source_code_size": 35338,
            "tags": {},
            "tags_all": {},
            "timeout": 60,
            "timeouts": null,
            "tracing_config": [
              {
                "mode": "PassThrough"
              }
            ],
            "version": "$LATEST",
            "vpc_config": []
          },
          "sensitive_attributes": [
            [
              {
                "type": "get_attr",
                "value": "environment"
              },
              {
                "type": "index",
                "value": {
                  "value": 0,
                  "type": "number"
                }
              },
              {
                "type": "get_attr",
                "value": "variables"
              },
              {
                "type": "index",
                "value": {
                  "value": "SPOTIFY_CLIENT_ID",
                  "type": "string"
                }
              }
            ],
            [
              {
                "type": "get_attr",
                "value": "environment"
              },
              {
                "type": "index",
                "value": {
                  "value": 0,
                  "type": "number"
                }
              },
              {
                "type": "get_attr",
                "value": "variables"
              },
              {
                "type": "index",
                "value": {
                  "value": "SPOTIFY_CLIENT_SECRET",
                  "type": "string"
                }
              }
            ],
            [
              {
                "type": "get_attr",
                "value": "environment"
              },
              {
                "type": "index",
                "value": {
                  "value": 0,
                  "type": "number"
                }
              },
              {
                "type": "get_attr",
                "value": "variables"
              },
              {
                "type": "index",
                "value": {
                  "value": "SPOTIFY_REFRESH_TOKEN",
                  "type": "string"
                }
              }
            ]
          ],
          "identity_schema_version": 0,
          "private": "eyJlMmJmYjczMC1lY2FhLTExZTYtOGY4OC0zNDM2M2JjN2M0YzAiOnsiY3JlYXRlIjo2MDAwMDAwMDAwMDAsImRlbGV0ZSI6NjAwMDAwMDAwMDAwLCJ1cGRhdGUiOjYwMDAwMDAwMDAwMH19",
          "dependencies": [
            "data.aws_caller_identity.current",
            "data.aws_lambda_layer_version.spotify_sparticuz",
            "data.aws_secretsmanager_secret_version.spotify_api_secrets",
            "module.album_history_table.aws_dynamodb_table.table",
            "module.artist_history_table.aws_dynamodb_table.table",
            "module.browser_lambda_layer.aws_lambda_layer_version.version",
            "module.browser_lambda_layer.aws_s3_object.s3_upload",
            "module.browser_lambda_layer.data.archive_file.zip",
            "module.chart_generator_lambda.aws_iam_role.execution_role",
            "module.chart_generator_lambda.aws_s3_object.s3_upload",
            "module.chart_generator_lambda.data.archive_file.zip",
            "module.listening_history_table.aws_dynamodb_table.table",
            "module.shared_lambda_layer.aws_lambda_layer_version.version",
            "module.shared_lambda_layer.aws_s3_object.s3_upload",
            "module.shared_lambda_layer.data.archive_file.zip",
            "module.song_chart_history_bucket.aws_s3_bucket.s3",
            "module.song_history_table.aws_dynamodb_table.table",
            "module.status_timestamps_table.aws_dynamodb_table.table"
          ]
        }
      ]
    },
    {
      "module": "module.get_access_token_lambda",
      "mode": "data",
      "type": "archive_file",
      "name": "zip",
      "provider": "provider[\"registry.terraform.io/hashicorp/archive\"]",
      "instances": [
        {
          "index_key": 0,
          "schema_version": 0,
          "attributes": {
            "exclude_symlink_directories": null,
            "excludes": [
              "*.zip"
            ],
            "id": "ab20c0341b1a28a4c94da3da471a275e93c60ede",
            "output_base64sha256": "XZJKmbXBgX0mkPHcbga6qYi5tYxquRRL7HBnyOYAE68=",
            "output_base64sha512": "kPqgexnyUSWqfCeh3YYk0qQhveqRo5KF1SOQh3NvoapJwvpVNTaoQVWfRVjEiI2XcfriRB0pw4ACLXrflCjWzg==",
            "output_file_mode": null,
            "output_md5": "c763ce7965a4cb5f118edb84772bebd0",
            "output_path": "./../backend/build/api_gateway/get_access_token/get_access_token.zip",
            "output_sha": "ab20c0341b1a28a4c94da3da471a275e93c60ede",
            "output_sha256": "5d924a99b5c1817d2690f1dc6e06baa988b9b58c6ab9144bec7067c8e60013af",
            "output_sha512": "90faa07b19f25125aa7c27a1dd8624d2a421bdea91a39285d5239087736fa1aa49c2fa553536a841559f4558c4888d9771fae2441d29c380022d7adf9428d6ce",
            "output_size": 585,
            "source": [],
            "source_content": null,
            "source_content_filename": null,
            "source_dir": "./../backend/dist/api_gateway/get_access_token",
            "source_file": null,
            "type": "zip"
          },
          "sensitive_attributes": [],
          "identity_schema_version": 0
        }
      ]
    },
    {
      "module": "module.get_access_token_lambda",
      "mode": "managed",
      "type": "aws_cloudwatch_log_group",
      "name": "lambda_log_group",
      "provider": "provider[\"registry.terraform.io/hashicorp/aws\"]",
      "instances": [
        {
          "schema_version": 0,
          "attributes": {
            "arn": "arn:aws:logs:us-west-1:211125619133:log-group:/aws/lambda/spotify-get-access-token-lambda",
            "id": "/aws/lambda/spotify-get-access-token-lambda",
            "kms_key_id": "",
            "log_group_class": "STANDARD",
            "name": "/aws/lambda/spotify-get-access-token-lambda",
            "name_prefix": "",
            "retention_in_days": 7,
            "skip_destroy": false,
            "tags": {
              "Developer": "Jeremy Quinto",
              "Environment": "spotify",
              "Name": "spotify-get-access-token-lambda",
              "Namespace": "jeremy",
              "Owner": "Jeremy Quinto",
              "Project": "spotify-project",
              "Stage": "spotify"
            },
            "tags_all": {
              "Developer": "Jeremy Quinto",
              "Environment": "spotify",
              "Name": "spotify-get-access-token-lambda",
              "Namespace": "jeremy",
              "Owner": "Jeremy Quinto",
              "Project": "spotify-project",
              "Stage": "spotify"
            }
          },
          "sensitive_attributes": [],
          "identity_schema_version": 0,
          "private": "bnVsbA=="
        }
      ]
    },
    {
      "module": "module.get_access_token_lambda",
      "mode": "managed",
      "type": "aws_iam_role",
      "name": "execution_role",
      "provider": "provider[\"registry.terraform.io/hashicorp/aws\"]",
      "instances": [
        {
          "schema_version": 0,
          "attributes": {
            "arn": "arn:aws:iam::211125619133:role/spotify-get-access-token-lambda-exec-role",
            "assume_role_policy": "{\"Statement\":[{\"Action\":\"sts:AssumeRole\",\"Effect\":\"Allow\",\"Principal\":{\"Service\":\"lambda.amazonaws.com\"}}],\"Version\":\"2012-10-17\"}",
            "create_date": "2025-09-11T19:07:44Z",
            "description": "Execution role for Lambda function spotify-get-access-token-lambda",
            "force_detach_policies": false,
            "id": "spotify-get-access-token-lambda-exec-role",
            "inline_policy": [],
            "managed_policy_arns": [
              "arn:aws:iam::aws:policy/service-role/AWSLambdaBasicExecutionRole"
            ],
            "max_session_duration": 3600,
            "name": "spotify-get-access-token-lambda-exec-role",
            "name_prefix": "",
            "path": "/",
            "permissions_boundary": "",
            "tags": {
              "Developer": "Jeremy Quinto",
              "Environment": "spotify",
              "Name": "spotify-get-access-token-lambda-exec-role",
              "Namespace": "jeremy",
              "Owner": "Jeremy Quinto",
              "Project": "spotify-project",
              "Stage": "spotify"
            },
            "tags_all": {
              "Developer": "Jeremy Quinto",
              "Environment": "spotify",
              "Name": "spotify-get-access-token-lambda-exec-role",
              "Namespace": "jeremy",
              "Owner": "Jeremy Quinto",
              "Project": "spotify-project",
              "Stage": "spotify"
            },
            "unique_id": "AROATCKARJG6URCPVEJQ6"
          },
          "sensitive_attributes": [],
          "identity_schema_version": 0,
          "private": "bnVsbA==",
          "create_before_destroy": true
        }
      ]
    },
    {
      "module": "module.get_access_token_lambda",
      "mode": "managed",
      "type": "aws_iam_role_policy_attachment",
      "name": "lambda_basic_execution_role",
      "provider": "provider[\"registry.terraform.io/hashicorp/aws\"]",
      "instances": [
        {
          "schema_version": 0,
          "attributes": {
            "id": "spotify-get-access-token-lambda-exec-role-20250911190742709400000001",
            "policy_arn": "arn:aws:iam::aws:policy/service-role/AWSLambdaBasicExecutionRole",
            "role": "spotify-get-access-token-lambda-exec-role"
          },
          "sensitive_attributes": [],
          "identity_schema_version": 0,
          "private": "bnVsbA==",
          "dependencies": [
            "module.get_access_token_lambda.aws_iam_role.execution_role"
          ]
        }
      ]
    },
    {
      "module": "module.get_access_token_lambda",
      "mode": "managed",
      "type": "aws_lambda_function",
      "name": "function",
      "provider": "provider[\"registry.terraform.io/hashicorp/aws\"]",
      "instances": [
        {
          "schema_version": 0,
          "attributes": {
            "architectures": [
              "x86_64"
            ],
            "arn": "arn:aws:lambda:us-west-1:211125619133:function:spotify-get-access-token-lambda",
            "code_sha256": "XZJKmbXBgX0mkPHcbga6qYi5tYxquRRL7HBnyOYAE68=",
            "code_signing_config_arn": "",
            "dead_letter_config": [],
            "description": "",
            "environment": [
              {
                "variables": {
                  "AWS_ACCOUNT_ID": "211125619133",
                  "ENV": "spotify",
                  "REGION": "us-west-1",
                  "SPOTIFY_CLIENT_ID": "ca1cd64416c445398c7c7e0db471dd68",
                  "SPOTIFY_CLIENT_SECRET": "2f4a918c35b74acd9fcea703d297833e",
                  "SPOTIFY_REFRESH_TOKEN": "AQAjLfKQ1aTAmdBaB1smWU5jq-59WjDznskM90XoHcZNbB_Yt4TgoLMLSCbqTtBIpM6bpyema-V5iNIdk29gDi3v1cRQ0cL1jt_kP68zhP4n_c38AiSGQlEuBs-dN38E5Dg"
                }
              }
            ],
            "ephemeral_storage": [
              {
                "size": 512
              }
            ],
            "file_system_config": [],
            "filename": "./../backend/build/api_gateway/get_access_token/get_access_token.zip",
            "function_name": "spotify-get-access-token-lambda",
            "handler": "handler.handler",
            "id": "spotify-get-access-token-lambda",
            "image_config": [],
            "image_uri": "",
            "invoke_arn": "arn:aws:apigateway:us-west-1:lambda:path/2015-03-31/functions/arn:aws:lambda:us-west-1:211125619133:function:spotify-get-access-token-lambda/invocations",
            "kms_key_arn": "",
            "last_modified": "2025-09-11T19:08:01.072+0000",
            "layers": [
              "arn:aws:lambda:us-west-1:211125619133:layer:spotify-shared-layer:13"
            ],
            "logging_config": [
              {
                "application_log_level": "",
                "log_format": "Text",
                "log_group": "/aws/lambda/spotify-get-access-token-lambda",
                "system_log_level": ""
              }
            ],
            "memory_size": 256,
            "package_type": "Zip",
            "publish": false,
            "qualified_arn": "arn:aws:lambda:us-west-1:211125619133:function:spotify-get-access-token-lambda:$LATEST",
            "qualified_invoke_arn": "arn:aws:apigateway:us-west-1:lambda:path/2015-03-31/functions/arn:aws:lambda:us-west-1:211125619133:function:spotify-get-access-token-lambda:$LATEST/invocations",
            "replace_security_groups_on_destroy": null,
            "replacement_security_group_ids": null,
            "reserved_concurrent_executions": -1,
            "role": "arn:aws:iam::211125619133:role/spotify-get-access-token-lambda-exec-role",
            "runtime": "nodejs20.x",
            "s3_bucket": null,
            "s3_key": null,
            "s3_object_version": null,
            "signing_job_arn": "",
            "signing_profile_version_arn": "",
            "skip_destroy": false,
            "snap_start": [],
            "source_code_hash": "XZJKmbXBgX0mkPHcbga6qYi5tYxquRRL7HBnyOYAE68=",
            "source_code_size": 585,
            "tags": {},
            "tags_all": {},
            "timeout": 60,
            "timeouts": null,
            "tracing_config": [
              {
                "mode": "PassThrough"
              }
            ],
            "version": "$LATEST",
            "vpc_config": []
          },
          "sensitive_attributes": [
            [
              {
                "type": "get_attr",
                "value": "environment"
              },
              {
                "type": "index",
                "value": {
                  "value": 0,
                  "type": "number"
                }
              },
              {
                "type": "get_attr",
                "value": "variables"
              },
              {
                "type": "index",
                "value": {
                  "value": "SPOTIFY_CLIENT_ID",
                  "type": "string"
                }
              }
            ],
            [
              {
                "type": "get_attr",
                "value": "environment"
              },
              {
                "type": "index",
                "value": {
                  "value": 0,
                  "type": "number"
                }
              },
              {
                "type": "get_attr",
                "value": "variables"
              },
              {
                "type": "index",
                "value": {
                  "value": "SPOTIFY_CLIENT_SECRET",
                  "type": "string"
                }
              }
            ],
            [
              {
                "type": "get_attr",
                "value": "environment"
              },
              {
                "type": "index",
                "value": {
                  "value": 0,
                  "type": "number"
                }
              },
              {
                "type": "get_attr",
                "value": "variables"
              },
              {
                "type": "index",
                "value": {
                  "value": "SPOTIFY_REFRESH_TOKEN",
                  "type": "string"
                }
              }
            ]
          ],
          "identity_schema_version": 0,
          "private": "eyJlMmJmYjczMC1lY2FhLTExZTYtOGY4OC0zNDM2M2JjN2M0YzAiOnsiY3JlYXRlIjo2MDAwMDAwMDAwMDAsImRlbGV0ZSI6NjAwMDAwMDAwMDAwLCJ1cGRhdGUiOjYwMDAwMDAwMDAwMH19",
          "dependencies": [
            "data.aws_caller_identity.current",
            "data.aws_secretsmanager_secret_version.spotify_api_secrets",
            "module.get_access_token_lambda.aws_iam_role.execution_role",
            "module.get_access_token_lambda.aws_s3_object.s3_upload",
            "module.get_access_token_lambda.data.archive_file.zip",
            "module.shared_lambda_layer.aws_lambda_layer_version.version",
            "module.shared_lambda_layer.aws_s3_object.s3_upload",
            "module.shared_lambda_layer.data.archive_file.zip"
          ],
          "create_before_destroy": true
        }
      ]
    },
    {
      "module": "module.get_chart_lambda",
      "mode": "data",
      "type": "archive_file",
      "name": "zip",
      "provider": "provider[\"registry.terraform.io/hashicorp/archive\"]",
      "instances": [
        {
          "index_key": 0,
          "schema_version": 0,
          "attributes": {
            "exclude_symlink_directories": null,
            "excludes": [
              "*.zip"
            ],
            "id": "3049f63d9567ce61f94857cf2b10968be0524f84",
            "output_base64sha256": "ST6nVR+hfDrxKY4IzdL8clQHJB1Un7a7MLyokxQge3w=",
            "output_base64sha512": "u5NYPgWBA53M/GOWvcetkgM7Gnr0rVKMeExXuW4ZTgjp25wmW9whhyE5Z8Lpsbaikxi5f7X2QITsx/pUFf+syg==",
            "output_file_mode": null,
            "output_md5": "c96f710dd28b1351fc62b05f226b8d80",
            "output_path": "./../backend/build/api_gateway/get_chart/get_chart.zip",
            "output_sha": "3049f63d9567ce61f94857cf2b10968be0524f84",
            "output_sha256": "493ea7551fa17c3af1298e08cdd2fc725407241d549fb6bb30bca89314207b7c",
            "output_sha512": "bb93583e0581039dccfc6396bdc7ad92033b1a7af4ad528c784c57b96e194e08e9db9c265bdc2187213967c2e9b1b6a29318b97fb5f64084ecc7fa5415ffacca",
            "output_size": 1387,
            "source": [],
            "source_content": null,
            "source_content_filename": null,
            "source_dir": "./../backend/dist/api_gateway/get_chart",
            "source_file": null,
            "type": "zip"
          },
          "sensitive_attributes": [],
          "identity_schema_version": 0
        }
      ]
    },
    {
      "module": "module.get_chart_lambda",
      "mode": "managed",
      "type": "aws_cloudwatch_log_group",
      "name": "lambda_log_group",
      "provider": "provider[\"registry.terraform.io/hashicorp/aws\"]",
      "instances": [
        {
          "schema_version": 0,
          "attributes": {
            "arn": "arn:aws:logs:us-west-1:211125619133:log-group:/aws/lambda/spotify-get-chart-lambda",
            "id": "/aws/lambda/spotify-get-chart-lambda",
            "kms_key_id": "",
            "log_group_class": "STANDARD",
            "name": "/aws/lambda/spotify-get-chart-lambda",
            "name_prefix": "",
            "retention_in_days": 7,
            "skip_destroy": false,
            "tags": {
              "Developer": "Jeremy Quinto",
              "Environment": "spotify",
              "Name": "spotify-get-chart-lambda",
              "Namespace": "jeremy",
              "Owner": "Jeremy Quinto",
              "Project": "spotify-project",
              "Stage": "spotify"
            },
            "tags_all": {
              "Developer": "Jeremy Quinto",
              "Environment": "spotify",
              "Name": "spotify-get-chart-lambda",
              "Namespace": "jeremy",
              "Owner": "Jeremy Quinto",
              "Project": "spotify-project",
              "Stage": "spotify"
            }
          },
          "sensitive_attributes": [],
          "identity_schema_version": 0,
          "private": "bnVsbA=="
        }
      ]
    },
    {
      "module": "module.get_chart_lambda",
      "mode": "managed",
      "type": "aws_iam_role",
      "name": "execution_role",
      "provider": "provider[\"registry.terraform.io/hashicorp/aws\"]",
      "instances": [
        {
          "schema_version": 0,
          "attributes": {
            "arn": "arn:aws:iam::211125619133:role/spotify-get-chart-lambda-exec-role",
            "assume_role_policy": "{\"Statement\":[{\"Action\":\"sts:AssumeRole\",\"Effect\":\"Allow\",\"Principal\":{\"Service\":\"lambda.amazonaws.com\"}}],\"Version\":\"2012-10-17\"}",
            "create_date": "2025-09-11T07:58:14Z",
            "description": "Execution role for Lambda function spotify-get-chart-lambda",
            "force_detach_policies": false,
            "id": "spotify-get-chart-lambda-exec-role",
            "inline_policy": [],
            "managed_policy_arns": [
              "arn:aws:iam::211125619133:policy/get-chart-policy",
              "arn:aws:iam::aws:policy/service-role/AWSLambdaBasicExecutionRole"
            ],
            "max_session_duration": 3600,
            "name": "spotify-get-chart-lambda-exec-role",
            "name_prefix": "",
            "path": "/",
            "permissions_boundary": "",
            "tags": {
              "Developer": "Jeremy Quinto",
              "Environment": "spotify",
              "Name": "spotify-get-chart-lambda-exec-role",
              "Namespace": "jeremy",
              "Owner": "Jeremy Quinto",
              "Project": "spotify-project",
              "Stage": "spotify"
            },
            "tags_all": {
              "Developer": "Jeremy Quinto",
              "Environment": "spotify",
              "Name": "spotify-get-chart-lambda-exec-role",
              "Namespace": "jeremy",
              "Owner": "Jeremy Quinto",
              "Project": "spotify-project",
              "Stage": "spotify"
            },
            "unique_id": "AROATCKARJG6THQYJFGAZ"
          },
          "sensitive_attributes": [],
          "identity_schema_version": 0,
          "private": "bnVsbA==",
          "create_before_destroy": true
        }
      ]
    },
    {
      "module": "module.get_chart_lambda",
      "mode": "managed",
      "type": "aws_iam_role_policy_attachment",
      "name": "lambda_basic_execution_role",
      "provider": "provider[\"registry.terraform.io/hashicorp/aws\"]",
      "instances": [
        {
          "schema_version": 0,
          "attributes": {
            "id": "spotify-get-chart-lambda-exec-role-20250911075813972300000003",
            "policy_arn": "arn:aws:iam::aws:policy/service-role/AWSLambdaBasicExecutionRole",
            "role": "spotify-get-chart-lambda-exec-role"
          },
          "sensitive_attributes": [],
          "identity_schema_version": 0,
          "private": "bnVsbA==",
          "dependencies": [
            "module.get_chart_lambda.aws_iam_role.execution_role"
          ]
        }
      ]
    },
    {
      "module": "module.get_chart_lambda",
      "mode": "managed",
      "type": "aws_lambda_function",
      "name": "function",
      "provider": "provider[\"registry.terraform.io/hashicorp/aws\"]",
      "instances": [
        {
          "schema_version": 0,
          "attributes": {
            "architectures": [
              "x86_64"
            ],
            "arn": "arn:aws:lambda:us-west-1:211125619133:function:spotify-get-chart-lambda",
            "code_sha256": "ST6nVR+hfDrxKY4IzdL8clQHJB1Un7a7MLyokxQge3w=",
            "code_signing_config_arn": "",
            "dead_letter_config": [],
            "description": "",
            "environment": [
              {
                "variables": {
                  "AWS_ACCOUNT_ID": "211125619133",
                  "ENV": "spotify",
                  "REGION": "us-west-1",
                  "SONG_CHART_HISTORY_BUCKET_NAME": "jeremy-spotify-chart-history-bucket"
                }
              }
            ],
            "ephemeral_storage": [
              {
                "size": 512
              }
            ],
            "file_system_config": [],
            "filename": "./../backend/build/api_gateway/get_chart/get_chart.zip",
            "function_name": "spotify-get-chart-lambda",
            "handler": "handler.handler",
            "id": "spotify-get-chart-lambda",
            "image_config": [],
            "image_uri": "",
            "invoke_arn": "arn:aws:apigateway:us-west-1:lambda:path/2015-03-31/functions/arn:aws:lambda:us-west-1:211125619133:function:spotify-get-chart-lambda/invocations",
            "kms_key_arn": "",
            "last_modified": "2025-09-11T18:59:55.000+0000",
            "layers": [
              "arn:aws:lambda:us-west-1:211125619133:layer:spotify-shared-layer:13"
            ],
            "logging_config": [
              {
                "application_log_level": "",
                "log_format": "Text",
                "log_group": "/aws/lambda/spotify-get-chart-lambda",
                "system_log_level": ""
              }
            ],
            "memory_size": 256,
            "package_type": "Zip",
            "publish": false,
            "qualified_arn": "arn:aws:lambda:us-west-1:211125619133:function:spotify-get-chart-lambda:$LATEST",
            "qualified_invoke_arn": "arn:aws:apigateway:us-west-1:lambda:path/2015-03-31/functions/arn:aws:lambda:us-west-1:211125619133:function:spotify-get-chart-lambda:$LATEST/invocations",
            "replace_security_groups_on_destroy": null,
            "replacement_security_group_ids": null,
            "reserved_concurrent_executions": -1,
            "role": "arn:aws:iam::211125619133:role/spotify-get-chart-lambda-exec-role",
            "runtime": "nodejs20.x",
            "s3_bucket": null,
            "s3_key": null,
            "s3_object_version": null,
            "signing_job_arn": "",
            "signing_profile_version_arn": "",
            "skip_destroy": false,
            "snap_start": [],
            "source_code_hash": "ST6nVR+hfDrxKY4IzdL8clQHJB1Un7a7MLyokxQge3w=",
            "source_code_size": 1387,
            "tags": {},
            "tags_all": {},
            "timeout": 60,
            "timeouts": null,
            "tracing_config": [
              {
                "mode": "PassThrough"
              }
            ],
            "version": "$LATEST",
            "vpc_config": []
          },
          "sensitive_attributes": [],
          "identity_schema_version": 0,
          "private": "eyJlMmJmYjczMC1lY2FhLTExZTYtOGY4OC0zNDM2M2JjN2M0YzAiOnsiY3JlYXRlIjo2MDAwMDAwMDAwMDAsImRlbGV0ZSI6NjAwMDAwMDAwMDAwLCJ1cGRhdGUiOjYwMDAwMDAwMDAwMH19",
          "dependencies": [
            "data.aws_caller_identity.current",
            "module.get_chart_lambda.aws_iam_role.execution_role",
            "module.get_chart_lambda.aws_s3_object.s3_upload",
            "module.get_chart_lambda.data.archive_file.zip",
            "module.shared_lambda_layer.aws_lambda_layer_version.version",
            "module.shared_lambda_layer.aws_s3_object.s3_upload",
            "module.shared_lambda_layer.data.archive_file.zip",
            "module.song_chart_history_bucket.aws_s3_bucket.s3"
          ],
          "create_before_destroy": true
        }
      ]
    },
    {
      "module": "module.ingest_genres_lambda",
      "mode": "data",
      "type": "archive_file",
      "name": "zip",
      "provider": "provider[\"registry.terraform.io/hashicorp/archive\"]",
      "instances": [
        {
          "index_key": 0,
          "schema_version": 0,
          "attributes": {
            "exclude_symlink_directories": null,
            "excludes": [
              "*.zip"
            ],
            "id": "e4e82717bd9c52312271cb964f52e108f31e9df4",
            "output_base64sha256": "xlELTxga5duYHkVpqORtRuMPYsx5pv1P+AGHOqW2Qtg=",
            "output_base64sha512": "oeGyUv8f+NjOUF2AqjqAak0ci0ORJMG+U8DuUMi7RX0mcCwhCgcwMwsSvZdEyddfyUgz2Ze6kd1grnQiaCp2gQ==",
            "output_file_mode": null,
            "output_md5": "47a200c1121729c158b60208be7cde21",
            "output_path": "./../backend/build/ingest_genres/ingest_genres.zip",
            "output_sha": "e4e82717bd9c52312271cb964f52e108f31e9df4",
            "output_sha256": "c6510b4f181ae5db981e4569a8e46d46e30f62cc79a6fd4ff801873aa5b642d8",
            "output_sha512": "a1e1b252ff1ff8d8ce505d80aa3a806a4d1c8b439124c1be53c0ee50c8bb457d26702c210a0730330b12bd9744c9d75fc94833d997ba91dd60ae7422682a7681",
            "output_size": 3477,
            "source": [],
            "source_content": null,
            "source_content_filename": null,
            "source_dir": "./../backend/dist/ingest_genres",
            "source_file": null,
            "type": "zip"
          },
          "sensitive_attributes": [],
          "identity_schema_version": 0
        }
      ]
    },
    {
      "module": "module.ingest_genres_lambda",
      "mode": "managed",
      "type": "aws_cloudwatch_log_group",
      "name": "lambda_log_group",
      "provider": "provider[\"registry.terraform.io/hashicorp/aws\"]",
      "instances": [
        {
          "schema_version": 0,
          "attributes": {
            "arn": "arn:aws:logs:us-west-1:211125619133:log-group:/aws/lambda/spotify-ingest-genres-data-lambda",
            "id": "/aws/lambda/spotify-ingest-genres-data-lambda",
            "kms_key_id": "",
            "log_group_class": "STANDARD",
            "name": "/aws/lambda/spotify-ingest-genres-data-lambda",
            "name_prefix": "",
            "retention_in_days": 7,
            "skip_destroy": false,
            "tags": {
              "Developer": "Jeremy Quinto",
              "Environment": "spotify",
              "Name": "spotify-ingest-genres-data-lambda",
              "Namespace": "jeremy",
              "Owner": "Jeremy Quinto",
              "Project": "spotify-project",
              "Stage": "spotify"
            },
            "tags_all": {
              "Developer": "Jeremy Quinto",
              "Environment": "spotify",
              "Name": "spotify-ingest-genres-data-lambda",
              "Namespace": "jeremy",
              "Owner": "Jeremy Quinto",
              "Project": "spotify-project",
              "Stage": "spotify"
            }
          },
          "sensitive_attributes": [],
          "identity_schema_version": 0,
          "private": "bnVsbA=="
        }
      ]
    },
    {
      "module": "module.ingest_genres_lambda",
      "mode": "managed",
      "type": "aws_iam_role",
      "name": "execution_role",
      "provider": "provider[\"registry.terraform.io/hashicorp/aws\"]",
      "instances": [
        {
          "schema_version": 0,
          "attributes": {
            "arn": "arn:aws:iam::211125619133:role/spotify-ingest-genres-data-lambda-exec-role",
            "assume_role_policy": "{\"Statement\":[{\"Action\":\"sts:AssumeRole\",\"Effect\":\"Allow\",\"Principal\":{\"Service\":\"lambda.amazonaws.com\"}}],\"Version\":\"2012-10-17\"}",
            "create_date": "2025-09-11T19:50:45Z",
            "description": "Execution role for Lambda function spotify-ingest-genres-data-lambda",
            "force_detach_policies": false,
            "id": "spotify-ingest-genres-data-lambda-exec-role",
            "inline_policy": [],
            "managed_policy_arns": [
              "arn:aws:iam::211125619133:policy/ingest-genres-policy",
              "arn:aws:iam::aws:policy/service-role/AWSLambdaBasicExecutionRole"
            ],
            "max_session_duration": 3600,
            "name": "spotify-ingest-genres-data-lambda-exec-role",
            "name_prefix": "",
            "path": "/",
            "permissions_boundary": "",
            "tags": {
              "Developer": "Jeremy Quinto",
              "Environment": "spotify",
              "Name": "spotify-ingest-genres-data-lambda-exec-role",
              "Namespace": "jeremy",
              "Owner": "Jeremy Quinto",
              "Project": "spotify-project",
              "Stage": "spotify"
            },
            "tags_all": {
              "Developer": "Jeremy Quinto",
              "Environment": "spotify",
              "Name": "spotify-ingest-genres-data-lambda-exec-role",
              "Namespace": "jeremy",
              "Owner": "Jeremy Quinto",
              "Project": "spotify-project",
              "Stage": "spotify"
            },
            "unique_id": "AROATCKARJG67T6IGQNSC"
          },
          "sensitive_attributes": [],
          "identity_schema_version": 0,
          "private": "bnVsbA=="
        }
      ]
    },
    {
      "module": "module.ingest_genres_lambda",
      "mode": "managed",
      "type": "aws_iam_role_policy_attachment",
      "name": "lambda_basic_execution_role",
      "provider": "provider[\"registry.terraform.io/hashicorp/aws\"]",
      "instances": [
        {
          "schema_version": 0,
          "attributes": {
            "id": "spotify-ingest-genres-data-lambda-exec-role-20250911195044075900000002",
            "policy_arn": "arn:aws:iam::aws:policy/service-role/AWSLambdaBasicExecutionRole",
            "role": "spotify-ingest-genres-data-lambda-exec-role"
          },
          "sensitive_attributes": [],
          "identity_schema_version": 0,
          "private": "bnVsbA==",
          "dependencies": [
            "module.ingest_genres_lambda.aws_iam_role.execution_role"
          ]
        }
      ]
    },
    {
      "module": "module.ingest_genres_lambda",
      "mode": "managed",
      "type": "aws_lambda_function",
      "name": "function",
      "provider": "provider[\"registry.terraform.io/hashicorp/aws\"]",
      "instances": [
        {
          "schema_version": 0,
          "attributes": {
            "architectures": [
              "x86_64"
            ],
            "arn": "arn:aws:lambda:us-west-1:211125619133:function:spotify-ingest-genres-data-lambda",
            "code_sha256": "xlELTxga5duYHkVpqORtRuMPYsx5pv1P+AGHOqW2Qtg=",
            "code_signing_config_arn": "",
            "dead_letter_config": [],
            "description": "",
            "environment": [
              {
                "variables": {
                  "ARTIST_HISTORY_TABLE_NAME": "spotify-artist-history",
                  "AWS_ACCOUNT_ID": "211125619133",
                  "ENV": "spotify",
                  "LISTENING_HISTORY_TABLE_NAME": "spotify-listening-history",
                  "REGION": "us-west-1",
                  "SPOTIFY_CLIENT_ID": "ca1cd64416c445398c7c7e0db471dd68",
                  "SPOTIFY_CLIENT_SECRET": "2f4a918c35b74acd9fcea703d297833e",
                  "SPOTIFY_REFRESH_TOKEN": "AQAjLfKQ1aTAmdBaB1smWU5jq-59WjDznskM90XoHcZNbB_Yt4TgoLMLSCbqTtBIpM6bpyema-V5iNIdk29gDi3v1cRQ0cL1jt_kP68zhP4n_c38AiSGQlEuBs-dN38E5Dg"
                }
              }
            ],
            "ephemeral_storage": [
              {
                "size": 512
              }
            ],
            "file_system_config": [],
            "filename": "./../backend/build/ingest_genres/ingest_genres.zip",
            "function_name": "spotify-ingest-genres-data-lambda",
            "handler": "handler.handler",
            "id": "spotify-ingest-genres-data-lambda",
            "image_config": [],
            "image_uri": "",
            "invoke_arn": "arn:aws:apigateway:us-west-1:lambda:path/2015-03-31/functions/arn:aws:lambda:us-west-1:211125619133:function:spotify-ingest-genres-data-lambda/invocations",
            "kms_key_arn": "",
            "last_modified": "2025-09-11T20:53:56.000+0000",
            "layers": [
              "arn:aws:lambda:us-west-1:211125619133:layer:spotify-shared-layer:13"
            ],
            "logging_config": [
              {
                "application_log_level": "",
                "log_format": "Text",
                "log_group": "/aws/lambda/spotify-ingest-genres-data-lambda",
                "system_log_level": ""
              }
            ],
            "memory_size": 1536,
            "package_type": "Zip",
            "publish": false,
            "qualified_arn": "arn:aws:lambda:us-west-1:211125619133:function:spotify-ingest-genres-data-lambda:$LATEST",
            "qualified_invoke_arn": "arn:aws:apigateway:us-west-1:lambda:path/2015-03-31/functions/arn:aws:lambda:us-west-1:211125619133:function:spotify-ingest-genres-data-lambda:$LATEST/invocations",
            "replace_security_groups_on_destroy": null,
            "replacement_security_group_ids": null,
            "reserved_concurrent_executions": -1,
            "role": "arn:aws:iam::211125619133:role/spotify-ingest-genres-data-lambda-exec-role",
            "runtime": "nodejs20.x",
            "s3_bucket": null,
            "s3_key": null,
            "s3_object_version": null,
            "signing_job_arn": "",
            "signing_profile_version_arn": "",
            "skip_destroy": false,
            "snap_start": [],
            "source_code_hash": "xlELTxga5duYHkVpqORtRuMPYsx5pv1P+AGHOqW2Qtg=",
            "source_code_size": 3477,
            "tags": {},
            "tags_all": {},
            "timeout": 60,
            "timeouts": null,
            "tracing_config": [
              {
                "mode": "PassThrough"
              }
            ],
            "version": "$LATEST",
            "vpc_config": []
          },
          "sensitive_attributes": [
            [
              {
                "type": "get_attr",
                "value": "environment"
              },
              {
                "type": "index",
                "value": {
                  "value": 0,
                  "type": "number"
                }
              },
              {
                "type": "get_attr",
                "value": "variables"
              },
              {
                "type": "index",
                "value": {
                  "value": "SPOTIFY_CLIENT_ID",
                  "type": "string"
                }
              }
            ],
            [
              {
                "type": "get_attr",
                "value": "environment"
              },
              {
                "type": "index",
                "value": {
                  "value": 0,
                  "type": "number"
                }
              },
              {
                "type": "get_attr",
                "value": "variables"
              },
              {
                "type": "index",
                "value": {
                  "value": "SPOTIFY_CLIENT_SECRET",
                  "type": "string"
                }
              }
            ],
            [
              {
                "type": "get_attr",
                "value": "environment"
              },
              {
                "type": "index",
                "value": {
                  "value": 0,
                  "type": "number"
                }
              },
              {
                "type": "get_attr",
                "value": "variables"
              },
              {
                "type": "index",
                "value": {
                  "value": "SPOTIFY_REFRESH_TOKEN",
                  "type": "string"
                }
              }
            ]
          ],
          "identity_schema_version": 0,
          "private": "eyJlMmJmYjczMC1lY2FhLTExZTYtOGY4OC0zNDM2M2JjN2M0YzAiOnsiY3JlYXRlIjo2MDAwMDAwMDAwMDAsImRlbGV0ZSI6NjAwMDAwMDAwMDAwLCJ1cGRhdGUiOjYwMDAwMDAwMDAwMH19",
          "dependencies": [
            "data.aws_caller_identity.current",
            "data.aws_secretsmanager_secret_version.spotify_api_secrets",
            "module.artist_history_table.aws_dynamodb_table.table",
            "module.ingest_genres_lambda.aws_iam_role.execution_role",
            "module.ingest_genres_lambda.aws_s3_object.s3_upload",
            "module.ingest_genres_lambda.data.archive_file.zip",
            "module.listening_history_table.aws_dynamodb_table.table",
            "module.shared_lambda_layer.aws_lambda_layer_version.version",
            "module.shared_lambda_layer.aws_s3_object.s3_upload",
            "module.shared_lambda_layer.data.archive_file.zip"
          ]
        }
      ]
    },
    {
      "module": "module.list_charts_lambda",
      "mode": "data",
      "type": "archive_file",
      "name": "zip",
      "provider": "provider[\"registry.terraform.io/hashicorp/archive\"]",
      "instances": [
        {
          "index_key": 0,
          "schema_version": 0,
          "attributes": {
            "exclude_symlink_directories": null,
            "excludes": [
              "*.zip"
            ],
            "id": "b9df86d709ee9228fb96bd7b3af0d16796c44443",
            "output_base64sha256": "xKrB/hJPRJF2KUKRsaWXu32Qr0v3Z2Bo9tvKclIgf8k=",
            "output_base64sha512": "j8Vsam12BzNYD52N0gQiHUEMDeiesGQKs18O6ecH//kdMZLdbArsRLgoVyTpD6I9d5wL1IF6J5qgkGiWBBKZ4Q==",
            "output_file_mode": null,
            "output_md5": "7279d2f5de1636b5b311e5e888fc6cb3",
            "output_path": "./../backend/build/api_gateway/list_charts/list_charts.zip",
            "output_sha": "b9df86d709ee9228fb96bd7b3af0d16796c44443",
            "output_sha256": "c4aac1fe124f449176294291b1a597bb7d90af4bf7676068f6dbca7252207fc9",
            "output_sha512": "8fc56c6a6d760733580f9d8dd204221d410c0de89eb0640ab35f0ee9e707fff91d3192dd6c0aec44b8285724e90fa23d779c0bd4817a279aa0906896041299e1",
            "output_size": 1481,
            "source": [],
            "source_content": null,
            "source_content_filename": null,
            "source_dir": "./../backend/dist/api_gateway/list_charts",
            "source_file": null,
            "type": "zip"
          },
          "sensitive_attributes": [],
          "identity_schema_version": 0
        }
      ]
    },
    {
      "module": "module.list_charts_lambda",
      "mode": "managed",
      "type": "aws_cloudwatch_log_group",
      "name": "lambda_log_group",
      "provider": "provider[\"registry.terraform.io/hashicorp/aws\"]",
      "instances": [
        {
          "schema_version": 0,
          "attributes": {
            "arn": "arn:aws:logs:us-west-1:211125619133:log-group:/aws/lambda/spotify-list-charts-lambda",
            "id": "/aws/lambda/spotify-list-charts-lambda",
            "kms_key_id": "",
            "log_group_class": "STANDARD",
            "name": "/aws/lambda/spotify-list-charts-lambda",
            "name_prefix": "",
            "retention_in_days": 7,
            "skip_destroy": false,
            "tags": {
              "Developer": "Jeremy Quinto",
              "Environment": "spotify",
              "Name": "spotify-list-charts-lambda",
              "Namespace": "jeremy",
              "Owner": "Jeremy Quinto",
              "Project": "spotify-project",
              "Stage": "spotify"
            },
            "tags_all": {
              "Developer": "Jeremy Quinto",
              "Environment": "spotify",
              "Name": "spotify-list-charts-lambda",
              "Namespace": "jeremy",
              "Owner": "Jeremy Quinto",
              "Project": "spotify-project",
              "Stage": "spotify"
            }
          },
          "sensitive_attributes": [],
          "identity_schema_version": 0,
          "private": "bnVsbA=="
        }
      ]
    },
    {
      "module": "module.list_charts_lambda",
      "mode": "managed",
      "type": "aws_iam_role",
      "name": "execution_role",
      "provider": "provider[\"registry.terraform.io/hashicorp/aws\"]",
      "instances": [
        {
          "schema_version": 0,
          "attributes": {
            "arn": "arn:aws:iam::211125619133:role/spotify-list-charts-lambda-exec-role",
            "assume_role_policy": "{\"Statement\":[{\"Action\":\"sts:AssumeRole\",\"Effect\":\"Allow\",\"Principal\":{\"Service\":\"lambda.amazonaws.com\"}}],\"Version\":\"2012-10-17\"}",
            "create_date": "2025-09-11T07:58:14Z",
            "description": "Execution role for Lambda function spotify-list-charts-lambda",
            "force_detach_policies": false,
            "id": "spotify-list-charts-lambda-exec-role",
            "inline_policy": [],
            "managed_policy_arns": [
              "arn:aws:iam::211125619133:policy/list-charts-policy",
              "arn:aws:iam::aws:policy/service-role/AWSLambdaBasicExecutionRole"
            ],
            "max_session_duration": 3600,
            "name": "spotify-list-charts-lambda-exec-role",
            "name_prefix": "",
            "path": "/",
            "permissions_boundary": "",
            "tags": {
              "Developer": "Jeremy Quinto",
              "Environment": "spotify",
              "Name": "spotify-list-charts-lambda-exec-role",
              "Namespace": "jeremy",
              "Owner": "Jeremy Quinto",
              "Project": "spotify-project",
              "Stage": "spotify"
            },
            "tags_all": {
              "Developer": "Jeremy Quinto",
              "Environment": "spotify",
              "Name": "spotify-list-charts-lambda-exec-role",
              "Namespace": "jeremy",
              "Owner": "Jeremy Quinto",
              "Project": "spotify-project",
              "Stage": "spotify"
            },
            "unique_id": "AROATCKARJG6Q6QAZQ2IM"
          },
          "sensitive_attributes": [],
          "identity_schema_version": 0,
          "private": "bnVsbA==",
          "create_before_destroy": true
        }
      ]
    },
    {
      "module": "module.list_charts_lambda",
      "mode": "managed",
      "type": "aws_iam_role_policy_attachment",
      "name": "lambda_basic_execution_role",
      "provider": "provider[\"registry.terraform.io/hashicorp/aws\"]",
      "instances": [
        {
          "schema_version": 0,
          "attributes": {
            "id": "spotify-list-charts-lambda-exec-role-20250911075813892000000001",
            "policy_arn": "arn:aws:iam::aws:policy/service-role/AWSLambdaBasicExecutionRole",
            "role": "spotify-list-charts-lambda-exec-role"
          },
          "sensitive_attributes": [],
          "identity_schema_version": 0,
          "private": "bnVsbA==",
          "dependencies": [
            "module.list_charts_lambda.aws_iam_role.execution_role"
          ]
        }
      ]
    },
    {
      "module": "module.list_charts_lambda",
      "mode": "managed",
      "type": "aws_lambda_function",
      "name": "function",
      "provider": "provider[\"registry.terraform.io/hashicorp/aws\"]",
      "instances": [
        {
          "schema_version": 0,
          "attributes": {
            "architectures": [
              "x86_64"
            ],
            "arn": "arn:aws:lambda:us-west-1:211125619133:function:spotify-list-charts-lambda",
            "code_sha256": "xKrB/hJPRJF2KUKRsaWXu32Qr0v3Z2Bo9tvKclIgf8k=",
            "code_signing_config_arn": "",
            "dead_letter_config": [],
            "description": "",
            "environment": [
              {
                "variables": {
                  "AWS_ACCOUNT_ID": "211125619133",
                  "ENV": "spotify",
                  "REGION": "us-west-1",
                  "SONG_CHART_HISTORY_BUCKET_NAME": "jeremy-spotify-chart-history-bucket"
                }
              }
            ],
            "ephemeral_storage": [
              {
                "size": 512
              }
            ],
            "file_system_config": [],
            "filename": "./../backend/build/api_gateway/list_charts/list_charts.zip",
            "function_name": "spotify-list-charts-lambda",
            "handler": "handler.handler",
            "id": "spotify-list-charts-lambda",
            "image_config": [],
            "image_uri": "",
            "invoke_arn": "arn:aws:apigateway:us-west-1:lambda:path/2015-03-31/functions/arn:aws:lambda:us-west-1:211125619133:function:spotify-list-charts-lambda/invocations",
            "kms_key_arn": "",
            "last_modified": "2025-09-11T18:59:55.000+0000",
            "layers": [
              "arn:aws:lambda:us-west-1:211125619133:layer:spotify-shared-layer:13"
            ],
            "logging_config": [
              {
                "application_log_level": "",
                "log_format": "Text",
                "log_group": "/aws/lambda/spotify-list-charts-lambda",
                "system_log_level": ""
              }
            ],
            "memory_size": 256,
            "package_type": "Zip",
            "publish": false,
            "qualified_arn": "arn:aws:lambda:us-west-1:211125619133:function:spotify-list-charts-lambda:$LATEST",
            "qualified_invoke_arn": "arn:aws:apigateway:us-west-1:lambda:path/2015-03-31/functions/arn:aws:lambda:us-west-1:211125619133:function:spotify-list-charts-lambda:$LATEST/invocations",
            "replace_security_groups_on_destroy": null,
            "replacement_security_group_ids": null,
            "reserved_concurrent_executions": -1,
            "role": "arn:aws:iam::211125619133:role/spotify-list-charts-lambda-exec-role",
            "runtime": "nodejs20.x",
            "s3_bucket": null,
            "s3_key": null,
            "s3_object_version": null,
            "signing_job_arn": "",
            "signing_profile_version_arn": "",
            "skip_destroy": false,
            "snap_start": [],
            "source_code_hash": "xKrB/hJPRJF2KUKRsaWXu32Qr0v3Z2Bo9tvKclIgf8k=",
            "source_code_size": 1481,
            "tags": {},
            "tags_all": {},
            "timeout": 60,
            "timeouts": null,
            "tracing_config": [
              {
                "mode": "PassThrough"
              }
            ],
            "version": "$LATEST",
            "vpc_config": []
          },
          "sensitive_attributes": [],
          "identity_schema_version": 0,
          "private": "eyJlMmJmYjczMC1lY2FhLTExZTYtOGY4OC0zNDM2M2JjN2M0YzAiOnsiY3JlYXRlIjo2MDAwMDAwMDAwMDAsImRlbGV0ZSI6NjAwMDAwMDAwMDAwLCJ1cGRhdGUiOjYwMDAwMDAwMDAwMH19",
          "dependencies": [
            "data.aws_caller_identity.current",
            "module.list_charts_lambda.aws_iam_role.execution_role",
            "module.list_charts_lambda.aws_s3_object.s3_upload",
            "module.list_charts_lambda.data.archive_file.zip",
            "module.shared_lambda_layer.aws_lambda_layer_version.version",
            "module.shared_lambda_layer.aws_s3_object.s3_upload",
            "module.shared_lambda_layer.data.archive_file.zip",
            "module.song_chart_history_bucket.aws_s3_bucket.s3"
          ],
          "create_before_destroy": true
        }
      ]
    },
    {
      "module": "module.listening_history_ingestor_lambda",
      "mode": "data",
      "type": "archive_file",
      "name": "zip",
      "provider": "provider[\"registry.terraform.io/hashicorp/archive\"]",
      "instances": [
        {
          "index_key": 0,
          "schema_version": 0,
          "attributes": {
            "exclude_symlink_directories": null,
            "excludes": [
              "*.zip"
            ],
            "id": "f9e338aafa78c232d43e94c7448838457b725f59",
            "output_base64sha256": "o3h1mAfHvick9s5pM0b/2KN9xVzu8JQle8X0CWv8dCI=",
            "output_base64sha512": "Cuy+uZJbu4mZavzW6l/75CbWGTR7ZbfnYgL/lVnEE5MXqllP8r8auYO4So2wXlDgp2+2Q7tVWvHWq1I/go/xIQ==",
            "output_file_mode": null,
            "output_md5": "3685fafc538c8c456f33f83fd4bb1979",
            "output_path": "./../backend/build/listening_history_ingestor/listening_history_ingestor.zip",
            "output_sha": "f9e338aafa78c232d43e94c7448838457b725f59",
            "output_sha256": "a378759807c7be2724f6ce693346ffd8a37dc55ceef094257bc5f4096bfc7422",
            "output_sha512": "0aecbeb9925bbb89996afcd6ea5ffbe426d619347b65b7e76202ff9559c4139317aa594ff2bf1ab983b84a8db05e50e0a76fb643bb555af1d6ab523f828ff121",
            "output_size": 6904,
            "source": [],
            "source_content": null,
            "source_content_filename": null,
            "source_dir": "./../backend/dist/listening_history_ingestor",
            "source_file": null,
            "type": "zip"
          },
          "sensitive_attributes": [],
          "identity_schema_version": 0
        }
      ]
    },
    {
      "module": "module.listening_history_ingestor_lambda",
      "mode": "managed",
      "type": "aws_cloudwatch_log_group",
      "name": "lambda_log_group",
      "provider": "provider[\"registry.terraform.io/hashicorp/aws\"]",
      "instances": [
        {
          "schema_version": 0,
          "attributes": {
            "arn": "arn:aws:logs:us-west-1:211125619133:log-group:/aws/lambda/spotify-listening-history-ingestor-lambda",
            "id": "/aws/lambda/spotify-listening-history-ingestor-lambda",
            "kms_key_id": "",
            "log_group_class": "STANDARD",
            "name": "/aws/lambda/spotify-listening-history-ingestor-lambda",
            "name_prefix": "",
            "retention_in_days": 7,
            "skip_destroy": false,
            "tags": {
              "Developer": "Jeremy Quinto",
              "Environment": "spotify",
              "Name": "spotify-listening-history-ingestor-lambda",
              "Namespace": "jeremy",
              "Owner": "Jeremy Quinto",
              "Project": "spotify-project",
              "Stage": "spotify"
            },
            "tags_all": {
              "Developer": "Jeremy Quinto",
              "Environment": "spotify",
              "Name": "spotify-listening-history-ingestor-lambda",
              "Namespace": "jeremy",
              "Owner": "Jeremy Quinto",
              "Project": "spotify-project",
              "Stage": "spotify"
            }
          },
          "sensitive_attributes": [],
          "identity_schema_version": 0,
          "private": "bnVsbA=="
        }
      ]
    },
    {
      "module": "module.listening_history_ingestor_lambda",
      "mode": "managed",
      "type": "aws_iam_role",
      "name": "execution_role",
      "provider": "provider[\"registry.terraform.io/hashicorp/aws\"]",
      "instances": [
        {
          "schema_version": 0,
          "attributes": {
            "arn": "arn:aws:iam::211125619133:role/spotify-listening-history-ingestor-lambda-exec-role",
            "assume_role_policy": "{\"Statement\":[{\"Action\":\"sts:AssumeRole\",\"Effect\":\"Allow\",\"Principal\":{\"Service\":\"lambda.amazonaws.com\"}}],\"Version\":\"2012-10-17\"}",
            "create_date": "2025-09-08T22:06:34Z",
            "description": "Execution role for Lambda function spotify-listening-history-ingestor-lambda",
            "force_detach_policies": false,
            "id": "spotify-listening-history-ingestor-lambda-exec-role",
            "inline_policy": [],
            "managed_policy_arns": [
              "arn:aws:iam::211125619133:policy/listening-history-ingestor-policy",
              "arn:aws:iam::aws:policy/service-role/AWSLambdaBasicExecutionRole"
            ],
            "max_session_duration": 3600,
            "name": "spotify-listening-history-ingestor-lambda-exec-role",
            "name_prefix": "",
            "path": "/",
            "permissions_boundary": "",
            "tags": {
              "Developer": "Jeremy Quinto",
              "Environment": "spotify",
              "Name": "spotify-listening-history-ingestor-lambda-exec-role",
              "Namespace": "jeremy",
              "Owner": "Jeremy Quinto",
              "Project": "spotify-project",
              "Stage": "spotify"
            },
            "tags_all": {
              "Developer": "Jeremy Quinto",
              "Environment": "spotify",
              "Name": "spotify-listening-history-ingestor-lambda-exec-role",
              "Namespace": "jeremy",
              "Owner": "Jeremy Quinto",
              "Project": "spotify-project",
              "Stage": "spotify"
            },
            "unique_id": "AROATCKARJG6TB2FVN3LI"
          },
          "sensitive_attributes": [],
          "identity_schema_version": 0,
          "private": "bnVsbA=="
        }
      ]
    },
    {
      "module": "module.listening_history_ingestor_lambda",
      "mode": "managed",
      "type": "aws_iam_role_policy_attachment",
      "name": "lambda_basic_execution_role",
      "provider": "provider[\"registry.terraform.io/hashicorp/aws\"]",
      "instances": [
        {
          "schema_version": 0,
          "attributes": {
            "id": "spotify-listening-history-ingestor-lambda-exec-role-20250908220632122300000001",
            "policy_arn": "arn:aws:iam::aws:policy/service-role/AWSLambdaBasicExecutionRole",
            "role": "spotify-listening-history-ingestor-lambda-exec-role"
          },
          "sensitive_attributes": [],
          "identity_schema_version": 0,
          "private": "bnVsbA==",
          "dependencies": [
            "module.listening_history_ingestor_lambda.aws_iam_role.execution_role"
          ]
        }
      ]
    },
    {
      "module": "module.listening_history_ingestor_lambda",
      "mode": "managed",
      "type": "aws_lambda_function",
      "name": "function",
      "provider": "provider[\"registry.terraform.io/hashicorp/aws\"]",
      "instances": [
        {
          "schema_version": 0,
          "attributes": {
            "architectures": [
              "x86_64"
            ],
            "arn": "arn:aws:lambda:us-west-1:211125619133:function:spotify-listening-history-ingestor-lambda",
            "code_sha256": "o3h1mAfHvick9s5pM0b/2KN9xVzu8JQle8X0CWv8dCI=",
            "code_signing_config_arn": "",
            "dead_letter_config": [],
            "description": "",
            "environment": [
              {
                "variables": {
                  "ARTIST_HISTORY_TABLE_NAME": "spotify-artist-history",
                  "AWS_ACCOUNT_ID": "211125619133",
                  "ENV": "spotify",
                  "INGESTION_STATUS_TABLE_NAME": "spotify-status-timestamps-table",
                  "LISTENING_HISTORY_TABLE_NAME": "spotify-listening-history",
                  "REGION": "us-west-1",
                  "SPOTIFY_CLIENT_ID": "ca1cd64416c445398c7c7e0db471dd68",
                  "SPOTIFY_CLIENT_SECRET": "2f4a918c35b74acd9fcea703d297833e",
                  "SPOTIFY_REFRESH_TOKEN": "AQAjLfKQ1aTAmdBaB1smWU5jq-59WjDznskM90XoHcZNbB_Yt4TgoLMLSCbqTtBIpM6bpyema-V5iNIdk29gDi3v1cRQ0cL1jt_kP68zhP4n_c38AiSGQlEuBs-dN38E5Dg"
                }
              }
            ],
            "ephemeral_storage": [
              {
                "size": 512
              }
            ],
            "file_system_config": [],
            "filename": "./../backend/build/listening_history_ingestor/listening_history_ingestor.zip",
            "function_name": "spotify-listening-history-ingestor-lambda",
            "handler": "handler.handler",
            "id": "spotify-listening-history-ingestor-lambda",
            "image_config": [],
            "image_uri": "",
            "invoke_arn": "arn:aws:apigateway:us-west-1:lambda:path/2015-03-31/functions/arn:aws:lambda:us-west-1:211125619133:function:spotify-listening-history-ingestor-lambda/invocations",
            "kms_key_arn": "",
            "last_modified": "2025-09-11T20:53:50.000+0000",
            "layers": [
              "arn:aws:lambda:us-west-1:211125619133:layer:spotify-shared-layer:13"
            ],
            "logging_config": [
              {
                "application_log_level": "",
                "log_format": "Text",
                "log_group": "/aws/lambda/spotify-listening-history-ingestor-lambda",
                "system_log_level": ""
              }
            ],
            "memory_size": 256,
            "package_type": "Zip",
            "publish": false,
            "qualified_arn": "arn:aws:lambda:us-west-1:211125619133:function:spotify-listening-history-ingestor-lambda:$LATEST",
            "qualified_invoke_arn": "arn:aws:apigateway:us-west-1:lambda:path/2015-03-31/functions/arn:aws:lambda:us-west-1:211125619133:function:spotify-listening-history-ingestor-lambda:$LATEST/invocations",
            "replace_security_groups_on_destroy": null,
            "replacement_security_group_ids": null,
            "reserved_concurrent_executions": -1,
            "role": "arn:aws:iam::211125619133:role/spotify-listening-history-ingestor-lambda-exec-role",
            "runtime": "nodejs20.x",
            "s3_bucket": null,
            "s3_key": null,
            "s3_object_version": null,
            "signing_job_arn": "",
            "signing_profile_version_arn": "",
            "skip_destroy": false,
            "snap_start": [],
            "source_code_hash": "o3h1mAfHvick9s5pM0b/2KN9xVzu8JQle8X0CWv8dCI=",
            "source_code_size": 6904,
            "tags": {},
            "tags_all": {},
            "timeout": 60,
            "timeouts": null,
            "tracing_config": [
              {
                "mode": "PassThrough"
              }
            ],
            "version": "$LATEST",
            "vpc_config": []
          },
          "sensitive_attributes": [
            [
              {
                "type": "get_attr",
                "value": "environment"
              },
              {
                "type": "index",
                "value": {
                  "value": 0,
                  "type": "number"
                }
              },
              {
                "type": "get_attr",
                "value": "variables"
              },
              {
                "type": "index",
                "value": {
                  "value": "SPOTIFY_CLIENT_ID",
                  "type": "string"
                }
              }
            ],
            [
              {
                "type": "get_attr",
                "value": "environment"
              },
              {
                "type": "index",
                "value": {
                  "value": 0,
                  "type": "number"
                }
              },
              {
                "type": "get_attr",
                "value": "variables"
              },
              {
                "type": "index",
                "value": {
                  "value": "SPOTIFY_CLIENT_SECRET",
                  "type": "string"
                }
              }
            ],
            [
              {
                "type": "get_attr",
                "value": "environment"
              },
              {
                "type": "index",
                "value": {
                  "value": 0,
                  "type": "number"
                }
              },
              {
                "type": "get_attr",
                "value": "variables"
              },
              {
                "type": "index",
                "value": {
                  "value": "SPOTIFY_REFRESH_TOKEN",
                  "type": "string"
                }
              }
            ]
          ],
          "identity_schema_version": 0,
          "private": "eyJlMmJmYjczMC1lY2FhLTExZTYtOGY4OC0zNDM2M2JjN2M0YzAiOnsiY3JlYXRlIjo2MDAwMDAwMDAwMDAsImRlbGV0ZSI6NjAwMDAwMDAwMDAwLCJ1cGRhdGUiOjYwMDAwMDAwMDAwMH19",
          "dependencies": [
            "data.aws_caller_identity.current",
            "data.aws_secretsmanager_secret_version.spotify_api_secrets",
            "module.artist_history_table.aws_dynamodb_table.table",
            "module.listening_history_ingestor_lambda.aws_iam_role.execution_role",
            "module.listening_history_ingestor_lambda.aws_s3_object.s3_upload",
            "module.listening_history_ingestor_lambda.data.archive_file.zip",
            "module.listening_history_table.aws_dynamodb_table.table",
            "module.shared_lambda_layer.aws_lambda_layer_version.version",
            "module.shared_lambda_layer.aws_s3_object.s3_upload",
            "module.shared_lambda_layer.data.archive_file.zip",
            "module.status_timestamps_table.aws_dynamodb_table.table"
          ]
        }
      ]
    },
    {
      "module": "module.listening_history_table",
      "mode": "managed",
      "type": "aws_dynamodb_table",
      "name": "table",
      "provider": "provider[\"registry.terraform.io/hashicorp/aws\"]",
      "instances": [
        {
          "schema_version": 1,
          "attributes": {
            "arn": "arn:aws:dynamodb:us-west-1:211125619133:table/spotify-listening-history",
            "attribute": [
              {
                "name": "timestamp",
                "type": "S"
              },
              {
                "name": "user_id",
                "type": "S"
              }
            ],
            "billing_mode": "PAY_PER_REQUEST",
            "deletion_protection_enabled": false,
            "global_secondary_index": [],
            "hash_key": "user_id",
            "id": "spotify-listening-history",
            "import_table": [],
            "local_secondary_index": [],
            "name": "spotify-listening-history",
            "on_demand_throughput": [],
            "point_in_time_recovery": [
              {
                "enabled": false
              }
            ],
            "range_key": "timestamp",
            "read_capacity": 0,
            "replica": [],
            "restore_date_time": null,
            "restore_source_name": null,
            "restore_source_table_arn": null,
            "restore_to_latest_time": null,
            "server_side_encryption": [],
            "stream_arn": "",
            "stream_enabled": false,
            "stream_label": "",
            "stream_view_type": "",
            "table_class": "STANDARD",
            "tags": {
              "Developer": "Jeremy Quinto",
              "Environment": "spotify",
              "Name": "spotify-listening-history",
              "Namespace": "jeremy",
              "Owner": "Jeremy Quinto",
              "Project": "spotify-project",
              "Stage": "spotify"
            },
            "tags_all": {
              "Developer": "Jeremy Quinto",
              "Environment": "spotify",
              "Name": "spotify-listening-history",
              "Namespace": "jeremy",
              "Owner": "Jeremy Quinto",
              "Project": "spotify-project",
              "Stage": "spotify"
            },
            "timeouts": null,
            "ttl": [
              {
                "attribute_name": "",
                "enabled": false
              }
            ],
            "write_capacity": 0
          },
          "sensitive_attributes": [],
          "identity_schema_version": 0,
          "private": "eyJlMmJmYjczMC1lY2FhLTExZTYtOGY4OC0zNDM2M2JjN2M0YzAiOnsiY3JlYXRlIjoxODAwMDAwMDAwMDAwLCJkZWxldGUiOjYwMDAwMDAwMDAwMCwidXBkYXRlIjozNjAwMDAwMDAwMDAwfSwic2NoZW1hX3ZlcnNpb24iOiIxIn0="
        }
      ]
    },
    {
      "module": "module.reset_chart_data_lambda",
      "mode": "data",
      "type": "archive_file",
      "name": "zip",
      "provider": "provider[\"registry.terraform.io/hashicorp/archive\"]",
      "instances": [
        {
          "index_key": 0,
          "schema_version": 0,
          "attributes": {
            "exclude_symlink_directories": null,
            "excludes": [
              "*.zip"
            ],
            "id": "c5d29a651bd8d7a5a115a4a0c2c1e94b6ac984d1",
            "output_base64sha256": "n0qHUIpDlprsAHzydpiB1FO5HE+diNNDXgKjkvHJ8dM=",
            "output_base64sha512": "kasJlFSbMP8hntThVykqK8WmjvObQoIewJpM1PDVu3n19HvahyeGe6dFn9XwoVQK0w2wsvC/DKljyRBUFYRDXA==",
            "output_file_mode": null,
            "output_md5": "d50571f2d060b830d71cbdbb25cb77c6",
            "output_path": "./../backend/build/reset_chart_data/reset_chart_data.zip",
            "output_sha": "c5d29a651bd8d7a5a115a4a0c2c1e94b6ac984d1",
            "output_sha256": "9f4a87508a43969aec007cf2769881d453b91c4f9d88d3435e02a392f1c9f1d3",
            "output_sha512": "91ab0994549b30ff219ed4e157292a2bc5a68ef39b42821ec09a4cd4f0d5bb79f5f47bda8727867ba7459fd5f0a1540ad30db0b2f0bf0ca963c910541584435c",
            "output_size": 1165,
            "source": [],
            "source_content": null,
            "source_content_filename": null,
            "source_dir": "./../backend/dist/reset_chart_data",
            "source_file": null,
            "type": "zip"
          },
          "sensitive_attributes": [],
          "identity_schema_version": 0
        }
      ]
    },
    {
      "module": "module.reset_chart_data_lambda",
      "mode": "managed",
      "type": "aws_cloudwatch_log_group",
      "name": "lambda_log_group",
      "provider": "provider[\"registry.terraform.io/hashicorp/aws\"]",
      "instances": [
        {
          "schema_version": 0,
          "attributes": {
            "arn": "arn:aws:logs:us-west-1:211125619133:log-group:/aws/lambda/spotify-reset-chart-data-lambda",
            "id": "/aws/lambda/spotify-reset-chart-data-lambda",
            "kms_key_id": "",
            "log_group_class": "STANDARD",
            "name": "/aws/lambda/spotify-reset-chart-data-lambda",
            "name_prefix": "",
            "retention_in_days": 7,
            "skip_destroy": false,
            "tags": {
              "Developer": "Jeremy Quinto",
              "Environment": "spotify",
              "Name": "spotify-reset-chart-data-lambda",
              "Namespace": "jeremy",
              "Owner": "Jeremy Quinto",
              "Project": "spotify-project",
              "Stage": "spotify"
            },
            "tags_all": {
              "Developer": "Jeremy Quinto",
              "Environment": "spotify",
              "Name": "spotify-reset-chart-data-lambda",
              "Namespace": "jeremy",
              "Owner": "Jeremy Quinto",
              "Project": "spotify-project",
              "Stage": "spotify"
            }
          },
          "sensitive_attributes": [],
          "identity_schema_version": 0,
          "private": "bnVsbA=="
        }
      ]
    },
    {
      "module": "module.reset_chart_data_lambda",
      "mode": "managed",
      "type": "aws_iam_role",
      "name": "execution_role",
      "provider": "provider[\"registry.terraform.io/hashicorp/aws\"]",
      "instances": [
        {
          "schema_version": 0,
          "attributes": {
            "arn": "arn:aws:iam::211125619133:role/spotify-reset-chart-data-lambda-exec-role",
            "assume_role_policy": "{\"Statement\":[{\"Action\":\"sts:AssumeRole\",\"Effect\":\"Allow\",\"Principal\":{\"Service\":\"lambda.amazonaws.com\"}}],\"Version\":\"2012-10-17\"}",
            "create_date": "2025-09-11T05:06:03Z",
            "description": "Execution role for Lambda function spotify-reset-chart-data-lambda",
            "force_detach_policies": false,
            "id": "spotify-reset-chart-data-lambda-exec-role",
            "inline_policy": [],
            "managed_policy_arns": [
              "arn:aws:iam::211125619133:policy/reset-chart-data-policy",
              "arn:aws:iam::aws:policy/service-role/AWSLambdaBasicExecutionRole"
            ],
            "max_session_duration": 3600,
            "name": "spotify-reset-chart-data-lambda-exec-role",
            "name_prefix": "",
            "path": "/",
            "permissions_boundary": "",
            "tags": {
              "Developer": "Jeremy Quinto",
              "Environment": "spotify",
              "Name": "spotify-reset-chart-data-lambda-exec-role",
              "Namespace": "jeremy",
              "Owner": "Jeremy Quinto",
              "Project": "spotify-project",
              "Stage": "spotify"
            },
            "tags_all": {
              "Developer": "Jeremy Quinto",
              "Environment": "spotify",
              "Name": "spotify-reset-chart-data-lambda-exec-role",
              "Namespace": "jeremy",
              "Owner": "Jeremy Quinto",
              "Project": "spotify-project",
              "Stage": "spotify"
            },
            "unique_id": "AROATCKARJG6WEM3A55FW"
          },
          "sensitive_attributes": [],
          "identity_schema_version": 0,
          "private": "bnVsbA=="
        }
      ]
    },
    {
      "module": "module.reset_chart_data_lambda",
      "mode": "managed",
      "type": "aws_iam_role_policy_attachment",
      "name": "lambda_basic_execution_role",
      "provider": "provider[\"registry.terraform.io/hashicorp/aws\"]",
      "instances": [
        {
          "schema_version": 0,
          "attributes": {
            "id": "spotify-reset-chart-data-lambda-exec-role-20250911050603281300000002",
            "policy_arn": "arn:aws:iam::aws:policy/service-role/AWSLambdaBasicExecutionRole",
            "role": "spotify-reset-chart-data-lambda-exec-role"
          },
          "sensitive_attributes": [],
          "identity_schema_version": 0,
          "private": "bnVsbA==",
          "dependencies": [
            "module.reset_chart_data_lambda.aws_iam_role.execution_role"
          ]
        }
      ]
    },
    {
      "module": "module.reset_chart_data_lambda",
      "mode": "managed",
      "type": "aws_lambda_function",
      "name": "function",
      "provider": "provider[\"registry.terraform.io/hashicorp/aws\"]",
      "instances": [
        {
          "schema_version": 0,
          "attributes": {
            "architectures": [
              "x86_64"
            ],
            "arn": "arn:aws:lambda:us-west-1:211125619133:function:spotify-reset-chart-data-lambda",
            "code_sha256": "n0qHUIpDlprsAHzydpiB1FO5HE+diNNDXgKjkvHJ8dM=",
            "code_signing_config_arn": "",
            "dead_letter_config": [],
            "description": "",
            "environment": [
              {
                "variables": {
                  "AWS_ACCOUNT_ID": "211125619133",
                  "ENV": "spotify",
                  "INGESTION_STATUS_TABLE_NAME": "spotify-status-timestamps-table",
                  "LISTENING_HISTORY_TABLE_NAME": "spotify-listening-history",
                  "REGION": "us-west-1",
                  "SONG_CHART_HISTORY_BUCKET_NAME": "jeremy-spotify-chart-history-bucket",
                  "SONG_HISTORY_TABLE_NAME": "spotify-song-history"
                }
              }
            ],
            "ephemeral_storage": [
              {
                "size": 512
              }
            ],
            "file_system_config": [],
            "filename": "./../backend/build/reset_chart_data/reset_chart_data.zip",
            "function_name": "spotify-reset-chart-data-lambda",
            "handler": "handler.handler",
            "id": "spotify-reset-chart-data-lambda",
            "image_config": [],
            "image_uri": "",
            "invoke_arn": "arn:aws:apigateway:us-west-1:lambda:path/2015-03-31/functions/arn:aws:lambda:us-west-1:211125619133:function:spotify-reset-chart-data-lambda/invocations",
            "kms_key_arn": "",
            "last_modified": "2025-09-11T18:59:55.000+0000",
            "layers": [
              "arn:aws:lambda:us-west-1:211125619133:layer:spotify-shared-layer:13"
            ],
            "logging_config": [
              {
                "application_log_level": "",
                "log_format": "Text",
                "log_group": "/aws/lambda/spotify-reset-chart-data-lambda",
                "system_log_level": ""
              }
            ],
            "memory_size": 1536,
            "package_type": "Zip",
            "publish": false,
            "qualified_arn": "arn:aws:lambda:us-west-1:211125619133:function:spotify-reset-chart-data-lambda:$LATEST",
            "qualified_invoke_arn": "arn:aws:apigateway:us-west-1:lambda:path/2015-03-31/functions/arn:aws:lambda:us-west-1:211125619133:function:spotify-reset-chart-data-lambda:$LATEST/invocations",
            "replace_security_groups_on_destroy": null,
            "replacement_security_group_ids": null,
            "reserved_concurrent_executions": -1,
            "role": "arn:aws:iam::211125619133:role/spotify-reset-chart-data-lambda-exec-role",
            "runtime": "nodejs20.x",
            "s3_bucket": null,
            "s3_key": null,
            "s3_object_version": null,
            "signing_job_arn": "",
            "signing_profile_version_arn": "",
            "skip_destroy": false,
            "snap_start": [],
            "source_code_hash": "n0qHUIpDlprsAHzydpiB1FO5HE+diNNDXgKjkvHJ8dM=",
            "source_code_size": 1165,
            "tags": {},
            "tags_all": {},
            "timeout": 60,
            "timeouts": null,
            "tracing_config": [
              {
                "mode": "PassThrough"
              }
            ],
            "version": "$LATEST",
            "vpc_config": []
          },
          "sensitive_attributes": [],
          "identity_schema_version": 0,
          "private": "eyJlMmJmYjczMC1lY2FhLTExZTYtOGY4OC0zNDM2M2JjN2M0YzAiOnsiY3JlYXRlIjo2MDAwMDAwMDAwMDAsImRlbGV0ZSI6NjAwMDAwMDAwMDAwLCJ1cGRhdGUiOjYwMDAwMDAwMDAwMH19",
          "dependencies": [
            "data.aws_caller_identity.current",
            "module.listening_history_table.aws_dynamodb_table.table",
            "module.reset_chart_data_lambda.aws_iam_role.execution_role",
            "module.reset_chart_data_lambda.aws_s3_object.s3_upload",
            "module.reset_chart_data_lambda.data.archive_file.zip",
            "module.shared_lambda_layer.aws_lambda_layer_version.version",
            "module.shared_lambda_layer.aws_s3_object.s3_upload",
            "module.shared_lambda_layer.data.archive_file.zip",
            "module.song_chart_history_bucket.aws_s3_bucket.s3",
            "module.song_history_table.aws_dynamodb_table.table",
            "module.status_timestamps_table.aws_dynamodb_table.table"
          ]
        }
      ]
    },
    {
      "module": "module.shared_lambda_layer",
      "mode": "managed",
      "type": "aws_lambda_layer_version",
      "name": "version",
      "provider": "provider[\"registry.terraform.io/hashicorp/aws\"]",
      "instances": [
        {
          "schema_version": 0,
          "attributes": {
            "arn": "arn:aws:lambda:us-west-1:211125619133:layer:spotify-shared-layer:13",
            "code_sha256": "pxS8GnDsiA1zo71feipFrexqtBSG8NAGOEyXkJiZg74=",
            "compatible_architectures": [
              "arm64",
              "x86_64"
            ],
            "compatible_runtimes": [
              "nodejs20.x"
            ],
            "created_date": "2025-09-11T18:59:55.476+0000",
            "description": "Shared utilities and dependencies for all lambdas",
            "filename": "./../backend/build/layers/shared_layer.zip",
            "id": "arn:aws:lambda:us-west-1:211125619133:layer:spotify-shared-layer:13",
            "layer_arn": "arn:aws:lambda:us-west-1:211125619133:layer:spotify-shared-layer",
            "layer_name": "spotify-shared-layer",
            "license_info": "",
            "s3_bucket": null,
            "s3_key": null,
            "s3_object_version": null,
            "signing_job_arn": "",
            "signing_profile_version_arn": "",
            "skip_destroy": false,
            "source_code_hash": "pxS8GnDsiA1zo71feipFrexqtBSG8NAGOEyXkJiZg74=",
            "source_code_size": 13212498,
            "version": "13"
          },
          "sensitive_attributes": [],
          "identity_schema_version": 0,
          "private": "bnVsbA==",
          "dependencies": [
            "module.shared_lambda_layer.aws_s3_object.s3_upload",
            "module.shared_lambda_layer.data.archive_file.zip"
          ],
          "create_before_destroy": true
        }
      ]
    },
    {
      "module": "module.song_chart_history_bucket",
      "mode": "managed",
      "type": "aws_s3_bucket",
      "name": "infrequent_access_bucket",
      "provider": "provider[\"registry.terraform.io/hashicorp/aws\"]",
      "instances": [
        {
          "index_key": 0,
          "schema_version": 0,
          "attributes": {
            "acceleration_status": "",
            "acl": null,
            "arn": "arn:aws:s3:::jeremy-spotify-chart-history-bucket-infrequent-access",
            "bucket": "jeremy-spotify-chart-history-bucket-infrequent-access",
            "bucket_domain_name": "jeremy-spotify-chart-history-bucket-infrequent-access.s3.amazonaws.com",
            "bucket_prefix": "",
            "bucket_regional_domain_name": "jeremy-spotify-chart-history-bucket-infrequent-access.s3.us-west-1.amazonaws.com",
            "cors_rule": [],
            "force_destroy": false,
            "grant": [
              {
                "id": "2495daeaf8d6fc71fe2af5778f7f679c28cb48e13a70c13ad693e14b0133a854",
                "permissions": [
                  "FULL_CONTROL"
                ],
                "type": "CanonicalUser",
                "uri": ""
              }
            ],
            "hosted_zone_id": "Z2F56UZL2M1ACD",
            "id": "jeremy-spotify-chart-history-bucket-infrequent-access",
            "lifecycle_rule": [],
            "logging": [],
            "object_lock_configuration": [],
            "object_lock_enabled": false,
            "policy": "",
            "region": "us-west-1",
            "replication_configuration": [],
            "request_payer": "BucketOwner",
            "server_side_encryption_configuration": [
              {
                "rule": [
                  {
                    "apply_server_side_encryption_by_default": [
                      {
                        "kms_master_key_id": "",
                        "sse_algorithm": "AES256"
                      }
                    ],
                    "bucket_key_enabled": false
                  }
                ]
              }
            ],
            "tags": {
              "Developer": "Jeremy Quinto",
              "Environment": "spotify",
              "Name": "jeremy-spotify-chart-history-bucket",
              "Namespace": "jeremy",
              "Owner": "Jeremy Quinto",
              "Project": "spotify-project",
              "Stage": "spotify"
            },
            "tags_all": {
              "Developer": "Jeremy Quinto",
              "Environment": "spotify",
              "Name": "jeremy-spotify-chart-history-bucket",
              "Namespace": "jeremy",
              "Owner": "Jeremy Quinto",
              "Project": "spotify-project",
              "Stage": "spotify"
            },
            "timeouts": null,
            "versioning": [
              {
                "enabled": false,
                "mfa_delete": false
              }
            ],
            "website": [],
            "website_domain": null,
            "website_endpoint": null
          },
          "sensitive_attributes": [],
          "identity_schema_version": 0,
          "private": "eyJlMmJmYjczMC1lY2FhLTExZTYtOGY4OC0zNDM2M2JjN2M0YzAiOnsiY3JlYXRlIjoxMjAwMDAwMDAwMDAwLCJkZWxldGUiOjM2MDAwMDAwMDAwMDAsInJlYWQiOjEyMDAwMDAwMDAwMDAsInVwZGF0ZSI6MTIwMDAwMDAwMDAwMH19"
        }
      ]
    },
    {
      "module": "module.song_chart_history_bucket",
      "mode": "managed",
      "type": "aws_s3_bucket",
      "name": "s3",
      "provider": "provider[\"registry.terraform.io/hashicorp/aws\"]",
      "instances": [
        {
          "schema_version": 0,
          "attributes": {
            "acceleration_status": "",
            "acl": null,
            "arn": "arn:aws:s3:::jeremy-spotify-chart-history-bucket",
            "bucket": "jeremy-spotify-chart-history-bucket",
            "bucket_domain_name": "jeremy-spotify-chart-history-bucket.s3.amazonaws.com",
            "bucket_prefix": "",
            "bucket_regional_domain_name": "jeremy-spotify-chart-history-bucket.s3.us-west-1.amazonaws.com",
            "cors_rule": [],
            "force_destroy": true,
            "grant": [
              {
                "id": "2495daeaf8d6fc71fe2af5778f7f679c28cb48e13a70c13ad693e14b0133a854",
                "permissions": [
                  "FULL_CONTROL"
                ],
                "type": "CanonicalUser",
                "uri": ""
              }
            ],
            "hosted_zone_id": "Z2F56UZL2M1ACD",
            "id": "jeremy-spotify-chart-history-bucket",
            "lifecycle_rule": [
              {
                "abort_incomplete_multipart_upload_days": 0,
                "enabled": true,
                "expiration": [],
                "id": "charts-to-infrequent-access",
                "noncurrent_version_expiration": [],
                "noncurrent_version_transition": [],
                "prefix": "charts/",
                "tags": {},
                "transition": [
                  {
                    "date": "",
                    "days": 365,
                    "storage_class": "STANDARD_IA"
                  }
                ]
              }
            ],
            "logging": [],
            "object_lock_configuration": [],
            "object_lock_enabled": false,
            "policy": "",
            "region": "us-west-1",
            "replication_configuration": [],
            "request_payer": "BucketOwner",
            "server_side_encryption_configuration": [
              {
                "rule": [
                  {
                    "apply_server_side_encryption_by_default": [
                      {
                        "kms_master_key_id": "",
                        "sse_algorithm": "AES256"
                      }
                    ],
                    "bucket_key_enabled": false
                  }
                ]
              }
            ],
            "tags": {
              "Developer": "Jeremy Quinto",
              "Environment": "spotify",
              "Name": "jeremy-spotify-chart-history-bucket",
              "Namespace": "jeremy",
              "Owner": "Jeremy Quinto",
              "Project": "spotify-project",
              "Stage": "spotify"
            },
            "tags_all": {
              "Developer": "Jeremy Quinto",
              "Environment": "spotify",
              "Name": "jeremy-spotify-chart-history-bucket",
              "Namespace": "jeremy",
              "Owner": "Jeremy Quinto",
              "Project": "spotify-project",
              "Stage": "spotify"
            },
            "timeouts": null,
            "versioning": [
              {
                "enabled": false,
                "mfa_delete": false
              }
            ],
            "website": [],
            "website_domain": null,
            "website_endpoint": null
          },
          "sensitive_attributes": [],
          "identity_schema_version": 0,
          "private": "eyJlMmJmYjczMC1lY2FhLTExZTYtOGY4OC0zNDM2M2JjN2M0YzAiOnsiY3JlYXRlIjoxMjAwMDAwMDAwMDAwLCJkZWxldGUiOjM2MDAwMDAwMDAwMDAsInJlYWQiOjEyMDAwMDAwMDAwMDAsInVwZGF0ZSI6MTIwMDAwMDAwMDAwMH19",
          "create_before_destroy": true
        }
      ]
    },
    {
      "module": "module.song_chart_history_bucket",
      "mode": "managed",
      "type": "aws_s3_bucket_lifecycle_configuration",
      "name": "lifecycle",
      "provider": "provider[\"registry.terraform.io/hashicorp/aws\"]",
      "instances": [
        {
          "index_key": 0,
          "schema_version": 0,
          "attributes": {
            "bucket": "jeremy-spotify-chart-history-bucket",
            "expected_bucket_owner": "",
            "id": "jeremy-spotify-chart-history-bucket",
            "rule": [
              {
                "abort_incomplete_multipart_upload": [],
                "expiration": [],
                "filter": [
                  {
                    "and": [],
                    "object_size_greater_than": "",
                    "object_size_less_than": "",
                    "prefix": "charts/",
                    "tag": []
                  }
                ],
                "id": "charts-to-infrequent-access",
                "noncurrent_version_expiration": [],
                "noncurrent_version_transition": [],
                "prefix": "",
                "status": "Enabled",
                "transition": [
                  {
                    "date": "",
                    "days": 365,
                    "storage_class": "STANDARD_IA"
                  }
                ]
              }
            ],
            "timeouts": null,
            "transition_default_minimum_object_size": "all_storage_classes_128K"
          },
          "sensitive_attributes": [],
          "identity_schema_version": 0,
          "private": "eyJlMmJmYjczMC1lY2FhLTExZTYtOGY4OC0zNDM2M2JjN2M0YzAiOnsiY3JlYXRlIjoxODAwMDAwMDAwMDAsInVwZGF0ZSI6MTgwMDAwMDAwMDAwfX0=",
          "dependencies": [
            "module.song_chart_history_bucket.aws_s3_bucket.s3"
          ]
        }
      ]
    },
    {
      "module": "module.song_chart_history_bucket",
      "mode": "managed",
      "type": "aws_s3_bucket_public_access_block",
      "name": "public_access_block",
      "provider": "provider[\"registry.terraform.io/hashicorp/aws\"]",
      "instances": [
        {
          "schema_version": 0,
          "attributes": {
            "block_public_acls": false,
            "block_public_policy": false,
            "bucket": "jeremy-spotify-chart-history-bucket",
            "id": "jeremy-spotify-chart-history-bucket",
            "ignore_public_acls": false,
            "restrict_public_buckets": false
          },
          "sensitive_attributes": [],
          "identity_schema_version": 0,
          "private": "bnVsbA==",
          "dependencies": [
            "module.song_chart_history_bucket.aws_s3_bucket.s3"
          ]
        }
      ]
    },
    {
      "module": "module.song_chart_playlist_generator_lambda",
      "mode": "data",
      "type": "archive_file",
      "name": "zip",
      "provider": "provider[\"registry.terraform.io/hashicorp/archive\"]",
      "instances": [
        {
          "index_key": 0,
          "schema_version": 0,
          "attributes": {
            "exclude_symlink_directories": null,
            "excludes": [
              "*.zip"
            ],
            "id": "f1191c874143c966d2d1402f7be7193e961a6864",
            "output_base64sha256": "S+mq/7X+teERZXh2hyy9Ps0Yvam2eDAH3aWjITfYdA4=",
            "output_base64sha512": "8FjCDkxrqu+FDbSg9Nsto2td8ZLchEWDGCR+GAVy6Hq+9dDgDUJjEixXVnclshUEGlezoe2cGUjsOf0bdJkXrg==",
            "output_file_mode": null,
            "output_md5": "74129ec0c008f6586b4694710ad3240e",
            "output_path": "./../backend/build/song_chart_playlist_generator/song_chart_playlist_generator.zip",
            "output_sha": "f1191c874143c966d2d1402f7be7193e961a6864",
            "output_sha256": "4be9aaffb5feb5e111657876872cbd3ecd18bda9b6783007dda5a32137d8740e",
            "output_sha512": "f058c20e4c6baaef850db4a0f4db2da36b5df192dc84458318247e180572e87abef5d0e00d4263122c57567725b215041a57b3a1ed9c1948ec39fd1b749917ae",
            "output_size": 5447,
            "source": [],
            "source_content": null,
            "source_content_filename": null,
            "source_dir": "./../backend/dist/song_chart_playlist_generator",
            "source_file": null,
            "type": "zip"
          },
          "sensitive_attributes": [],
          "identity_schema_version": 0
        }
      ]
    },
    {
      "module": "module.song_chart_playlist_generator_lambda",
      "mode": "managed",
      "type": "aws_cloudwatch_log_group",
      "name": "lambda_log_group",
      "provider": "provider[\"registry.terraform.io/hashicorp/aws\"]",
      "instances": [
        {
          "schema_version": 0,
          "attributes": {
            "arn": "arn:aws:logs:us-west-1:211125619133:log-group:/aws/lambda/spotify-song-chart-playlist-generator-lambda",
            "id": "/aws/lambda/spotify-song-chart-playlist-generator-lambda",
            "kms_key_id": "",
            "log_group_class": "STANDARD",
            "name": "/aws/lambda/spotify-song-chart-playlist-generator-lambda",
            "name_prefix": "",
            "retention_in_days": 7,
            "skip_destroy": false,
            "tags": {
              "Developer": "Jeremy Quinto",
              "Environment": "spotify",
              "Name": "spotify-song-chart-playlist-generator-lambda",
              "Namespace": "jeremy",
              "Owner": "Jeremy Quinto",
              "Project": "spotify-project",
              "Stage": "spotify"
            },
            "tags_all": {
              "Developer": "Jeremy Quinto",
              "Environment": "spotify",
              "Name": "spotify-song-chart-playlist-generator-lambda",
              "Namespace": "jeremy",
              "Owner": "Jeremy Quinto",
              "Project": "spotify-project",
              "Stage": "spotify"
            }
          },
          "sensitive_attributes": [],
          "identity_schema_version": 0,
          "private": "bnVsbA=="
        }
      ]
    },
    {
      "module": "module.song_chart_playlist_generator_lambda",
      "mode": "managed",
      "type": "aws_iam_role",
      "name": "execution_role",
      "provider": "provider[\"registry.terraform.io/hashicorp/aws\"]",
      "instances": [
        {
          "schema_version": 0,
          "attributes": {
            "arn": "arn:aws:iam::211125619133:role/spotify-song-chart-playlist-generator-lambda-exec-role",
            "assume_role_policy": "{\"Statement\":[{\"Action\":\"sts:AssumeRole\",\"Effect\":\"Allow\",\"Principal\":{\"Service\":\"lambda.amazonaws.com\"}}],\"Version\":\"2012-10-17\"}",
            "create_date": "2025-09-10T17:44:28Z",
            "description": "Execution role for Lambda function spotify-song-chart-playlist-generator-lambda",
            "force_detach_policies": false,
            "id": "spotify-song-chart-playlist-generator-lambda-exec-role",
            "inline_policy": [],
            "managed_policy_arns": [
              "arn:aws:iam::211125619133:policy/song-chart-playlist-generator-policy",
              "arn:aws:iam::aws:policy/service-role/AWSLambdaBasicExecutionRole"
            ],
            "max_session_duration": 3600,
            "name": "spotify-song-chart-playlist-generator-lambda-exec-role",
            "name_prefix": "",
            "path": "/",
            "permissions_boundary": "",
            "tags": {
              "Developer": "Jeremy Quinto",
              "Environment": "spotify",
              "Name": "spotify-song-chart-playlist-generator-lambda-exec-role",
              "Namespace": "jeremy",
              "Owner": "Jeremy Quinto",
              "Project": "spotify-project",
              "Stage": "spotify"
            },
            "tags_all": {
              "Developer": "Jeremy Quinto",
              "Environment": "spotify",
              "Name": "spotify-song-chart-playlist-generator-lambda-exec-role",
              "Namespace": "jeremy",
              "Owner": "Jeremy Quinto",
              "Project": "spotify-project",
              "Stage": "spotify"
            },
            "unique_id": "AROATCKARJG6XJXULQCWB"
          },
          "sensitive_attributes": [],
          "identity_schema_version": 0,
          "private": "bnVsbA=="
        }
      ]
    },
    {
      "module": "module.song_chart_playlist_generator_lambda",
      "mode": "managed",
      "type": "aws_iam_role_policy_attachment",
      "name": "lambda_basic_execution_role",
      "provider": "provider[\"registry.terraform.io/hashicorp/aws\"]",
      "instances": [
        {
          "schema_version": 0,
          "attributes": {
            "id": "spotify-song-chart-playlist-generator-lambda-exec-role-20250910174428692000000001",
            "policy_arn": "arn:aws:iam::aws:policy/service-role/AWSLambdaBasicExecutionRole",
            "role": "spotify-song-chart-playlist-generator-lambda-exec-role"
          },
          "sensitive_attributes": [],
          "identity_schema_version": 0,
          "private": "bnVsbA==",
          "dependencies": [
            "module.song_chart_playlist_generator_lambda.aws_iam_role.execution_role"
          ]
        }
      ]
    },
    {
      "module": "module.song_chart_playlist_generator_lambda",
      "mode": "managed",
      "type": "aws_lambda_function",
      "name": "function",
      "provider": "provider[\"registry.terraform.io/hashicorp/aws\"]",
      "instances": [
        {
          "schema_version": 0,
          "attributes": {
            "architectures": [
              "x86_64"
            ],
            "arn": "arn:aws:lambda:us-west-1:211125619133:function:spotify-song-chart-playlist-generator-lambda",
            "code_sha256": "S+mq/7X+teERZXh2hyy9Ps0Yvam2eDAH3aWjITfYdA4=",
            "code_signing_config_arn": "",
            "dead_letter_config": [],
            "description": "",
            "environment": [
              {
                "variables": {
                  "AWS_ACCOUNT_ID": "211125619133",
                  "ENV": "spotify",
                  "REGION": "us-west-1",
                  "SONG_CHART_HISTORY_BUCKET_NAME": "jeremy-spotify-chart-history-bucket",
                  "SPOTIFY_CLIENT_ID": "ca1cd64416c445398c7c7e0db471dd68",
                  "SPOTIFY_CLIENT_SECRET": "2f4a918c35b74acd9fcea703d297833e",
                  "SPOTIFY_REFRESH_TOKEN": "AQAjLfKQ1aTAmdBaB1smWU5jq-59WjDznskM90XoHcZNbB_Yt4TgoLMLSCbqTtBIpM6bpyema-V5iNIdk29gDi3v1cRQ0cL1jt_kP68zhP4n_c38AiSGQlEuBs-dN38E5Dg"
                }
              }
            ],
            "ephemeral_storage": [
              {
                "size": 512
              }
            ],
            "file_system_config": [],
            "filename": "./../backend/build/song_chart_playlist_generator/song_chart_playlist_generator.zip",
            "function_name": "spotify-song-chart-playlist-generator-lambda",
            "handler": "handler.handler",
            "id": "spotify-song-chart-playlist-generator-lambda",
            "image_config": [],
            "image_uri": "",
            "invoke_arn": "arn:aws:apigateway:us-west-1:lambda:path/2015-03-31/functions/arn:aws:lambda:us-west-1:211125619133:function:spotify-song-chart-playlist-generator-lambda/invocations",
            "kms_key_arn": "",
            "last_modified": "2025-09-11T19:00:01.000+0000",
            "layers": [
              "arn:aws:lambda:us-west-1:211125619133:layer:spotify-shared-layer:13"
            ],
            "logging_config": [
              {
                "application_log_level": "",
                "log_format": "Text",
                "log_group": "/aws/lambda/spotify-song-chart-playlist-generator-lambda",
                "system_log_level": ""
              }
            ],
            "memory_size": 256,
            "package_type": "Zip",
            "publish": false,
            "qualified_arn": "arn:aws:lambda:us-west-1:211125619133:function:spotify-song-chart-playlist-generator-lambda:$LATEST",
            "qualified_invoke_arn": "arn:aws:apigateway:us-west-1:lambda:path/2015-03-31/functions/arn:aws:lambda:us-west-1:211125619133:function:spotify-song-chart-playlist-generator-lambda:$LATEST/invocations",
            "replace_security_groups_on_destroy": null,
            "replacement_security_group_ids": null,
            "reserved_concurrent_executions": -1,
            "role": "arn:aws:iam::211125619133:role/spotify-song-chart-playlist-generator-lambda-exec-role",
            "runtime": "nodejs20.x",
            "s3_bucket": null,
            "s3_key": null,
            "s3_object_version": null,
            "signing_job_arn": "",
            "signing_profile_version_arn": "",
            "skip_destroy": false,
            "snap_start": [],
            "source_code_hash": "S+mq/7X+teERZXh2hyy9Ps0Yvam2eDAH3aWjITfYdA4=",
            "source_code_size": 5447,
            "tags": {},
            "tags_all": {},
            "timeout": 60,
            "timeouts": null,
            "tracing_config": [
              {
                "mode": "PassThrough"
              }
            ],
            "version": "$LATEST",
            "vpc_config": []
          },
          "sensitive_attributes": [
            [
              {
                "type": "get_attr",
                "value": "environment"
              },
              {
                "type": "index",
                "value": {
                  "value": 0,
                  "type": "number"
                }
              },
              {
                "type": "get_attr",
                "value": "variables"
              },
              {
                "type": "index",
                "value": {
                  "value": "SPOTIFY_CLIENT_ID",
                  "type": "string"
                }
              }
            ],
            [
              {
                "type": "get_attr",
                "value": "environment"
              },
              {
                "type": "index",
                "value": {
                  "value": 0,
                  "type": "number"
                }
              },
              {
                "type": "get_attr",
                "value": "variables"
              },
              {
                "type": "index",
                "value": {
                  "value": "SPOTIFY_CLIENT_SECRET",
                  "type": "string"
                }
              }
            ],
            [
              {
                "type": "get_attr",
                "value": "environment"
              },
              {
                "type": "index",
                "value": {
                  "value": 0,
                  "type": "number"
                }
              },
              {
                "type": "get_attr",
                "value": "variables"
              },
              {
                "type": "index",
                "value": {
                  "value": "SPOTIFY_REFRESH_TOKEN",
                  "type": "string"
                }
              }
            ]
          ],
          "identity_schema_version": 0,
          "private": "eyJlMmJmYjczMC1lY2FhLTExZTYtOGY4OC0zNDM2M2JjN2M0YzAiOnsiY3JlYXRlIjo2MDAwMDAwMDAwMDAsImRlbGV0ZSI6NjAwMDAwMDAwMDAwLCJ1cGRhdGUiOjYwMDAwMDAwMDAwMH19",
          "dependencies": [
            "data.aws_caller_identity.current",
            "data.aws_secretsmanager_secret_version.spotify_api_secrets",
            "module.shared_lambda_layer.aws_lambda_layer_version.version",
            "module.shared_lambda_layer.aws_s3_object.s3_upload",
            "module.shared_lambda_layer.data.archive_file.zip",
            "module.song_chart_history_bucket.aws_s3_bucket.s3",
            "module.song_chart_playlist_generator_lambda.aws_iam_role.execution_role",
            "module.song_chart_playlist_generator_lambda.aws_s3_object.s3_upload",
            "module.song_chart_playlist_generator_lambda.data.archive_file.zip"
          ]
        }
      ]
    },
    {
      "module": "module.song_history_table",
      "mode": "managed",
      "type": "aws_dynamodb_table",
      "name": "table",
      "provider": "provider[\"registry.terraform.io/hashicorp/aws\"]",
      "instances": [
        {
          "schema_version": 1,
          "attributes": {
            "arn": "arn:aws:dynamodb:us-west-1:211125619133:table/spotify-song-history",
            "attribute": [
              {
                "name": "artist_id",
                "type": "S"
              },
              {
                "name": "track_id",
                "type": "S"
              }
            ],
            "billing_mode": "PAY_PER_REQUEST",
            "deletion_protection_enabled": false,
            "global_secondary_index": [],
            "hash_key": "artist_id",
            "id": "spotify-song-history",
            "import_table": [],
            "local_secondary_index": [],
            "name": "spotify-song-history",
            "on_demand_throughput": [],
            "point_in_time_recovery": [
              {
                "enabled": false
              }
            ],
            "range_key": "track_id",
            "read_capacity": 0,
            "replica": [],
            "restore_date_time": null,
            "restore_source_name": null,
            "restore_source_table_arn": null,
            "restore_to_latest_time": null,
            "server_side_encryption": [],
            "stream_arn": "",
            "stream_enabled": false,
            "stream_label": "",
            "stream_view_type": "",
            "table_class": "STANDARD",
            "tags": {
              "Developer": "Jeremy Quinto",
              "Environment": "spotify",
              "Name": "spotify-song-history",
              "Namespace": "jeremy",
              "Owner": "Jeremy Quinto",
              "Project": "spotify-project",
              "Stage": "spotify"
            },
            "tags_all": {
              "Developer": "Jeremy Quinto",
              "Environment": "spotify",
              "Name": "spotify-song-history",
              "Namespace": "jeremy",
              "Owner": "Jeremy Quinto",
              "Project": "spotify-project",
              "Stage": "spotify"
            },
            "timeouts": null,
            "ttl": [
              {
                "attribute_name": "",
                "enabled": false
              }
            ],
            "write_capacity": 0
          },
          "sensitive_attributes": [],
          "identity_schema_version": 0,
          "private": "eyJlMmJmYjczMC1lY2FhLTExZTYtOGY4OC0zNDM2M2JjN2M0YzAiOnsiY3JlYXRlIjoxODAwMDAwMDAwMDAwLCJkZWxldGUiOjYwMDAwMDAwMDAwMCwidXBkYXRlIjozNjAwMDAwMDAwMDAwfSwic2NoZW1hX3ZlcnNpb24iOiIxIn0="
        }
      ]
    },
    {
      "module": "module.spotify-project-api",
      "mode": "data",
      "type": "aws_region",
      "name": "current",
      "provider": "provider[\"registry.terraform.io/hashicorp/aws\"]",
      "instances": [
        {
          "schema_version": 0,
          "attributes": {
            "description": "US West (N. California)",
            "endpoint": "ec2.us-west-1.amazonaws.com",
            "id": "us-west-1",
            "name": "us-west-1"
          },
          "sensitive_attributes": [],
          "identity_schema_version": 0
        }
      ]
    },
    {
      "module": "module.spotify-project-api",
      "mode": "managed",
      "type": "aws_api_gateway_deployment",
      "name": "deployment",
      "provider": "provider[\"registry.terraform.io/hashicorp/aws\"]",
      "instances": [
        {
          "schema_version": 0,
          "attributes": {
            "canary_settings": [],
            "created_date": "2025-09-11T19:38:26Z",
            "description": "",
            "execution_arn": "arn:aws:execute-api:us-west-1:211125619133:sl6gy7fpd3/",
            "id": "kortw2",
            "invoke_url": "https://sl6gy7fpd3.execute-api.us-west-1.amazonaws.com/",
            "rest_api_id": "sl6gy7fpd3",
            "stage_description": null,
            "stage_name": null,
            "triggers": {
              "api_hash": "d20104881e7690804f945b994e90a4273aad43b6de53928c16b4f62f7224e9d3",
              "integrations_hash": "{\"lambda\":{\"get-access-token\":{\"deployment_dependencies\":[{\"cache_key_parameters\":[],\"cache_namespace\":\"4znopr\",\"connection_id\":\"\",\"connection_type\":\"INTERNET\",\"content_handling\":\"\",\"credentials\":\"\",\"http_method\":\"GET\",\"id\":\"agi-sl6gy7fpd3-4znopr-GET\",\"integration_http_method\":\"POST\",\"passthrough_behavior\":\"WHEN_NO_MATCH\",\"request_parameters\":{\"integration.request.header.Access-Control-Allow-Origin\":\"'*'\"},\"request_templates\":{},\"resource_id\":\"4znopr\",\"rest_api_id\":\"sl6gy7fpd3\",\"timeout_milliseconds\":29000,\"tls_config\":[],\"type\":\"AWS_PROXY\",\"uri\":\"arn:aws:apigateway:us-west-1:lambda:path/2015-03-31/functions/arn:aws:lambda:us-west-1:211125619133:function:spotify-get-access-token-lambda/invocations\"},{\"http_method\":\"GET\",\"id\":\"agmr-sl6gy7fpd3-4znopr-GET-200\",\"resource_id\":\"4znopr\",\"response_models\":{\"application/json\":\"Empty\"},\"response_parameters\":{\"method.response.header.Access-Control-Allow-Headers\":true,\"method.response.header.Access-Control-Allow-Methods\":true,\"method.response.header.Access-Control-Allow-Origin\":true},\"rest_api_id\":\"sl6gy7fpd3\",\"status_code\":\"200\"},{\"content_handling\":\"\",\"http_method\":\"GET\",\"id\":\"agir-sl6gy7fpd3-4znopr-GET-200\",\"resource_id\":\"4znopr\",\"response_parameters\":{\"method.response.header.Access-Control-Allow-Origin\":\"'*'\"},\"response_templates\":{},\"rest_api_id\":\"sl6gy7fpd3\",\"selection_pattern\":\"\",\"status_code\":\"200\"}]},\"get-chart\":{\"deployment_dependencies\":[{\"cache_key_parameters\":[],\"cache_namespace\":\"ric36z\",\"connection_id\":\"\",\"connection_type\":\"INTERNET\",\"content_handling\":\"\",\"credentials\":\"\",\"http_method\":\"GET\",\"id\":\"agi-sl6gy7fpd3-ric36z-GET\",\"integration_http_method\":\"POST\",\"passthrough_behavior\":\"WHEN_NO_MATCH\",\"request_parameters\":{\"integration.request.header.Access-Control-Allow-Origin\":\"'*'\"},\"request_templates\":{},\"resource_id\":\"ric36z\",\"rest_api_id\":\"sl6gy7fpd3\",\"timeout_milliseconds\":29000,\"tls_config\":[],\"type\":\"AWS_PROXY\",\"uri\":\"arn:aws:apigateway:us-west-1:lambda:path/2015-03-31/functions/arn:aws:lambda:us-west-1:211125619133:function:spotify-get-chart-lambda/invocations\"},{\"http_method\":\"GET\",\"id\":\"agmr-sl6gy7fpd3-ric36z-GET-200\",\"resource_id\":\"ric36z\",\"response_models\":{\"application/json\":\"Empty\"},\"response_parameters\":{\"method.response.header.Access-Control-Allow-Headers\":true,\"method.response.header.Access-Control-Allow-Methods\":true,\"method.response.header.Access-Control-Allow-Origin\":true},\"rest_api_id\":\"sl6gy7fpd3\",\"status_code\":\"200\"},{\"content_handling\":\"\",\"http_method\":\"GET\",\"id\":\"agir-sl6gy7fpd3-ric36z-GET-200\",\"resource_id\":\"ric36z\",\"response_parameters\":{\"method.response.header.Access-Control-Allow-Origin\":\"'*'\"},\"response_templates\":{},\"rest_api_id\":\"sl6gy7fpd3\",\"selection_pattern\":\"\",\"status_code\":\"200\"}]},\"list-charts\":{\"deployment_dependencies\":[{\"cache_key_parameters\":[],\"cache_namespace\":\"vn9m09\",\"connection_id\":\"\",\"connection_type\":\"INTERNET\",\"content_handling\":\"\",\"credentials\":\"\",\"http_method\":\"GET\",\"id\":\"agi-sl6gy7fpd3-vn9m09-GET\",\"integration_http_method\":\"POST\",\"passthrough_behavior\":\"WHEN_NO_MATCH\",\"request_parameters\":{\"integration.request.header.Access-Control-Allow-Origin\":\"'*'\"},\"request_templates\":{},\"resource_id\":\"vn9m09\",\"rest_api_id\":\"sl6gy7fpd3\",\"timeout_milliseconds\":29000,\"tls_config\":[],\"type\":\"AWS_PROXY\",\"uri\":\"arn:aws:apigateway:us-west-1:lambda:path/2015-03-31/functions/arn:aws:lambda:us-west-1:211125619133:function:spotify-list-charts-lambda/invocations\"},{\"http_method\":\"GET\",\"id\":\"agmr-sl6gy7fpd3-vn9m09-GET-200\",\"resource_id\":\"vn9m09\",\"response_models\":{\"application/json\":\"Empty\"},\"response_parameters\":{\"method.response.header.Access-Control-Allow-Headers\":true,\"method.response.header.Access-Control-Allow-Methods\":true,\"method.response.header.Access-Control-Allow-Origin\":true},\"rest_api_id\":\"sl6gy7fpd3\",\"status_code\":\"200\"},{\"content_handling\":\"\",\"http_method\":\"GET\",\"id\":\"agir-sl6gy7fpd3-vn9m09-GET-200\",\"resource_id\":\"vn9m09\",\"response_parameters\":{\"method.response.header.Access-Control-Allow-Origin\":\"'*'\"},\"response_templates\":{},\"rest_api_id\":\"sl6gy7fpd3\",\"selection_pattern\":\"\",\"status_code\":\"200\"}]}}}",
              "policy_hash": "no-policy",
              "redeployment_hash": "c97c651227f013b99952c170bfaf9690f277c881f3b530cad03e8be3b23891bd",
              "routes_hash": "[{\"cache_key_parameters\":[],\"dynamodb_table_name\":null,\"enable_cors_all\":true,\"execution_role_arn\":null,\"http_method\":\"GET\",\"integration_type\":\"lambda\",\"lambda_function_name\":\"spotify-get-chart-lambda\",\"lambda_invoke_arn\":\"arn:aws:apigateway:us-west-1:lambda:path/2015-03-31/functions/arn:aws:lambda:us-west-1:211125619133:function:spotify-get-chart-lambda/invocations\",\"parent_path\":null,\"path\":\"get-chart\",\"request_parameters\":null,\"use_authorizer\":false},{\"cache_key_parameters\":[],\"dynamodb_table_name\":null,\"enable_cors_all\":true,\"execution_role_arn\":null,\"http_method\":\"GET\",\"integration_type\":\"lambda\",\"lambda_function_name\":\"spotify-list-charts-lambda\",\"lambda_invoke_arn\":\"arn:aws:apigateway:us-west-1:lambda:path/2015-03-31/functions/arn:aws:lambda:us-west-1:211125619133:function:spotify-list-charts-lambda/invocations\",\"parent_path\":null,\"path\":\"list-charts\",\"request_parameters\":null,\"use_authorizer\":false},{\"cache_key_parameters\":[],\"dynamodb_table_name\":null,\"enable_cors_all\":true,\"execution_role_arn\":null,\"http_method\":\"GET\",\"integration_type\":\"lambda\",\"lambda_function_name\":\"spotify-get-access-token-lambda\",\"lambda_invoke_arn\":\"arn:aws:apigateway:us-west-1:lambda:path/2015-03-31/functions/arn:aws:lambda:us-west-1:211125619133:function:spotify-get-access-token-lambda/invocations\",\"parent_path\":null,\"path\":\"get-access-token\",\"request_parameters\":null,\"use_authorizer\":false}]"
            },
            "variables": null
          },
          "sensitive_attributes": [],
          "identity_schema_version": 0,
          "private": "bnVsbA==",
          "dependencies": [
            "data.aws_caller_identity.current",
            "data.aws_secretsmanager_secret_version.spotify_api_secrets",
            "module.get_access_token_lambda.aws_iam_role.execution_role",
            "module.get_access_token_lambda.aws_lambda_function.function",
            "module.get_access_token_lambda.aws_s3_object.s3_upload",
            "module.get_access_token_lambda.data.archive_file.zip",
            "module.get_chart_lambda.aws_iam_role.execution_role",
            "module.get_chart_lambda.aws_lambda_function.function",
            "module.get_chart_lambda.aws_s3_object.s3_upload",
            "module.get_chart_lambda.data.archive_file.zip",
            "module.list_charts_lambda.aws_iam_role.execution_role",
            "module.list_charts_lambda.aws_lambda_function.function",
            "module.list_charts_lambda.aws_s3_object.s3_upload",
            "module.list_charts_lambda.data.archive_file.zip",
            "module.shared_lambda_layer.aws_lambda_layer_version.version",
            "module.shared_lambda_layer.aws_s3_object.s3_upload",
            "module.shared_lambda_layer.data.archive_file.zip",
            "module.song_chart_history_bucket.aws_s3_bucket.s3",
            "module.spotify-project-api.aws_api_gateway_resource.resources",
            "module.spotify-project-api.aws_api_gateway_rest_api.api",
            "module.spotify-project-api.aws_api_gateway_rest_api_policy.policy",
            "module.spotify-project-api.data.aws_iam_policy_document.api_policy",
            "module.spotify-project-api.module.api_lambda_integration.aws_api_gateway_integration.lambda_integration",
            "module.spotify-project-api.module.api_lambda_integration.aws_api_gateway_integration.options_integration",
            "module.spotify-project-api.module.api_lambda_integration.aws_api_gateway_integration_response.integration_response",
            "module.spotify-project-api.module.api_lambda_integration.aws_api_gateway_integration_response.options_integration_response",
            "module.spotify-project-api.module.api_lambda_integration.aws_api_gateway_method.method",
            "module.spotify-project-api.module.api_lambda_integration.aws_api_gateway_method.options_method",
            "module.spotify-project-api.module.api_lambda_integration.aws_api_gateway_method_response.options_200",
            "module.spotify-project-api.module.api_lambda_integration.aws_api_gateway_method_response.response_200",
            "module.spotify-project-api.module.api_lambda_integration.aws_lambda_permission.api_gateway_integration"
          ],
          "create_before_destroy": true
        }
      ]
    },
    {
      "module": "module.spotify-project-api",
      "mode": "managed",
      "type": "aws_api_gateway_resource",
      "name": "resources",
      "provider": "provider[\"registry.terraform.io/hashicorp/aws\"]",
      "instances": [
        {
          "index_key": "get-access-token",
          "schema_version": 0,
          "attributes": {
            "id": "4znopr",
            "parent_id": "eoth4r4z78",
            "path": "/get-access-token",
            "path_part": "get-access-token",
            "rest_api_id": "sl6gy7fpd3"
          },
          "sensitive_attributes": [],
          "identity_schema_version": 0,
          "private": "bnVsbA==",
          "dependencies": [
            "data.aws_caller_identity.current",
            "data.aws_secretsmanager_secret_version.spotify_api_secrets",
            "module.get_access_token_lambda.aws_iam_role.execution_role",
            "module.get_access_token_lambda.aws_lambda_function.function",
            "module.get_access_token_lambda.aws_s3_object.s3_upload",
            "module.get_access_token_lambda.data.archive_file.zip",
            "module.get_chart_lambda.aws_iam_role.execution_role",
            "module.get_chart_lambda.aws_lambda_function.function",
            "module.get_chart_lambda.aws_s3_object.s3_upload",
            "module.get_chart_lambda.data.archive_file.zip",
            "module.list_charts_lambda.aws_iam_role.execution_role",
            "module.list_charts_lambda.aws_lambda_function.function",
            "module.list_charts_lambda.aws_s3_object.s3_upload",
            "module.list_charts_lambda.data.archive_file.zip",
            "module.shared_lambda_layer.aws_lambda_layer_version.version",
            "module.shared_lambda_layer.aws_s3_object.s3_upload",
            "module.shared_lambda_layer.data.archive_file.zip",
            "module.song_chart_history_bucket.aws_s3_bucket.s3",
            "module.spotify-project-api.aws_api_gateway_rest_api.api"
          ],
          "create_before_destroy": true
        },
        {
          "index_key": "get-chart",
          "schema_version": 0,
          "attributes": {
            "id": "ric36z",
            "parent_id": "eoth4r4z78",
            "path": "/get-chart",
            "path_part": "get-chart",
            "rest_api_id": "sl6gy7fpd3"
          },
          "sensitive_attributes": [],
          "identity_schema_version": 0,
          "private": "bnVsbA==",
          "dependencies": [
            "data.aws_caller_identity.current",
            "data.aws_secretsmanager_secret_version.spotify_api_secrets",
            "module.get_access_token_lambda.aws_iam_role.execution_role",
            "module.get_access_token_lambda.aws_lambda_function.function",
            "module.get_access_token_lambda.aws_s3_object.s3_upload",
            "module.get_access_token_lambda.data.archive_file.zip",
            "module.get_chart_lambda.aws_iam_role.execution_role",
            "module.get_chart_lambda.aws_lambda_function.function",
            "module.get_chart_lambda.aws_s3_object.s3_upload",
            "module.get_chart_lambda.data.archive_file.zip",
            "module.list_charts_lambda.aws_iam_role.execution_role",
            "module.list_charts_lambda.aws_lambda_function.function",
            "module.list_charts_lambda.aws_s3_object.s3_upload",
            "module.list_charts_lambda.data.archive_file.zip",
            "module.shared_lambda_layer.aws_lambda_layer_version.version",
            "module.shared_lambda_layer.aws_s3_object.s3_upload",
            "module.shared_lambda_layer.data.archive_file.zip",
            "module.song_chart_history_bucket.aws_s3_bucket.s3",
            "module.spotify-project-api.aws_api_gateway_rest_api.api"
          ],
          "create_before_destroy": true
        },
        {
          "index_key": "list-charts",
          "schema_version": 0,
          "attributes": {
            "id": "vn9m09",
            "parent_id": "eoth4r4z78",
            "path": "/list-charts",
            "path_part": "list-charts",
            "rest_api_id": "sl6gy7fpd3"
          },
          "sensitive_attributes": [],
          "identity_schema_version": 0,
          "private": "bnVsbA==",
          "dependencies": [
            "data.aws_caller_identity.current",
            "data.aws_secretsmanager_secret_version.spotify_api_secrets",
            "module.get_access_token_lambda.aws_iam_role.execution_role",
            "module.get_access_token_lambda.aws_lambda_function.function",
            "module.get_access_token_lambda.aws_s3_object.s3_upload",
            "module.get_access_token_lambda.data.archive_file.zip",
            "module.get_chart_lambda.aws_iam_role.execution_role",
            "module.get_chart_lambda.aws_lambda_function.function",
            "module.get_chart_lambda.aws_s3_object.s3_upload",
            "module.get_chart_lambda.data.archive_file.zip",
            "module.list_charts_lambda.aws_iam_role.execution_role",
            "module.list_charts_lambda.aws_lambda_function.function",
            "module.list_charts_lambda.aws_s3_object.s3_upload",
            "module.list_charts_lambda.data.archive_file.zip",
            "module.shared_lambda_layer.aws_lambda_layer_version.version",
            "module.shared_lambda_layer.aws_s3_object.s3_upload",
            "module.shared_lambda_layer.data.archive_file.zip",
            "module.song_chart_history_bucket.aws_s3_bucket.s3",
            "module.spotify-project-api.aws_api_gateway_rest_api.api"
          ],
          "create_before_destroy": true
        }
      ]
    },
    {
      "module": "module.spotify-project-api",
      "mode": "managed",
      "type": "aws_api_gateway_rest_api",
      "name": "api",
      "provider": "provider[\"registry.terraform.io/hashicorp/aws\"]",
      "instances": [
        {
          "schema_version": 0,
          "attributes": {
            "api_key_source": "HEADER",
            "arn": "arn:aws:apigateway:us-west-1::/restapis/sl6gy7fpd3",
            "binary_media_types": [],
            "body": null,
            "created_date": "2025-09-09T04:38:33Z",
            "description": "",
            "disable_execute_api_endpoint": false,
            "endpoint_configuration": [
              {
                "types": [
                  "REGIONAL"
                ],
                "vpc_endpoint_ids": []
              }
            ],
            "execution_arn": "arn:aws:execute-api:us-west-1:211125619133:sl6gy7fpd3",
            "fail_on_warnings": null,
            "id": "sl6gy7fpd3",
            "minimum_compression_size": "",
            "name": "spotify",
            "parameters": null,
            "policy": "",
            "put_rest_api_mode": null,
            "root_resource_id": "eoth4r4z78",
            "tags": {
              "Attributes": "apigw",
              "Developer": "Jeremy Quinto",
              "Environment": "spotify",
              "Name": "spotify",
              "Namespace": "jeremy",
              "Owner": "Jeremy Quinto",
              "Project": "spotify-project",
              "Stage": "spotify",
              "component": "apigw_rest"
            },
            "tags_all": {
              "Attributes": "apigw",
              "Developer": "Jeremy Quinto",
              "Environment": "spotify",
              "Name": "spotify",
              "Namespace": "jeremy",
              "Owner": "Jeremy Quinto",
              "Project": "spotify-project",
              "Stage": "spotify",
              "component": "apigw_rest"
            }
          },
          "sensitive_attributes": [],
          "identity_schema_version": 0,
          "private": "bnVsbA==",
          "create_before_destroy": true
        }
      ]
    },
    {
      "module": "module.spotify-project-api",
      "mode": "managed",
      "type": "aws_api_gateway_stage",
      "name": "auth_stage",
      "provider": "provider[\"registry.terraform.io/hashicorp/aws\"]",
      "instances": [
        {
          "schema_version": 0,
          "attributes": {
            "access_log_settings": [],
            "arn": "arn:aws:apigateway:us-west-1::/restapis/sl6gy7fpd3/stages/prod",
            "cache_cluster_enabled": false,
            "cache_cluster_size": "",
            "canary_settings": [],
            "client_certificate_id": "",
            "deployment_id": "kortw2",
            "description": "",
            "documentation_version": "",
            "execution_arn": "arn:aws:execute-api:us-west-1:211125619133:sl6gy7fpd3/prod",
            "id": "ags-sl6gy7fpd3-prod",
            "invoke_url": "https://sl6gy7fpd3.execute-api.us-west-1.amazonaws.com/prod",
            "rest_api_id": "sl6gy7fpd3",
            "stage_name": "prod",
            "tags": {
              "Attributes": "apigw-rest-api",
              "Developer": "Jeremy Quinto",
              "Environment": "spotify",
              "Name": "spotify",
              "Namespace": "jeremy",
              "Owner": "Jeremy Quinto",
              "Project": "spotify-project",
              "Stage": "spotify",
              "component": "apigw_rest"
            },
            "tags_all": {
              "Attributes": "apigw-rest-api",
              "Developer": "Jeremy Quinto",
              "Environment": "spotify",
              "Name": "spotify",
              "Namespace": "jeremy",
              "Owner": "Jeremy Quinto",
              "Project": "spotify-project",
              "Stage": "spotify",
              "component": "apigw_rest"
            },
            "variables": {
              "cors": "true"
            },
            "web_acl_arn": "",
            "xray_tracing_enabled": false
          },
          "sensitive_attributes": [],
          "identity_schema_version": 0,
          "private": "bnVsbA==",
          "dependencies": [
            "data.aws_caller_identity.current",
            "data.aws_secretsmanager_secret_version.spotify_api_secrets",
            "module.get_access_token_lambda.aws_iam_role.execution_role",
            "module.get_access_token_lambda.aws_lambda_function.function",
            "module.get_access_token_lambda.aws_s3_object.s3_upload",
            "module.get_access_token_lambda.data.archive_file.zip",
            "module.get_chart_lambda.aws_iam_role.execution_role",
            "module.get_chart_lambda.aws_lambda_function.function",
            "module.get_chart_lambda.aws_s3_object.s3_upload",
            "module.get_chart_lambda.data.archive_file.zip",
            "module.list_charts_lambda.aws_iam_role.execution_role",
            "module.list_charts_lambda.aws_lambda_function.function",
            "module.list_charts_lambda.aws_s3_object.s3_upload",
            "module.list_charts_lambda.data.archive_file.zip",
            "module.shared_lambda_layer.aws_lambda_layer_version.version",
            "module.shared_lambda_layer.aws_s3_object.s3_upload",
            "module.shared_lambda_layer.data.archive_file.zip",
            "module.song_chart_history_bucket.aws_s3_bucket.s3",
            "module.spotify-project-api.aws_api_gateway_deployment.deployment",
            "module.spotify-project-api.aws_api_gateway_resource.resources",
            "module.spotify-project-api.aws_api_gateway_rest_api.api",
            "module.spotify-project-api.aws_api_gateway_rest_api_policy.policy",
            "module.spotify-project-api.data.aws_iam_policy_document.api_policy",
            "module.spotify-project-api.module.api_lambda_integration.aws_api_gateway_integration.lambda_integration",
            "module.spotify-project-api.module.api_lambda_integration.aws_api_gateway_integration.options_integration",
            "module.spotify-project-api.module.api_lambda_integration.aws_api_gateway_integration_response.integration_response",
            "module.spotify-project-api.module.api_lambda_integration.aws_api_gateway_integration_response.options_integration_response",
            "module.spotify-project-api.module.api_lambda_integration.aws_api_gateway_method.method",
            "module.spotify-project-api.module.api_lambda_integration.aws_api_gateway_method.options_method",
            "module.spotify-project-api.module.api_lambda_integration.aws_api_gateway_method_response.options_200",
            "module.spotify-project-api.module.api_lambda_integration.aws_api_gateway_method_response.response_200",
            "module.spotify-project-api.module.api_lambda_integration.aws_lambda_permission.api_gateway_integration"
          ]
        }
      ]
    },
    {
      "module": "module.spotify-project-api.module.api_lambda_integration[\"get-access-token\"]",
      "mode": "managed",
      "type": "aws_api_gateway_integration",
      "name": "lambda_integration",
      "provider": "provider[\"registry.terraform.io/hashicorp/aws\"]",
      "instances": [
        {
          "schema_version": 0,
          "attributes": {
            "cache_key_parameters": [],
            "cache_namespace": "4znopr",
            "connection_id": "",
            "connection_type": "INTERNET",
            "content_handling": "",
            "credentials": "",
            "http_method": "GET",
            "id": "agi-sl6gy7fpd3-4znopr-GET",
            "integration_http_method": "POST",
            "passthrough_behavior": "WHEN_NO_MATCH",
            "request_parameters": {
              "integration.request.header.Access-Control-Allow-Origin": "'*'"
            },
            "request_templates": {},
            "resource_id": "4znopr",
            "rest_api_id": "sl6gy7fpd3",
            "timeout_milliseconds": 29000,
            "tls_config": [],
            "type": "AWS_PROXY",
            "uri": "arn:aws:apigateway:us-west-1:lambda:path/2015-03-31/functions/arn:aws:lambda:us-west-1:211125619133:function:spotify-get-access-token-lambda/invocations"
          },
          "sensitive_attributes": [],
          "identity_schema_version": 0,
          "private": "bnVsbA==",
          "dependencies": [
            "data.aws_caller_identity.current",
            "data.aws_secretsmanager_secret_version.spotify_api_secrets",
            "module.get_access_token_lambda.aws_iam_role.execution_role",
            "module.get_access_token_lambda.aws_lambda_function.function",
            "module.get_access_token_lambda.aws_s3_object.s3_upload",
            "module.get_access_token_lambda.data.archive_file.zip",
            "module.get_chart_lambda.aws_iam_role.execution_role",
            "module.get_chart_lambda.aws_lambda_function.function",
            "module.get_chart_lambda.aws_s3_object.s3_upload",
            "module.get_chart_lambda.data.archive_file.zip",
            "module.list_charts_lambda.aws_iam_role.execution_role",
            "module.list_charts_lambda.aws_lambda_function.function",
            "module.list_charts_lambda.aws_s3_object.s3_upload",
            "module.list_charts_lambda.data.archive_file.zip",
            "module.shared_lambda_layer.aws_lambda_layer_version.version",
            "module.shared_lambda_layer.aws_s3_object.s3_upload",
            "module.shared_lambda_layer.data.archive_file.zip",
            "module.song_chart_history_bucket.aws_s3_bucket.s3",
            "module.spotify-project-api.aws_api_gateway_resource.resources",
            "module.spotify-project-api.aws_api_gateway_rest_api.api",
            "module.spotify-project-api.module.api_lambda_integration.aws_api_gateway_method.method"
          ],
          "create_before_destroy": true
        }
      ]
    },
    {
      "module": "module.spotify-project-api.module.api_lambda_integration[\"get-access-token\"]",
      "mode": "managed",
      "type": "aws_api_gateway_integration",
      "name": "options_integration",
      "provider": "provider[\"registry.terraform.io/hashicorp/aws\"]",
      "instances": [
        {
          "index_key": 0,
          "schema_version": 0,
          "attributes": {
            "cache_key_parameters": [],
            "cache_namespace": "4znopr",
            "connection_id": "",
            "connection_type": "INTERNET",
            "content_handling": "",
            "credentials": "",
            "http_method": "OPTIONS",
            "id": "agi-sl6gy7fpd3-4znopr-OPTIONS",
            "integration_http_method": "",
            "passthrough_behavior": "WHEN_NO_MATCH",
            "request_parameters": {},
            "request_templates": {
              "application/json": "{\"statusCode\":200}"
            },
            "resource_id": "4znopr",
            "rest_api_id": "sl6gy7fpd3",
            "timeout_milliseconds": 29000,
            "tls_config": [],
            "type": "MOCK",
            "uri": ""
          },
          "sensitive_attributes": [],
          "identity_schema_version": 0,
          "private": "bnVsbA==",
          "dependencies": [
            "data.aws_caller_identity.current",
            "data.aws_secretsmanager_secret_version.spotify_api_secrets",
            "module.get_access_token_lambda.aws_iam_role.execution_role",
            "module.get_access_token_lambda.aws_lambda_function.function",
            "module.get_access_token_lambda.aws_s3_object.s3_upload",
            "module.get_access_token_lambda.data.archive_file.zip",
            "module.get_chart_lambda.aws_iam_role.execution_role",
            "module.get_chart_lambda.aws_lambda_function.function",
            "module.get_chart_lambda.aws_s3_object.s3_upload",
            "module.get_chart_lambda.data.archive_file.zip",
            "module.list_charts_lambda.aws_iam_role.execution_role",
            "module.list_charts_lambda.aws_lambda_function.function",
            "module.list_charts_lambda.aws_s3_object.s3_upload",
            "module.list_charts_lambda.data.archive_file.zip",
            "module.shared_lambda_layer.aws_lambda_layer_version.version",
            "module.shared_lambda_layer.aws_s3_object.s3_upload",
            "module.shared_lambda_layer.data.archive_file.zip",
            "module.song_chart_history_bucket.aws_s3_bucket.s3",
            "module.spotify-project-api.aws_api_gateway_resource.resources",
            "module.spotify-project-api.aws_api_gateway_rest_api.api",
            "module.spotify-project-api.module.api_lambda_integration.aws_api_gateway_method.options_method"
          ],
          "create_before_destroy": true
        }
      ]
    },
    {
      "module": "module.spotify-project-api.module.api_lambda_integration[\"get-access-token\"]",
      "mode": "managed",
      "type": "aws_api_gateway_integration_response",
      "name": "integration_response",
      "provider": "provider[\"registry.terraform.io/hashicorp/aws\"]",
      "instances": [
        {
          "schema_version": 0,
          "attributes": {
            "content_handling": "",
            "http_method": "GET",
            "id": "agir-sl6gy7fpd3-4znopr-GET-200",
            "resource_id": "4znopr",
            "response_parameters": {
              "method.response.header.Access-Control-Allow-Origin": "'*'"
            },
            "response_templates": {},
            "rest_api_id": "sl6gy7fpd3",
            "selection_pattern": "",
            "status_code": "200"
          },
          "sensitive_attributes": [],
          "identity_schema_version": 0,
          "private": "bnVsbA==",
          "dependencies": [
            "data.aws_caller_identity.current",
            "data.aws_secretsmanager_secret_version.spotify_api_secrets",
            "module.get_access_token_lambda.aws_iam_role.execution_role",
            "module.get_access_token_lambda.aws_lambda_function.function",
            "module.get_access_token_lambda.aws_s3_object.s3_upload",
            "module.get_access_token_lambda.data.archive_file.zip",
            "module.get_chart_lambda.aws_iam_role.execution_role",
            "module.get_chart_lambda.aws_lambda_function.function",
            "module.get_chart_lambda.aws_s3_object.s3_upload",
            "module.get_chart_lambda.data.archive_file.zip",
            "module.list_charts_lambda.aws_iam_role.execution_role",
            "module.list_charts_lambda.aws_lambda_function.function",
            "module.list_charts_lambda.aws_s3_object.s3_upload",
            "module.list_charts_lambda.data.archive_file.zip",
            "module.shared_lambda_layer.aws_lambda_layer_version.version",
            "module.shared_lambda_layer.aws_s3_object.s3_upload",
            "module.shared_lambda_layer.data.archive_file.zip",
            "module.song_chart_history_bucket.aws_s3_bucket.s3",
            "module.spotify-project-api.aws_api_gateway_resource.resources",
            "module.spotify-project-api.aws_api_gateway_rest_api.api",
            "module.spotify-project-api.module.api_lambda_integration.aws_api_gateway_integration.lambda_integration",
            "module.spotify-project-api.module.api_lambda_integration.aws_api_gateway_method.method",
            "module.spotify-project-api.module.api_lambda_integration.aws_api_gateway_method_response.response_200"
          ],
          "create_before_destroy": true
        }
      ]
    },
    {
      "module": "module.spotify-project-api.module.api_lambda_integration[\"get-access-token\"]",
      "mode": "managed",
      "type": "aws_api_gateway_integration_response",
      "name": "options_integration_response",
      "provider": "provider[\"registry.terraform.io/hashicorp/aws\"]",
      "instances": [
        {
          "index_key": 0,
          "schema_version": 0,
          "attributes": {
            "content_handling": "",
            "http_method": "OPTIONS",
            "id": "agir-sl6gy7fpd3-4znopr-OPTIONS-200",
            "resource_id": "4znopr",
            "response_parameters": {
              "method.response.header.Access-Control-Allow-Headers": "'Content-Type,X-Amz-Date,Authorization,X-Api-Key,X-Amz-Security-Token,X-Requested-With'",
              "method.response.header.Access-Control-Allow-Methods": "'OPTIONS,POST'",
              "method.response.header.Access-Control-Allow-Origin": "'*'"
            },
            "response_templates": {},
            "rest_api_id": "sl6gy7fpd3",
            "selection_pattern": "",
            "status_code": "200"
          },
          "sensitive_attributes": [],
          "identity_schema_version": 0,
          "private": "bnVsbA==",
          "dependencies": [
            "data.aws_caller_identity.current",
            "data.aws_secretsmanager_secret_version.spotify_api_secrets",
            "module.get_access_token_lambda.aws_iam_role.execution_role",
            "module.get_access_token_lambda.aws_lambda_function.function",
            "module.get_access_token_lambda.aws_s3_object.s3_upload",
            "module.get_access_token_lambda.data.archive_file.zip",
            "module.get_chart_lambda.aws_iam_role.execution_role",
            "module.get_chart_lambda.aws_lambda_function.function",
            "module.get_chart_lambda.aws_s3_object.s3_upload",
            "module.get_chart_lambda.data.archive_file.zip",
            "module.list_charts_lambda.aws_iam_role.execution_role",
            "module.list_charts_lambda.aws_lambda_function.function",
            "module.list_charts_lambda.aws_s3_object.s3_upload",
            "module.list_charts_lambda.data.archive_file.zip",
            "module.shared_lambda_layer.aws_lambda_layer_version.version",
            "module.shared_lambda_layer.aws_s3_object.s3_upload",
            "module.shared_lambda_layer.data.archive_file.zip",
            "module.song_chart_history_bucket.aws_s3_bucket.s3",
            "module.spotify-project-api.aws_api_gateway_resource.resources",
            "module.spotify-project-api.aws_api_gateway_rest_api.api",
            "module.spotify-project-api.module.api_lambda_integration.aws_api_gateway_integration.options_integration",
            "module.spotify-project-api.module.api_lambda_integration.aws_api_gateway_method.options_method",
            "module.spotify-project-api.module.api_lambda_integration.aws_api_gateway_method_response.options_200"
          ],
          "create_before_destroy": true
        }
      ]
    },
    {
      "module": "module.spotify-project-api.module.api_lambda_integration[\"get-access-token\"]",
      "mode": "managed",
      "type": "aws_api_gateway_method",
      "name": "method",
      "provider": "provider[\"registry.terraform.io/hashicorp/aws\"]",
      "instances": [
        {
          "schema_version": 0,
          "attributes": {
            "api_key_required": false,
            "authorization": "NONE",
            "authorization_scopes": [],
            "authorizer_id": "",
            "http_method": "GET",
            "id": "agm-sl6gy7fpd3-4znopr-GET",
            "operation_name": "",
            "request_models": {},
            "request_parameters": {
              "method.request.header.Authorization": false,
              "method.request.header.Content-Type": false,
              "method.request.header.X-Requested-With": false,
              "method.request.header.X-User-ID": false
            },
            "request_validator_id": "",
            "resource_id": "4znopr",
            "rest_api_id": "sl6gy7fpd3"
          },
          "sensitive_attributes": [],
          "identity_schema_version": 0,
          "private": "bnVsbA==",
          "dependencies": [
            "data.aws_caller_identity.current",
            "data.aws_secretsmanager_secret_version.spotify_api_secrets",
            "module.get_access_token_lambda.aws_iam_role.execution_role",
            "module.get_access_token_lambda.aws_lambda_function.function",
            "module.get_access_token_lambda.aws_s3_object.s3_upload",
            "module.get_access_token_lambda.data.archive_file.zip",
            "module.get_chart_lambda.aws_iam_role.execution_role",
            "module.get_chart_lambda.aws_lambda_function.function",
            "module.get_chart_lambda.aws_s3_object.s3_upload",
            "module.get_chart_lambda.data.archive_file.zip",
            "module.list_charts_lambda.aws_iam_role.execution_role",
            "module.list_charts_lambda.aws_lambda_function.function",
            "module.list_charts_lambda.aws_s3_object.s3_upload",
            "module.list_charts_lambda.data.archive_file.zip",
            "module.shared_lambda_layer.aws_lambda_layer_version.version",
            "module.shared_lambda_layer.aws_s3_object.s3_upload",
            "module.shared_lambda_layer.data.archive_file.zip",
            "module.song_chart_history_bucket.aws_s3_bucket.s3",
            "module.spotify-project-api.aws_api_gateway_resource.resources",
            "module.spotify-project-api.aws_api_gateway_rest_api.api"
          ],
          "create_before_destroy": true
        }
      ]
    },
    {
      "module": "module.spotify-project-api.module.api_lambda_integration[\"get-access-token\"]",
      "mode": "managed",
      "type": "aws_api_gateway_method",
      "name": "options_method",
      "provider": "provider[\"registry.terraform.io/hashicorp/aws\"]",
      "instances": [
        {
          "index_key": 0,
          "schema_version": 0,
          "attributes": {
            "api_key_required": false,
            "authorization": "NONE",
            "authorization_scopes": [],
            "authorizer_id": "",
            "http_method": "OPTIONS",
            "id": "agm-sl6gy7fpd3-4znopr-OPTIONS",
            "operation_name": "",
            "request_models": {},
            "request_parameters": {
              "method.request.header.Authorization": false,
              "method.request.header.Content-Type": false,
              "method.request.header.X-User-ID": false
            },
            "request_validator_id": "",
            "resource_id": "4znopr",
            "rest_api_id": "sl6gy7fpd3"
          },
          "sensitive_attributes": [],
          "identity_schema_version": 0,
          "private": "bnVsbA==",
          "dependencies": [
            "data.aws_caller_identity.current",
            "data.aws_secretsmanager_secret_version.spotify_api_secrets",
            "module.get_access_token_lambda.aws_iam_role.execution_role",
            "module.get_access_token_lambda.aws_lambda_function.function",
            "module.get_access_token_lambda.aws_s3_object.s3_upload",
            "module.get_access_token_lambda.data.archive_file.zip",
            "module.get_chart_lambda.aws_iam_role.execution_role",
            "module.get_chart_lambda.aws_lambda_function.function",
            "module.get_chart_lambda.aws_s3_object.s3_upload",
            "module.get_chart_lambda.data.archive_file.zip",
            "module.list_charts_lambda.aws_iam_role.execution_role",
            "module.list_charts_lambda.aws_lambda_function.function",
            "module.list_charts_lambda.aws_s3_object.s3_upload",
            "module.list_charts_lambda.data.archive_file.zip",
            "module.shared_lambda_layer.aws_lambda_layer_version.version",
            "module.shared_lambda_layer.aws_s3_object.s3_upload",
            "module.shared_lambda_layer.data.archive_file.zip",
            "module.song_chart_history_bucket.aws_s3_bucket.s3",
            "module.spotify-project-api.aws_api_gateway_resource.resources",
            "module.spotify-project-api.aws_api_gateway_rest_api.api"
          ],
          "create_before_destroy": true
        }
      ]
    },
    {
      "module": "module.spotify-project-api.module.api_lambda_integration[\"get-access-token\"]",
      "mode": "managed",
      "type": "aws_api_gateway_method_response",
      "name": "options_200",
      "provider": "provider[\"registry.terraform.io/hashicorp/aws\"]",
      "instances": [
        {
          "index_key": 0,
          "schema_version": 0,
          "attributes": {
            "http_method": "OPTIONS",
            "id": "agmr-sl6gy7fpd3-4znopr-OPTIONS-200",
            "resource_id": "4znopr",
            "response_models": {
              "application/json": "Empty"
            },
            "response_parameters": {
              "method.response.header.Access-Control-Allow-Headers": true,
              "method.response.header.Access-Control-Allow-Methods": true,
              "method.response.header.Access-Control-Allow-Origin": true
            },
            "rest_api_id": "sl6gy7fpd3",
            "status_code": "200"
          },
          "sensitive_attributes": [],
          "identity_schema_version": 0,
          "private": "bnVsbA==",
          "dependencies": [
            "data.aws_caller_identity.current",
            "data.aws_secretsmanager_secret_version.spotify_api_secrets",
            "module.get_access_token_lambda.aws_iam_role.execution_role",
            "module.get_access_token_lambda.aws_lambda_function.function",
            "module.get_access_token_lambda.aws_s3_object.s3_upload",
            "module.get_access_token_lambda.data.archive_file.zip",
            "module.get_chart_lambda.aws_iam_role.execution_role",
            "module.get_chart_lambda.aws_lambda_function.function",
            "module.get_chart_lambda.aws_s3_object.s3_upload",
            "module.get_chart_lambda.data.archive_file.zip",
            "module.list_charts_lambda.aws_iam_role.execution_role",
            "module.list_charts_lambda.aws_lambda_function.function",
            "module.list_charts_lambda.aws_s3_object.s3_upload",
            "module.list_charts_lambda.data.archive_file.zip",
            "module.shared_lambda_layer.aws_lambda_layer_version.version",
            "module.shared_lambda_layer.aws_s3_object.s3_upload",
            "module.shared_lambda_layer.data.archive_file.zip",
            "module.song_chart_history_bucket.aws_s3_bucket.s3",
            "module.spotify-project-api.aws_api_gateway_resource.resources",
            "module.spotify-project-api.aws_api_gateway_rest_api.api",
            "module.spotify-project-api.module.api_lambda_integration.aws_api_gateway_method.options_method"
          ],
          "create_before_destroy": true
        }
      ]
    },
    {
      "module": "module.spotify-project-api.module.api_lambda_integration[\"get-access-token\"]",
      "mode": "managed",
      "type": "aws_api_gateway_method_response",
      "name": "response_200",
      "provider": "provider[\"registry.terraform.io/hashicorp/aws\"]",
      "instances": [
        {
          "schema_version": 0,
          "attributes": {
            "http_method": "GET",
            "id": "agmr-sl6gy7fpd3-4znopr-GET-200",
            "resource_id": "4znopr",
            "response_models": {
              "application/json": "Empty"
            },
            "response_parameters": {
              "method.response.header.Access-Control-Allow-Headers": true,
              "method.response.header.Access-Control-Allow-Methods": true,
              "method.response.header.Access-Control-Allow-Origin": true
            },
            "rest_api_id": "sl6gy7fpd3",
            "status_code": "200"
          },
          "sensitive_attributes": [],
          "identity_schema_version": 0,
          "private": "bnVsbA==",
          "dependencies": [
            "data.aws_caller_identity.current",
            "data.aws_secretsmanager_secret_version.spotify_api_secrets",
            "module.get_access_token_lambda.aws_iam_role.execution_role",
            "module.get_access_token_lambda.aws_lambda_function.function",
            "module.get_access_token_lambda.aws_s3_object.s3_upload",
            "module.get_access_token_lambda.data.archive_file.zip",
            "module.get_chart_lambda.aws_iam_role.execution_role",
            "module.get_chart_lambda.aws_lambda_function.function",
            "module.get_chart_lambda.aws_s3_object.s3_upload",
            "module.get_chart_lambda.data.archive_file.zip",
            "module.list_charts_lambda.aws_iam_role.execution_role",
            "module.list_charts_lambda.aws_lambda_function.function",
            "module.list_charts_lambda.aws_s3_object.s3_upload",
            "module.list_charts_lambda.data.archive_file.zip",
            "module.shared_lambda_layer.aws_lambda_layer_version.version",
            "module.shared_lambda_layer.aws_s3_object.s3_upload",
            "module.shared_lambda_layer.data.archive_file.zip",
            "module.song_chart_history_bucket.aws_s3_bucket.s3",
            "module.spotify-project-api.aws_api_gateway_resource.resources",
            "module.spotify-project-api.aws_api_gateway_rest_api.api",
            "module.spotify-project-api.module.api_lambda_integration.aws_api_gateway_integration.lambda_integration",
            "module.spotify-project-api.module.api_lambda_integration.aws_api_gateway_method.method"
          ],
          "create_before_destroy": true
        }
      ]
    },
    {
      "module": "module.spotify-project-api.module.api_lambda_integration[\"get-access-token\"]",
      "mode": "managed",
      "type": "aws_lambda_permission",
      "name": "api_gateway_integration",
      "provider": "provider[\"registry.terraform.io/hashicorp/aws\"]",
      "instances": [
        {
          "schema_version": 0,
          "attributes": {
            "action": "lambda:InvokeFunction",
            "event_source_token": null,
            "function_name": "spotify-get-access-token-lambda",
            "function_url_auth_type": null,
            "id": "AllowAPIGatewayInvokeIntegration-sl6gy7fpd3-4znopr",
            "principal": "apigateway.amazonaws.com",
            "principal_org_id": null,
            "qualifier": "",
            "source_account": null,
            "source_arn": "arn:aws:execute-api:us-west-1:211125619133:sl6gy7fpd3/*",
            "statement_id": "AllowAPIGatewayInvokeIntegration-sl6gy7fpd3-4znopr",
            "statement_id_prefix": ""
          },
          "sensitive_attributes": [],
          "identity_schema_version": 0,
          "private": "bnVsbA==",
          "dependencies": [
            "data.aws_caller_identity.current",
            "data.aws_secretsmanager_secret_version.spotify_api_secrets",
            "module.get_access_token_lambda.aws_iam_role.execution_role",
            "module.get_access_token_lambda.aws_lambda_function.function",
            "module.get_access_token_lambda.aws_s3_object.s3_upload",
            "module.get_access_token_lambda.data.archive_file.zip",
            "module.get_chart_lambda.aws_iam_role.execution_role",
            "module.get_chart_lambda.aws_lambda_function.function",
            "module.get_chart_lambda.aws_s3_object.s3_upload",
            "module.get_chart_lambda.data.archive_file.zip",
            "module.list_charts_lambda.aws_iam_role.execution_role",
            "module.list_charts_lambda.aws_lambda_function.function",
            "module.list_charts_lambda.aws_s3_object.s3_upload",
            "module.list_charts_lambda.data.archive_file.zip",
            "module.shared_lambda_layer.aws_lambda_layer_version.version",
            "module.shared_lambda_layer.aws_s3_object.s3_upload",
            "module.shared_lambda_layer.data.archive_file.zip",
            "module.song_chart_history_bucket.aws_s3_bucket.s3",
            "module.spotify-project-api.aws_api_gateway_resource.resources",
            "module.spotify-project-api.aws_api_gateway_rest_api.api",
            "module.spotify-project-api.module.api_lambda_integration.aws_api_gateway_method.method"
          ],
          "create_before_destroy": true
        }
      ]
    },
    {
      "module": "module.spotify-project-api.module.api_lambda_integration[\"get-chart\"]",
      "mode": "managed",
      "type": "aws_api_gateway_integration",
      "name": "lambda_integration",
      "provider": "provider[\"registry.terraform.io/hashicorp/aws\"]",
      "instances": [
        {
          "schema_version": 0,
          "attributes": {
            "cache_key_parameters": [],
            "cache_namespace": "ric36z",
            "connection_id": "",
            "connection_type": "INTERNET",
            "content_handling": "",
            "credentials": "",
            "http_method": "GET",
            "id": "agi-sl6gy7fpd3-ric36z-GET",
            "integration_http_method": "POST",
            "passthrough_behavior": "WHEN_NO_MATCH",
            "request_parameters": {
              "integration.request.header.Access-Control-Allow-Origin": "'*'"
            },
            "request_templates": {},
            "resource_id": "ric36z",
            "rest_api_id": "sl6gy7fpd3",
            "timeout_milliseconds": 29000,
            "tls_config": [],
            "type": "AWS_PROXY",
            "uri": "arn:aws:apigateway:us-west-1:lambda:path/2015-03-31/functions/arn:aws:lambda:us-west-1:211125619133:function:spotify-get-chart-lambda/invocations"
          },
          "sensitive_attributes": [],
          "identity_schema_version": 0,
          "private": "bnVsbA==",
          "dependencies": [
            "data.aws_caller_identity.current",
            "data.aws_secretsmanager_secret_version.spotify_api_secrets",
            "module.get_access_token_lambda.aws_iam_role.execution_role",
            "module.get_access_token_lambda.aws_lambda_function.function",
            "module.get_access_token_lambda.aws_s3_object.s3_upload",
            "module.get_access_token_lambda.data.archive_file.zip",
            "module.get_chart_lambda.aws_iam_role.execution_role",
            "module.get_chart_lambda.aws_lambda_function.function",
            "module.get_chart_lambda.aws_s3_object.s3_upload",
            "module.get_chart_lambda.data.archive_file.zip",
            "module.list_charts_lambda.aws_iam_role.execution_role",
            "module.list_charts_lambda.aws_lambda_function.function",
            "module.list_charts_lambda.aws_s3_object.s3_upload",
            "module.list_charts_lambda.data.archive_file.zip",
            "module.shared_lambda_layer.aws_lambda_layer_version.version",
            "module.shared_lambda_layer.aws_s3_object.s3_upload",
            "module.shared_lambda_layer.data.archive_file.zip",
            "module.song_chart_history_bucket.aws_s3_bucket.s3",
            "module.spotify-project-api.aws_api_gateway_resource.resources",
            "module.spotify-project-api.aws_api_gateway_rest_api.api",
            "module.spotify-project-api.module.api_lambda_integration.aws_api_gateway_method.method"
          ],
          "create_before_destroy": true
        }
      ]
    },
    {
      "module": "module.spotify-project-api.module.api_lambda_integration[\"get-chart\"]",
      "mode": "managed",
      "type": "aws_api_gateway_integration",
      "name": "options_integration",
      "provider": "provider[\"registry.terraform.io/hashicorp/aws\"]",
      "instances": [
        {
          "index_key": 0,
          "schema_version": 0,
          "attributes": {
            "cache_key_parameters": [],
            "cache_namespace": "ric36z",
            "connection_id": "",
            "connection_type": "INTERNET",
            "content_handling": "",
            "credentials": "",
            "http_method": "OPTIONS",
            "id": "agi-sl6gy7fpd3-ric36z-OPTIONS",
            "integration_http_method": "",
            "passthrough_behavior": "WHEN_NO_MATCH",
            "request_parameters": {},
            "request_templates": {
              "application/json": "{\"statusCode\":200}"
            },
            "resource_id": "ric36z",
            "rest_api_id": "sl6gy7fpd3",
            "timeout_milliseconds": 29000,
            "tls_config": [],
            "type": "MOCK",
            "uri": ""
          },
          "sensitive_attributes": [],
          "identity_schema_version": 0,
          "private": "bnVsbA==",
          "dependencies": [
            "data.aws_caller_identity.current",
            "data.aws_secretsmanager_secret_version.spotify_api_secrets",
            "module.get_access_token_lambda.aws_iam_role.execution_role",
            "module.get_access_token_lambda.aws_lambda_function.function",
            "module.get_access_token_lambda.aws_s3_object.s3_upload",
            "module.get_access_token_lambda.data.archive_file.zip",
            "module.get_chart_lambda.aws_iam_role.execution_role",
            "module.get_chart_lambda.aws_lambda_function.function",
            "module.get_chart_lambda.aws_s3_object.s3_upload",
            "module.get_chart_lambda.data.archive_file.zip",
            "module.list_charts_lambda.aws_iam_role.execution_role",
            "module.list_charts_lambda.aws_lambda_function.function",
            "module.list_charts_lambda.aws_s3_object.s3_upload",
            "module.list_charts_lambda.data.archive_file.zip",
            "module.shared_lambda_layer.aws_lambda_layer_version.version",
            "module.shared_lambda_layer.aws_s3_object.s3_upload",
            "module.shared_lambda_layer.data.archive_file.zip",
            "module.song_chart_history_bucket.aws_s3_bucket.s3",
            "module.spotify-project-api.aws_api_gateway_resource.resources",
            "module.spotify-project-api.aws_api_gateway_rest_api.api",
            "module.spotify-project-api.module.api_lambda_integration.aws_api_gateway_method.options_method"
          ],
          "create_before_destroy": true
        }
      ]
    },
    {
      "module": "module.spotify-project-api.module.api_lambda_integration[\"get-chart\"]",
      "mode": "managed",
      "type": "aws_api_gateway_integration_response",
      "name": "integration_response",
      "provider": "provider[\"registry.terraform.io/hashicorp/aws\"]",
      "instances": [
        {
          "schema_version": 0,
          "attributes": {
            "content_handling": "",
            "http_method": "GET",
            "id": "agir-sl6gy7fpd3-ric36z-GET-200",
            "resource_id": "ric36z",
            "response_parameters": {
              "method.response.header.Access-Control-Allow-Origin": "'*'"
            },
            "response_templates": {},
            "rest_api_id": "sl6gy7fpd3",
            "selection_pattern": "",
            "status_code": "200"
          },
          "sensitive_attributes": [],
          "identity_schema_version": 0,
          "private": "bnVsbA==",
          "dependencies": [
            "data.aws_caller_identity.current",
            "data.aws_secretsmanager_secret_version.spotify_api_secrets",
            "module.get_access_token_lambda.aws_iam_role.execution_role",
            "module.get_access_token_lambda.aws_lambda_function.function",
            "module.get_access_token_lambda.aws_s3_object.s3_upload",
            "module.get_access_token_lambda.data.archive_file.zip",
            "module.get_chart_lambda.aws_iam_role.execution_role",
            "module.get_chart_lambda.aws_lambda_function.function",
            "module.get_chart_lambda.aws_s3_object.s3_upload",
            "module.get_chart_lambda.data.archive_file.zip",
            "module.list_charts_lambda.aws_iam_role.execution_role",
            "module.list_charts_lambda.aws_lambda_function.function",
            "module.list_charts_lambda.aws_s3_object.s3_upload",
            "module.list_charts_lambda.data.archive_file.zip",
            "module.shared_lambda_layer.aws_lambda_layer_version.version",
            "module.shared_lambda_layer.aws_s3_object.s3_upload",
            "module.shared_lambda_layer.data.archive_file.zip",
            "module.song_chart_history_bucket.aws_s3_bucket.s3",
            "module.spotify-project-api.aws_api_gateway_resource.resources",
            "module.spotify-project-api.aws_api_gateway_rest_api.api",
            "module.spotify-project-api.module.api_lambda_integration.aws_api_gateway_integration.lambda_integration",
            "module.spotify-project-api.module.api_lambda_integration.aws_api_gateway_method.method",
            "module.spotify-project-api.module.api_lambda_integration.aws_api_gateway_method_response.response_200"
          ],
          "create_before_destroy": true
        }
      ]
    },
    {
      "module": "module.spotify-project-api.module.api_lambda_integration[\"get-chart\"]",
      "mode": "managed",
      "type": "aws_api_gateway_integration_response",
      "name": "options_integration_response",
      "provider": "provider[\"registry.terraform.io/hashicorp/aws\"]",
      "instances": [
        {
          "index_key": 0,
          "schema_version": 0,
          "attributes": {
            "content_handling": "",
            "http_method": "OPTIONS",
            "id": "agir-sl6gy7fpd3-ric36z-OPTIONS-200",
            "resource_id": "ric36z",
            "response_parameters": {
              "method.response.header.Access-Control-Allow-Headers": "'Content-Type,X-Amz-Date,Authorization,X-Api-Key,X-Amz-Security-Token,X-Requested-With'",
              "method.response.header.Access-Control-Allow-Methods": "'OPTIONS,POST'",
              "method.response.header.Access-Control-Allow-Origin": "'*'"
            },
            "response_templates": {},
            "rest_api_id": "sl6gy7fpd3",
            "selection_pattern": "",
            "status_code": "200"
          },
          "sensitive_attributes": [],
          "identity_schema_version": 0,
          "private": "bnVsbA==",
          "dependencies": [
            "data.aws_caller_identity.current",
            "data.aws_secretsmanager_secret_version.spotify_api_secrets",
            "module.get_access_token_lambda.aws_iam_role.execution_role",
            "module.get_access_token_lambda.aws_lambda_function.function",
            "module.get_access_token_lambda.aws_s3_object.s3_upload",
            "module.get_access_token_lambda.data.archive_file.zip",
            "module.get_chart_lambda.aws_iam_role.execution_role",
            "module.get_chart_lambda.aws_lambda_function.function",
            "module.get_chart_lambda.aws_s3_object.s3_upload",
            "module.get_chart_lambda.data.archive_file.zip",
            "module.list_charts_lambda.aws_iam_role.execution_role",
            "module.list_charts_lambda.aws_lambda_function.function",
            "module.list_charts_lambda.aws_s3_object.s3_upload",
            "module.list_charts_lambda.data.archive_file.zip",
            "module.shared_lambda_layer.aws_lambda_layer_version.version",
            "module.shared_lambda_layer.aws_s3_object.s3_upload",
            "module.shared_lambda_layer.data.archive_file.zip",
            "module.song_chart_history_bucket.aws_s3_bucket.s3",
            "module.spotify-project-api.aws_api_gateway_resource.resources",
            "module.spotify-project-api.aws_api_gateway_rest_api.api",
            "module.spotify-project-api.module.api_lambda_integration.aws_api_gateway_integration.options_integration",
            "module.spotify-project-api.module.api_lambda_integration.aws_api_gateway_method.options_method",
            "module.spotify-project-api.module.api_lambda_integration.aws_api_gateway_method_response.options_200"
          ],
          "create_before_destroy": true
        }
      ]
    },
    {
      "module": "module.spotify-project-api.module.api_lambda_integration[\"get-chart\"]",
      "mode": "managed",
      "type": "aws_api_gateway_method",
      "name": "method",
      "provider": "provider[\"registry.terraform.io/hashicorp/aws\"]",
      "instances": [
        {
          "schema_version": 0,
          "attributes": {
            "api_key_required": false,
            "authorization": "NONE",
            "authorization_scopes": [],
            "authorizer_id": "",
            "http_method": "GET",
            "id": "agm-sl6gy7fpd3-ric36z-GET",
            "operation_name": "",
            "request_models": {},
            "request_parameters": {
              "method.request.header.Authorization": false,
              "method.request.header.Content-Type": false,
              "method.request.header.X-Requested-With": false,
              "method.request.header.X-User-ID": false
            },
            "request_validator_id": "",
            "resource_id": "ric36z",
            "rest_api_id": "sl6gy7fpd3"
          },
          "sensitive_attributes": [],
          "identity_schema_version": 0,
          "private": "bnVsbA==",
          "dependencies": [
            "data.aws_caller_identity.current",
            "data.aws_secretsmanager_secret_version.spotify_api_secrets",
            "module.get_access_token_lambda.aws_iam_role.execution_role",
            "module.get_access_token_lambda.aws_lambda_function.function",
            "module.get_access_token_lambda.aws_s3_object.s3_upload",
            "module.get_access_token_lambda.data.archive_file.zip",
            "module.get_chart_lambda.aws_iam_role.execution_role",
            "module.get_chart_lambda.aws_lambda_function.function",
            "module.get_chart_lambda.aws_s3_object.s3_upload",
            "module.get_chart_lambda.data.archive_file.zip",
            "module.list_charts_lambda.aws_iam_role.execution_role",
            "module.list_charts_lambda.aws_lambda_function.function",
            "module.list_charts_lambda.aws_s3_object.s3_upload",
            "module.list_charts_lambda.data.archive_file.zip",
            "module.shared_lambda_layer.aws_lambda_layer_version.version",
            "module.shared_lambda_layer.aws_s3_object.s3_upload",
            "module.shared_lambda_layer.data.archive_file.zip",
            "module.song_chart_history_bucket.aws_s3_bucket.s3",
            "module.spotify-project-api.aws_api_gateway_resource.resources",
            "module.spotify-project-api.aws_api_gateway_rest_api.api"
          ],
          "create_before_destroy": true
        }
      ]
    },
    {
      "module": "module.spotify-project-api.module.api_lambda_integration[\"get-chart\"]",
      "mode": "managed",
      "type": "aws_api_gateway_method",
      "name": "options_method",
      "provider": "provider[\"registry.terraform.io/hashicorp/aws\"]",
      "instances": [
        {
          "index_key": 0,
          "schema_version": 0,
          "attributes": {
            "api_key_required": false,
            "authorization": "NONE",
            "authorization_scopes": [],
            "authorizer_id": "",
            "http_method": "OPTIONS",
            "id": "agm-sl6gy7fpd3-ric36z-OPTIONS",
            "operation_name": "",
            "request_models": {},
            "request_parameters": {
              "method.request.header.Authorization": false,
              "method.request.header.Content-Type": false,
              "method.request.header.X-User-ID": false
            },
            "request_validator_id": "",
            "resource_id": "ric36z",
            "rest_api_id": "sl6gy7fpd3"
          },
          "sensitive_attributes": [],
          "identity_schema_version": 0,
          "private": "bnVsbA==",
          "dependencies": [
            "data.aws_caller_identity.current",
            "data.aws_secretsmanager_secret_version.spotify_api_secrets",
            "module.get_access_token_lambda.aws_iam_role.execution_role",
            "module.get_access_token_lambda.aws_lambda_function.function",
            "module.get_access_token_lambda.aws_s3_object.s3_upload",
            "module.get_access_token_lambda.data.archive_file.zip",
            "module.get_chart_lambda.aws_iam_role.execution_role",
            "module.get_chart_lambda.aws_lambda_function.function",
            "module.get_chart_lambda.aws_s3_object.s3_upload",
            "module.get_chart_lambda.data.archive_file.zip",
            "module.list_charts_lambda.aws_iam_role.execution_role",
            "module.list_charts_lambda.aws_lambda_function.function",
            "module.list_charts_lambda.aws_s3_object.s3_upload",
            "module.list_charts_lambda.data.archive_file.zip",
            "module.shared_lambda_layer.aws_lambda_layer_version.version",
            "module.shared_lambda_layer.aws_s3_object.s3_upload",
            "module.shared_lambda_layer.data.archive_file.zip",
            "module.song_chart_history_bucket.aws_s3_bucket.s3",
            "module.spotify-project-api.aws_api_gateway_resource.resources",
            "module.spotify-project-api.aws_api_gateway_rest_api.api"
          ],
          "create_before_destroy": true
        }
      ]
    },
    {
      "module": "module.spotify-project-api.module.api_lambda_integration[\"get-chart\"]",
      "mode": "managed",
      "type": "aws_api_gateway_method_response",
      "name": "options_200",
      "provider": "provider[\"registry.terraform.io/hashicorp/aws\"]",
      "instances": [
        {
          "index_key": 0,
          "schema_version": 0,
          "attributes": {
            "http_method": "OPTIONS",
            "id": "agmr-sl6gy7fpd3-ric36z-OPTIONS-200",
            "resource_id": "ric36z",
            "response_models": {
              "application/json": "Empty"
            },
            "response_parameters": {
              "method.response.header.Access-Control-Allow-Headers": true,
              "method.response.header.Access-Control-Allow-Methods": true,
              "method.response.header.Access-Control-Allow-Origin": true
            },
            "rest_api_id": "sl6gy7fpd3",
            "status_code": "200"
          },
          "sensitive_attributes": [],
          "identity_schema_version": 0,
          "private": "bnVsbA==",
          "dependencies": [
            "data.aws_caller_identity.current",
            "data.aws_secretsmanager_secret_version.spotify_api_secrets",
            "module.get_access_token_lambda.aws_iam_role.execution_role",
            "module.get_access_token_lambda.aws_lambda_function.function",
            "module.get_access_token_lambda.aws_s3_object.s3_upload",
            "module.get_access_token_lambda.data.archive_file.zip",
            "module.get_chart_lambda.aws_iam_role.execution_role",
            "module.get_chart_lambda.aws_lambda_function.function",
            "module.get_chart_lambda.aws_s3_object.s3_upload",
            "module.get_chart_lambda.data.archive_file.zip",
            "module.list_charts_lambda.aws_iam_role.execution_role",
            "module.list_charts_lambda.aws_lambda_function.function",
            "module.list_charts_lambda.aws_s3_object.s3_upload",
            "module.list_charts_lambda.data.archive_file.zip",
            "module.shared_lambda_layer.aws_lambda_layer_version.version",
            "module.shared_lambda_layer.aws_s3_object.s3_upload",
            "module.shared_lambda_layer.data.archive_file.zip",
            "module.song_chart_history_bucket.aws_s3_bucket.s3",
            "module.spotify-project-api.aws_api_gateway_resource.resources",
            "module.spotify-project-api.aws_api_gateway_rest_api.api",
            "module.spotify-project-api.module.api_lambda_integration.aws_api_gateway_method.options_method"
          ],
          "create_before_destroy": true
        }
      ]
    },
    {
      "module": "module.spotify-project-api.module.api_lambda_integration[\"get-chart\"]",
      "mode": "managed",
      "type": "aws_api_gateway_method_response",
      "name": "response_200",
      "provider": "provider[\"registry.terraform.io/hashicorp/aws\"]",
      "instances": [
        {
          "schema_version": 0,
          "attributes": {
            "http_method": "GET",
            "id": "agmr-sl6gy7fpd3-ric36z-GET-200",
            "resource_id": "ric36z",
            "response_models": {
              "application/json": "Empty"
            },
            "response_parameters": {
              "method.response.header.Access-Control-Allow-Headers": true,
              "method.response.header.Access-Control-Allow-Methods": true,
              "method.response.header.Access-Control-Allow-Origin": true
            },
            "rest_api_id": "sl6gy7fpd3",
            "status_code": "200"
          },
          "sensitive_attributes": [],
          "identity_schema_version": 0,
          "private": "bnVsbA==",
          "dependencies": [
            "data.aws_caller_identity.current",
            "data.aws_secretsmanager_secret_version.spotify_api_secrets",
            "module.get_access_token_lambda.aws_iam_role.execution_role",
            "module.get_access_token_lambda.aws_lambda_function.function",
            "module.get_access_token_lambda.aws_s3_object.s3_upload",
            "module.get_access_token_lambda.data.archive_file.zip",
            "module.get_chart_lambda.aws_iam_role.execution_role",
            "module.get_chart_lambda.aws_lambda_function.function",
            "module.get_chart_lambda.aws_s3_object.s3_upload",
            "module.get_chart_lambda.data.archive_file.zip",
            "module.list_charts_lambda.aws_iam_role.execution_role",
            "module.list_charts_lambda.aws_lambda_function.function",
            "module.list_charts_lambda.aws_s3_object.s3_upload",
            "module.list_charts_lambda.data.archive_file.zip",
            "module.shared_lambda_layer.aws_lambda_layer_version.version",
            "module.shared_lambda_layer.aws_s3_object.s3_upload",
            "module.shared_lambda_layer.data.archive_file.zip",
            "module.song_chart_history_bucket.aws_s3_bucket.s3",
            "module.spotify-project-api.aws_api_gateway_resource.resources",
            "module.spotify-project-api.aws_api_gateway_rest_api.api",
            "module.spotify-project-api.module.api_lambda_integration.aws_api_gateway_integration.lambda_integration",
            "module.spotify-project-api.module.api_lambda_integration.aws_api_gateway_method.method"
          ],
          "create_before_destroy": true
        }
      ]
    },
    {
      "module": "module.spotify-project-api.module.api_lambda_integration[\"get-chart\"]",
      "mode": "managed",
      "type": "aws_lambda_permission",
      "name": "api_gateway_integration",
      "provider": "provider[\"registry.terraform.io/hashicorp/aws\"]",
      "instances": [
        {
          "schema_version": 0,
          "attributes": {
            "action": "lambda:InvokeFunction",
            "event_source_token": null,
            "function_name": "spotify-get-chart-lambda",
            "function_url_auth_type": null,
            "id": "AllowAPIGatewayInvokeIntegration-sl6gy7fpd3-ric36z",
            "principal": "apigateway.amazonaws.com",
            "principal_org_id": null,
            "qualifier": "",
            "source_account": null,
            "source_arn": "arn:aws:execute-api:us-west-1:211125619133:sl6gy7fpd3/*",
            "statement_id": "AllowAPIGatewayInvokeIntegration-sl6gy7fpd3-ric36z",
            "statement_id_prefix": ""
          },
          "sensitive_attributes": [],
          "identity_schema_version": 0,
          "private": "bnVsbA==",
          "dependencies": [
            "data.aws_caller_identity.current",
            "data.aws_secretsmanager_secret_version.spotify_api_secrets",
            "module.get_access_token_lambda.aws_iam_role.execution_role",
            "module.get_access_token_lambda.aws_lambda_function.function",
            "module.get_access_token_lambda.aws_s3_object.s3_upload",
            "module.get_access_token_lambda.data.archive_file.zip",
            "module.get_chart_lambda.aws_iam_role.execution_role",
            "module.get_chart_lambda.aws_lambda_function.function",
            "module.get_chart_lambda.aws_s3_object.s3_upload",
            "module.get_chart_lambda.data.archive_file.zip",
            "module.list_charts_lambda.aws_iam_role.execution_role",
            "module.list_charts_lambda.aws_lambda_function.function",
            "module.list_charts_lambda.aws_s3_object.s3_upload",
            "module.list_charts_lambda.data.archive_file.zip",
            "module.shared_lambda_layer.aws_lambda_layer_version.version",
            "module.shared_lambda_layer.aws_s3_object.s3_upload",
            "module.shared_lambda_layer.data.archive_file.zip",
            "module.song_chart_history_bucket.aws_s3_bucket.s3",
            "module.spotify-project-api.aws_api_gateway_resource.resources",
            "module.spotify-project-api.aws_api_gateway_rest_api.api",
            "module.spotify-project-api.module.api_lambda_integration.aws_api_gateway_method.method"
          ],
          "create_before_destroy": true
        }
      ]
    },
    {
      "module": "module.spotify-project-api.module.api_lambda_integration[\"list-charts\"]",
      "mode": "managed",
      "type": "aws_api_gateway_integration",
      "name": "lambda_integration",
      "provider": "provider[\"registry.terraform.io/hashicorp/aws\"]",
      "instances": [
        {
          "schema_version": 0,
          "attributes": {
            "cache_key_parameters": [],
            "cache_namespace": "vn9m09",
            "connection_id": "",
            "connection_type": "INTERNET",
            "content_handling": "",
            "credentials": "",
            "http_method": "GET",
            "id": "agi-sl6gy7fpd3-vn9m09-GET",
            "integration_http_method": "POST",
            "passthrough_behavior": "WHEN_NO_MATCH",
            "request_parameters": {
              "integration.request.header.Access-Control-Allow-Origin": "'*'"
            },
            "request_templates": {},
            "resource_id": "vn9m09",
            "rest_api_id": "sl6gy7fpd3",
            "timeout_milliseconds": 29000,
            "tls_config": [],
            "type": "AWS_PROXY",
            "uri": "arn:aws:apigateway:us-west-1:lambda:path/2015-03-31/functions/arn:aws:lambda:us-west-1:211125619133:function:spotify-list-charts-lambda/invocations"
          },
          "sensitive_attributes": [],
          "identity_schema_version": 0,
          "private": "bnVsbA==",
          "dependencies": [
            "data.aws_caller_identity.current",
            "data.aws_secretsmanager_secret_version.spotify_api_secrets",
            "module.get_access_token_lambda.aws_iam_role.execution_role",
            "module.get_access_token_lambda.aws_lambda_function.function",
            "module.get_access_token_lambda.aws_s3_object.s3_upload",
            "module.get_access_token_lambda.data.archive_file.zip",
            "module.get_chart_lambda.aws_iam_role.execution_role",
            "module.get_chart_lambda.aws_lambda_function.function",
            "module.get_chart_lambda.aws_s3_object.s3_upload",
            "module.get_chart_lambda.data.archive_file.zip",
            "module.list_charts_lambda.aws_iam_role.execution_role",
            "module.list_charts_lambda.aws_lambda_function.function",
            "module.list_charts_lambda.aws_s3_object.s3_upload",
            "module.list_charts_lambda.data.archive_file.zip",
            "module.shared_lambda_layer.aws_lambda_layer_version.version",
            "module.shared_lambda_layer.aws_s3_object.s3_upload",
            "module.shared_lambda_layer.data.archive_file.zip",
            "module.song_chart_history_bucket.aws_s3_bucket.s3",
            "module.spotify-project-api.aws_api_gateway_resource.resources",
            "module.spotify-project-api.aws_api_gateway_rest_api.api",
            "module.spotify-project-api.module.api_lambda_integration.aws_api_gateway_method.method"
          ],
          "create_before_destroy": true
        }
      ]
    },
    {
      "module": "module.spotify-project-api.module.api_lambda_integration[\"list-charts\"]",
      "mode": "managed",
      "type": "aws_api_gateway_integration",
      "name": "options_integration",
      "provider": "provider[\"registry.terraform.io/hashicorp/aws\"]",
      "instances": [
        {
          "index_key": 0,
          "schema_version": 0,
          "attributes": {
            "cache_key_parameters": [],
            "cache_namespace": "vn9m09",
            "connection_id": "",
            "connection_type": "INTERNET",
            "content_handling": "",
            "credentials": "",
            "http_method": "OPTIONS",
            "id": "agi-sl6gy7fpd3-vn9m09-OPTIONS",
            "integration_http_method": "",
            "passthrough_behavior": "WHEN_NO_MATCH",
            "request_parameters": {},
            "request_templates": {
              "application/json": "{\"statusCode\":200}"
            },
            "resource_id": "vn9m09",
            "rest_api_id": "sl6gy7fpd3",
            "timeout_milliseconds": 29000,
            "tls_config": [],
            "type": "MOCK",
            "uri": ""
          },
          "sensitive_attributes": [],
          "identity_schema_version": 0,
          "private": "bnVsbA==",
          "dependencies": [
            "data.aws_caller_identity.current",
            "data.aws_secretsmanager_secret_version.spotify_api_secrets",
            "module.get_access_token_lambda.aws_iam_role.execution_role",
            "module.get_access_token_lambda.aws_lambda_function.function",
            "module.get_access_token_lambda.aws_s3_object.s3_upload",
            "module.get_access_token_lambda.data.archive_file.zip",
            "module.get_chart_lambda.aws_iam_role.execution_role",
            "module.get_chart_lambda.aws_lambda_function.function",
            "module.get_chart_lambda.aws_s3_object.s3_upload",
            "module.get_chart_lambda.data.archive_file.zip",
            "module.list_charts_lambda.aws_iam_role.execution_role",
            "module.list_charts_lambda.aws_lambda_function.function",
            "module.list_charts_lambda.aws_s3_object.s3_upload",
            "module.list_charts_lambda.data.archive_file.zip",
            "module.shared_lambda_layer.aws_lambda_layer_version.version",
            "module.shared_lambda_layer.aws_s3_object.s3_upload",
            "module.shared_lambda_layer.data.archive_file.zip",
            "module.song_chart_history_bucket.aws_s3_bucket.s3",
            "module.spotify-project-api.aws_api_gateway_resource.resources",
            "module.spotify-project-api.aws_api_gateway_rest_api.api",
            "module.spotify-project-api.module.api_lambda_integration.aws_api_gateway_method.options_method"
          ],
          "create_before_destroy": true
        }
      ]
    },
    {
      "module": "module.spotify-project-api.module.api_lambda_integration[\"list-charts\"]",
      "mode": "managed",
      "type": "aws_api_gateway_integration_response",
      "name": "integration_response",
      "provider": "provider[\"registry.terraform.io/hashicorp/aws\"]",
      "instances": [
        {
          "schema_version": 0,
          "attributes": {
            "content_handling": "",
            "http_method": "GET",
            "id": "agir-sl6gy7fpd3-vn9m09-GET-200",
            "resource_id": "vn9m09",
            "response_parameters": {
              "method.response.header.Access-Control-Allow-Origin": "'*'"
            },
            "response_templates": {},
            "rest_api_id": "sl6gy7fpd3",
            "selection_pattern": "",
            "status_code": "200"
          },
          "sensitive_attributes": [],
          "identity_schema_version": 0,
          "private": "bnVsbA==",
          "dependencies": [
            "data.aws_caller_identity.current",
            "data.aws_secretsmanager_secret_version.spotify_api_secrets",
            "module.get_access_token_lambda.aws_iam_role.execution_role",
            "module.get_access_token_lambda.aws_lambda_function.function",
            "module.get_access_token_lambda.aws_s3_object.s3_upload",
            "module.get_access_token_lambda.data.archive_file.zip",
            "module.get_chart_lambda.aws_iam_role.execution_role",
            "module.get_chart_lambda.aws_lambda_function.function",
            "module.get_chart_lambda.aws_s3_object.s3_upload",
            "module.get_chart_lambda.data.archive_file.zip",
            "module.list_charts_lambda.aws_iam_role.execution_role",
            "module.list_charts_lambda.aws_lambda_function.function",
            "module.list_charts_lambda.aws_s3_object.s3_upload",
            "module.list_charts_lambda.data.archive_file.zip",
            "module.shared_lambda_layer.aws_lambda_layer_version.version",
            "module.shared_lambda_layer.aws_s3_object.s3_upload",
            "module.shared_lambda_layer.data.archive_file.zip",
            "module.song_chart_history_bucket.aws_s3_bucket.s3",
            "module.spotify-project-api.aws_api_gateway_resource.resources",
            "module.spotify-project-api.aws_api_gateway_rest_api.api",
            "module.spotify-project-api.module.api_lambda_integration.aws_api_gateway_integration.lambda_integration",
            "module.spotify-project-api.module.api_lambda_integration.aws_api_gateway_method.method",
            "module.spotify-project-api.module.api_lambda_integration.aws_api_gateway_method_response.response_200"
          ],
          "create_before_destroy": true
        }
      ]
    },
    {
      "module": "module.spotify-project-api.module.api_lambda_integration[\"list-charts\"]",
      "mode": "managed",
      "type": "aws_api_gateway_integration_response",
      "name": "options_integration_response",
      "provider": "provider[\"registry.terraform.io/hashicorp/aws\"]",
      "instances": [
        {
          "index_key": 0,
          "schema_version": 0,
          "attributes": {
            "content_handling": "",
            "http_method": "OPTIONS",
            "id": "agir-sl6gy7fpd3-vn9m09-OPTIONS-200",
            "resource_id": "vn9m09",
            "response_parameters": {
              "method.response.header.Access-Control-Allow-Headers": "'Content-Type,X-Amz-Date,Authorization,X-Api-Key,X-Amz-Security-Token,X-Requested-With'",
              "method.response.header.Access-Control-Allow-Methods": "'OPTIONS,POST'",
              "method.response.header.Access-Control-Allow-Origin": "'*'"
            },
            "response_templates": {},
            "rest_api_id": "sl6gy7fpd3",
            "selection_pattern": "",
            "status_code": "200"
          },
          "sensitive_attributes": [],
          "identity_schema_version": 0,
          "private": "bnVsbA==",
          "dependencies": [
            "data.aws_caller_identity.current",
            "data.aws_secretsmanager_secret_version.spotify_api_secrets",
            "module.get_access_token_lambda.aws_iam_role.execution_role",
            "module.get_access_token_lambda.aws_lambda_function.function",
            "module.get_access_token_lambda.aws_s3_object.s3_upload",
            "module.get_access_token_lambda.data.archive_file.zip",
            "module.get_chart_lambda.aws_iam_role.execution_role",
            "module.get_chart_lambda.aws_lambda_function.function",
            "module.get_chart_lambda.aws_s3_object.s3_upload",
            "module.get_chart_lambda.data.archive_file.zip",
            "module.list_charts_lambda.aws_iam_role.execution_role",
            "module.list_charts_lambda.aws_lambda_function.function",
            "module.list_charts_lambda.aws_s3_object.s3_upload",
            "module.list_charts_lambda.data.archive_file.zip",
            "module.shared_lambda_layer.aws_lambda_layer_version.version",
            "module.shared_lambda_layer.aws_s3_object.s3_upload",
            "module.shared_lambda_layer.data.archive_file.zip",
            "module.song_chart_history_bucket.aws_s3_bucket.s3",
            "module.spotify-project-api.aws_api_gateway_resource.resources",
            "module.spotify-project-api.aws_api_gateway_rest_api.api",
            "module.spotify-project-api.module.api_lambda_integration.aws_api_gateway_integration.options_integration",
            "module.spotify-project-api.module.api_lambda_integration.aws_api_gateway_method.options_method",
            "module.spotify-project-api.module.api_lambda_integration.aws_api_gateway_method_response.options_200"
          ],
          "create_before_destroy": true
        }
      ]
    },
    {
      "module": "module.spotify-project-api.module.api_lambda_integration[\"list-charts\"]",
      "mode": "managed",
      "type": "aws_api_gateway_method",
      "name": "method",
      "provider": "provider[\"registry.terraform.io/hashicorp/aws\"]",
      "instances": [
        {
          "schema_version": 0,
          "attributes": {
            "api_key_required": false,
            "authorization": "NONE",
            "authorization_scopes": [],
            "authorizer_id": "",
            "http_method": "GET",
            "id": "agm-sl6gy7fpd3-vn9m09-GET",
            "operation_name": "",
            "request_models": {},
            "request_parameters": {
              "method.request.header.Authorization": false,
              "method.request.header.Content-Type": false,
              "method.request.header.X-Requested-With": false,
              "method.request.header.X-User-ID": false
            },
            "request_validator_id": "",
            "resource_id": "vn9m09",
            "rest_api_id": "sl6gy7fpd3"
          },
          "sensitive_attributes": [],
          "identity_schema_version": 0,
          "private": "bnVsbA==",
          "dependencies": [
            "data.aws_caller_identity.current",
            "data.aws_secretsmanager_secret_version.spotify_api_secrets",
            "module.get_access_token_lambda.aws_iam_role.execution_role",
            "module.get_access_token_lambda.aws_lambda_function.function",
            "module.get_access_token_lambda.aws_s3_object.s3_upload",
            "module.get_access_token_lambda.data.archive_file.zip",
            "module.get_chart_lambda.aws_iam_role.execution_role",
            "module.get_chart_lambda.aws_lambda_function.function",
            "module.get_chart_lambda.aws_s3_object.s3_upload",
            "module.get_chart_lambda.data.archive_file.zip",
            "module.list_charts_lambda.aws_iam_role.execution_role",
            "module.list_charts_lambda.aws_lambda_function.function",
            "module.list_charts_lambda.aws_s3_object.s3_upload",
            "module.list_charts_lambda.data.archive_file.zip",
            "module.shared_lambda_layer.aws_lambda_layer_version.version",
            "module.shared_lambda_layer.aws_s3_object.s3_upload",
            "module.shared_lambda_layer.data.archive_file.zip",
            "module.song_chart_history_bucket.aws_s3_bucket.s3",
            "module.spotify-project-api.aws_api_gateway_resource.resources",
            "module.spotify-project-api.aws_api_gateway_rest_api.api"
          ],
          "create_before_destroy": true
        }
      ]
    },
    {
      "module": "module.spotify-project-api.module.api_lambda_integration[\"list-charts\"]",
      "mode": "managed",
      "type": "aws_api_gateway_method",
      "name": "options_method",
      "provider": "provider[\"registry.terraform.io/hashicorp/aws\"]",
      "instances": [
        {
          "index_key": 0,
          "schema_version": 0,
          "attributes": {
            "api_key_required": false,
            "authorization": "NONE",
            "authorization_scopes": [],
            "authorizer_id": "",
            "http_method": "OPTIONS",
            "id": "agm-sl6gy7fpd3-vn9m09-OPTIONS",
            "operation_name": "",
            "request_models": {},
            "request_parameters": {
              "method.request.header.Authorization": false,
              "method.request.header.Content-Type": false,
              "method.request.header.X-User-ID": false
            },
            "request_validator_id": "",
            "resource_id": "vn9m09",
            "rest_api_id": "sl6gy7fpd3"
          },
          "sensitive_attributes": [],
          "identity_schema_version": 0,
          "private": "bnVsbA==",
          "dependencies": [
            "data.aws_caller_identity.current",
            "data.aws_secretsmanager_secret_version.spotify_api_secrets",
            "module.get_access_token_lambda.aws_iam_role.execution_role",
            "module.get_access_token_lambda.aws_lambda_function.function",
            "module.get_access_token_lambda.aws_s3_object.s3_upload",
            "module.get_access_token_lambda.data.archive_file.zip",
            "module.get_chart_lambda.aws_iam_role.execution_role",
            "module.get_chart_lambda.aws_lambda_function.function",
            "module.get_chart_lambda.aws_s3_object.s3_upload",
            "module.get_chart_lambda.data.archive_file.zip",
            "module.list_charts_lambda.aws_iam_role.execution_role",
            "module.list_charts_lambda.aws_lambda_function.function",
            "module.list_charts_lambda.aws_s3_object.s3_upload",
            "module.list_charts_lambda.data.archive_file.zip",
            "module.shared_lambda_layer.aws_lambda_layer_version.version",
            "module.shared_lambda_layer.aws_s3_object.s3_upload",
            "module.shared_lambda_layer.data.archive_file.zip",
            "module.song_chart_history_bucket.aws_s3_bucket.s3",
            "module.spotify-project-api.aws_api_gateway_resource.resources",
            "module.spotify-project-api.aws_api_gateway_rest_api.api"
          ],
          "create_before_destroy": true
        }
      ]
    },
    {
      "module": "module.spotify-project-api.module.api_lambda_integration[\"list-charts\"]",
      "mode": "managed",
      "type": "aws_api_gateway_method_response",
      "name": "options_200",
      "provider": "provider[\"registry.terraform.io/hashicorp/aws\"]",
      "instances": [
        {
          "index_key": 0,
          "schema_version": 0,
          "attributes": {
            "http_method": "OPTIONS",
            "id": "agmr-sl6gy7fpd3-vn9m09-OPTIONS-200",
            "resource_id": "vn9m09",
            "response_models": {
              "application/json": "Empty"
            },
            "response_parameters": {
              "method.response.header.Access-Control-Allow-Headers": true,
              "method.response.header.Access-Control-Allow-Methods": true,
              "method.response.header.Access-Control-Allow-Origin": true
            },
            "rest_api_id": "sl6gy7fpd3",
            "status_code": "200"
          },
          "sensitive_attributes": [],
          "identity_schema_version": 0,
          "private": "bnVsbA==",
          "dependencies": [
            "data.aws_caller_identity.current",
            "data.aws_secretsmanager_secret_version.spotify_api_secrets",
            "module.get_access_token_lambda.aws_iam_role.execution_role",
            "module.get_access_token_lambda.aws_lambda_function.function",
            "module.get_access_token_lambda.aws_s3_object.s3_upload",
            "module.get_access_token_lambda.data.archive_file.zip",
            "module.get_chart_lambda.aws_iam_role.execution_role",
            "module.get_chart_lambda.aws_lambda_function.function",
            "module.get_chart_lambda.aws_s3_object.s3_upload",
            "module.get_chart_lambda.data.archive_file.zip",
            "module.list_charts_lambda.aws_iam_role.execution_role",
            "module.list_charts_lambda.aws_lambda_function.function",
            "module.list_charts_lambda.aws_s3_object.s3_upload",
            "module.list_charts_lambda.data.archive_file.zip",
            "module.shared_lambda_layer.aws_lambda_layer_version.version",
            "module.shared_lambda_layer.aws_s3_object.s3_upload",
            "module.shared_lambda_layer.data.archive_file.zip",
            "module.song_chart_history_bucket.aws_s3_bucket.s3",
            "module.spotify-project-api.aws_api_gateway_resource.resources",
            "module.spotify-project-api.aws_api_gateway_rest_api.api",
            "module.spotify-project-api.module.api_lambda_integration.aws_api_gateway_method.options_method"
          ],
          "create_before_destroy": true
        }
      ]
    },
    {
      "module": "module.spotify-project-api.module.api_lambda_integration[\"list-charts\"]",
      "mode": "managed",
      "type": "aws_api_gateway_method_response",
      "name": "response_200",
      "provider": "provider[\"registry.terraform.io/hashicorp/aws\"]",
      "instances": [
        {
          "schema_version": 0,
          "attributes": {
            "http_method": "GET",
            "id": "agmr-sl6gy7fpd3-vn9m09-GET-200",
            "resource_id": "vn9m09",
            "response_models": {
              "application/json": "Empty"
            },
            "response_parameters": {
              "method.response.header.Access-Control-Allow-Headers": true,
              "method.response.header.Access-Control-Allow-Methods": true,
              "method.response.header.Access-Control-Allow-Origin": true
            },
            "rest_api_id": "sl6gy7fpd3",
            "status_code": "200"
          },
          "sensitive_attributes": [],
          "identity_schema_version": 0,
          "private": "bnVsbA==",
          "dependencies": [
            "data.aws_caller_identity.current",
            "data.aws_secretsmanager_secret_version.spotify_api_secrets",
            "module.get_access_token_lambda.aws_iam_role.execution_role",
            "module.get_access_token_lambda.aws_lambda_function.function",
            "module.get_access_token_lambda.aws_s3_object.s3_upload",
            "module.get_access_token_lambda.data.archive_file.zip",
            "module.get_chart_lambda.aws_iam_role.execution_role",
            "module.get_chart_lambda.aws_lambda_function.function",
            "module.get_chart_lambda.aws_s3_object.s3_upload",
            "module.get_chart_lambda.data.archive_file.zip",
            "module.list_charts_lambda.aws_iam_role.execution_role",
            "module.list_charts_lambda.aws_lambda_function.function",
            "module.list_charts_lambda.aws_s3_object.s3_upload",
            "module.list_charts_lambda.data.archive_file.zip",
            "module.shared_lambda_layer.aws_lambda_layer_version.version",
            "module.shared_lambda_layer.aws_s3_object.s3_upload",
            "module.shared_lambda_layer.data.archive_file.zip",
            "module.song_chart_history_bucket.aws_s3_bucket.s3",
            "module.spotify-project-api.aws_api_gateway_resource.resources",
            "module.spotify-project-api.aws_api_gateway_rest_api.api",
            "module.spotify-project-api.module.api_lambda_integration.aws_api_gateway_integration.lambda_integration",
            "module.spotify-project-api.module.api_lambda_integration.aws_api_gateway_method.method"
          ],
          "create_before_destroy": true
        }
      ]
    },
    {
      "module": "module.spotify-project-api.module.api_lambda_integration[\"list-charts\"]",
      "mode": "managed",
      "type": "aws_lambda_permission",
      "name": "api_gateway_integration",
      "provider": "provider[\"registry.terraform.io/hashicorp/aws\"]",
      "instances": [
        {
          "schema_version": 0,
          "attributes": {
            "action": "lambda:InvokeFunction",
            "event_source_token": null,
            "function_name": "spotify-list-charts-lambda",
            "function_url_auth_type": null,
            "id": "AllowAPIGatewayInvokeIntegration-sl6gy7fpd3-vn9m09",
            "principal": "apigateway.amazonaws.com",
            "principal_org_id": null,
            "qualifier": "",
            "source_account": null,
            "source_arn": "arn:aws:execute-api:us-west-1:211125619133:sl6gy7fpd3/*",
            "statement_id": "AllowAPIGatewayInvokeIntegration-sl6gy7fpd3-vn9m09",
            "statement_id_prefix": ""
          },
          "sensitive_attributes": [],
          "identity_schema_version": 0,
          "private": "bnVsbA==",
          "dependencies": [
            "data.aws_caller_identity.current",
            "data.aws_secretsmanager_secret_version.spotify_api_secrets",
            "module.get_access_token_lambda.aws_iam_role.execution_role",
            "module.get_access_token_lambda.aws_lambda_function.function",
            "module.get_access_token_lambda.aws_s3_object.s3_upload",
            "module.get_access_token_lambda.data.archive_file.zip",
            "module.get_chart_lambda.aws_iam_role.execution_role",
            "module.get_chart_lambda.aws_lambda_function.function",
            "module.get_chart_lambda.aws_s3_object.s3_upload",
            "module.get_chart_lambda.data.archive_file.zip",
            "module.list_charts_lambda.aws_iam_role.execution_role",
            "module.list_charts_lambda.aws_lambda_function.function",
            "module.list_charts_lambda.aws_s3_object.s3_upload",
            "module.list_charts_lambda.data.archive_file.zip",
            "module.shared_lambda_layer.aws_lambda_layer_version.version",
            "module.shared_lambda_layer.aws_s3_object.s3_upload",
            "module.shared_lambda_layer.data.archive_file.zip",
            "module.song_chart_history_bucket.aws_s3_bucket.s3",
            "module.spotify-project-api.aws_api_gateway_resource.resources",
            "module.spotify-project-api.aws_api_gateway_rest_api.api",
            "module.spotify-project-api.module.api_lambda_integration.aws_api_gateway_method.method"
          ],
          "create_before_destroy": true
        }
      ]
    },
    {
      "module": "module.status_timestamps_table",
      "mode": "managed",
      "type": "aws_dynamodb_table",
      "name": "table",
      "provider": "provider[\"registry.terraform.io/hashicorp/aws\"]",
      "instances": [
        {
          "schema_version": 1,
          "attributes": {
            "arn": "arn:aws:dynamodb:us-west-1:211125619133:table/spotify-status-timestamps-table",
            "attribute": [
              {
                "name": "metric_name",
                "type": "S"
              }
            ],
            "billing_mode": "PAY_PER_REQUEST",
            "deletion_protection_enabled": false,
            "global_secondary_index": [],
            "hash_key": "metric_name",
            "id": "spotify-status-timestamps-table",
            "import_table": [],
            "local_secondary_index": [],
            "name": "spotify-status-timestamps-table",
            "on_demand_throughput": [],
            "point_in_time_recovery": [
              {
                "enabled": false
              }
            ],
            "range_key": null,
            "read_capacity": 0,
            "replica": [],
            "restore_date_time": null,
            "restore_source_name": null,
            "restore_source_table_arn": null,
            "restore_to_latest_time": null,
            "server_side_encryption": [],
            "stream_arn": "",
            "stream_enabled": false,
            "stream_label": "",
            "stream_view_type": "",
            "table_class": "STANDARD",
            "tags": {
              "Developer": "Jeremy Quinto",
              "Environment": "spotify",
              "Name": "spotify-status-timestamps-table",
              "Namespace": "jeremy",
              "Owner": "Jeremy Quinto",
              "Project": "spotify-project",
              "Stage": "spotify"
            },
            "tags_all": {
              "Developer": "Jeremy Quinto",
              "Environment": "spotify",
              "Name": "spotify-status-timestamps-table",
              "Namespace": "jeremy",
              "Owner": "Jeremy Quinto",
              "Project": "spotify-project",
              "Stage": "spotify"
            },
            "timeouts": null,
            "ttl": [
              {
                "attribute_name": "",
                "enabled": false
              }
            ],
            "write_capacity": 0
          },
          "sensitive_attributes": [],
          "identity_schema_version": 0,
          "private": "eyJlMmJmYjczMC1lY2FhLTExZTYtOGY4OC0zNDM2M2JjN2M0YzAiOnsiY3JlYXRlIjoxODAwMDAwMDAwMDAwLCJkZWxldGUiOjYwMDAwMDAwMDAwMCwidXBkYXRlIjozNjAwMDAwMDAwMDAwfSwic2NoZW1hX3ZlcnNpb24iOiIxIn0="
        }
      ]
    }
  ],
  "check_results": [
    {
      "object_kind": "var",
      "config_addr": "module.browser_lambda_layer.var.upload_to_s3",
      "status": "pass",
      "objects": [
        {
          "object_addr": "module.browser_lambda_layer.var.upload_to_s3",
          "status": "pass"
        }
      ]
    },
    {
      "object_kind": "var",
      "config_addr": "module.ingest_genres_lambda.var.s3_bucket",
      "status": "pass",
      "objects": [
        {
          "object_addr": "module.ingest_genres_lambda.var.s3_bucket",
          "status": "pass"
        }
      ]
    },
    {
      "object_kind": "var",
      "config_addr": "module.list_charts_lambda.var.platform",
      "status": "pass",
      "objects": [
        {
          "object_addr": "module.list_charts_lambda.var.platform",
          "status": "pass"
        }
      ]
    },
    {
      "object_kind": "var",
      "config_addr": "module.reset_chart_data_lambda.var.s3_bucket",
      "status": "pass",
      "objects": [
        {
          "object_addr": "module.reset_chart_data_lambda.var.s3_bucket",
          "status": "pass"
        }
      ]
    },
    {
      "object_kind": "var",
      "config_addr": "module.listening_history_ingestor_lambda.var.platform",
      "status": "pass",
      "objects": [
        {
          "object_addr": "module.listening_history_ingestor_lambda.var.platform",
          "status": "pass"
        }
      ]
    },
    {
      "object_kind": "var",
      "config_addr": "module.artist_history_table.module.label_dynamodb.var.id_length_limit",
      "status": "pass",
      "objects": [
        {
          "object_addr": "module.artist_history_table.module.label_dynamodb.var.id_length_limit",
          "status": "pass"
        }
      ]
    },
    {
      "object_kind": "var",
      "config_addr": "module.reset_chart_data_lambda.module.label_lambda_exec_role.var.context",
      "status": "pass",
      "objects": [
        {
          "object_addr": "module.reset_chart_data_lambda.module.label_lambda_exec_role.var.context",
          "status": "pass"
        }
      ]
    },
    {
      "object_kind": "var",
      "config_addr": "module.spotify-project-api.module.label_apigw_apikey.var.context",
      "status": "pass",
      "objects": [
        {
          "object_addr": "module.spotify-project-api.module.label_apigw_apikey.var.context",
          "status": "pass"
        }
      ]
    },
    {
      "object_kind": "var",
      "config_addr": "module.song_chart_history_bucket.module.label_bucket.var.context",
      "status": "pass",
      "objects": [
        {
          "object_addr": "module.song_chart_history_bucket.module.label_bucket.var.context",
          "status": "pass"
        }
      ]
    },
    {
      "object_kind": "var",
      "config_addr": "module.list_charts_lambda.module.label_lambda.var.context",
      "status": "pass",
      "objects": [
        {
          "object_addr": "module.list_charts_lambda.module.label_lambda.var.context",
          "status": "pass"
        }
      ]
    },
    {
      "object_kind": "var",
      "config_addr": "module.ingest_genres_lambda.module.label_lambda.var.context",
      "status": "pass",
      "objects": [
        {
          "object_addr": "module.ingest_genres_lambda.module.label_lambda.var.context",
          "status": "pass"
        }
      ]
    },
    {
      "object_kind": "var",
      "config_addr": "module.listening_history_ingestor_lambda.module.label_lambda_exec_role.var.id_length_limit",
      "status": "pass",
      "objects": [
        {
          "object_addr": "module.listening_history_ingestor_lambda.module.label_lambda_exec_role.var.id_length_limit",
          "status": "pass"
        }
      ]
    },
    {
      "object_kind": "var",
      "config_addr": "module.ingest_genres_lambda.var.deployment_type",
      "status": "pass",
      "objects": [
        {
          "object_addr": "module.ingest_genres_lambda.var.deployment_type",
          "status": "pass"
        }
      ]
    },
    {
      "object_kind": "var",
      "config_addr": "module.list_charts_lambda.var.log_retention_days",
      "status": "pass",
      "objects": [
        {
          "object_addr": "module.list_charts_lambda.var.log_retention_days",
          "status": "pass"
        }
      ]
    },
    {
      "object_kind": "var",
      "config_addr": "module.song_chart_playlist_generator_lambda.var.security_group_ids",
      "status": "pass",
      "objects": [
        {
          "object_addr": "module.song_chart_playlist_generator_lambda.var.security_group_ids",
          "status": "pass"
        }
      ]
    },
    {
      "object_kind": "var",
      "config_addr": "module.ingest_genres_lambda.var.build_image",
      "status": "pass",
      "objects": [
        {
          "object_addr": "module.ingest_genres_lambda.var.build_image",
          "status": "pass"
        }
      ]
    },
    {
      "object_kind": "var",
      "config_addr": "module.song_history_table.var.stream_view_type",
      "status": "pass",
      "objects": [
        {
          "object_addr": "module.song_history_table.var.stream_view_type",
          "status": "pass"
        }
      ]
    },
    {
      "object_kind": "var",
      "config_addr": "module.listening_history_ingestor_lambda.var.log_retention_days",
      "status": "pass",
      "objects": [
        {
          "object_addr": "module.listening_history_ingestor_lambda.var.log_retention_days",
          "status": "pass"
        }
      ]
    },
    {
      "object_kind": "var",
      "config_addr": "module.listening_history_table.module.label_dynamodb.var.context",
      "status": "pass",
      "objects": [
        {
          "object_addr": "module.listening_history_table.module.label_dynamodb.var.context",
          "status": "pass"
        }
      ]
    },
    {
      "object_kind": "var",
      "config_addr": "module.get_access_token_lambda.var.log_retention_days",
      "status": "pass",
      "objects": [
        {
          "object_addr": "module.get_access_token_lambda.var.log_retention_days",
          "status": "pass"
        }
      ]
    },
    {
      "object_kind": "var",
      "config_addr": "module.shared_lambda_layer.var.s3_object_version",
      "status": "pass",
      "objects": [
        {
          "object_addr": "module.shared_lambda_layer.var.s3_object_version",
          "status": "pass"
        }
      ]
    },
    {
      "object_kind": "var",
      "config_addr": "module.listening_history_ingestor_lambda.var.deployment_type",
      "status": "pass",
      "objects": [
        {
          "object_addr": "module.listening_history_ingestor_lambda.var.deployment_type",
          "status": "pass"
        }
      ]
    },
    {
      "object_kind": "var",
      "config_addr": "module.listening_history_table.var.billing_mode",
      "status": "pass",
      "objects": [
        {
          "object_addr": "module.listening_history_table.var.billing_mode",
          "status": "pass"
        }
      ]
    },
    {
      "object_kind": "var",
      "config_addr": "module.browser_lambda_layer.module.label_layer.var.label_key_case",
      "status": "pass",
      "objects": [
        {
          "object_addr": "module.browser_lambda_layer.module.label_layer.var.label_key_case",
          "status": "pass"
        }
      ]
    },
    {
      "object_kind": "var",
      "config_addr": "module.song_chart_playlist_generator_lambda.module.label_lambda_exec_role.var.id_length_limit",
      "status": "pass",
      "objects": [
        {
          "object_addr": "module.song_chart_playlist_generator_lambda.module.label_lambda_exec_role.var.id_length_limit",
          "status": "pass"
        }
      ]
    },
    {
      "object_kind": "var",
      "config_addr": "module.spotify-project-api.module.label_apigw_rest_api_label.var.label_value_case",
      "status": "pass",
      "objects": [
        {
          "object_addr": "module.spotify-project-api.module.label_apigw_rest_api_label.var.label_value_case",
          "status": "pass"
        }
      ]
    },
    {
      "object_kind": "var",
      "config_addr": "module.spotify-project-api.module.label_apigw.var.label_value_case",
      "status": "pass",
      "objects": [
        {
          "object_addr": "module.spotify-project-api.module.label_apigw.var.label_value_case",
          "status": "pass"
        }
      ]
    },
    {
      "object_kind": "var",
      "config_addr": "module.list_charts_lambda.module.label_lambda_exec_role.var.label_key_case",
      "status": "pass",
      "objects": [
        {
          "object_addr": "module.list_charts_lambda.module.label_lambda_exec_role.var.label_key_case",
          "status": "pass"
        }
      ]
    },
    {
      "object_kind": "var",
      "config_addr": "module.shared_lambda_layer.var.deployment_type",
      "status": "pass",
      "objects": [
        {
          "object_addr": "module.shared_lambda_layer.var.deployment_type",
          "status": "pass"
        }
      ]
    },
    {
      "object_kind": "var",
      "config_addr": "module.reset_chart_data_lambda.module.label_lambda_exec_role.var.label_value_case",
      "status": "pass",
      "objects": [
        {
          "object_addr": "module.reset_chart_data_lambda.module.label_lambda_exec_role.var.label_value_case",
          "status": "pass"
        }
      ]
    },
    {
      "object_kind": "var",
      "config_addr": "module.list_charts_lambda.var.subnet_ids",
      "status": "pass",
      "objects": [
        {
          "object_addr": "module.list_charts_lambda.var.subnet_ids",
          "status": "pass"
        }
      ]
    },
    {
      "object_kind": "var",
      "config_addr": "module.browser_lambda_layer.module.label_layer.var.label_value_case",
      "status": "pass",
      "objects": [
        {
          "object_addr": "module.browser_lambda_layer.module.label_layer.var.label_value_case",
          "status": "pass"
        }
      ]
    },
    {
      "object_kind": "var",
      "config_addr": "module.listening_history_table.var.stream_view_type",
      "status": "pass",
      "objects": [
        {
          "object_addr": "module.listening_history_table.var.stream_view_type",
          "status": "pass"
        }
      ]
    },
    {
      "object_kind": "var",
      "config_addr": "module.artist_history_table.module.label_dynamodb.var.label_key_case",
      "status": "pass",
      "objects": [
        {
          "object_addr": "module.artist_history_table.module.label_dynamodb.var.label_key_case",
          "status": "pass"
        }
      ]
    },
    {
      "object_kind": "var",
      "config_addr": "module.get_chart_lambda.var.create_sg",
      "status": "pass",
      "objects": [
        {
          "object_addr": "module.get_chart_lambda.var.create_sg",
          "status": "pass"
        }
      ]
    },
    {
      "object_kind": "var",
      "config_addr": "module.artist_history_table.var.write_capacity",
      "status": "pass",
      "objects": [
        {
          "object_addr": "module.artist_history_table.var.write_capacity",
          "status": "pass"
        }
      ]
    },
    {
      "object_kind": "var",
      "config_addr": "module.listening_history_ingestor_lambda.var.build_image",
      "status": "pass",
      "objects": [
        {
          "object_addr": "module.listening_history_ingestor_lambda.var.build_image",
          "status": "pass"
        }
      ]
    },
    {
      "object_kind": "var",
      "config_addr": "module.listening_history_ingestor_lambda.module.label_lambda.var.label_key_case",
      "status": "pass",
      "objects": [
        {
          "object_addr": "module.listening_history_ingestor_lambda.module.label_lambda.var.label_key_case",
          "status": "pass"
        }
      ]
    },
    {
      "object_kind": "var",
      "config_addr": "module.get_chart_lambda.var.filename",
      "status": "pass",
      "objects": [
        {
          "object_addr": "module.get_chart_lambda.var.filename",
          "status": "pass"
        }
      ]
    },
    {
      "object_kind": "var",
      "config_addr": "module.chart_generator_lambda.var.create_sg",
      "status": "pass",
      "objects": [
        {
          "object_addr": "module.chart_generator_lambda.var.create_sg",
          "status": "pass"
        }
      ]
    },
    {
      "object_kind": "var",
      "config_addr": "module.ingest_genres_lambda.var.upload_to_s3",
      "status": "pass",
      "objects": [
        {
          "object_addr": "module.ingest_genres_lambda.var.upload_to_s3",
          "status": "pass"
        }
      ]
    },
    {
      "object_kind": "var",
      "config_addr": "module.get_chart_lambda.module.label_lambda_exec_role.var.label_key_case",
      "status": "pass",
      "objects": [
        {
          "object_addr": "module.get_chart_lambda.module.label_lambda_exec_role.var.label_key_case",
          "status": "pass"
        }
      ]
    },
    {
      "object_kind": "var",
      "config_addr": "module.spotify-project-api.module.label_apigw_usageplan.var.label_key_case",
      "status": "pass",
      "objects": [
        {
          "object_addr": "module.spotify-project-api.module.label_apigw_usageplan.var.label_key_case",
          "status": "pass"
        }
      ]
    },
    {
      "object_kind": "var",
      "config_addr": "module.chart_generator_lambda.module.label_lambda_exec_role.var.label_key_case",
      "status": "pass",
      "objects": [
        {
          "object_addr": "module.chart_generator_lambda.module.label_lambda_exec_role.var.label_key_case",
          "status": "pass"
        }
      ]
    },
    {
      "object_kind": "var",
      "config_addr": "module.get_access_token_lambda.var.upload_to_s3",
      "status": "pass",
      "objects": [
        {
          "object_addr": "module.get_access_token_lambda.var.upload_to_s3",
          "status": "pass"
        }
      ]
    },
    {
      "object_kind": "var",
      "config_addr": "module.album_history_table.var.read_capacity",
      "status": "pass",
      "objects": [
        {
          "object_addr": "module.album_history_table.var.read_capacity",
          "status": "pass"
        }
      ]
    },
    {
      "object_kind": "var",
      "config_addr": "module.get_chart_lambda.var.deployment_type",
      "status": "pass",
      "objects": [
        {
          "object_addr": "module.get_chart_lambda.var.deployment_type",
          "status": "pass"
        }
      ]
    },
    {
      "object_kind": "var",
      "config_addr": "module.list_charts_lambda.var.s3_object_version",
      "status": "pass",
      "objects": [
        {
          "object_addr": "module.list_charts_lambda.var.s3_object_version",
          "status": "pass"
        }
      ]
    },
    {
      "object_kind": "var",
      "config_addr": "module.status_timestamps_table.var.read_capacity",
      "status": "pass",
      "objects": [
        {
          "object_addr": "module.status_timestamps_table.var.read_capacity",
          "status": "pass"
        }
      ]
    },
    {
      "object_kind": "var",
      "config_addr": "module.get_access_token_lambda.var.security_group_ids",
      "status": "pass",
      "objects": [
        {
          "object_addr": "module.get_access_token_lambda.var.security_group_ids",
          "status": "pass"
        }
      ]
    },
    {
      "object_kind": "var",
      "config_addr": "module.shared_lambda_layer.var.zip_project",
      "status": "pass",
      "objects": [
        {
          "object_addr": "module.shared_lambda_layer.var.zip_project",
          "status": "pass"
        }
      ]
    },
    {
      "object_kind": "var",
      "config_addr": "module.chart_generator_lambda.module.label_lambda_exec_role.var.context",
      "status": "pass",
      "objects": [
        {
          "object_addr": "module.chart_generator_lambda.module.label_lambda_exec_role.var.context",
          "status": "pass"
        }
      ]
    },
    {
      "object_kind": "var",
      "config_addr": "module.list_charts_lambda.module.label_lambda.var.label_value_case",
      "status": "pass",
      "objects": [
        {
          "object_addr": "module.list_charts_lambda.module.label_lambda.var.label_value_case",
          "status": "pass"
        }
      ]
    },
    {
      "object_kind": "var",
      "config_addr": "module.chart_generator_lambda.var.s3_bucket",
      "status": "pass",
      "objects": [
        {
          "object_addr": "module.chart_generator_lambda.var.s3_bucket",
          "status": "pass"
        }
      ]
    },
    {
      "object_kind": "var",
      "config_addr": "module.artist_history_table.module.label_dynamodb.var.label_value_case",
      "status": "pass",
      "objects": [
        {
          "object_addr": "module.artist_history_table.module.label_dynamodb.var.label_value_case",
          "status": "pass"
        }
      ]
    },
    {
      "object_kind": "var",
      "config_addr": "module.list_charts_lambda.module.label_lambda_exec_role.var.label_value_case",
      "status": "pass",
      "objects": [
        {
          "object_addr": "module.list_charts_lambda.module.label_lambda_exec_role.var.label_value_case",
          "status": "pass"
        }
      ]
    },
    {
      "object_kind": "var",
      "config_addr": "module.song_chart_playlist_generator_lambda.module.label_lambda_exec_role.var.context",
      "status": "pass",
      "objects": [
        {
          "object_addr": "module.song_chart_playlist_generator_lambda.module.label_lambda_exec_role.var.context",
          "status": "pass"
        }
      ]
    },
    {
      "object_kind": "var",
      "config_addr": "module.list_charts_lambda.var.filename",
      "status": "pass",
      "objects": [
        {
          "object_addr": "module.list_charts_lambda.var.filename",
          "status": "pass"
        }
      ]
    },
    {
      "object_kind": "var",
      "config_addr": "module.chart_generator_lambda.module.label_lambda.var.label_value_case",
      "status": "pass",
      "objects": [
        {
          "object_addr": "module.chart_generator_lambda.module.label_lambda.var.label_value_case",
          "status": "pass"
        }
      ]
    },
    {
      "object_kind": "var",
      "config_addr": "module.status_timestamps_table.module.label_dynamodb.var.label_value_case",
      "status": "pass",
      "objects": [
        {
          "object_addr": "module.status_timestamps_table.module.label_dynamodb.var.label_value_case",
          "status": "pass"
        }
      ]
    },
    {
      "object_kind": "var",
      "config_addr": "module.list_charts_lambda.var.build_image",
      "status": "pass",
      "objects": [
        {
          "object_addr": "module.list_charts_lambda.var.build_image",
          "status": "pass"
        }
      ]
    },
    {
      "object_kind": "var",
      "config_addr": "module.browser_lambda_layer.var.source_dir",
      "status": "pass",
      "objects": [
        {
          "object_addr": "module.browser_lambda_layer.var.source_dir",
          "status": "pass"
        }
      ]
    },
    {
      "object_kind": "var",
      "config_addr": "module.spotify-project-api.var.authorizer_type",
      "status": "pass",
      "objects": [
        {
          "object_addr": "module.spotify-project-api.var.authorizer_type",
          "status": "pass"
        }
      ]
    },
    {
      "object_kind": "var",
      "config_addr": "module.chart_generator_lambda.var.zip_project",
      "status": "pass",
      "objects": [
        {
          "object_addr": "module.chart_generator_lambda.var.zip_project",
          "status": "pass"
        }
      ]
    },
    {
      "object_kind": "var",
      "config_addr": "module.spotify-project-api.module.main_ctx.var.context",
      "status": "pass",
      "objects": [
        {
          "object_addr": "module.spotify-project-api.module.main_ctx.var.context",
          "status": "pass"
        }
      ]
    },
    {
      "object_kind": "var",
      "config_addr": "module.get_chart_lambda.var.source_dir",
      "status": "pass",
      "objects": [
        {
          "object_addr": "module.get_chart_lambda.var.source_dir",
          "status": "pass"
        }
      ]
    },
    {
      "object_kind": "var",
      "config_addr": "module.chart_generator_lambda.var.security_group_ids",
      "status": "pass",
      "objects": [
        {
          "object_addr": "module.chart_generator_lambda.var.security_group_ids",
          "status": "pass"
        }
      ]
    },
    {
      "object_kind": "var",
      "config_addr": "module.browser_lambda_layer.var.filename",
      "status": "pass",
      "objects": [
        {
          "object_addr": "module.browser_lambda_layer.var.filename",
          "status": "pass"
        }
      ]
    },
    {
      "object_kind": "var",
      "config_addr": "module.ingest_genres_lambda.module.label_lambda_exec_role.var.label_key_case",
      "status": "pass",
      "objects": [
        {
          "object_addr": "module.ingest_genres_lambda.module.label_lambda_exec_role.var.label_key_case",
          "status": "pass"
        }
      ]
    },
    {
      "object_kind": "var",
      "config_addr": "module.get_access_token_lambda.module.label_lambda.var.id_length_limit",
      "status": "pass",
      "objects": [
        {
          "object_addr": "module.get_access_token_lambda.module.label_lambda.var.id_length_limit",
          "status": "pass"
        }
      ]
    },
    {
      "object_kind": "var",
      "config_addr": "module.shared_lambda_layer.module.label_layer.var.label_key_case",
      "status": "pass",
      "objects": [
        {
          "object_addr": "module.shared_lambda_layer.module.label_layer.var.label_key_case",
          "status": "pass"
        }
      ]
    },
    {
      "object_kind": "var",
      "config_addr": "module.listening_history_ingestor_lambda.module.label_lambda_exec_role.var.context",
      "status": "pass",
      "objects": [
        {
          "object_addr": "module.listening_history_ingestor_lambda.module.label_lambda_exec_role.var.context",
          "status": "pass"
        }
      ]
    },
    {
      "object_kind": "var",
      "config_addr": "module.reset_chart_data_lambda.var.deployment_type",
      "status": "pass",
      "objects": [
        {
          "object_addr": "module.reset_chart_data_lambda.var.deployment_type",
          "status": "pass"
        }
      ]
    },
    {
      "object_kind": "var",
      "config_addr": "module.ingest_genres_lambda.var.subnet_ids",
      "status": "pass",
      "objects": [
        {
          "object_addr": "module.ingest_genres_lambda.var.subnet_ids",
          "status": "pass"
        }
      ]
    },
    {
      "object_kind": "var",
      "config_addr": "module.chart_generator_lambda.var.build_image",
      "status": "pass",
      "objects": [
        {
          "object_addr": "module.chart_generator_lambda.var.build_image",
          "status": "pass"
        }
      ]
    },
    {
      "object_kind": "var",
      "config_addr": "module.get_access_token_lambda.module.label_lambda_exec_role.var.label_key_case",
      "status": "pass",
      "objects": [
        {
          "object_addr": "module.get_access_token_lambda.module.label_lambda_exec_role.var.label_key_case",
          "status": "pass"
        }
      ]
    },
    {
      "object_kind": "var",
      "config_addr": "module.list_charts_lambda.module.label_lambda.var.id_length_limit",
      "status": "pass",
      "objects": [
        {
          "object_addr": "module.list_charts_lambda.module.label_lambda.var.id_length_limit",
          "status": "pass"
        }
      ]
    },
    {
      "object_kind": "var",
      "config_addr": "module.listening_history_ingestor_lambda.module.label_lambda.var.label_value_case",
      "status": "pass",
      "objects": [
        {
          "object_addr": "module.listening_history_ingestor_lambda.module.label_lambda.var.label_value_case",
          "status": "pass"
        }
      ]
    },
    {
      "object_kind": "var",
      "config_addr": "module.get_access_token_lambda.var.build_image",
      "status": "pass",
      "objects": [
        {
          "object_addr": "module.get_access_token_lambda.var.build_image",
          "status": "pass"
        }
      ]
    },
    {
      "object_kind": "var",
      "config_addr": "module.album_history_table.module.label_dynamodb.var.id_length_limit",
      "status": "pass",
      "objects": [
        {
          "object_addr": "module.album_history_table.module.label_dynamodb.var.id_length_limit",
          "status": "pass"
        }
      ]
    },
    {
      "object_kind": "var",
      "config_addr": "module.listening_history_ingestor_lambda.var.zip_project",
      "status": "pass",
      "objects": [
        {
          "object_addr": "module.listening_history_ingestor_lambda.var.zip_project",
          "status": "pass"
        }
      ]
    },
    {
      "object_kind": "var",
      "config_addr": "module.listening_history_ingestor_lambda.var.s3_object_version",
      "status": "pass",
      "objects": [
        {
          "object_addr": "module.listening_history_ingestor_lambda.var.s3_object_version",
          "status": "pass"
        }
      ]
    },
    {
      "object_kind": "var",
      "config_addr": "module.ingest_genres_lambda.var.source_dir",
      "status": "pass",
      "objects": [
        {
          "object_addr": "module.ingest_genres_lambda.var.source_dir",
          "status": "pass"
        }
      ]
    },
    {
      "object_kind": "var",
      "config_addr": "module.song_chart_history_bucket.module.label_bucket.var.id_length_limit",
      "status": "pass",
      "objects": [
        {
          "object_addr": "module.song_chart_history_bucket.module.label_bucket.var.id_length_limit",
          "status": "pass"
        }
      ]
    },
    {
      "object_kind": "var",
      "config_addr": "module.shared_lambda_layer.var.upload_to_s3",
      "status": "pass",
      "objects": [
        {
          "object_addr": "module.shared_lambda_layer.var.upload_to_s3",
          "status": "pass"
        }
      ]
    },
    {
      "object_kind": "var",
      "config_addr": "module.song_chart_history_bucket.module.label_bucket.var.label_value_case",
      "status": "pass",
      "objects": [
        {
          "object_addr": "module.song_chart_history_bucket.module.label_bucket.var.label_value_case",
          "status": "pass"
        }
      ]
    },
    {
      "object_kind": "var",
      "config_addr": "module.spotify-project-api.module.label_apigw_apikey.var.id_length_limit",
      "status": "pass",
      "objects": [
        {
          "object_addr": "module.spotify-project-api.module.label_apigw_apikey.var.id_length_limit",
          "status": "pass"
        }
      ]
    },
    {
      "object_kind": "var",
      "config_addr": "module.get_chart_lambda.var.security_group_ids",
      "status": "pass",
      "objects": [
        {
          "object_addr": "module.get_chart_lambda.var.security_group_ids",
          "status": "pass"
        }
      ]
    },
    {
      "object_kind": "var",
      "config_addr": "module.shared_lambda_layer.var.architecture",
      "status": "pass",
      "objects": [
        {
          "object_addr": "module.shared_lambda_layer.var.architecture",
          "status": "pass"
        }
      ]
    },
    {
      "object_kind": "var",
      "config_addr": "module.listening_history_ingestor_lambda.var.subnet_ids",
      "status": "pass",
      "objects": [
        {
          "object_addr": "module.listening_history_ingestor_lambda.var.subnet_ids",
          "status": "pass"
        }
      ]
    },
    {
      "object_kind": "var",
      "config_addr": "module.spotify-project-api.module.label_apigw_usageplan.var.id_length_limit",
      "status": "pass",
      "objects": [
        {
          "object_addr": "module.spotify-project-api.module.label_apigw_usageplan.var.id_length_limit",
          "status": "pass"
        }
      ]
    },
    {
      "object_kind": "var",
      "config_addr": "module.ingest_genres_lambda.var.create_sg",
      "status": "pass",
      "objects": [
        {
          "object_addr": "module.ingest_genres_lambda.var.create_sg",
          "status": "pass"
        }
      ]
    },
    {
      "object_kind": "var",
      "config_addr": "module.get_access_token_lambda.module.label_lambda_exec_role.var.label_value_case",
      "status": "pass",
      "objects": [
        {
          "object_addr": "module.get_access_token_lambda.module.label_lambda_exec_role.var.label_value_case",
          "status": "pass"
        }
      ]
    },
    {
      "object_kind": "var",
      "config_addr": "module.listening_history_ingestor_lambda.module.label_lambda_exec_role.var.label_value_case",
      "status": "pass",
      "objects": [
        {
          "object_addr": "module.listening_history_ingestor_lambda.module.label_lambda_exec_role.var.label_value_case",
          "status": "pass"
        }
      ]
    },
    {
      "object_kind": "var",
      "config_addr": "module.artist_history_table.module.label_dynamodb.var.context",
      "status": "pass",
      "objects": [
        {
          "object_addr": "module.artist_history_table.module.label_dynamodb.var.context",
          "status": "pass"
        }
      ]
    },
    {
      "object_kind": "var",
      "config_addr": "module.reset_chart_data_lambda.module.label_lambda_exec_role.var.id_length_limit",
      "status": "pass",
      "objects": [
        {
          "object_addr": "module.reset_chart_data_lambda.module.label_lambda_exec_role.var.id_length_limit",
          "status": "pass"
        }
      ]
    },
    {
      "object_kind": "var",
      "config_addr": "module.status_timestamps_table.var.stream_view_type",
      "status": "pass",
      "objects": [
        {
          "object_addr": "module.status_timestamps_table.var.stream_view_type",
          "status": "pass"
        }
      ]
    },
    {
      "object_kind": "var",
      "config_addr": "module.get_access_token_lambda.var.s3_object_version",
      "status": "pass",
      "objects": [
        {
          "object_addr": "module.get_access_token_lambda.var.s3_object_version",
          "status": "pass"
        }
      ]
    },
    {
      "object_kind": "var",
      "config_addr": "module.song_chart_history_bucket.module.label_bucket.var.label_key_case",
      "status": "pass",
      "objects": [
        {
          "object_addr": "module.song_chart_history_bucket.module.label_bucket.var.label_key_case",
          "status": "pass"
        }
      ]
    },
    {
      "object_kind": "var",
      "config_addr": "module.reset_chart_data_lambda.module.label_lambda.var.label_key_case",
      "status": "pass",
      "objects": [
        {
          "object_addr": "module.reset_chart_data_lambda.module.label_lambda.var.label_key_case",
          "status": "pass"
        }
      ]
    },
    {
      "object_kind": "var",
      "config_addr": "module.browser_lambda_layer.var.zip_project",
      "status": "pass",
      "objects": [
        {
          "object_addr": "module.browser_lambda_layer.var.zip_project",
          "status": "pass"
        }
      ]
    },
    {
      "object_kind": "var",
      "config_addr": "module.chart_generator_lambda.var.build_path",
      "status": "pass",
      "objects": [
        {
          "object_addr": "module.chart_generator_lambda.var.build_path",
          "status": "pass"
        }
      ]
    },
    {
      "object_kind": "var",
      "config_addr": "module.listening_history_table.var.read_capacity",
      "status": "pass",
      "objects": [
        {
          "object_addr": "module.listening_history_table.var.read_capacity",
          "status": "pass"
        }
      ]
    },
    {
      "object_kind": "var",
      "config_addr": "module.list_charts_lambda.module.label_lambda_exec_role.var.context",
      "status": "pass",
      "objects": [
        {
          "object_addr": "module.list_charts_lambda.module.label_lambda_exec_role.var.context",
          "status": "pass"
        }
      ]
    },
    {
      "object_kind": "var",
      "config_addr": "module.ingest_genres_lambda.module.label_lambda.var.label_key_case",
      "status": "pass",
      "objects": [
        {
          "object_addr": "module.ingest_genres_lambda.module.label_lambda.var.label_key_case",
          "status": "pass"
        }
      ]
    },
    {
      "object_kind": "var",
      "config_addr": "module.shared_lambda_layer.var.filename",
      "status": "pass",
      "objects": [
        {
          "object_addr": "module.shared_lambda_layer.var.filename",
          "status": "pass"
        }
      ]
    },
    {
      "object_kind": "var",
      "config_addr": "module.shared_lambda_layer.module.label_layer.var.id_length_limit",
      "status": "pass",
      "objects": [
        {
          "object_addr": "module.shared_lambda_layer.module.label_layer.var.id_length_limit",
          "status": "pass"
        }
      ]
    },
    {
      "object_kind": "var",
      "config_addr": "module.get_chart_lambda.var.platform",
      "status": "pass",
      "objects": [
        {
          "object_addr": "module.get_chart_lambda.var.platform",
          "status": "pass"
        }
      ]
    },
    {
      "object_kind": "var",
      "config_addr": "module.ingest_genres_lambda.module.label_lambda.var.id_length_limit",
      "status": "pass",
      "objects": [
        {
          "object_addr": "module.ingest_genres_lambda.module.label_lambda.var.id_length_limit",
          "status": "pass"
        }
      ]
    },
    {
      "object_kind": "var",
      "config_addr": "module.get_chart_lambda.module.label_lambda.var.label_value_case",
      "status": "pass",
      "objects": [
        {
          "object_addr": "module.get_chart_lambda.module.label_lambda.var.label_value_case",
          "status": "pass"
        }
      ]
    },
    {
      "object_kind": "var",
      "config_addr": "module.reset_chart_data_lambda.var.log_retention_days",
      "status": "pass",
      "objects": [
        {
          "object_addr": "module.reset_chart_data_lambda.var.log_retention_days",
          "status": "pass"
        }
      ]
    },
    {
      "object_kind": "var",
      "config_addr": "module.chart_generator_lambda.var.log_retention_days",
      "status": "pass",
      "objects": [
        {
          "object_addr": "module.chart_generator_lambda.var.log_retention_days",
          "status": "pass"
        }
      ]
    },
    {
      "object_kind": "var",
      "config_addr": "module.album_history_table.module.label_dynamodb.var.label_key_case",
      "status": "pass",
      "objects": [
        {
          "object_addr": "module.album_history_table.module.label_dynamodb.var.label_key_case",
          "status": "pass"
        }
      ]
    },
    {
      "object_kind": "var",
      "config_addr": "module.browser_lambda_layer.module.label_layer.var.context",
      "status": "pass",
      "objects": [
        {
          "object_addr": "module.browser_lambda_layer.module.label_layer.var.context",
          "status": "pass"
        }
      ]
    },
    {
      "object_kind": "var",
      "config_addr": "module.song_chart_playlist_generator_lambda.module.label_lambda.var.label_key_case",
      "status": "pass",
      "objects": [
        {
          "object_addr": "module.song_chart_playlist_generator_lambda.module.label_lambda.var.label_key_case",
          "status": "pass"
        }
      ]
    },
    {
      "object_kind": "var",
      "config_addr": "module.ingest_genres_lambda.var.build_path",
      "status": "pass",
      "objects": [
        {
          "object_addr": "module.ingest_genres_lambda.var.build_path",
          "status": "pass"
        }
      ]
    },
    {
      "object_kind": "var",
      "config_addr": "module.spotify-project-api.module.label_apigw_rest_api_label.var.label_key_case",
      "status": "pass",
      "objects": [
        {
          "object_addr": "module.spotify-project-api.module.label_apigw_rest_api_label.var.label_key_case",
          "status": "pass"
        }
      ]
    },
    {
      "object_kind": "var",
      "config_addr": "module.status_timestamps_table.module.label_dynamodb.var.label_key_case",
      "status": "pass",
      "objects": [
        {
          "object_addr": "module.status_timestamps_table.module.label_dynamodb.var.label_key_case",
          "status": "pass"
        }
      ]
    },
    {
      "object_kind": "var",
      "config_addr": "module.ingest_genres_lambda.var.log_retention_days",
      "status": "pass",
      "objects": [
        {
          "object_addr": "module.ingest_genres_lambda.var.log_retention_days",
          "status": "pass"
        }
      ]
    },
    {
      "object_kind": "var",
      "config_addr": "module.list_charts_lambda.var.source_dir",
      "status": "pass",
      "objects": [
        {
          "object_addr": "module.list_charts_lambda.var.source_dir",
          "status": "pass"
        }
      ]
    },
    {
      "object_kind": "var",
      "config_addr": "module.chart_generator_lambda.var.subnet_ids",
      "status": "pass",
      "objects": [
        {
          "object_addr": "module.chart_generator_lambda.var.subnet_ids",
          "status": "pass"
        }
      ]
    },
    {
      "object_kind": "var",
      "config_addr": "module.reset_chart_data_lambda.var.s3_object_version",
      "status": "pass",
      "objects": [
        {
          "object_addr": "module.reset_chart_data_lambda.var.s3_object_version",
          "status": "pass"
        }
      ]
    },
    {
      "object_kind": "var",
      "config_addr": "module.chart_generator_lambda.var.deployment_type",
      "status": "pass",
      "objects": [
        {
          "object_addr": "module.chart_generator_lambda.var.deployment_type",
          "status": "pass"
        }
      ]
    },
    {
      "object_kind": "var",
      "config_addr": "module.shared_lambda_layer.var.s3_bucket",
      "status": "pass",
      "objects": [
        {
          "object_addr": "module.shared_lambda_layer.var.s3_bucket",
          "status": "pass"
        }
      ]
    },
    {
      "object_kind": "var",
      "config_addr": "module.get_chart_lambda.var.build_path",
      "status": "pass",
      "objects": [
        {
          "object_addr": "module.get_chart_lambda.var.build_path",
          "status": "pass"
        }
      ]
    },
    {
      "object_kind": "var",
      "config_addr": "module.get_access_token_lambda.var.filename",
      "status": "pass",
      "objects": [
        {
          "object_addr": "module.get_access_token_lambda.var.filename",
          "status": "pass"
        }
      ]
    },
    {
      "object_kind": "var",
      "config_addr": "module.spotify-project-api.module.label_apigw.var.context",
      "status": "pass",
      "objects": [
        {
          "object_addr": "module.spotify-project-api.module.label_apigw.var.context",
          "status": "pass"
        }
      ]
    },
    {
      "object_kind": "var",
      "config_addr": "module.get_chart_lambda.module.label_lambda_exec_role.var.label_value_case",
      "status": "pass",
      "objects": [
        {
          "object_addr": "module.get_chart_lambda.module.label_lambda_exec_role.var.label_value_case",
          "status": "pass"
        }
      ]
    },
    {
      "object_kind": "var",
      "config_addr": "module.spotify-project-api.module.api_lambda_integration.var.authorizer_type",
      "status": "pass",
      "objects": [
        {
          "object_addr": "module.spotify-project-api.module.api_lambda_integration[\"get-chart\"].var.authorizer_type",
          "status": "pass"
        },
        {
          "object_addr": "module.spotify-project-api.module.api_lambda_integration[\"list-charts\"].var.authorizer_type",
          "status": "pass"
        },
        {
          "object_addr": "module.spotify-project-api.module.api_lambda_integration[\"get-access-token\"].var.authorizer_type",
          "status": "pass"
        }
      ]
    },
    {
      "object_kind": "var",
      "config_addr": "module.get_access_token_lambda.var.platform",
      "status": "pass",
      "objects": [
        {
          "object_addr": "module.get_access_token_lambda.var.platform",
          "status": "pass"
        }
      ]
    },
    {
      "object_kind": "var",
      "config_addr": "module.album_history_table.module.label_dynamodb.var.label_value_case",
      "status": "pass",
      "objects": [
        {
          "object_addr": "module.album_history_table.module.label_dynamodb.var.label_value_case",
          "status": "pass"
        }
      ]
    },
    {
      "object_kind": "var",
      "config_addr": "module.chart_generator_lambda.var.platform",
      "status": "pass",
      "objects": [
        {
          "object_addr": "module.chart_generator_lambda.var.platform",
          "status": "pass"
        }
      ]
    },
    {
      "object_kind": "var",
      "config_addr": "module.song_history_table.module.label_dynamodb.var.label_value_case",
      "status": "pass",
      "objects": [
        {
          "object_addr": "module.song_history_table.module.label_dynamodb.var.label_value_case",
          "status": "pass"
        }
      ]
    },
    {
      "object_kind": "var",
      "config_addr": "module.reset_chart_data_lambda.var.security_group_ids",
      "status": "pass",
      "objects": [
        {
          "object_addr": "module.reset_chart_data_lambda.var.security_group_ids",
          "status": "pass"
        }
      ]
    },
    {
      "object_kind": "var",
      "config_addr": "module.song_chart_playlist_generator_lambda.var.zip_project",
      "status": "pass",
      "objects": [
        {
          "object_addr": "module.song_chart_playlist_generator_lambda.var.zip_project",
          "status": "pass"
        }
      ]
    },
    {
      "object_kind": "var",
      "config_addr": "module.list_charts_lambda.var.security_group_ids",
      "status": "pass",
      "objects": [
        {
          "object_addr": "module.list_charts_lambda.var.security_group_ids",
          "status": "pass"
        }
      ]
    },
    {
      "object_kind": "var",
      "config_addr": "module.ingest_genres_lambda.var.security_group_ids",
      "status": "pass",
      "objects": [
        {
          "object_addr": "module.ingest_genres_lambda.var.security_group_ids",
          "status": "pass"
        }
      ]
    },
    {
      "object_kind": "var",
      "config_addr": "module.listening_history_table.module.label_dynamodb.var.label_key_case",
      "status": "pass",
      "objects": [
        {
          "object_addr": "module.listening_history_table.module.label_dynamodb.var.label_key_case",
          "status": "pass"
        }
      ]
    },
    {
      "object_kind": "var",
      "config_addr": "module.chart_generator_lambda.var.source_dir",
      "status": "pass",
      "objects": [
        {
          "object_addr": "module.chart_generator_lambda.var.source_dir",
          "status": "pass"
        }
      ]
    },
    {
      "object_kind": "var",
      "config_addr": "module.list_charts_lambda.var.deployment_type",
      "status": "pass",
      "objects": [
        {
          "object_addr": "module.list_charts_lambda.var.deployment_type",
          "status": "pass"
        }
      ]
    },
    {
      "object_kind": "var",
      "config_addr": "module.spotify-project-api.var.api_type",
      "status": "pass",
      "objects": [
        {
          "object_addr": "module.spotify-project-api.var.api_type",
          "status": "pass"
        }
      ]
    },
    {
      "object_kind": "var",
      "config_addr": "module.null_label.var.label_key_case",
      "status": "pass",
      "objects": [
        {
          "object_addr": "module.null_label.var.label_key_case",
          "status": "pass"
        }
      ]
    },
    {
      "object_kind": "var",
      "config_addr": "module.status_timestamps_table.module.label_dynamodb.var.context",
      "status": "pass",
      "objects": [
        {
          "object_addr": "module.status_timestamps_table.module.label_dynamodb.var.context",
          "status": "pass"
        }
      ]
    },
    {
      "object_kind": "var",
      "config_addr": "module.song_chart_playlist_generator_lambda.var.create_sg",
      "status": "pass",
      "objects": [
        {
          "object_addr": "module.song_chart_playlist_generator_lambda.var.create_sg",
          "status": "pass"
        }
      ]
    },
    {
      "object_kind": "var",
      "config_addr": "module.null_label.var.id_length_limit",
      "status": "pass",
      "objects": [
        {
          "object_addr": "module.null_label.var.id_length_limit",
          "status": "pass"
        }
      ]
    },
    {
      "object_kind": "var",
      "config_addr": "module.chart_generator_lambda.var.filename",
      "status": "pass",
      "objects": [
        {
          "object_addr": "module.chart_generator_lambda.var.filename",
          "status": "pass"
        }
      ]
    },
    {
      "object_kind": "var",
      "config_addr": "module.reset_chart_data_lambda.var.source_dir",
      "status": "pass",
      "objects": [
        {
          "object_addr": "module.reset_chart_data_lambda.var.source_dir",
          "status": "pass"
        }
      ]
    },
    {
      "object_kind": "var",
      "config_addr": "module.reset_chart_data_lambda.var.zip_project",
      "status": "pass",
      "objects": [
        {
          "object_addr": "module.reset_chart_data_lambda.var.zip_project",
          "status": "pass"
        }
      ]
    },
    {
      "object_kind": "var",
      "config_addr": "module.get_access_token_lambda.module.label_lambda.var.label_key_case",
      "status": "pass",
      "objects": [
        {
          "object_addr": "module.get_access_token_lambda.module.label_lambda.var.label_key_case",
          "status": "pass"
        }
      ]
    },
    {
      "object_kind": "var",
      "config_addr": "module.song_history_table.var.write_capacity",
      "status": "pass",
      "objects": [
        {
          "object_addr": "module.song_history_table.var.write_capacity",
          "status": "pass"
        }
      ]
    },
    {
      "object_kind": "var",
      "config_addr": "module.get_chart_lambda.module.label_lambda_exec_role.var.context",
      "status": "pass",
      "objects": [
        {
          "object_addr": "module.get_chart_lambda.module.label_lambda_exec_role.var.context",
          "status": "pass"
        }
      ]
    },
    {
      "object_kind": "var",
      "config_addr": "module.artist_history_table.var.billing_mode",
      "status": "pass",
      "objects": [
        {
          "object_addr": "module.artist_history_table.var.billing_mode",
          "status": "pass"
        }
      ]
    },
    {
      "object_kind": "var",
      "config_addr": "module.listening_history_ingestor_lambda.var.upload_to_s3",
      "status": "pass",
      "objects": [
        {
          "object_addr": "module.listening_history_ingestor_lambda.var.upload_to_s3",
          "status": "pass"
        }
      ]
    },
    {
      "object_kind": "var",
      "config_addr": "module.ingest_genres_lambda.var.s3_object_version",
      "status": "pass",
      "objects": [
        {
          "object_addr": "module.ingest_genres_lambda.var.s3_object_version",
          "status": "pass"
        }
      ]
    },
    {
      "object_kind": "var",
      "config_addr": "module.browser_lambda_layer.var.s3_object_version",
      "status": "pass",
      "objects": [
        {
          "object_addr": "module.browser_lambda_layer.var.s3_object_version",
          "status": "pass"
        }
      ]
    },
    {
      "object_kind": "var",
      "config_addr": "module.spotify-project-api.module.label_apigw_rest_api_label.var.context",
      "status": "pass",
      "objects": [
        {
          "object_addr": "module.spotify-project-api.module.label_apigw_rest_api_label.var.context",
          "status": "pass"
        }
      ]
    },
    {
      "object_kind": "var",
      "config_addr": "module.song_history_table.module.label_dynamodb.var.context",
      "status": "pass",
      "objects": [
        {
          "object_addr": "module.song_history_table.module.label_dynamodb.var.context",
          "status": "pass"
        }
      ]
    },
    {
      "object_kind": "var",
      "config_addr": "module.browser_lambda_layer.var.architecture",
      "status": "pass",
      "objects": [
        {
          "object_addr": "module.browser_lambda_layer.var.architecture",
          "status": "pass"
        }
      ]
    },
    {
      "object_kind": "var",
      "config_addr": "module.null_label.var.context",
      "status": "pass",
      "objects": [
        {
          "object_addr": "module.null_label.var.context",
          "status": "pass"
        }
      ]
    },
    {
      "object_kind": "var",
      "config_addr": "module.listening_history_table.var.write_capacity",
      "status": "pass",
      "objects": [
        {
          "object_addr": "module.listening_history_table.var.write_capacity",
          "status": "pass"
        }
      ]
    },
    {
      "object_kind": "var",
      "config_addr": "module.listening_history_ingestor_lambda.var.build_path",
      "status": "pass",
      "objects": [
        {
          "object_addr": "module.listening_history_ingestor_lambda.var.build_path",
          "status": "pass"
        }
      ]
    },
    {
      "object_kind": "var",
      "config_addr": "module.song_chart_playlist_generator_lambda.var.source_dir",
      "status": "pass",
      "objects": [
        {
          "object_addr": "module.song_chart_playlist_generator_lambda.var.source_dir",
          "status": "pass"
        }
      ]
    },
    {
      "object_kind": "var",
      "config_addr": "module.song_chart_playlist_generator_lambda.module.label_lambda.var.id_length_limit",
      "status": "pass",
      "objects": [
        {
          "object_addr": "module.song_chart_playlist_generator_lambda.module.label_lambda.var.id_length_limit",
          "status": "pass"
        }
      ]
    },
    {
      "object_kind": "var",
      "config_addr": "module.ingest_genres_lambda.var.platform",
      "status": "pass",
      "objects": [
        {
          "object_addr": "module.ingest_genres_lambda.var.platform",
          "status": "pass"
        }
      ]
    },
    {
      "object_kind": "var",
      "config_addr": "module.get_chart_lambda.module.label_lambda.var.context",
      "status": "pass",
      "objects": [
        {
          "object_addr": "module.get_chart_lambda.module.label_lambda.var.context",
          "status": "pass"
        }
      ]
    },
    {
      "object_kind": "var",
      "config_addr": "module.list_charts_lambda.var.build_path",
      "status": "pass",
      "objects": [
        {
          "object_addr": "module.list_charts_lambda.var.build_path",
          "status": "pass"
        }
      ]
    },
    {
      "object_kind": "var",
      "config_addr": "module.get_chart_lambda.module.label_lambda.var.label_key_case",
      "status": "pass",
      "objects": [
        {
          "object_addr": "module.get_chart_lambda.module.label_lambda.var.label_key_case",
          "status": "pass"
        }
      ]
    },
    {
      "object_kind": "var",
      "config_addr": "module.listening_history_ingestor_lambda.module.label_lambda_exec_role.var.label_key_case",
      "status": "pass",
      "objects": [
        {
          "object_addr": "module.listening_history_ingestor_lambda.module.label_lambda_exec_role.var.label_key_case",
          "status": "pass"
        }
      ]
    },
    {
      "object_kind": "var",
      "config_addr": "module.spotify-project-api.module.label_apigw.var.label_key_case",
      "status": "pass",
      "objects": [
        {
          "object_addr": "module.spotify-project-api.module.label_apigw.var.label_key_case",
          "status": "pass"
        }
      ]
    },
    {
      "object_kind": "var",
      "config_addr": "module.shared_lambda_layer.var.source_dir",
      "status": "pass",
      "objects": [
        {
          "object_addr": "module.shared_lambda_layer.var.source_dir",
          "status": "pass"
        }
      ]
    },
    {
      "object_kind": "var",
      "config_addr": "module.album_history_table.module.label_dynamodb.var.context",
      "status": "pass",
      "objects": [
        {
          "object_addr": "module.album_history_table.module.label_dynamodb.var.context",
          "status": "pass"
        }
      ]
    },
    {
      "object_kind": "var",
      "config_addr": "module.browser_lambda_layer.var.build_path",
      "status": "pass",
      "objects": [
        {
          "object_addr": "module.browser_lambda_layer.var.build_path",
          "status": "pass"
        }
      ]
    },
    {
      "object_kind": "var",
      "config_addr": "module.song_chart_playlist_generator_lambda.var.log_retention_days",
      "status": "pass",
      "objects": [
        {
          "object_addr": "module.song_chart_playlist_generator_lambda.var.log_retention_days",
          "status": "pass"
        }
      ]
    },
    {
      "object_kind": "var",
      "config_addr": "module.browser_lambda_layer.module.label_layer.var.id_length_limit",
      "status": "pass",
      "objects": [
        {
          "object_addr": "module.browser_lambda_layer.module.label_layer.var.id_length_limit",
          "status": "pass"
        }
      ]
    },
    {
      "object_kind": "var",
      "config_addr": "module.get_chart_lambda.module.label_lambda.var.id_length_limit",
      "status": "pass",
      "objects": [
        {
          "object_addr": "module.get_chart_lambda.module.label_lambda.var.id_length_limit",
          "status": "pass"
        }
      ]
    },
    {
      "object_kind": "var",
      "config_addr": "module.song_chart_playlist_generator_lambda.var.s3_bucket",
      "status": "pass",
      "objects": [
        {
          "object_addr": "module.song_chart_playlist_generator_lambda.var.s3_bucket",
          "status": "pass"
        }
      ]
    },
    {
      "object_kind": "var",
      "config_addr": "module.get_access_token_lambda.var.deployment_type",
      "status": "pass",
      "objects": [
        {
          "object_addr": "module.get_access_token_lambda.var.deployment_type",
          "status": "pass"
        }
      ]
    },
    {
      "object_kind": "var",
      "config_addr": "module.list_charts_lambda.var.upload_to_s3",
      "status": "pass",
      "objects": [
        {
          "object_addr": "module.list_charts_lambda.var.upload_to_s3",
          "status": "pass"
        }
      ]
    },
    {
      "object_kind": "var",
      "config_addr": "module.song_history_table.module.label_dynamodb.var.label_key_case",
      "status": "pass",
      "objects": [
        {
          "object_addr": "module.song_history_table.module.label_dynamodb.var.label_key_case",
          "status": "pass"
        }
      ]
    },
    {
      "object_kind": "var",
      "config_addr": "module.get_chart_lambda.var.build_image",
      "status": "pass",
      "objects": [
        {
          "object_addr": "module.get_chart_lambda.var.build_image",
          "status": "pass"
        }
      ]
    },
    {
      "object_kind": "var",
      "config_addr": "module.get_access_token_lambda.module.label_lambda_exec_role.var.id_length_limit",
      "status": "pass",
      "objects": [
        {
          "object_addr": "module.get_access_token_lambda.module.label_lambda_exec_role.var.id_length_limit",
          "status": "pass"
        }
      ]
    },
    {
      "object_kind": "var",
      "config_addr": "module.list_charts_lambda.module.label_lambda_exec_role.var.id_length_limit",
      "status": "pass",
      "objects": [
        {
          "object_addr": "module.list_charts_lambda.module.label_lambda_exec_role.var.id_length_limit",
          "status": "pass"
        }
      ]
    },
    {
      "object_kind": "var",
      "config_addr": "module.song_chart_playlist_generator_lambda.module.label_lambda.var.context",
      "status": "pass",
      "objects": [
        {
          "object_addr": "module.song_chart_playlist_generator_lambda.module.label_lambda.var.context",
          "status": "pass"
        }
      ]
    },
    {
      "object_kind": "var",
      "config_addr": "module.spotify-project-api.module.main_ctx.var.label_value_case",
      "status": "pass",
      "objects": [
        {
          "object_addr": "module.spotify-project-api.module.main_ctx.var.label_value_case",
          "status": "pass"
        }
      ]
    },
    {
      "object_kind": "var",
      "config_addr": "module.reset_chart_data_lambda.var.filename",
      "status": "pass",
      "objects": [
        {
          "object_addr": "module.reset_chart_data_lambda.var.filename",
          "status": "pass"
        }
      ]
    },
    {
      "object_kind": "var",
      "config_addr": "module.chart_generator_lambda.module.label_lambda.var.id_length_limit",
      "status": "pass",
      "objects": [
        {
          "object_addr": "module.chart_generator_lambda.module.label_lambda.var.id_length_limit",
          "status": "pass"
        }
      ]
    },
    {
      "object_kind": "var",
      "config_addr": "module.spotify-project-api.module.label_apigw_apikey.var.label_key_case",
      "status": "pass",
      "objects": [
        {
          "object_addr": "module.spotify-project-api.module.label_apigw_apikey.var.label_key_case",
          "status": "pass"
        }
      ]
    },
    {
      "object_kind": "var",
      "config_addr": "module.reset_chart_data_lambda.var.platform",
      "status": "pass",
      "objects": [
        {
          "object_addr": "module.reset_chart_data_lambda.var.platform",
          "status": "pass"
        }
      ]
    },
    {
      "object_kind": "var",
      "config_addr": "module.shared_lambda_layer.module.label_layer.var.context",
      "status": "pass",
      "objects": [
        {
          "object_addr": "module.shared_lambda_layer.module.label_layer.var.context",
          "status": "pass"
        }
      ]
    },
    {
      "object_kind": "var",
      "config_addr": "module.song_chart_playlist_generator_lambda.var.s3_object_version",
      "status": "pass",
      "objects": [
        {
          "object_addr": "module.song_chart_playlist_generator_lambda.var.s3_object_version",
          "status": "pass"
        }
      ]
    },
    {
      "object_kind": "var",
      "config_addr": "module.chart_generator_lambda.module.label_lambda_exec_role.var.id_length_limit",
      "status": "pass",
      "objects": [
        {
          "object_addr": "module.chart_generator_lambda.module.label_lambda_exec_role.var.id_length_limit",
          "status": "pass"
        }
      ]
    },
    {
      "object_kind": "var",
      "config_addr": "module.get_access_token_lambda.var.create_sg",
      "status": "pass",
      "objects": [
        {
          "object_addr": "module.get_access_token_lambda.var.create_sg",
          "status": "pass"
        }
      ]
    },
    {
      "object_kind": "var",
      "config_addr": "module.artist_history_table.var.stream_view_type",
      "status": "pass",
      "objects": [
        {
          "object_addr": "module.artist_history_table.var.stream_view_type",
          "status": "pass"
        }
      ]
    },
    {
      "object_kind": "var",
      "config_addr": "module.list_charts_lambda.var.zip_project",
      "status": "pass",
      "objects": [
        {
          "object_addr": "module.list_charts_lambda.var.zip_project",
          "status": "pass"
        }
      ]
    },
    {
      "object_kind": "var",
      "config_addr": "module.shared_lambda_layer.var.build_path",
      "status": "pass",
      "objects": [
        {
          "object_addr": "module.shared_lambda_layer.var.build_path",
          "status": "pass"
        }
      ]
    },
    {
      "object_kind": "var",
      "config_addr": "module.list_charts_lambda.var.create_sg",
      "status": "pass",
      "objects": [
        {
          "object_addr": "module.list_charts_lambda.var.create_sg",
          "status": "pass"
        }
      ]
    },
    {
      "object_kind": "var",
      "config_addr": "module.null_label.var.label_value_case",
      "status": "pass",
      "objects": [
        {
          "object_addr": "module.null_label.var.label_value_case",
          "status": "pass"
        }
      ]
    },
    {
      "object_kind": "var",
      "config_addr": "module.reset_chart_data_lambda.module.label_lambda.var.label_value_case",
      "status": "pass",
      "objects": [
        {
          "object_addr": "module.reset_chart_data_lambda.module.label_lambda.var.label_value_case",
          "status": "pass"
        }
      ]
    },
    {
      "object_kind": "var",
      "config_addr": "module.get_access_token_lambda.var.source_dir",
      "status": "pass",
      "objects": [
        {
          "object_addr": "module.get_access_token_lambda.var.source_dir",
          "status": "pass"
        }
      ]
    },
    {
      "object_kind": "var",
      "config_addr": "module.song_chart_playlist_generator_lambda.var.build_path",
      "status": "pass",
      "objects": [
        {
          "object_addr": "module.song_chart_playlist_generator_lambda.var.build_path",
          "status": "pass"
        }
      ]
    },
    {
      "object_kind": "var",
      "config_addr": "module.get_chart_lambda.module.label_lambda_exec_role.var.id_length_limit",
      "status": "pass",
      "objects": [
        {
          "object_addr": "module.get_chart_lambda.module.label_lambda_exec_role.var.id_length_limit",
          "status": "pass"
        }
      ]
    },
    {
      "object_kind": "var",
      "config_addr": "module.song_chart_playlist_generator_lambda.var.platform",
      "status": "pass",
      "objects": [
        {
          "object_addr": "module.song_chart_playlist_generator_lambda.var.platform",
          "status": "pass"
        }
      ]
    },
    {
      "object_kind": "var",
      "config_addr": "module.song_chart_playlist_generator_lambda.module.label_lambda_exec_role.var.label_key_case",
      "status": "pass",
      "objects": [
        {
          "object_addr": "module.song_chart_playlist_generator_lambda.module.label_lambda_exec_role.var.label_key_case",
          "status": "pass"
        }
      ]
    },
    {
      "object_kind": "var",
      "config_addr": "module.status_timestamps_table.var.write_capacity",
      "status": "pass",
      "objects": [
        {
          "object_addr": "module.status_timestamps_table.var.write_capacity",
          "status": "pass"
        }
      ]
    },
    {
      "object_kind": "var",
      "config_addr": "module.reset_chart_data_lambda.var.upload_to_s3",
      "status": "pass",
      "objects": [
        {
          "object_addr": "module.reset_chart_data_lambda.var.upload_to_s3",
          "status": "pass"
        }
      ]
    },
    {
      "object_kind": "var",
      "config_addr": "module.reset_chart_data_lambda.module.label_lambda.var.id_length_limit",
      "status": "pass",
      "objects": [
        {
          "object_addr": "module.reset_chart_data_lambda.module.label_lambda.var.id_length_limit",
          "status": "pass"
        }
      ]
    },
    {
      "object_kind": "var",
      "config_addr": "module.chart_generator_lambda.module.label_lambda.var.label_key_case",
      "status": "pass",
      "objects": [
        {
          "object_addr": "module.chart_generator_lambda.module.label_lambda.var.label_key_case",
          "status": "pass"
        }
      ]
    },
    {
      "object_kind": "var",
      "config_addr": "module.get_chart_lambda.var.log_retention_days",
      "status": "pass",
      "objects": [
        {
          "object_addr": "module.get_chart_lambda.var.log_retention_days",
          "status": "pass"
        }
      ]
    },
    {
      "object_kind": "var",
      "config_addr": "module.reset_chart_data_lambda.var.create_sg",
      "status": "pass",
      "objects": [
        {
          "object_addr": "module.reset_chart_data_lambda.var.create_sg",
          "status": "pass"
        }
      ]
    },
    {
      "object_kind": "var",
      "config_addr": "module.chart_generator_lambda.module.label_lambda.var.context",
      "status": "pass",
      "objects": [
        {
          "object_addr": "module.chart_generator_lambda.module.label_lambda.var.context",
          "status": "pass"
        }
      ]
    },
    {
      "object_kind": "var",
      "config_addr": "module.listening_history_table.module.label_dynamodb.var.label_value_case",
      "status": "pass",
      "objects": [
        {
          "object_addr": "module.listening_history_table.module.label_dynamodb.var.label_value_case",
          "status": "pass"
        }
      ]
    },
    {
      "object_kind": "var",
      "config_addr": "module.shared_lambda_layer.module.label_layer.var.label_value_case",
      "status": "pass",
      "objects": [
        {
          "object_addr": "module.shared_lambda_layer.module.label_layer.var.label_value_case",
          "status": "pass"
        }
      ]
    },
    {
      "object_kind": "var",
      "config_addr": "module.spotify-project-api.module.label_apigw_rest_api_label.var.id_length_limit",
      "status": "pass",
      "objects": [
        {
          "object_addr": "module.spotify-project-api.module.label_apigw_rest_api_label.var.id_length_limit",
          "status": "pass"
        }
      ]
    },
    {
      "object_kind": "var",
      "config_addr": "module.song_chart_playlist_generator_lambda.module.label_lambda_exec_role.var.label_value_case",
      "status": "pass",
      "objects": [
        {
          "object_addr": "module.song_chart_playlist_generator_lambda.module.label_lambda_exec_role.var.label_value_case",
          "status": "pass"
        }
      ]
    },
    {
      "object_kind": "var",
      "config_addr": "module.album_history_table.var.billing_mode",
      "status": "pass",
      "objects": [
        {
          "object_addr": "module.album_history_table.var.billing_mode",
          "status": "pass"
        }
      ]
    },
    {
      "object_kind": "var",
      "config_addr": "module.get_chart_lambda.var.s3_object_version",
      "status": "pass",
      "objects": [
        {
          "object_addr": "module.get_chart_lambda.var.s3_object_version",
          "status": "pass"
        }
      ]
    },
    {
      "object_kind": "var",
      "config_addr": "module.get_chart_lambda.var.zip_project",
      "status": "pass",
      "objects": [
        {
          "object_addr": "module.get_chart_lambda.var.zip_project",
          "status": "pass"
        }
      ]
    },
    {
      "object_kind": "var",
      "config_addr": "module.ingest_genres_lambda.module.label_lambda_exec_role.var.context",
      "status": "pass",
      "objects": [
        {
          "object_addr": "module.ingest_genres_lambda.module.label_lambda_exec_role.var.context",
          "status": "pass"
        }
      ]
    },
    {
      "object_kind": "var",
      "config_addr": "module.get_access_token_lambda.var.subnet_ids",
      "status": "pass",
      "objects": [
        {
          "object_addr": "module.get_access_token_lambda.var.subnet_ids",
          "status": "pass"
        }
      ]
    },
    {
      "object_kind": "var",
      "config_addr": "module.ingest_genres_lambda.var.filename",
      "status": "pass",
      "objects": [
        {
          "object_addr": "module.ingest_genres_lambda.var.filename",
          "status": "pass"
        }
      ]
    },
    {
      "object_kind": "var",
      "config_addr": "module.status_timestamps_table.var.billing_mode",
      "status": "pass",
      "objects": [
        {
          "object_addr": "module.status_timestamps_table.var.billing_mode",
          "status": "pass"
        }
      ]
    },
    {
      "object_kind": "var",
      "config_addr": "module.album_history_table.var.stream_view_type",
      "status": "pass",
      "objects": [
        {
          "object_addr": "module.album_history_table.var.stream_view_type",
          "status": "pass"
        }
      ]
    },
    {
      "object_kind": "var",
      "config_addr": "module.reset_chart_data_lambda.module.label_lambda.var.context",
      "status": "pass",
      "objects": [
        {
          "object_addr": "module.reset_chart_data_lambda.module.label_lambda.var.context",
          "status": "pass"
        }
      ]
    },
    {
      "object_kind": "var",
      "config_addr": "module.ingest_genres_lambda.module.label_lambda_exec_role.var.id_length_limit",
      "status": "pass",
      "objects": [
        {
          "object_addr": "module.ingest_genres_lambda.module.label_lambda_exec_role.var.id_length_limit",
          "status": "pass"
        }
      ]
    },
    {
      "object_kind": "var",
      "config_addr": "module.spotify-project-api.module.label_apigw_usageplan.var.context",
      "status": "pass",
      "objects": [
        {
          "object_addr": "module.spotify-project-api.module.label_apigw_usageplan.var.context",
          "status": "pass"
        }
      ]
    },
    {
      "object_kind": "var",
      "config_addr": "module.song_chart_playlist_generator_lambda.var.subnet_ids",
      "status": "pass",
      "objects": [
        {
          "object_addr": "module.song_chart_playlist_generator_lambda.var.subnet_ids",
          "status": "pass"
        }
      ]
    },
    {
      "object_kind": "var",
      "config_addr": "module.get_access_token_lambda.module.label_lambda_exec_role.var.context",
      "status": "pass",
      "objects": [
        {
          "object_addr": "module.get_access_token_lambda.module.label_lambda_exec_role.var.context",
          "status": "pass"
        }
      ]
    },
    {
      "object_kind": "var",
      "config_addr": "module.browser_lambda_layer.var.deployment_type",
      "status": "pass",
      "objects": [
        {
          "object_addr": "module.browser_lambda_layer.var.deployment_type",
          "status": "pass"
        }
      ]
    },
    {
      "object_kind": "var",
      "config_addr": "module.spotify-project-api.module.main_ctx.var.label_key_case",
      "status": "pass",
      "objects": [
        {
          "object_addr": "module.spotify-project-api.module.main_ctx.var.label_key_case",
          "status": "pass"
        }
      ]
    },
    {
      "object_kind": "var",
      "config_addr": "module.listening_history_ingestor_lambda.module.label_lambda.var.id_length_limit",
      "status": "pass",
      "objects": [
        {
          "object_addr": "module.listening_history_ingestor_lambda.module.label_lambda.var.id_length_limit",
          "status": "pass"
        }
      ]
    },
    {
      "object_kind": "var",
      "config_addr": "module.listening_history_ingestor_lambda.var.create_sg",
      "status": "pass",
      "objects": [
        {
          "object_addr": "module.listening_history_ingestor_lambda.var.create_sg",
          "status": "pass"
        }
      ]
    },
    {
      "object_kind": "var",
      "config_addr": "module.list_charts_lambda.module.label_lambda.var.label_key_case",
      "status": "pass",
      "objects": [
        {
          "object_addr": "module.list_charts_lambda.module.label_lambda.var.label_key_case",
          "status": "pass"
        }
      ]
    },
    {
      "object_kind": "var",
      "config_addr": "module.listening_history_ingestor_lambda.var.s3_bucket",
      "status": "pass",
      "objects": [
        {
          "object_addr": "module.listening_history_ingestor_lambda.var.s3_bucket",
          "status": "pass"
        }
      ]
    },
    {
      "object_kind": "var",
      "config_addr": "module.get_chart_lambda.var.s3_bucket",
      "status": "pass",
      "objects": [
        {
          "object_addr": "module.get_chart_lambda.var.s3_bucket",
          "status": "pass"
        }
      ]
    },
    {
      "object_kind": "var",
      "config_addr": "module.list_charts_lambda.var.s3_bucket",
      "status": "pass",
      "objects": [
        {
          "object_addr": "module.list_charts_lambda.var.s3_bucket",
          "status": "pass"
        }
      ]
    },
    {
      "object_kind": "var",
      "config_addr": "module.get_access_token_lambda.var.build_path",
      "status": "pass",
      "objects": [
        {
          "object_addr": "module.get_access_token_lambda.var.build_path",
          "status": "pass"
        }
      ]
    },
    {
      "object_kind": "var",
      "config_addr": "module.spotify-project-api.module.main_ctx.var.id_length_limit",
      "status": "pass",
      "objects": [
        {
          "object_addr": "module.spotify-project-api.module.main_ctx.var.id_length_limit",
          "status": "pass"
        }
      ]
    },
    {
      "object_kind": "var",
      "config_addr": "module.spotify-project-api.module.label_apigw_apikey.var.label_value_case",
      "status": "pass",
      "objects": [
        {
          "object_addr": "module.spotify-project-api.module.label_apigw_apikey.var.label_value_case",
          "status": "pass"
        }
      ]
    },
    {
      "object_kind": "var",
      "config_addr": "module.reset_chart_data_lambda.module.label_lambda_exec_role.var.label_key_case",
      "status": "pass",
      "objects": [
        {
          "object_addr": "module.reset_chart_data_lambda.module.label_lambda_exec_role.var.label_key_case",
          "status": "pass"
        }
      ]
    },
    {
      "object_kind": "var",
      "config_addr": "module.song_chart_playlist_generator_lambda.var.deployment_type",
      "status": "pass",
      "objects": [
        {
          "object_addr": "module.song_chart_playlist_generator_lambda.var.deployment_type",
          "status": "pass"
        }
      ]
    },
    {
      "object_kind": "var",
      "config_addr": "module.get_chart_lambda.var.subnet_ids",
      "status": "pass",
      "objects": [
        {
          "object_addr": "module.get_chart_lambda.var.subnet_ids",
          "status": "pass"
        }
      ]
    },
    {
      "object_kind": "var",
      "config_addr": "module.chart_generator_lambda.module.label_lambda_exec_role.var.label_value_case",
      "status": "pass",
      "objects": [
        {
          "object_addr": "module.chart_generator_lambda.module.label_lambda_exec_role.var.label_value_case",
          "status": "pass"
        }
      ]
    },
    {
      "object_kind": "var",
      "config_addr": "module.listening_history_ingestor_lambda.var.security_group_ids",
      "status": "pass",
      "objects": [
        {
          "object_addr": "module.listening_history_ingestor_lambda.var.security_group_ids",
          "status": "pass"
        }
      ]
    },
    {
      "object_kind": "var",
      "config_addr": "module.ingest_genres_lambda.module.label_lambda_exec_role.var.label_value_case",
      "status": "pass",
      "objects": [
        {
          "object_addr": "module.ingest_genres_lambda.module.label_lambda_exec_role.var.label_value_case",
          "status": "pass"
        }
      ]
    },
    {
      "object_kind": "var",
      "config_addr": "module.song_chart_playlist_generator_lambda.var.upload_to_s3",
      "status": "pass",
      "objects": [
        {
          "object_addr": "module.song_chart_playlist_generator_lambda.var.upload_to_s3",
          "status": "pass"
        }
      ]
    },
    {
      "object_kind": "var",
      "config_addr": "module.spotify-project-api.module.label_apigw.var.id_length_limit",
      "status": "pass",
      "objects": [
        {
          "object_addr": "module.spotify-project-api.module.label_apigw.var.id_length_limit",
          "status": "pass"
        }
      ]
    },
    {
      "object_kind": "var",
      "config_addr": "module.listening_history_ingestor_lambda.var.filename",
      "status": "pass",
      "objects": [
        {
          "object_addr": "module.listening_history_ingestor_lambda.var.filename",
          "status": "pass"
        }
      ]
    },
    {
      "object_kind": "var",
      "config_addr": "module.artist_history_table.var.read_capacity",
      "status": "pass",
      "objects": [
        {
          "object_addr": "module.artist_history_table.var.read_capacity",
          "status": "pass"
        }
      ]
    },
    {
      "object_kind": "var",
      "config_addr": "module.listening_history_ingestor_lambda.module.label_lambda.var.context",
      "status": "pass",
      "objects": [
        {
          "object_addr": "module.listening_history_ingestor_lambda.module.label_lambda.var.context",
          "status": "pass"
        }
      ]
    },
    {
      "object_kind": "var",
      "config_addr": "module.song_chart_playlist_generator_lambda.var.build_image",
      "status": "pass",
      "objects": [
        {
          "object_addr": "module.song_chart_playlist_generator_lambda.var.build_image",
          "status": "pass"
        }
      ]
    },
    {
      "object_kind": "var",
      "config_addr": "module.browser_lambda_layer.var.s3_bucket",
      "status": "pass",
      "objects": [
        {
          "object_addr": "module.browser_lambda_layer.var.s3_bucket",
          "status": "pass"
        }
      ]
    },
    {
      "object_kind": "var",
      "config_addr": "module.song_history_table.var.read_capacity",
      "status": "pass",
      "objects": [
        {
          "object_addr": "module.song_history_table.var.read_capacity",
          "status": "pass"
        }
      ]
    },
    {
      "object_kind": "var",
      "config_addr": "module.listening_history_table.module.label_dynamodb.var.id_length_limit",
      "status": "pass",
      "objects": [
        {
          "object_addr": "module.listening_history_table.module.label_dynamodb.var.id_length_limit",
          "status": "pass"
        }
      ]
    },
    {
      "object_kind": "var",
      "config_addr": "module.song_history_table.module.label_dynamodb.var.id_length_limit",
      "status": "pass",
      "objects": [
        {
          "object_addr": "module.song_history_table.module.label_dynamodb.var.id_length_limit",
          "status": "pass"
        }
      ]
    },
    {
      "object_kind": "var",
      "config_addr": "module.chart_generator_lambda.var.upload_to_s3",
      "status": "pass",
      "objects": [
        {
          "object_addr": "module.chart_generator_lambda.var.upload_to_s3",
          "status": "pass"
        }
      ]
    },
    {
      "object_kind": "var",
      "config_addr": "module.reset_chart_data_lambda.var.subnet_ids",
      "status": "pass",
      "objects": [
        {
          "object_addr": "module.reset_chart_data_lambda.var.subnet_ids",
          "status": "pass"
        }
      ]
    },
    {
      "object_kind": "var",
      "config_addr": "module.song_chart_playlist_generator_lambda.var.filename",
      "status": "pass",
      "objects": [
        {
          "object_addr": "module.song_chart_playlist_generator_lambda.var.filename",
          "status": "pass"
        }
      ]
    },
    {
      "object_kind": "var",
      "config_addr": "module.listening_history_ingestor_lambda.var.source_dir",
      "status": "pass",
      "objects": [
        {
          "object_addr": "module.listening_history_ingestor_lambda.var.source_dir",
          "status": "pass"
        }
      ]
    },
    {
      "object_kind": "var",
      "config_addr": "module.chart_generator_lambda.var.s3_object_version",
      "status": "pass",
      "objects": [
        {
          "object_addr": "module.chart_generator_lambda.var.s3_object_version",
          "status": "pass"
        }
      ]
    },
    {
      "object_kind": "var",
      "config_addr": "module.status_timestamps_table.module.label_dynamodb.var.id_length_limit",
      "status": "pass",
      "objects": [
        {
          "object_addr": "module.status_timestamps_table.module.label_dynamodb.var.id_length_limit",
          "status": "pass"
        }
      ]
    },
    {
      "object_kind": "var",
      "config_addr": "module.song_chart_playlist_generator_lambda.module.label_lambda.var.label_value_case",
      "status": "pass",
      "objects": [
        {
          "object_addr": "module.song_chart_playlist_generator_lambda.module.label_lambda.var.label_value_case",
          "status": "pass"
        }
      ]
    },
    {
      "object_kind": "var",
      "config_addr": "module.ingest_genres_lambda.module.label_lambda.var.label_value_case",
      "status": "pass",
      "objects": [
        {
          "object_addr": "module.ingest_genres_lambda.module.label_lambda.var.label_value_case",
          "status": "pass"
        }
      ]
    },
    {
      "object_kind": "var",
      "config_addr": "module.album_history_table.var.write_capacity",
      "status": "pass",
      "objects": [
        {
          "object_addr": "module.album_history_table.var.write_capacity",
          "status": "pass"
        }
      ]
    },
    {
      "object_kind": "var",
      "config_addr": "module.reset_chart_data_lambda.var.build_path",
      "status": "pass",
      "objects": [
        {
          "object_addr": "module.reset_chart_data_lambda.var.build_path",
          "status": "pass"
        }
      ]
    },
    {
      "object_kind": "var",
      "config_addr": "module.get_access_token_lambda.var.s3_bucket",
      "status": "pass",
      "objects": [
        {
          "object_addr": "module.get_access_token_lambda.var.s3_bucket",
          "status": "pass"
        }
      ]
    },
    {
      "object_kind": "var",
      "config_addr": "module.ingest_genres_lambda.var.zip_project",
      "status": "pass",
      "objects": [
        {
          "object_addr": "module.ingest_genres_lambda.var.zip_project",
          "status": "pass"
        }
      ]
    },
    {
      "object_kind": "var",
      "config_addr": "module.get_access_token_lambda.module.label_lambda.var.context",
      "status": "pass",
      "objects": [
        {
          "object_addr": "module.get_access_token_lambda.module.label_lambda.var.context",
          "status": "pass"
        }
      ]
    },
    {
      "object_kind": "var",
      "config_addr": "module.get_access_token_lambda.var.zip_project",
      "status": "pass",
      "objects": [
        {
          "object_addr": "module.get_access_token_lambda.var.zip_project",
          "status": "pass"
        }
      ]
    },
    {
      "object_kind": "var",
      "config_addr": "module.reset_chart_data_lambda.var.build_image",
      "status": "pass",
      "objects": [
        {
          "object_addr": "module.reset_chart_data_lambda.var.build_image",
          "status": "pass"
        }
      ]
    },
    {
      "object_kind": "var",
      "config_addr": "module.song_history_table.var.billing_mode",
      "status": "pass",
      "objects": [
        {
          "object_addr": "module.song_history_table.var.billing_mode",
          "status": "pass"
        }
      ]
    },
    {
      "object_kind": "var",
      "config_addr": "module.get_chart_lambda.var.upload_to_s3",
      "status": "pass",
      "objects": [
        {
          "object_addr": "module.get_chart_lambda.var.upload_to_s3",
          "status": "pass"
        }
      ]
    },
    {
      "object_kind": "var",
      "config_addr": "module.get_access_token_lambda.module.label_lambda.var.label_value_case",
      "status": "pass",
      "objects": [
        {
          "object_addr": "module.get_access_token_lambda.module.label_lambda.var.label_value_case",
          "status": "pass"
        }
      ]
    },
    {
      "object_kind": "var",
      "config_addr": "module.spotify-project-api.module.label_apigw_usageplan.var.label_value_case",
      "status": "pass",
      "objects": [
        {
          "object_addr": "module.spotify-project-api.module.label_apigw_usageplan.var.label_value_case",
          "status": "pass"
        }
      ]
    }
  ]
}
