{
  "version": 4,
  "terraform_version": "1.12.1",
  "serial": 350,
  "lineage": "35aa9bfc-f14e-ce5d-ad8d-3f00bba0111a",
  "outputs": {},
  "resources": [
    {
      "mode": "data",
      "type": "aws_caller_identity",
      "name": "current",
      "provider": "provider[\"registry.terraform.io/hashicorp/aws\"]",
      "instances": [
        {
          "schema_version": 0,
          "attributes": {
            "account_id": "211125619133",
            "arn": "arn:aws:iam::211125619133:user/Jeremy",
            "id": "211125619133",
            "user_id": "AIDATCKARJG6T2JYWDM3D"
          },
          "sensitive_attributes": [],
          "identity_schema_version": 0
        }
      ]
    },
    {
      "mode": "data",
      "type": "aws_lambda_layer_version",
      "name": "spotify_sparticuz",
      "provider": "provider[\"registry.terraform.io/hashicorp/aws\"]",
      "instances": [
        {
          "schema_version": 0,
          "attributes": {
            "arn": "arn:aws:lambda:us-west-1:211125619133:layer:spotify-sparticuz-layer:2",
            "code_sha256": "SFeJqbQtLmTk2Vs+jr8YHncGglIcpI7U7F6SfSCLoYM=",
            "compatible_architecture": null,
            "compatible_architectures": [
              "x86_64"
            ],
            "compatible_runtime": null,
            "compatible_runtimes": [
              "nodejs20.x",
              "nodejs22.x"
            ],
            "created_date": "2025-09-10T07:46:09.672+0000",
            "description": "",
            "id": "arn:aws:lambda:us-west-1:211125619133:layer:spotify-sparticuz-layer:2",
            "layer_arn": "arn:aws:lambda:us-west-1:211125619133:layer:spotify-sparticuz-layer",
            "layer_name": "spotify-sparticuz-layer",
            "license_info": "",
            "signing_job_arn": "",
            "signing_profile_version_arn": "",
            "source_code_hash": "SFeJqbQtLmTk2Vs+jr8YHncGglIcpI7U7F6SfSCLoYM=",
            "source_code_size": 64650506,
            "version": 2
          },
          "sensitive_attributes": [],
          "identity_schema_version": 0
        }
      ]
    },
    {
      "mode": "data",
      "type": "aws_region",
      "name": "current",
      "provider": "provider[\"registry.terraform.io/hashicorp/aws\"]",
      "instances": [
        {
          "schema_version": 0,
          "attributes": {
            "description": "US West (N. California)",
            "endpoint": "ec2.us-west-1.amazonaws.com",
            "id": "us-west-1",
            "name": "us-west-1"
          },
          "sensitive_attributes": [],
          "identity_schema_version": 0
        }
      ]
    },
    {
      "mode": "data",
      "type": "aws_secretsmanager_secret_version",
      "name": "spotify_api_secrets",
      "provider": "provider[\"registry.terraform.io/hashicorp/aws\"]",
      "instances": [
        {
          "schema_version": 0,
          "attributes": {
            "arn": "arn:aws:secretsmanager:us-west-1:211125619133:secret:SpotifyAPICreds-ck6Gnk",
            "created_date": "2025-09-10T18:14:57Z",
            "id": "SpotifyAPICreds|AWSCURRENT",
            "secret_binary": "",
            "secret_id": "SpotifyAPICreds",
            "secret_string": "{\"SPOTIFY_REFRESH_TOKEN\":\"AQDwoiwvS0wqIbE7QZZMvOf0Vy4GOxrP20TEwR58dSPGBVd04erRQlzrtrGQ15X9lYiGnOhyszWwP_xMu4Oa4lCELQDZYTdH1EYSrB-R6frh7cgSYdxKeZ4Vdrge9rJIehc\",\"SPOTIFY_CLIENT_ID\":\"ca1cd64416c445398c7c7e0db471dd68\",\"SPOTIFY_CLIENT_SECRET\":\"2f4a918c35b74acd9fcea703d297833e\"}",
            "version_id": "776081cb-66e5-4b41-88e5-611875a8d2dd",
            "version_stage": "AWSCURRENT",
            "version_stages": [
              "AWSCURRENT"
            ]
          },
          "sensitive_attributes": [
            [
              {
                "type": "get_attr",
                "value": "secret_binary"
              }
            ],
            [
              {
                "type": "get_attr",
                "value": "secret_string"
              }
            ]
          ],
          "identity_schema_version": 0
        }
      ]
    },
    {
      "mode": "managed",
      "type": "aws_cloudwatch_event_rule",
      "name": "listening_history_ingestor_trigger",
      "provider": "provider[\"registry.terraform.io/hashicorp/aws\"]",
      "instances": [
        {
          "schema_version": 1,
          "attributes": {
            "arn": "arn:aws:events:us-west-1:211125619133:rule/listening-history-ingestor-trigger",
            "description": "Triggers listening history ingestor Lambda every hour",
            "event_bus_name": "default",
            "event_pattern": null,
            "force_destroy": false,
            "id": "listening-history-ingestor-trigger",
            "is_enabled": true,
            "name": "listening-history-ingestor-trigger",
            "name_prefix": "",
            "role_arn": "",
            "schedule_expression": "cron(0 * * * ? *)",
            "state": "ENABLED",
            "tags": {},
            "tags_all": {}
          },
          "sensitive_attributes": [],
          "identity_schema_version": 0,
          "private": "eyJzY2hlbWFfdmVyc2lvbiI6IjEifQ=="
        }
      ]
    },
    {
      "mode": "managed",
      "type": "aws_cloudwatch_event_target",
      "name": "trigger_synthetic_lambda",
      "provider": "provider[\"registry.terraform.io/hashicorp/aws\"]",
      "instances": [
        {
          "schema_version": 1,
          "attributes": {
            "appsync_target": [],
            "arn": "arn:aws:lambda:us-west-1:211125619133:function:spotify-listening-history-ingestor-lambda",
            "batch_target": [],
            "dead_letter_config": [],
            "ecs_target": [],
            "event_bus_name": "default",
            "force_destroy": false,
            "http_target": [],
            "id": "listening-history-ingestor-trigger-SyntheticDataLambda",
            "input": "{\"trigger\":\"daily\"}",
            "input_path": "",
            "input_transformer": [],
            "kinesis_target": [],
            "redshift_target": [],
            "retry_policy": [],
            "role_arn": "",
            "rule": "listening-history-ingestor-trigger",
            "run_command_targets": [],
            "sagemaker_pipeline_target": [],
            "sqs_target": [],
            "target_id": "SyntheticDataLambda"
          },
          "sensitive_attributes": [],
          "identity_schema_version": 0,
          "private": "eyJzY2hlbWFfdmVyc2lvbiI6IjEifQ==",
          "dependencies": [
            "aws_cloudwatch_event_rule.listening_history_ingestor_trigger",
            "data.aws_caller_identity.current",
            "data.aws_secretsmanager_secret_version.spotify_api_secrets",
            "module.listening_history_ingestor_lambda.aws_iam_role.execution_role",
            "module.listening_history_ingestor_lambda.aws_lambda_function.function",
            "module.listening_history_ingestor_lambda.aws_s3_object.s3_upload",
            "module.listening_history_ingestor_lambda.data.archive_file.zip",
            "module.listening_history_table.aws_dynamodb_table.table",
            "module.shared_lambda_layer.aws_lambda_layer_version.version",
            "module.shared_lambda_layer.aws_s3_object.s3_upload",
            "module.shared_lambda_layer.data.archive_file.zip",
            "module.status_timestamps_table.aws_dynamodb_table.table"
          ]
        }
      ]
    },
    {
      "mode": "managed",
      "type": "aws_iam_policy",
      "name": "chart_generator_policy",
      "provider": "provider[\"registry.terraform.io/hashicorp/aws\"]",
      "instances": [
        {
          "schema_version": 0,
          "attributes": {
            "arn": "arn:aws:iam::211125619133:policy/chart-generator-policy",
            "attachment_count": 1,
            "description": "Allows the listening history ingestor Lambda to write to the DynamoDB table.",
            "id": "arn:aws:iam::211125619133:policy/chart-generator-policy",
            "name": "chart-generator-policy",
            "name_prefix": "",
            "path": "/",
            "policy": "{\"Statement\":[{\"Action\":[\"dynamodb:Query\"],\"Effect\":\"Allow\",\"Resource\":\"arn:aws:dynamodb:us-west-1:211125619133:table/spotify-listening-history\"},{\"Action\":[\"dynamodb:GetItem\",\"dynamodb:PutItem\",\"dynamodb:UpdateItem\"],\"Effect\":\"Allow\",\"Resource\":\"arn:aws:dynamodb:us-west-1:211125619133:table/spotify-status-timestamps-table\"},{\"Action\":[\"dynamodb:GetItem\",\"dynamodb:PutItem\",\"dynamodb:UpdateItem\"],\"Effect\":\"Allow\",\"Resource\":\"arn:aws:dynamodb:us-west-1:211125619133:table/spotify-song-history\"},{\"Action\":[\"s3:PutObject\"],\"Effect\":\"Allow\",\"Resource\":\"arn:aws:s3:::jeremy-spotify-song-chart-history-bucket/*\"}],\"Version\":\"2012-10-17\"}",
            "policy_id": "ANPATCKARJG6WSIR2LYJ3",
            "tags": {},
            "tags_all": {}
          },
          "sensitive_attributes": [],
          "identity_schema_version": 0,
          "private": "bnVsbA==",
          "dependencies": [
            "module.listening_history_table.aws_dynamodb_table.table",
            "module.song_chart_history_bucket.aws_s3_bucket.s3",
            "module.song_history_table.aws_dynamodb_table.table",
            "module.status_timestamps_table.aws_dynamodb_table.table"
          ]
        }
      ]
    },
    {
      "mode": "managed",
      "type": "aws_iam_policy",
      "name": "get_song_chart_policy",
      "provider": "provider[\"registry.terraform.io/hashicorp/aws\"]",
      "instances": [
        {
          "schema_version": 0,
          "attributes": {
            "arn": "arn:aws:iam::211125619133:policy/get-song-chart-policy",
            "attachment_count": 1,
            "description": "Allows the get song chart Lambda to write to the DynamoDB table.",
            "id": "arn:aws:iam::211125619133:policy/get-song-chart-policy",
            "name": "get-song-chart-policy",
            "name_prefix": "",
            "path": "/",
            "policy": "{\"Statement\":[{\"Action\":[\"s3:GetObject\"],\"Effect\":\"Allow\",\"Resource\":\"arn:aws:s3:::jeremy-spotify-song-chart-history-bucket/*\"}],\"Version\":\"2012-10-17\"}",
            "policy_id": "ANPATCKARJG6SP2ZXK6XV",
            "tags": {},
            "tags_all": {}
          },
          "sensitive_attributes": [],
          "identity_schema_version": 0,
          "private": "bnVsbA==",
          "dependencies": [
            "module.song_chart_history_bucket.aws_s3_bucket.s3"
          ]
        }
      ]
    },
    {
      "mode": "managed",
      "type": "aws_iam_policy",
      "name": "list_song_charts_policy",
      "provider": "provider[\"registry.terraform.io/hashicorp/aws\"]",
      "instances": [
        {
          "schema_version": 0,
          "attributes": {
            "arn": "arn:aws:iam::211125619133:policy/list-song-charts-policy",
            "attachment_count": 1,
            "description": "Allows the list song charts Lambda to read from S3.",
            "id": "arn:aws:iam::211125619133:policy/list-song-charts-policy",
            "name": "list-song-charts-policy",
            "name_prefix": "",
            "path": "/",
            "policy": "{\"Statement\":[{\"Action\":[\"s3:ListBucket\"],\"Effect\":\"Allow\",\"Resource\":\"arn:aws:s3:::jeremy-spotify-song-chart-history-bucket\"}],\"Version\":\"2012-10-17\"}",
            "policy_id": "ANPATCKARJG6WIYSHU7FD",
            "tags": {},
            "tags_all": {}
          },
          "sensitive_attributes": [],
          "identity_schema_version": 0,
          "private": "bnVsbA==",
          "dependencies": [
            "module.song_chart_history_bucket.aws_s3_bucket.s3"
          ]
        }
      ]
    },
    {
      "mode": "managed",
      "type": "aws_iam_policy",
      "name": "listening_history_ingestor_policy",
      "provider": "provider[\"registry.terraform.io/hashicorp/aws\"]",
      "instances": [
        {
          "schema_version": 0,
          "attributes": {
            "arn": "arn:aws:iam::211125619133:policy/listening-history-ingestor-policy",
            "attachment_count": 1,
            "description": "Allows the listening history ingestor Lambda to write to the DynamoDB table.",
            "id": "arn:aws:iam::211125619133:policy/listening-history-ingestor-policy",
            "name": "listening-history-ingestor-policy",
            "name_prefix": "",
            "path": "/",
            "policy": "{\"Statement\":[{\"Action\":[\"dynamodb:PutItem\",\"dynamodb:BatchWriteItem\"],\"Effect\":\"Allow\",\"Resource\":\"arn:aws:dynamodb:us-west-1:211125619133:table/spotify-listening-history\"},{\"Action\":[\"dynamodb:GetItem\",\"dynamodb:PutItem\",\"dynamodb:UpdateItem\"],\"Effect\":\"Allow\",\"Resource\":\"arn:aws:dynamodb:us-west-1:211125619133:table/spotify-status-timestamps-table\"}],\"Version\":\"2012-10-17\"}",
            "policy_id": "ANPATCKARJG6XT5O2VWNT",
            "tags": {},
            "tags_all": {}
          },
          "sensitive_attributes": [],
          "identity_schema_version": 0,
          "private": "bnVsbA==",
          "dependencies": [
            "module.listening_history_table.aws_dynamodb_table.table",
            "module.status_timestamps_table.aws_dynamodb_table.table"
          ]
        }
      ]
    },
    {
      "mode": "managed",
      "type": "aws_iam_policy",
      "name": "song_chart_playlist_generator_policy",
      "provider": "provider[\"registry.terraform.io/hashicorp/aws\"]",
      "instances": [
        {
          "schema_version": 0,
          "attributes": {
            "arn": "arn:aws:iam::211125619133:policy/song-chart-playlist-generator-policy",
            "attachment_count": 1,
            "description": "Allows the song chart playlist generator Lambda to read from S3",
            "id": "arn:aws:iam::211125619133:policy/song-chart-playlist-generator-policy",
            "name": "song-chart-playlist-generator-policy",
            "name_prefix": "",
            "path": "/",
            "policy": "{\"Statement\":[{\"Action\":[\"s3:GetObject\"],\"Effect\":\"Allow\",\"Resource\":\"arn:aws:s3:::jeremy-spotify-song-chart-history-bucket/*\"}],\"Version\":\"2012-10-17\"}",
            "policy_id": "ANPATCKARJG6RRVFBDJY2",
            "tags": {},
            "tags_all": {}
          },
          "sensitive_attributes": [],
          "identity_schema_version": 0,
          "private": "bnVsbA==",
          "dependencies": [
            "module.song_chart_history_bucket.aws_s3_bucket.s3"
          ]
        }
      ]
    },
    {
      "mode": "managed",
      "type": "aws_iam_role_policy_attachment",
      "name": "chart_generator_attach",
      "provider": "provider[\"registry.terraform.io/hashicorp/aws\"]",
      "instances": [
        {
          "schema_version": 0,
          "attributes": {
            "id": "spotify-chart-generator-lambda-exec-role-20250908233545132100000001",
            "policy_arn": "arn:aws:iam::211125619133:policy/chart-generator-policy",
            "role": "spotify-chart-generator-lambda-exec-role"
          },
          "sensitive_attributes": [],
          "identity_schema_version": 0,
          "private": "bnVsbA==",
          "dependencies": [
            "aws_iam_policy.chart_generator_policy",
            "module.chart_generator_lambda.aws_iam_role.execution_role",
            "module.listening_history_table.aws_dynamodb_table.table",
            "module.song_chart_history_bucket.aws_s3_bucket.s3",
            "module.song_history_table.aws_dynamodb_table.table",
            "module.status_timestamps_table.aws_dynamodb_table.table"
          ]
        }
      ]
    },
    {
      "mode": "managed",
      "type": "aws_iam_role_policy_attachment",
      "name": "get_song_chart_attach",
      "provider": "provider[\"registry.terraform.io/hashicorp/aws\"]",
      "instances": [
        {
          "schema_version": 0,
          "attributes": {
            "id": "spotify-get-song-chart-lambda-exec-role-20250909044159516700000001",
            "policy_arn": "arn:aws:iam::211125619133:policy/get-song-chart-policy",
            "role": "spotify-get-song-chart-lambda-exec-role"
          },
          "sensitive_attributes": [],
          "identity_schema_version": 0,
          "private": "bnVsbA==",
          "dependencies": [
            "aws_iam_policy.get_song_chart_policy",
            "module.get_song_chart_lambda.aws_iam_role.execution_role",
            "module.song_chart_history_bucket.aws_s3_bucket.s3"
          ]
        }
      ]
    },
    {
      "mode": "managed",
      "type": "aws_iam_role_policy_attachment",
      "name": "list_song_charts_attach",
      "provider": "provider[\"registry.terraform.io/hashicorp/aws\"]",
      "instances": [
        {
          "schema_version": 0,
          "attributes": {
            "id": "spotify-list-song-charts-lambda-exec-role-20250910032959799600000002",
            "policy_arn": "arn:aws:iam::211125619133:policy/list-song-charts-policy",
            "role": "spotify-list-song-charts-lambda-exec-role"
          },
          "sensitive_attributes": [],
          "identity_schema_version": 0,
          "private": "bnVsbA==",
          "dependencies": [
            "aws_iam_policy.list_song_charts_policy",
            "module.list_song_charts_lambda.aws_iam_role.execution_role",
            "module.song_chart_history_bucket.aws_s3_bucket.s3"
          ]
        }
      ]
    },
    {
      "mode": "managed",
      "type": "aws_iam_role_policy_attachment",
      "name": "listening_history_ingestor_attach",
      "provider": "provider[\"registry.terraform.io/hashicorp/aws\"]",
      "instances": [
        {
          "schema_version": 0,
          "attributes": {
            "id": "spotify-listening-history-ingestor-lambda-exec-role-20250908221107870000000001",
            "policy_arn": "arn:aws:iam::211125619133:policy/listening-history-ingestor-policy",
            "role": "spotify-listening-history-ingestor-lambda-exec-role"
          },
          "sensitive_attributes": [],
          "identity_schema_version": 0,
          "private": "bnVsbA==",
          "dependencies": [
            "aws_iam_policy.listening_history_ingestor_policy",
            "module.listening_history_ingestor_lambda.aws_iam_role.execution_role",
            "module.listening_history_table.aws_dynamodb_table.table",
            "module.status_timestamps_table.aws_dynamodb_table.table"
          ]
        }
      ]
    },
    {
      "mode": "managed",
      "type": "aws_iam_role_policy_attachment",
      "name": "song_chart_playlist_generator_attach",
      "provider": "provider[\"registry.terraform.io/hashicorp/aws\"]",
      "instances": [
        {
          "schema_version": 0,
          "attributes": {
            "id": "spotify-song-chart-playlist-generator-lambda-exec-role-20250910174428696100000002",
            "policy_arn": "arn:aws:iam::211125619133:policy/song-chart-playlist-generator-policy",
            "role": "spotify-song-chart-playlist-generator-lambda-exec-role"
          },
          "sensitive_attributes": [],
          "identity_schema_version": 0,
          "private": "bnVsbA==",
          "dependencies": [
            "aws_iam_policy.song_chart_playlist_generator_policy",
            "module.song_chart_history_bucket.aws_s3_bucket.s3",
            "module.song_chart_playlist_generator_lambda.aws_iam_role.execution_role"
          ]
        }
      ]
    },
    {
      "mode": "managed",
      "type": "aws_lambda_permission",
      "name": "allow_eventbridge",
      "provider": "provider[\"registry.terraform.io/hashicorp/aws\"]",
      "instances": [
        {
          "schema_version": 0,
          "attributes": {
            "action": "lambda:InvokeFunction",
            "event_source_token": null,
            "function_name": "spotify-listening-history-ingestor-lambda",
            "function_url_auth_type": null,
            "id": "AllowEventBridgeInvoke",
            "principal": "events.amazonaws.com",
            "principal_org_id": null,
            "qualifier": "",
            "source_account": null,
            "source_arn": "arn:aws:events:us-west-1:211125619133:rule/listening-history-ingestor-trigger",
            "statement_id": "AllowEventBridgeInvoke",
            "statement_id_prefix": ""
          },
          "sensitive_attributes": [],
          "identity_schema_version": 0,
          "private": "bnVsbA==",
          "dependencies": [
            "aws_cloudwatch_event_rule.listening_history_ingestor_trigger",
            "data.aws_caller_identity.current",
            "data.aws_secretsmanager_secret_version.spotify_api_secrets",
            "module.listening_history_ingestor_lambda.aws_iam_role.execution_role",
            "module.listening_history_ingestor_lambda.aws_lambda_function.function",
            "module.listening_history_ingestor_lambda.aws_s3_object.s3_upload",
            "module.listening_history_ingestor_lambda.data.archive_file.zip",
            "module.listening_history_table.aws_dynamodb_table.table",
            "module.shared_lambda_layer.aws_lambda_layer_version.version",
            "module.shared_lambda_layer.aws_s3_object.s3_upload",
            "module.shared_lambda_layer.data.archive_file.zip",
            "module.status_timestamps_table.aws_dynamodb_table.table"
          ]
        }
      ]
    },
    {
      "module": "module.browser_lambda_layer",
      "mode": "managed",
      "type": "aws_lambda_layer_version",
      "name": "version",
      "provider": "provider[\"registry.terraform.io/hashicorp/aws\"]",
      "instances": [
        {
          "schema_version": 0,
          "attributes": {
            "arn": "arn:aws:lambda:us-west-1:211125619133:layer:spotify-browser-layer:6",
            "code_sha256": "lfedP2jd+n0iwscjorELeOkV6Olpd5iG8S7XmfN2F38=",
            "compatible_architectures": [
              "arm64",
              "x86_64"
            ],
            "compatible_runtimes": [
              "nodejs20.x"
            ],
            "created_date": "2025-09-10T07:43:11.047+0000",
            "description": "Utilities and dependencies for browser lambda",
            "filename": "./../backend/build/layers/browser_layer.zip",
            "id": "arn:aws:lambda:us-west-1:211125619133:layer:spotify-browser-layer:6",
            "layer_arn": "arn:aws:lambda:us-west-1:211125619133:layer:spotify-browser-layer",
            "layer_name": "spotify-browser-layer",
            "license_info": "",
            "s3_bucket": null,
            "s3_key": null,
            "s3_object_version": null,
            "signing_job_arn": "",
            "signing_profile_version_arn": "",
            "skip_destroy": false,
            "source_code_hash": "lfedP2jd+n0iwscjorELeOkV6Olpd5iG8S7XmfN2F38=",
            "source_code_size": 4509050,
            "version": "6"
          },
          "sensitive_attributes": [],
          "identity_schema_version": 0,
          "private": "bnVsbA==",
          "dependencies": [
            "module.browser_lambda_layer.aws_s3_object.s3_upload",
            "module.browser_lambda_layer.data.archive_file.zip"
          ]
        }
      ]
    },
    {
      "module": "module.chart_generator_lambda",
      "mode": "data",
      "type": "archive_file",
      "name": "zip",
      "provider": "provider[\"registry.terraform.io/hashicorp/archive\"]",
      "instances": [
        {
          "index_key": 0,
          "schema_version": 0,
          "attributes": {
            "exclude_symlink_directories": null,
            "excludes": [
              "*.zip"
            ],
            "id": "7673f081aaacd88e6de67122e65010d2c639b137",
            "output_base64sha256": "RFXH+ZsNEU827uhS4MOTQLdZ1Y9IIwKIPXB1185OQXM=",
            "output_base64sha512": "FcK6XVNx7BMPKOTLQY/+speSUTMnMm5n1Yod8J9eIheX8HBTm9iUXl7Qixz9Y1s4ctNNeMCOvt2MNTVanlUq0A==",
            "output_file_mode": null,
            "output_md5": "2ac3966ac41d902831c1b0a4d7204be2",
            "output_path": "./../backend/build/chart_generator/chart_generator.zip",
            "output_sha": "7673f081aaacd88e6de67122e65010d2c639b137",
            "output_sha256": "4455c7f99b0d114f36eee852e0c39340b759d58f482302883d7075d7ce4e4173",
            "output_sha512": "15c2ba5d5371ec130f28e4cb418ffeb29792513327326e67d58a1df09f5e221797f070539bd8945e5ed08b1cfd635b3872d34d78c08ebedd8c35355a9e552ad0",
            "output_size": 13735,
            "source": [],
            "source_content": null,
            "source_content_filename": null,
            "source_dir": "./../backend/dist/chart_generator",
            "source_file": null,
            "type": "zip"
          },
          "sensitive_attributes": [],
          "identity_schema_version": 0
        }
      ]
    },
    {
      "module": "module.chart_generator_lambda",
      "mode": "managed",
      "type": "aws_cloudwatch_log_group",
      "name": "lambda_log_group",
      "provider": "provider[\"registry.terraform.io/hashicorp/aws\"]",
      "instances": [
        {
          "schema_version": 0,
          "attributes": {
            "arn": "arn:aws:logs:us-west-1:211125619133:log-group:/aws/lambda/spotify-chart-generator-lambda",
            "id": "/aws/lambda/spotify-chart-generator-lambda",
            "kms_key_id": "",
            "log_group_class": "STANDARD",
            "name": "/aws/lambda/spotify-chart-generator-lambda",
            "name_prefix": "",
            "retention_in_days": 7,
            "skip_destroy": false,
            "tags": {
              "Developer": "Jeremy Quinto",
              "Environment": "spotify",
              "Name": "spotify-chart-generator-lambda",
              "Namespace": "jeremy",
              "Owner": "Jeremy Quinto",
              "Project": "spotify-project",
              "Stage": "spotify"
            },
            "tags_all": {
              "Developer": "Jeremy Quinto",
              "Environment": "spotify",
              "Name": "spotify-chart-generator-lambda",
              "Namespace": "jeremy",
              "Owner": "Jeremy Quinto",
              "Project": "spotify-project",
              "Stage": "spotify"
            }
          },
          "sensitive_attributes": [],
          "identity_schema_version": 0,
          "private": "bnVsbA=="
        }
      ]
    },
    {
      "module": "module.chart_generator_lambda",
      "mode": "managed",
      "type": "aws_iam_role",
      "name": "execution_role",
      "provider": "provider[\"registry.terraform.io/hashicorp/aws\"]",
      "instances": [
        {
          "schema_version": 0,
          "attributes": {
            "arn": "arn:aws:iam::211125619133:role/spotify-chart-generator-lambda-exec-role",
            "assume_role_policy": "{\"Statement\":[{\"Action\":\"sts:AssumeRole\",\"Effect\":\"Allow\",\"Principal\":{\"Service\":\"lambda.amazonaws.com\"}}],\"Version\":\"2012-10-17\"}",
            "create_date": "2025-09-08T23:35:01Z",
            "description": "Execution role for Lambda function spotify-chart-generator-lambda",
            "force_detach_policies": false,
            "id": "spotify-chart-generator-lambda-exec-role",
            "inline_policy": [],
            "managed_policy_arns": [
              "arn:aws:iam::211125619133:policy/chart-generator-policy",
              "arn:aws:iam::aws:policy/service-role/AWSLambdaBasicExecutionRole"
            ],
            "max_session_duration": 3600,
            "name": "spotify-chart-generator-lambda-exec-role",
            "name_prefix": "",
            "path": "/",
            "permissions_boundary": "",
            "tags": {
              "Developer": "Jeremy Quinto",
              "Environment": "spotify",
              "Name": "spotify-chart-generator-lambda-exec-role",
              "Namespace": "jeremy",
              "Owner": "Jeremy Quinto",
              "Project": "spotify-project",
              "Stage": "spotify"
            },
            "tags_all": {
              "Developer": "Jeremy Quinto",
              "Environment": "spotify",
              "Name": "spotify-chart-generator-lambda-exec-role",
              "Namespace": "jeremy",
              "Owner": "Jeremy Quinto",
              "Project": "spotify-project",
              "Stage": "spotify"
            },
            "unique_id": "AROATCKARJG63VSWSO5OU"
          },
          "sensitive_attributes": [],
          "identity_schema_version": 0,
          "private": "bnVsbA=="
        }
      ]
    },
    {
      "module": "module.chart_generator_lambda",
      "mode": "managed",
      "type": "aws_iam_role_policy_attachment",
      "name": "lambda_basic_execution_role",
      "provider": "provider[\"registry.terraform.io/hashicorp/aws\"]",
      "instances": [
        {
          "schema_version": 0,
          "attributes": {
            "id": "spotify-chart-generator-lambda-exec-role-20250908233459045800000001",
            "policy_arn": "arn:aws:iam::aws:policy/service-role/AWSLambdaBasicExecutionRole",
            "role": "spotify-chart-generator-lambda-exec-role"
          },
          "sensitive_attributes": [],
          "identity_schema_version": 0,
          "private": "bnVsbA==",
          "dependencies": [
            "module.chart_generator_lambda.aws_iam_role.execution_role"
          ]
        }
      ]
    },
    {
      "module": "module.chart_generator_lambda",
      "mode": "managed",
      "type": "aws_lambda_function",
      "name": "function",
      "provider": "provider[\"registry.terraform.io/hashicorp/aws\"]",
      "instances": [
        {
          "schema_version": 0,
          "attributes": {
            "architectures": [
              "x86_64"
            ],
            "arn": "arn:aws:lambda:us-west-1:211125619133:function:spotify-chart-generator-lambda",
            "code_sha256": "RFXH+ZsNEU827uhS4MOTQLdZ1Y9IIwKIPXB1185OQXM=",
            "code_signing_config_arn": "",
            "dead_letter_config": [],
            "description": "",
            "environment": [
              {
                "variables": {
                  "AWS_ACCOUNT_ID": "211125619133",
                  "ENV": "spotify",
                  "INGESTION_STATUS_TABLE_NAME": "spotify-status-timestamps-table",
                  "LISTENING_HISTORY_TABLE_NAME": "spotify-listening-history",
                  "REGION": "us-west-1",
                  "SONG_CHART_HISTORY_BUCKET_NAME": "jeremy-spotify-song-chart-history-bucket",
                  "SONG_HISTORY_TABLE_NAME": "spotify-song-history"
                }
              }
            ],
            "ephemeral_storage": [
              {
                "size": 512
              }
            ],
            "file_system_config": [],
            "filename": "./../backend/build/chart_generator/chart_generator.zip",
            "function_name": "spotify-chart-generator-lambda",
            "handler": "handler.handler",
            "id": "spotify-chart-generator-lambda",
            "image_config": [],
            "image_uri": "",
            "invoke_arn": "arn:aws:apigateway:us-west-1:lambda:path/2015-03-31/functions/arn:aws:lambda:us-west-1:211125619133:function:spotify-chart-generator-lambda/invocations",
            "kms_key_arn": "",
            "last_modified": "2025-09-10T23:26:33.000+0000",
            "layers": [
              "arn:aws:lambda:us-west-1:211125619133:layer:spotify-sparticuz-layer:2",
              "arn:aws:lambda:us-west-1:211125619133:layer:spotify-browser-layer:6",
              "arn:aws:lambda:us-west-1:211125619133:layer:spotify-shared-layer:12"
            ],
            "logging_config": [
              {
                "application_log_level": "",
                "log_format": "Text",
                "log_group": "/aws/lambda/spotify-chart-generator-lambda",
                "system_log_level": ""
              }
            ],
            "memory_size": 1536,
            "package_type": "Zip",
            "publish": false,
            "qualified_arn": "arn:aws:lambda:us-west-1:211125619133:function:spotify-chart-generator-lambda:$LATEST",
            "qualified_invoke_arn": "arn:aws:apigateway:us-west-1:lambda:path/2015-03-31/functions/arn:aws:lambda:us-west-1:211125619133:function:spotify-chart-generator-lambda:$LATEST/invocations",
            "replace_security_groups_on_destroy": null,
            "replacement_security_group_ids": null,
            "reserved_concurrent_executions": -1,
            "role": "arn:aws:iam::211125619133:role/spotify-chart-generator-lambda-exec-role",
            "runtime": "nodejs20.x",
            "s3_bucket": null,
            "s3_key": null,
            "s3_object_version": null,
            "signing_job_arn": "",
            "signing_profile_version_arn": "",
            "skip_destroy": false,
            "snap_start": [],
            "source_code_hash": "RFXH+ZsNEU827uhS4MOTQLdZ1Y9IIwKIPXB1185OQXM=",
            "source_code_size": 13735,
            "tags": {},
            "tags_all": {},
            "timeout": 60,
            "timeouts": null,
            "tracing_config": [
              {
                "mode": "PassThrough"
              }
            ],
            "version": "$LATEST",
            "vpc_config": []
          },
          "sensitive_attributes": [],
          "identity_schema_version": 0,
          "private": "eyJlMmJmYjczMC1lY2FhLTExZTYtOGY4OC0zNDM2M2JjN2M0YzAiOnsiY3JlYXRlIjo2MDAwMDAwMDAwMDAsImRlbGV0ZSI6NjAwMDAwMDAwMDAwLCJ1cGRhdGUiOjYwMDAwMDAwMDAwMH19",
          "dependencies": [
            "data.aws_caller_identity.current",
            "data.aws_lambda_layer_version.spotify_sparticuz",
            "module.browser_lambda_layer.aws_lambda_layer_version.version",
            "module.browser_lambda_layer.aws_s3_object.s3_upload",
            "module.browser_lambda_layer.data.archive_file.zip",
            "module.chart_generator_lambda.aws_iam_role.execution_role",
            "module.chart_generator_lambda.aws_s3_object.s3_upload",
            "module.chart_generator_lambda.data.archive_file.zip",
            "module.listening_history_table.aws_dynamodb_table.table",
            "module.shared_lambda_layer.aws_lambda_layer_version.version",
            "module.shared_lambda_layer.aws_s3_object.s3_upload",
            "module.shared_lambda_layer.data.archive_file.zip",
            "module.song_chart_history_bucket.aws_s3_bucket.s3",
            "module.song_history_table.aws_dynamodb_table.table",
            "module.status_timestamps_table.aws_dynamodb_table.table"
          ]
        }
      ]
    },
    {
      "module": "module.get_song_chart_lambda",
      "mode": "data",
      "type": "archive_file",
      "name": "zip",
      "provider": "provider[\"registry.terraform.io/hashicorp/archive\"]",
      "instances": [
        {
          "index_key": 0,
          "schema_version": 0,
          "attributes": {
            "exclude_symlink_directories": null,
            "excludes": [
              "*.zip"
            ],
            "id": "1eb70ec2bd2cd90bbd06f0bfb817a3ec3587874d",
            "output_base64sha256": "LBo4u5zAWW3wNh9WkHwWgeNXlOSr5R+arBhAOjoEZC8=",
            "output_base64sha512": "Ukp2lnZs4WjwfQBAzMhw9LXPDBbJojM74dORSx9hxN0s3lg+skZLKL83zl+ydi6nxy01F79X5uAvxmrHFzB4HA==",
            "output_file_mode": null,
            "output_md5": "2aff6f039194faa6c3d2805aa4295d70",
            "output_path": "./../backend/build/api_gateway/get_song_chart/get_song_chart.zip",
            "output_sha": "1eb70ec2bd2cd90bbd06f0bfb817a3ec3587874d",
            "output_sha256": "2c1a38bb9cc0596df0361f56907c1681e35794e4abe51f9aac18403a3a04642f",
            "output_sha512": "524a7696766ce168f07d0040ccc870f4b5cf0c16c9a2333be1d3914b1f61c4dd2cde583eb2464b28bf37ce5fb2762ea7c72d3517bf57e6e02fc66ac71730781c",
            "output_size": 1364,
            "source": [],
            "source_content": null,
            "source_content_filename": null,
            "source_dir": "./../backend/dist/api_gateway/get_song_chart",
            "source_file": null,
            "type": "zip"
          },
          "sensitive_attributes": [],
          "identity_schema_version": 0
        }
      ]
    },
    {
      "module": "module.get_song_chart_lambda",
      "mode": "managed",
      "type": "aws_cloudwatch_log_group",
      "name": "lambda_log_group",
      "provider": "provider[\"registry.terraform.io/hashicorp/aws\"]",
      "instances": [
        {
          "schema_version": 0,
          "attributes": {
            "arn": "arn:aws:logs:us-west-1:211125619133:log-group:/aws/lambda/spotify-get-song-chart-lambda",
            "id": "/aws/lambda/spotify-get-song-chart-lambda",
            "kms_key_id": "",
            "log_group_class": "STANDARD",
            "name": "/aws/lambda/spotify-get-song-chart-lambda",
            "name_prefix": "",
            "retention_in_days": 7,
            "skip_destroy": false,
            "tags": {
              "Developer": "Jeremy Quinto",
              "Environment": "spotify",
              "Name": "spotify-get-song-chart-lambda",
              "Namespace": "jeremy",
              "Owner": "Jeremy Quinto",
              "Project": "spotify-project",
              "Stage": "spotify"
            },
            "tags_all": {
              "Developer": "Jeremy Quinto",
              "Environment": "spotify",
              "Name": "spotify-get-song-chart-lambda",
              "Namespace": "jeremy",
              "Owner": "Jeremy Quinto",
              "Project": "spotify-project",
              "Stage": "spotify"
            }
          },
          "sensitive_attributes": [],
          "identity_schema_version": 0,
          "private": "bnVsbA=="
        }
      ]
    },
    {
      "module": "module.get_song_chart_lambda",
      "mode": "managed",
      "type": "aws_iam_role",
      "name": "execution_role",
      "provider": "provider[\"registry.terraform.io/hashicorp/aws\"]",
      "instances": [
        {
          "schema_version": 0,
          "attributes": {
            "arn": "arn:aws:iam::211125619133:role/spotify-get-song-chart-lambda-exec-role",
            "assume_role_policy": "{\"Statement\":[{\"Action\":\"sts:AssumeRole\",\"Effect\":\"Allow\",\"Principal\":{\"Service\":\"lambda.amazonaws.com\"}}],\"Version\":\"2012-10-17\"}",
            "create_date": "2025-09-09T04:38:33Z",
            "description": "Execution role for Lambda function spotify-get-song-chart-lambda",
            "force_detach_policies": false,
            "id": "spotify-get-song-chart-lambda-exec-role",
            "inline_policy": [],
            "managed_policy_arns": [
              "arn:aws:iam::211125619133:policy/get-song-chart-policy",
              "arn:aws:iam::aws:policy/service-role/AWSLambdaBasicExecutionRole"
            ],
            "max_session_duration": 3600,
            "name": "spotify-get-song-chart-lambda-exec-role",
            "name_prefix": "",
            "path": "/",
            "permissions_boundary": "",
            "tags": {
              "Developer": "Jeremy Quinto",
              "Environment": "spotify",
              "Name": "spotify-get-song-chart-lambda-exec-role",
              "Namespace": "jeremy",
              "Owner": "Jeremy Quinto",
              "Project": "spotify-project",
              "Stage": "spotify"
            },
            "tags_all": {
              "Developer": "Jeremy Quinto",
              "Environment": "spotify",
              "Name": "spotify-get-song-chart-lambda-exec-role",
              "Namespace": "jeremy",
              "Owner": "Jeremy Quinto",
              "Project": "spotify-project",
              "Stage": "spotify"
            },
            "unique_id": "AROATCKARJG6YCKL7UV3U"
          },
          "sensitive_attributes": [],
          "identity_schema_version": 0,
          "private": "bnVsbA==",
          "create_before_destroy": true
        }
      ]
    },
    {
      "module": "module.get_song_chart_lambda",
      "mode": "managed",
      "type": "aws_iam_role_policy_attachment",
      "name": "lambda_basic_execution_role",
      "provider": "provider[\"registry.terraform.io/hashicorp/aws\"]",
      "instances": [
        {
          "schema_version": 0,
          "attributes": {
            "id": "spotify-get-song-chart-lambda-exec-role-20250909043833714700000001",
            "policy_arn": "arn:aws:iam::aws:policy/service-role/AWSLambdaBasicExecutionRole",
            "role": "spotify-get-song-chart-lambda-exec-role"
          },
          "sensitive_attributes": [],
          "identity_schema_version": 0,
          "private": "bnVsbA==",
          "dependencies": [
            "module.get_song_chart_lambda.aws_iam_role.execution_role"
          ]
        }
      ]
    },
    {
      "module": "module.get_song_chart_lambda",
      "mode": "managed",
      "type": "aws_lambda_function",
      "name": "function",
      "provider": "provider[\"registry.terraform.io/hashicorp/aws\"]",
      "instances": [
        {
          "schema_version": 0,
          "attributes": {
            "architectures": [
              "x86_64"
            ],
            "arn": "arn:aws:lambda:us-west-1:211125619133:function:spotify-get-song-chart-lambda",
            "code_sha256": "LBo4u5zAWW3wNh9WkHwWgeNXlOSr5R+arBhAOjoEZC8=",
            "code_signing_config_arn": "",
            "dead_letter_config": [],
            "description": "",
            "environment": [
              {
                "variables": {
                  "AWS_ACCOUNT_ID": "211125619133",
                  "ENV": "spotify",
                  "REGION": "us-west-1",
                  "SONG_CHART_HISTORY_BUCKET_NAME": "jeremy-spotify-song-chart-history-bucket"
                }
              }
            ],
            "ephemeral_storage": [
              {
                "size": 512
              }
            ],
            "file_system_config": [],
            "filename": "./../backend/build/api_gateway/get_song_chart/get_song_chart.zip",
            "function_name": "spotify-get-song-chart-lambda",
            "handler": "handler.handler",
            "id": "spotify-get-song-chart-lambda",
            "image_config": [],
            "image_uri": "",
            "invoke_arn": "arn:aws:apigateway:us-west-1:lambda:path/2015-03-31/functions/arn:aws:lambda:us-west-1:211125619133:function:spotify-get-song-chart-lambda/invocations",
            "kms_key_arn": "",
            "last_modified": "2025-09-10T07:43:04.000+0000",
            "layers": [
              "arn:aws:lambda:us-west-1:211125619133:layer:spotify-shared-layer:12"
            ],
            "logging_config": [
              {
                "application_log_level": "",
                "log_format": "Text",
                "log_group": "/aws/lambda/spotify-get-song-chart-lambda",
                "system_log_level": ""
              }
            ],
            "memory_size": 256,
            "package_type": "Zip",
            "publish": false,
            "qualified_arn": "arn:aws:lambda:us-west-1:211125619133:function:spotify-get-song-chart-lambda:$LATEST",
            "qualified_invoke_arn": "arn:aws:apigateway:us-west-1:lambda:path/2015-03-31/functions/arn:aws:lambda:us-west-1:211125619133:function:spotify-get-song-chart-lambda:$LATEST/invocations",
            "replace_security_groups_on_destroy": null,
            "replacement_security_group_ids": null,
            "reserved_concurrent_executions": -1,
            "role": "arn:aws:iam::211125619133:role/spotify-get-song-chart-lambda-exec-role",
            "runtime": "nodejs20.x",
            "s3_bucket": null,
            "s3_key": null,
            "s3_object_version": null,
            "signing_job_arn": "",
            "signing_profile_version_arn": "",
            "skip_destroy": false,
            "snap_start": [],
            "source_code_hash": "LBo4u5zAWW3wNh9WkHwWgeNXlOSr5R+arBhAOjoEZC8=",
            "source_code_size": 1364,
            "tags": {},
            "tags_all": {},
            "timeout": 60,
            "timeouts": null,
            "tracing_config": [
              {
                "mode": "PassThrough"
              }
            ],
            "version": "$LATEST",
            "vpc_config": []
          },
          "sensitive_attributes": [],
          "identity_schema_version": 0,
          "private": "eyJlMmJmYjczMC1lY2FhLTExZTYtOGY4OC0zNDM2M2JjN2M0YzAiOnsiY3JlYXRlIjo2MDAwMDAwMDAwMDAsImRlbGV0ZSI6NjAwMDAwMDAwMDAwLCJ1cGRhdGUiOjYwMDAwMDAwMDAwMH19",
          "dependencies": [
            "data.aws_caller_identity.current",
            "module.get_song_chart_lambda.aws_iam_role.execution_role",
            "module.get_song_chart_lambda.aws_s3_object.s3_upload",
            "module.get_song_chart_lambda.data.archive_file.zip",
            "module.shared_lambda_layer.aws_lambda_layer_version.version",
            "module.shared_lambda_layer.aws_s3_object.s3_upload",
            "module.shared_lambda_layer.data.archive_file.zip",
            "module.song_chart_history_bucket.aws_s3_bucket.s3"
          ],
          "create_before_destroy": true
        }
      ]
    },
    {
      "module": "module.list_song_charts_lambda",
      "mode": "data",
      "type": "archive_file",
      "name": "zip",
      "provider": "provider[\"registry.terraform.io/hashicorp/archive\"]",
      "instances": [
        {
          "index_key": 0,
          "schema_version": 0,
          "attributes": {
            "exclude_symlink_directories": null,
            "excludes": [
              "*.zip"
            ],
            "id": "453f02f6396cf1e597e942d64a9f3dee11ad07c4",
            "output_base64sha256": "uBa21NcMrrYxHK8C2DWRYFq/ORpFag2rxC9zpWf4Ohc=",
            "output_base64sha512": "tjeUnaB12GDqAnNIXLlVWTyxDf1iBQ/GVOcU22/oLKKYpBpGBHWx43cfXq6aonMO0oNSLpPXLKmLtitFQPpIFw==",
            "output_file_mode": null,
            "output_md5": "29f582a80dc397c229f10c004de53df5",
            "output_path": "./../backend/build/api_gateway/list_song_charts/list_song_charts.zip",
            "output_sha": "453f02f6396cf1e597e942d64a9f3dee11ad07c4",
            "output_sha256": "b816b6d4d70caeb6311caf02d83591605abf391a456a0dabc42f73a567f83a17",
            "output_sha512": "b637949da075d860ea0273485cb955593cb10dfd62050fc654e714db6fe82ca298a41a460475b1e3771f5eae9aa2730ed283522e93d72ca98bb62b4540fa4817",
            "output_size": 3116,
            "source": [],
            "source_content": null,
            "source_content_filename": null,
            "source_dir": "./../backend/dist/api_gateway/list_song_charts",
            "source_file": null,
            "type": "zip"
          },
          "sensitive_attributes": [],
          "identity_schema_version": 0
        }
      ]
    },
    {
      "module": "module.list_song_charts_lambda",
      "mode": "managed",
      "type": "aws_cloudwatch_log_group",
      "name": "lambda_log_group",
      "provider": "provider[\"registry.terraform.io/hashicorp/aws\"]",
      "instances": [
        {
          "schema_version": 0,
          "attributes": {
            "arn": "arn:aws:logs:us-west-1:211125619133:log-group:/aws/lambda/spotify-list-song-charts-lambda",
            "id": "/aws/lambda/spotify-list-song-charts-lambda",
            "kms_key_id": "",
            "log_group_class": "STANDARD",
            "name": "/aws/lambda/spotify-list-song-charts-lambda",
            "name_prefix": "",
            "retention_in_days": 7,
            "skip_destroy": false,
            "tags": {
              "Developer": "Jeremy Quinto",
              "Environment": "spotify",
              "Name": "spotify-list-song-charts-lambda",
              "Namespace": "jeremy",
              "Owner": "Jeremy Quinto",
              "Project": "spotify-project",
              "Stage": "spotify"
            },
            "tags_all": {
              "Developer": "Jeremy Quinto",
              "Environment": "spotify",
              "Name": "spotify-list-song-charts-lambda",
              "Namespace": "jeremy",
              "Owner": "Jeremy Quinto",
              "Project": "spotify-project",
              "Stage": "spotify"
            }
          },
          "sensitive_attributes": [],
          "identity_schema_version": 0,
          "private": "bnVsbA=="
        }
      ]
    },
    {
      "module": "module.list_song_charts_lambda",
      "mode": "managed",
      "type": "aws_iam_role",
      "name": "execution_role",
      "provider": "provider[\"registry.terraform.io/hashicorp/aws\"]",
      "instances": [
        {
          "schema_version": 0,
          "attributes": {
            "arn": "arn:aws:iam::211125619133:role/spotify-list-song-charts-lambda-exec-role",
            "assume_role_policy": "{\"Statement\":[{\"Action\":\"sts:AssumeRole\",\"Effect\":\"Allow\",\"Principal\":{\"Service\":\"lambda.amazonaws.com\"}}],\"Version\":\"2012-10-17\"}",
            "create_date": "2025-09-10T03:29:59Z",
            "description": "Execution role for Lambda function spotify-list-song-charts-lambda",
            "force_detach_policies": false,
            "id": "spotify-list-song-charts-lambda-exec-role",
            "inline_policy": [],
            "managed_policy_arns": [
              "arn:aws:iam::211125619133:policy/list-song-charts-policy",
              "arn:aws:iam::aws:policy/service-role/AWSLambdaBasicExecutionRole"
            ],
            "max_session_duration": 3600,
            "name": "spotify-list-song-charts-lambda-exec-role",
            "name_prefix": "",
            "path": "/",
            "permissions_boundary": "",
            "tags": {
              "Developer": "Jeremy Quinto",
              "Environment": "spotify",
              "Name": "spotify-list-song-charts-lambda-exec-role",
              "Namespace": "jeremy",
              "Owner": "Jeremy Quinto",
              "Project": "spotify-project",
              "Stage": "spotify"
            },
            "tags_all": {
              "Developer": "Jeremy Quinto",
              "Environment": "spotify",
              "Name": "spotify-list-song-charts-lambda-exec-role",
              "Namespace": "jeremy",
              "Owner": "Jeremy Quinto",
              "Project": "spotify-project",
              "Stage": "spotify"
            },
            "unique_id": "AROATCKARJG6524MXKGLQ"
          },
          "sensitive_attributes": [],
          "identity_schema_version": 0,
          "private": "bnVsbA==",
          "create_before_destroy": true
        }
      ]
    },
    {
      "module": "module.list_song_charts_lambda",
      "mode": "managed",
      "type": "aws_iam_role_policy_attachment",
      "name": "lambda_basic_execution_role",
      "provider": "provider[\"registry.terraform.io/hashicorp/aws\"]",
      "instances": [
        {
          "schema_version": 0,
          "attributes": {
            "id": "spotify-list-song-charts-lambda-exec-role-20250910032959770200000001",
            "policy_arn": "arn:aws:iam::aws:policy/service-role/AWSLambdaBasicExecutionRole",
            "role": "spotify-list-song-charts-lambda-exec-role"
          },
          "sensitive_attributes": [],
          "identity_schema_version": 0,
          "private": "bnVsbA==",
          "dependencies": [
            "module.list_song_charts_lambda.aws_iam_role.execution_role"
          ]
        }
      ]
    },
    {
      "module": "module.list_song_charts_lambda",
      "mode": "managed",
      "type": "aws_lambda_function",
      "name": "function",
      "provider": "provider[\"registry.terraform.io/hashicorp/aws\"]",
      "instances": [
        {
          "schema_version": 0,
          "attributes": {
            "architectures": [
              "x86_64"
            ],
            "arn": "arn:aws:lambda:us-west-1:211125619133:function:spotify-list-song-charts-lambda",
            "code_sha256": "uBa21NcMrrYxHK8C2DWRYFq/ORpFag2rxC9zpWf4Ohc=",
            "code_signing_config_arn": "",
            "dead_letter_config": [],
            "description": "",
            "environment": [
              {
                "variables": {
                  "AWS_ACCOUNT_ID": "211125619133",
                  "ENV": "spotify",
                  "REGION": "us-west-1",
                  "SONG_CHART_HISTORY_BUCKET_NAME": "jeremy-spotify-song-chart-history-bucket"
                }
              }
            ],
            "ephemeral_storage": [
              {
                "size": 512
              }
            ],
            "file_system_config": [],
            "filename": "./../backend/build/api_gateway/list_song_charts/list_song_charts.zip",
            "function_name": "spotify-list-song-charts-lambda",
            "handler": "handler.handler",
            "id": "spotify-list-song-charts-lambda",
            "image_config": [],
            "image_uri": "",
            "invoke_arn": "arn:aws:apigateway:us-west-1:lambda:path/2015-03-31/functions/arn:aws:lambda:us-west-1:211125619133:function:spotify-list-song-charts-lambda/invocations",
            "kms_key_arn": "",
            "last_modified": "2025-09-10T07:43:04.000+0000",
            "layers": [
              "arn:aws:lambda:us-west-1:211125619133:layer:spotify-shared-layer:12"
            ],
            "logging_config": [
              {
                "application_log_level": "",
                "log_format": "Text",
                "log_group": "/aws/lambda/spotify-list-song-charts-lambda",
                "system_log_level": ""
              }
            ],
            "memory_size": 256,
            "package_type": "Zip",
            "publish": false,
            "qualified_arn": "arn:aws:lambda:us-west-1:211125619133:function:spotify-list-song-charts-lambda:$LATEST",
            "qualified_invoke_arn": "arn:aws:apigateway:us-west-1:lambda:path/2015-03-31/functions/arn:aws:lambda:us-west-1:211125619133:function:spotify-list-song-charts-lambda:$LATEST/invocations",
            "replace_security_groups_on_destroy": null,
            "replacement_security_group_ids": null,
            "reserved_concurrent_executions": -1,
            "role": "arn:aws:iam::211125619133:role/spotify-list-song-charts-lambda-exec-role",
            "runtime": "nodejs20.x",
            "s3_bucket": null,
            "s3_key": null,
            "s3_object_version": null,
            "signing_job_arn": "",
            "signing_profile_version_arn": "",
            "skip_destroy": false,
            "snap_start": [],
            "source_code_hash": "uBa21NcMrrYxHK8C2DWRYFq/ORpFag2rxC9zpWf4Ohc=",
            "source_code_size": 3116,
            "tags": {},
            "tags_all": {},
            "timeout": 60,
            "timeouts": null,
            "tracing_config": [
              {
                "mode": "PassThrough"
              }
            ],
            "version": "$LATEST",
            "vpc_config": []
          },
          "sensitive_attributes": [],
          "identity_schema_version": 0,
          "private": "eyJlMmJmYjczMC1lY2FhLTExZTYtOGY4OC0zNDM2M2JjN2M0YzAiOnsiY3JlYXRlIjo2MDAwMDAwMDAwMDAsImRlbGV0ZSI6NjAwMDAwMDAwMDAwLCJ1cGRhdGUiOjYwMDAwMDAwMDAwMH19",
          "dependencies": [
            "data.aws_caller_identity.current",
            "module.list_song_charts_lambda.aws_iam_role.execution_role",
            "module.list_song_charts_lambda.aws_s3_object.s3_upload",
            "module.list_song_charts_lambda.data.archive_file.zip",
            "module.shared_lambda_layer.aws_lambda_layer_version.version",
            "module.shared_lambda_layer.aws_s3_object.s3_upload",
            "module.shared_lambda_layer.data.archive_file.zip",
            "module.song_chart_history_bucket.aws_s3_bucket.s3"
          ],
          "create_before_destroy": true
        }
      ]
    },
    {
      "module": "module.listening_history_ingestor_lambda",
      "mode": "data",
      "type": "archive_file",
      "name": "zip",
      "provider": "provider[\"registry.terraform.io/hashicorp/archive\"]",
      "instances": [
        {
          "index_key": 0,
          "schema_version": 0,
          "attributes": {
            "exclude_symlink_directories": null,
            "excludes": [
              "*.zip"
            ],
            "id": "c93d7cb88a3509304445c4e505dc18126f1dd07a",
            "output_base64sha256": "Ql+Zw4ELMWR8y4WVdewd7DqHth7pDpruUM7FYEaxJcY=",
            "output_base64sha512": "kIk72Yt2x8SvBmKu2wyBfxA/Loh+2qHYieIy7RUYtotQL8/WQP0N36eKlNxQnMyt1xjxI7IPfWq3nfRvicCrCg==",
            "output_file_mode": null,
            "output_md5": "00248353b270b210078581d129b40a5f",
            "output_path": "./../backend/build/listening_history_ingestor/listening_history_ingestor.zip",
            "output_sha": "c93d7cb88a3509304445c4e505dc18126f1dd07a",
            "output_sha256": "425f99c3810b31647ccb859575ec1dec3a87b61ee90e9aee50cec56046b125c6",
            "output_sha512": "90893bd98b76c7c4af0662aedb0c817f103f2e887edaa1d889e232ed1518b68b502fcfd640fd0ddfa78a94dc509cccadd718f123b20f7d6ab79df46f89c0ab0a",
            "output_size": 5210,
            "source": [],
            "source_content": null,
            "source_content_filename": null,
            "source_dir": "./../backend/dist/listening_history_ingestor",
            "source_file": null,
            "type": "zip"
          },
          "sensitive_attributes": [],
          "identity_schema_version": 0
        }
      ]
    },
    {
      "module": "module.listening_history_ingestor_lambda",
      "mode": "managed",
      "type": "aws_cloudwatch_log_group",
      "name": "lambda_log_group",
      "provider": "provider[\"registry.terraform.io/hashicorp/aws\"]",
      "instances": [
        {
          "schema_version": 0,
          "attributes": {
            "arn": "arn:aws:logs:us-west-1:211125619133:log-group:/aws/lambda/spotify-listening-history-ingestor-lambda",
            "id": "/aws/lambda/spotify-listening-history-ingestor-lambda",
            "kms_key_id": "",
            "log_group_class": "STANDARD",
            "name": "/aws/lambda/spotify-listening-history-ingestor-lambda",
            "name_prefix": "",
            "retention_in_days": 7,
            "skip_destroy": false,
            "tags": {
              "Developer": "Jeremy Quinto",
              "Environment": "spotify",
              "Name": "spotify-listening-history-ingestor-lambda",
              "Namespace": "jeremy",
              "Owner": "Jeremy Quinto",
              "Project": "spotify-project",
              "Stage": "spotify"
            },
            "tags_all": {
              "Developer": "Jeremy Quinto",
              "Environment": "spotify",
              "Name": "spotify-listening-history-ingestor-lambda",
              "Namespace": "jeremy",
              "Owner": "Jeremy Quinto",
              "Project": "spotify-project",
              "Stage": "spotify"
            }
          },
          "sensitive_attributes": [],
          "identity_schema_version": 0,
          "private": "bnVsbA=="
        }
      ]
    },
    {
      "module": "module.listening_history_ingestor_lambda",
      "mode": "managed",
      "type": "aws_iam_role",
      "name": "execution_role",
      "provider": "provider[\"registry.terraform.io/hashicorp/aws\"]",
      "instances": [
        {
          "schema_version": 0,
          "attributes": {
            "arn": "arn:aws:iam::211125619133:role/spotify-listening-history-ingestor-lambda-exec-role",
            "assume_role_policy": "{\"Statement\":[{\"Action\":\"sts:AssumeRole\",\"Effect\":\"Allow\",\"Principal\":{\"Service\":\"lambda.amazonaws.com\"}}],\"Version\":\"2012-10-17\"}",
            "create_date": "2025-09-08T22:06:34Z",
            "description": "Execution role for Lambda function spotify-listening-history-ingestor-lambda",
            "force_detach_policies": false,
            "id": "spotify-listening-history-ingestor-lambda-exec-role",
            "inline_policy": [],
            "managed_policy_arns": [
              "arn:aws:iam::211125619133:policy/listening-history-ingestor-policy",
              "arn:aws:iam::aws:policy/service-role/AWSLambdaBasicExecutionRole"
            ],
            "max_session_duration": 3600,
            "name": "spotify-listening-history-ingestor-lambda-exec-role",
            "name_prefix": "",
            "path": "/",
            "permissions_boundary": "",
            "tags": {
              "Developer": "Jeremy Quinto",
              "Environment": "spotify",
              "Name": "spotify-listening-history-ingestor-lambda-exec-role",
              "Namespace": "jeremy",
              "Owner": "Jeremy Quinto",
              "Project": "spotify-project",
              "Stage": "spotify"
            },
            "tags_all": {
              "Developer": "Jeremy Quinto",
              "Environment": "spotify",
              "Name": "spotify-listening-history-ingestor-lambda-exec-role",
              "Namespace": "jeremy",
              "Owner": "Jeremy Quinto",
              "Project": "spotify-project",
              "Stage": "spotify"
            },
            "unique_id": "AROATCKARJG6TB2FVN3LI"
          },
          "sensitive_attributes": [],
          "identity_schema_version": 0,
          "private": "bnVsbA=="
        }
      ]
    },
    {
      "module": "module.listening_history_ingestor_lambda",
      "mode": "managed",
      "type": "aws_iam_role_policy_attachment",
      "name": "lambda_basic_execution_role",
      "provider": "provider[\"registry.terraform.io/hashicorp/aws\"]",
      "instances": [
        {
          "schema_version": 0,
          "attributes": {
            "id": "spotify-listening-history-ingestor-lambda-exec-role-20250908220632122300000001",
            "policy_arn": "arn:aws:iam::aws:policy/service-role/AWSLambdaBasicExecutionRole",
            "role": "spotify-listening-history-ingestor-lambda-exec-role"
          },
          "sensitive_attributes": [],
          "identity_schema_version": 0,
          "private": "bnVsbA==",
          "dependencies": [
            "module.listening_history_ingestor_lambda.aws_iam_role.execution_role"
          ]
        }
      ]
    },
    {
      "module": "module.listening_history_ingestor_lambda",
      "mode": "managed",
      "type": "aws_lambda_function",
      "name": "function",
      "provider": "provider[\"registry.terraform.io/hashicorp/aws\"]",
      "instances": [
        {
          "schema_version": 0,
          "attributes": {
            "architectures": [
              "x86_64"
            ],
            "arn": "arn:aws:lambda:us-west-1:211125619133:function:spotify-listening-history-ingestor-lambda",
            "code_sha256": "Ql+Zw4ELMWR8y4WVdewd7DqHth7pDpruUM7FYEaxJcY=",
            "code_signing_config_arn": "",
            "dead_letter_config": [],
            "description": "",
            "environment": [
              {
                "variables": {
                  "AWS_ACCOUNT_ID": "211125619133",
                  "ENV": "spotify",
                  "INGESTION_STATUS_TABLE_NAME": "spotify-status-timestamps-table",
                  "LISTENING_HISTORY_TABLE_NAME": "spotify-listening-history",
                  "REGION": "us-west-1",
                  "SPOTIFY_CLIENT_ID": "ca1cd64416c445398c7c7e0db471dd68",
                  "SPOTIFY_CLIENT_SECRET": "2f4a918c35b74acd9fcea703d297833e",
                  "SPOTIFY_REFRESH_TOKEN": "AQDwoiwvS0wqIbE7QZZMvOf0Vy4GOxrP20TEwR58dSPGBVd04erRQlzrtrGQ15X9lYiGnOhyszWwP_xMu4Oa4lCELQDZYTdH1EYSrB-R6frh7cgSYdxKeZ4Vdrge9rJIehc"
                }
              }
            ],
            "ephemeral_storage": [
              {
                "size": 512
              }
            ],
            "file_system_config": [],
            "filename": "./../backend/build/listening_history_ingestor/listening_history_ingestor.zip",
            "function_name": "spotify-listening-history-ingestor-lambda",
            "handler": "handler.handler",
            "id": "spotify-listening-history-ingestor-lambda",
            "image_config": [],
            "image_uri": "",
            "invoke_arn": "arn:aws:apigateway:us-west-1:lambda:path/2015-03-31/functions/arn:aws:lambda:us-west-1:211125619133:function:spotify-listening-history-ingestor-lambda/invocations",
            "kms_key_arn": "",
            "last_modified": "2025-09-10T21:25:22.000+0000",
            "layers": [
              "arn:aws:lambda:us-west-1:211125619133:layer:spotify-shared-layer:12"
            ],
            "logging_config": [
              {
                "application_log_level": "",
                "log_format": "Text",
                "log_group": "/aws/lambda/spotify-listening-history-ingestor-lambda",
                "system_log_level": ""
              }
            ],
            "memory_size": 256,
            "package_type": "Zip",
            "publish": false,
            "qualified_arn": "arn:aws:lambda:us-west-1:211125619133:function:spotify-listening-history-ingestor-lambda:$LATEST",
            "qualified_invoke_arn": "arn:aws:apigateway:us-west-1:lambda:path/2015-03-31/functions/arn:aws:lambda:us-west-1:211125619133:function:spotify-listening-history-ingestor-lambda:$LATEST/invocations",
            "replace_security_groups_on_destroy": null,
            "replacement_security_group_ids": null,
            "reserved_concurrent_executions": -1,
            "role": "arn:aws:iam::211125619133:role/spotify-listening-history-ingestor-lambda-exec-role",
            "runtime": "nodejs20.x",
            "s3_bucket": null,
            "s3_key": null,
            "s3_object_version": null,
            "signing_job_arn": "",
            "signing_profile_version_arn": "",
            "skip_destroy": false,
            "snap_start": [],
            "source_code_hash": "Ql+Zw4ELMWR8y4WVdewd7DqHth7pDpruUM7FYEaxJcY=",
            "source_code_size": 5210,
            "tags": {},
            "tags_all": {},
            "timeout": 60,
            "timeouts": null,
            "tracing_config": [
              {
                "mode": "PassThrough"
              }
            ],
            "version": "$LATEST",
            "vpc_config": []
          },
          "sensitive_attributes": [
            [
              {
                "type": "get_attr",
                "value": "environment"
              },
              {
                "type": "index",
                "value": {
                  "value": 0,
                  "type": "number"
                }
              },
              {
                "type": "get_attr",
                "value": "variables"
              },
              {
                "type": "index",
                "value": {
                  "value": "SPOTIFY_CLIENT_ID",
                  "type": "string"
                }
              }
            ],
            [
              {
                "type": "get_attr",
                "value": "environment"
              },
              {
                "type": "index",
                "value": {
                  "value": 0,
                  "type": "number"
                }
              },
              {
                "type": "get_attr",
                "value": "variables"
              },
              {
                "type": "index",
                "value": {
                  "value": "SPOTIFY_CLIENT_SECRET",
                  "type": "string"
                }
              }
            ],
            [
              {
                "type": "get_attr",
                "value": "environment"
              },
              {
                "type": "index",
                "value": {
                  "value": 0,
                  "type": "number"
                }
              },
              {
                "type": "get_attr",
                "value": "variables"
              },
              {
                "type": "index",
                "value": {
                  "value": "SPOTIFY_REFRESH_TOKEN",
                  "type": "string"
                }
              }
            ]
          ],
          "identity_schema_version": 0,
          "private": "eyJlMmJmYjczMC1lY2FhLTExZTYtOGY4OC0zNDM2M2JjN2M0YzAiOnsiY3JlYXRlIjo2MDAwMDAwMDAwMDAsImRlbGV0ZSI6NjAwMDAwMDAwMDAwLCJ1cGRhdGUiOjYwMDAwMDAwMDAwMH19",
          "dependencies": [
            "data.aws_caller_identity.current",
            "data.aws_secretsmanager_secret_version.spotify_api_secrets",
            "module.listening_history_ingestor_lambda.aws_iam_role.execution_role",
            "module.listening_history_ingestor_lambda.aws_s3_object.s3_upload",
            "module.listening_history_ingestor_lambda.data.archive_file.zip",
            "module.listening_history_table.aws_dynamodb_table.table",
            "module.shared_lambda_layer.aws_lambda_layer_version.version",
            "module.shared_lambda_layer.aws_s3_object.s3_upload",
            "module.shared_lambda_layer.data.archive_file.zip",
            "module.status_timestamps_table.aws_dynamodb_table.table"
          ]
        }
      ]
    },
    {
      "module": "module.listening_history_table",
      "mode": "managed",
      "type": "aws_dynamodb_table",
      "name": "table",
      "provider": "provider[\"registry.terraform.io/hashicorp/aws\"]",
      "instances": [
        {
          "schema_version": 1,
          "attributes": {
            "arn": "arn:aws:dynamodb:us-west-1:211125619133:table/spotify-listening-history",
            "attribute": [
              {
                "name": "timestamp",
                "type": "S"
              },
              {
                "name": "user_id",
                "type": "S"
              }
            ],
            "billing_mode": "PAY_PER_REQUEST",
            "deletion_protection_enabled": false,
            "global_secondary_index": [],
            "hash_key": "user_id",
            "id": "spotify-listening-history",
            "import_table": [],
            "local_secondary_index": [],
            "name": "spotify-listening-history",
            "on_demand_throughput": [],
            "point_in_time_recovery": [
              {
                "enabled": false
              }
            ],
            "range_key": "timestamp",
            "read_capacity": 0,
            "replica": [],
            "restore_date_time": null,
            "restore_source_name": null,
            "restore_source_table_arn": null,
            "restore_to_latest_time": null,
            "server_side_encryption": [],
            "stream_arn": "",
            "stream_enabled": false,
            "stream_label": "",
            "stream_view_type": "",
            "table_class": "STANDARD",
            "tags": {
              "Developer": "Jeremy Quinto",
              "Environment": "spotify",
              "Name": "spotify-listening-history",
              "Namespace": "jeremy",
              "Owner": "Jeremy Quinto",
              "Project": "spotify-project",
              "Stage": "spotify"
            },
            "tags_all": {
              "Developer": "Jeremy Quinto",
              "Environment": "spotify",
              "Name": "spotify-listening-history",
              "Namespace": "jeremy",
              "Owner": "Jeremy Quinto",
              "Project": "spotify-project",
              "Stage": "spotify"
            },
            "timeouts": null,
            "ttl": [
              {
                "attribute_name": "",
                "enabled": false
              }
            ],
            "write_capacity": 0
          },
          "sensitive_attributes": [],
          "identity_schema_version": 0,
          "private": "eyJlMmJmYjczMC1lY2FhLTExZTYtOGY4OC0zNDM2M2JjN2M0YzAiOnsiY3JlYXRlIjoxODAwMDAwMDAwMDAwLCJkZWxldGUiOjYwMDAwMDAwMDAwMCwidXBkYXRlIjozNjAwMDAwMDAwMDAwfSwic2NoZW1hX3ZlcnNpb24iOiIxIn0="
        }
      ]
    },
    {
      "module": "module.shared_lambda_layer",
      "mode": "managed",
      "type": "aws_lambda_layer_version",
      "name": "version",
      "provider": "provider[\"registry.terraform.io/hashicorp/aws\"]",
      "instances": [
        {
          "schema_version": 0,
          "attributes": {
            "arn": "arn:aws:lambda:us-west-1:211125619133:layer:spotify-shared-layer:12",
            "code_sha256": "gA+YiRMNJH4aogXiTYwm6qe7vMsuFoeYwapNf1tcLFU=",
            "compatible_architectures": [
              "arm64",
              "x86_64"
            ],
            "compatible_runtimes": [
              "nodejs20.x"
            ],
            "created_date": "2025-09-10T07:43:04.187+0000",
            "description": "Shared utilities and dependencies for all lambdas",
            "filename": "./../backend/build/layers/shared_layer.zip",
            "id": "arn:aws:lambda:us-west-1:211125619133:layer:spotify-shared-layer:12",
            "layer_arn": "arn:aws:lambda:us-west-1:211125619133:layer:spotify-shared-layer",
            "layer_name": "spotify-shared-layer",
            "license_info": "",
            "s3_bucket": null,
            "s3_key": null,
            "s3_object_version": null,
            "signing_job_arn": "",
            "signing_profile_version_arn": "",
            "skip_destroy": false,
            "source_code_hash": "gA+YiRMNJH4aogXiTYwm6qe7vMsuFoeYwapNf1tcLFU=",
            "source_code_size": 13211738,
            "version": "12"
          },
          "sensitive_attributes": [],
          "identity_schema_version": 0,
          "private": "bnVsbA==",
          "dependencies": [
            "module.shared_lambda_layer.aws_s3_object.s3_upload",
            "module.shared_lambda_layer.data.archive_file.zip"
          ],
          "create_before_destroy": true
        }
      ]
    },
    {
      "module": "module.song_chart_history_bucket",
      "mode": "managed",
      "type": "aws_s3_bucket",
      "name": "infrequent_access_bucket",
      "provider": "provider[\"registry.terraform.io/hashicorp/aws\"]",
      "instances": [
        {
          "index_key": 0,
          "schema_version": 0,
          "attributes": {
            "acceleration_status": "",
            "acl": null,
            "arn": "arn:aws:s3:::jeremy-spotify-song-chart-history-bucket-infrequent-access",
            "bucket": "jeremy-spotify-song-chart-history-bucket-infrequent-access",
            "bucket_domain_name": "jeremy-spotify-song-chart-history-bucket-infrequent-access.s3.amazonaws.com",
            "bucket_prefix": "",
            "bucket_regional_domain_name": "jeremy-spotify-song-chart-history-bucket-infrequent-access.s3.us-west-1.amazonaws.com",
            "cors_rule": [],
            "force_destroy": false,
            "grant": [
              {
                "id": "2495daeaf8d6fc71fe2af5778f7f679c28cb48e13a70c13ad693e14b0133a854",
                "permissions": [
                  "FULL_CONTROL"
                ],
                "type": "CanonicalUser",
                "uri": ""
              }
            ],
            "hosted_zone_id": "Z2F56UZL2M1ACD",
            "id": "jeremy-spotify-song-chart-history-bucket-infrequent-access",
            "lifecycle_rule": [],
            "logging": [],
            "object_lock_configuration": [],
            "object_lock_enabled": false,
            "policy": "",
            "region": "us-west-1",
            "replication_configuration": [],
            "request_payer": "BucketOwner",
            "server_side_encryption_configuration": [
              {
                "rule": [
                  {
                    "apply_server_side_encryption_by_default": [
                      {
                        "kms_master_key_id": "",
                        "sse_algorithm": "AES256"
                      }
                    ],
                    "bucket_key_enabled": false
                  }
                ]
              }
            ],
            "tags": {
              "Developer": "Jeremy Quinto",
              "Environment": "spotify",
              "Name": "jeremy-spotify-song-chart-history-bucket",
              "Namespace": "jeremy",
              "Owner": "Jeremy Quinto",
              "Project": "spotify-project",
              "Stage": "spotify"
            },
            "tags_all": {
              "Developer": "Jeremy Quinto",
              "Environment": "spotify",
              "Name": "jeremy-spotify-song-chart-history-bucket",
              "Namespace": "jeremy",
              "Owner": "Jeremy Quinto",
              "Project": "spotify-project",
              "Stage": "spotify"
            },
            "timeouts": null,
            "versioning": [
              {
                "enabled": false,
                "mfa_delete": false
              }
            ],
            "website": [],
            "website_domain": null,
            "website_endpoint": null
          },
          "sensitive_attributes": [],
          "identity_schema_version": 0,
          "private": "eyJlMmJmYjczMC1lY2FhLTExZTYtOGY4OC0zNDM2M2JjN2M0YzAiOnsiY3JlYXRlIjoxMjAwMDAwMDAwMDAwLCJkZWxldGUiOjM2MDAwMDAwMDAwMDAsInJlYWQiOjEyMDAwMDAwMDAwMDAsInVwZGF0ZSI6MTIwMDAwMDAwMDAwMH19"
        }
      ]
    },
    {
      "module": "module.song_chart_history_bucket",
      "mode": "managed",
      "type": "aws_s3_bucket",
      "name": "s3",
      "provider": "provider[\"registry.terraform.io/hashicorp/aws\"]",
      "instances": [
        {
          "schema_version": 0,
          "attributes": {
            "acceleration_status": "",
            "acl": null,
            "arn": "arn:aws:s3:::jeremy-spotify-song-chart-history-bucket",
            "bucket": "jeremy-spotify-song-chart-history-bucket",
            "bucket_domain_name": "jeremy-spotify-song-chart-history-bucket.s3.amazonaws.com",
            "bucket_prefix": "",
            "bucket_regional_domain_name": "jeremy-spotify-song-chart-history-bucket.s3.us-west-1.amazonaws.com",
            "cors_rule": [],
            "force_destroy": true,
            "grant": [
              {
                "id": "2495daeaf8d6fc71fe2af5778f7f679c28cb48e13a70c13ad693e14b0133a854",
                "permissions": [
                  "FULL_CONTROL"
                ],
                "type": "CanonicalUser",
                "uri": ""
              }
            ],
            "hosted_zone_id": "Z2F56UZL2M1ACD",
            "id": "jeremy-spotify-song-chart-history-bucket",
            "lifecycle_rule": [
              {
                "abort_incomplete_multipart_upload_days": 0,
                "enabled": true,
                "expiration": [],
                "id": "charts-to-infrequent-access",
                "noncurrent_version_expiration": [],
                "noncurrent_version_transition": [],
                "prefix": "charts/",
                "tags": {},
                "transition": [
                  {
                    "date": "",
                    "days": 365,
                    "storage_class": "STANDARD_IA"
                  }
                ]
              }
            ],
            "logging": [],
            "object_lock_configuration": [],
            "object_lock_enabled": false,
            "policy": "",
            "region": "us-west-1",
            "replication_configuration": [],
            "request_payer": "BucketOwner",
            "server_side_encryption_configuration": [
              {
                "rule": [
                  {
                    "apply_server_side_encryption_by_default": [
                      {
                        "kms_master_key_id": "",
                        "sse_algorithm": "AES256"
                      }
                    ],
                    "bucket_key_enabled": false
                  }
                ]
              }
            ],
            "tags": {
              "Developer": "Jeremy Quinto",
              "Environment": "spotify",
              "Name": "jeremy-spotify-song-chart-history-bucket",
              "Namespace": "jeremy",
              "Owner": "Jeremy Quinto",
              "Project": "spotify-project",
              "Stage": "spotify"
            },
            "tags_all": {
              "Developer": "Jeremy Quinto",
              "Environment": "spotify",
              "Name": "jeremy-spotify-song-chart-history-bucket",
              "Namespace": "jeremy",
              "Owner": "Jeremy Quinto",
              "Project": "spotify-project",
              "Stage": "spotify"
            },
            "timeouts": null,
            "versioning": [
              {
                "enabled": false,
                "mfa_delete": false
              }
            ],
            "website": [],
            "website_domain": null,
            "website_endpoint": null
          },
          "sensitive_attributes": [],
          "identity_schema_version": 0,
          "private": "eyJlMmJmYjczMC1lY2FhLTExZTYtOGY4OC0zNDM2M2JjN2M0YzAiOnsiY3JlYXRlIjoxMjAwMDAwMDAwMDAwLCJkZWxldGUiOjM2MDAwMDAwMDAwMDAsInJlYWQiOjEyMDAwMDAwMDAwMDAsInVwZGF0ZSI6MTIwMDAwMDAwMDAwMH19",
          "create_before_destroy": true
        }
      ]
    },
    {
      "module": "module.song_chart_history_bucket",
      "mode": "managed",
      "type": "aws_s3_bucket_lifecycle_configuration",
      "name": "lifecycle",
      "provider": "provider[\"registry.terraform.io/hashicorp/aws\"]",
      "instances": [
        {
          "index_key": 0,
          "schema_version": 0,
          "attributes": {
            "bucket": "jeremy-spotify-song-chart-history-bucket",
            "expected_bucket_owner": "",
            "id": "jeremy-spotify-song-chart-history-bucket",
            "rule": [
              {
                "abort_incomplete_multipart_upload": [],
                "expiration": [],
                "filter": [
                  {
                    "and": [],
                    "object_size_greater_than": "",
                    "object_size_less_than": "",
                    "prefix": "charts/",
                    "tag": []
                  }
                ],
                "id": "charts-to-infrequent-access",
                "noncurrent_version_expiration": [],
                "noncurrent_version_transition": [],
                "prefix": "",
                "status": "Enabled",
                "transition": [
                  {
                    "date": "",
                    "days": 365,
                    "storage_class": "STANDARD_IA"
                  }
                ]
              }
            ],
            "timeouts": null,
            "transition_default_minimum_object_size": "all_storage_classes_128K"
          },
          "sensitive_attributes": [],
          "identity_schema_version": 0,
          "private": "eyJlMmJmYjczMC1lY2FhLTExZTYtOGY4OC0zNDM2M2JjN2M0YzAiOnsiY3JlYXRlIjoxODAwMDAwMDAwMDAsInVwZGF0ZSI6MTgwMDAwMDAwMDAwfX0=",
          "dependencies": [
            "module.song_chart_history_bucket.aws_s3_bucket.s3"
          ]
        }
      ]
    },
    {
      "module": "module.song_chart_history_bucket",
      "mode": "managed",
      "type": "aws_s3_bucket_public_access_block",
      "name": "public_access_block",
      "provider": "provider[\"registry.terraform.io/hashicorp/aws\"]",
      "instances": [
        {
          "schema_version": 0,
          "attributes": {
            "block_public_acls": false,
            "block_public_policy": false,
            "bucket": "jeremy-spotify-song-chart-history-bucket",
            "id": "jeremy-spotify-song-chart-history-bucket",
            "ignore_public_acls": false,
            "restrict_public_buckets": false
          },
          "sensitive_attributes": [],
          "identity_schema_version": 0,
          "private": "bnVsbA==",
          "dependencies": [
            "module.song_chart_history_bucket.aws_s3_bucket.s3"
          ]
        }
      ]
    },
    {
      "module": "module.song_chart_playlist_generator_lambda",
      "mode": "data",
      "type": "archive_file",
      "name": "zip",
      "provider": "provider[\"registry.terraform.io/hashicorp/archive\"]",
      "instances": [
        {
          "index_key": 0,
          "schema_version": 0,
          "attributes": {
            "exclude_symlink_directories": null,
            "excludes": [
              "*.zip"
            ],
            "id": "3ec87f8ed7c892913a5ca125adfc0b808b2b11f6",
            "output_base64sha256": "tM9B38WGVO467/TdByC2XbN4qczK6vWlAmbcFWDsDcQ=",
            "output_base64sha512": "XBMRdANadciagOpSlLdn8n8UmzJWMiuSjuhfWyJ80PH/EvBuiDfqWjPpB7D+NMFB1fcTIhWpM+sphzAb2lc3sw==",
            "output_file_mode": null,
            "output_md5": "faef9a10a711457a76032179c890d541",
            "output_path": "./../backend/build/song_chart_playlist_generator/song_chart_playlist_generator.zip",
            "output_sha": "3ec87f8ed7c892913a5ca125adfc0b808b2b11f6",
            "output_sha256": "b4cf41dfc58654ee3aeff4dd0720b65db378a9cccaeaf5a50266dc1560ec0dc4",
            "output_sha512": "5c131174035a75c89a80ea5294b767f27f149b3256322b928ee85f5b227cd0f1ff12f06e8837ea5a33e907b0fe34c141d5f7132215a933eb2987301bda5737b3",
            "output_size": 5480,
            "source": [],
            "source_content": null,
            "source_content_filename": null,
            "source_dir": "./../backend/dist/song_chart_playlist_generator",
            "source_file": null,
            "type": "zip"
          },
          "sensitive_attributes": [],
          "identity_schema_version": 0
        }
      ]
    },
    {
      "module": "module.song_chart_playlist_generator_lambda",
      "mode": "managed",
      "type": "aws_cloudwatch_log_group",
      "name": "lambda_log_group",
      "provider": "provider[\"registry.terraform.io/hashicorp/aws\"]",
      "instances": [
        {
          "schema_version": 0,
          "attributes": {
            "arn": "arn:aws:logs:us-west-1:211125619133:log-group:/aws/lambda/spotify-song-chart-playlist-generator-lambda",
            "id": "/aws/lambda/spotify-song-chart-playlist-generator-lambda",
            "kms_key_id": "",
            "log_group_class": "STANDARD",
            "name": "/aws/lambda/spotify-song-chart-playlist-generator-lambda",
            "name_prefix": "",
            "retention_in_days": 7,
            "skip_destroy": false,
            "tags": {
              "Developer": "Jeremy Quinto",
              "Environment": "spotify",
              "Name": "spotify-song-chart-playlist-generator-lambda",
              "Namespace": "jeremy",
              "Owner": "Jeremy Quinto",
              "Project": "spotify-project",
              "Stage": "spotify"
            },
            "tags_all": {
              "Developer": "Jeremy Quinto",
              "Environment": "spotify",
              "Name": "spotify-song-chart-playlist-generator-lambda",
              "Namespace": "jeremy",
              "Owner": "Jeremy Quinto",
              "Project": "spotify-project",
              "Stage": "spotify"
            }
          },
          "sensitive_attributes": [],
          "identity_schema_version": 0,
          "private": "bnVsbA=="
        }
      ]
    },
    {
      "module": "module.song_chart_playlist_generator_lambda",
      "mode": "managed",
      "type": "aws_iam_role",
      "name": "execution_role",
      "provider": "provider[\"registry.terraform.io/hashicorp/aws\"]",
      "instances": [
        {
          "schema_version": 0,
          "attributes": {
            "arn": "arn:aws:iam::211125619133:role/spotify-song-chart-playlist-generator-lambda-exec-role",
            "assume_role_policy": "{\"Statement\":[{\"Action\":\"sts:AssumeRole\",\"Effect\":\"Allow\",\"Principal\":{\"Service\":\"lambda.amazonaws.com\"}}],\"Version\":\"2012-10-17\"}",
            "create_date": "2025-09-10T17:44:28Z",
            "description": "Execution role for Lambda function spotify-song-chart-playlist-generator-lambda",
            "force_detach_policies": false,
            "id": "spotify-song-chart-playlist-generator-lambda-exec-role",
            "inline_policy": [],
            "managed_policy_arns": [
              "arn:aws:iam::211125619133:policy/song-chart-playlist-generator-policy",
              "arn:aws:iam::aws:policy/service-role/AWSLambdaBasicExecutionRole"
            ],
            "max_session_duration": 3600,
            "name": "spotify-song-chart-playlist-generator-lambda-exec-role",
            "name_prefix": "",
            "path": "/",
            "permissions_boundary": "",
            "tags": {
              "Developer": "Jeremy Quinto",
              "Environment": "spotify",
              "Name": "spotify-song-chart-playlist-generator-lambda-exec-role",
              "Namespace": "jeremy",
              "Owner": "Jeremy Quinto",
              "Project": "spotify-project",
              "Stage": "spotify"
            },
            "tags_all": {
              "Developer": "Jeremy Quinto",
              "Environment": "spotify",
              "Name": "spotify-song-chart-playlist-generator-lambda-exec-role",
              "Namespace": "jeremy",
              "Owner": "Jeremy Quinto",
              "Project": "spotify-project",
              "Stage": "spotify"
            },
            "unique_id": "AROATCKARJG6XJXULQCWB"
          },
          "sensitive_attributes": [],
          "identity_schema_version": 0,
          "private": "bnVsbA=="
        }
      ]
    },
    {
      "module": "module.song_chart_playlist_generator_lambda",
      "mode": "managed",
      "type": "aws_iam_role_policy_attachment",
      "name": "lambda_basic_execution_role",
      "provider": "provider[\"registry.terraform.io/hashicorp/aws\"]",
      "instances": [
        {
          "schema_version": 0,
          "attributes": {
            "id": "spotify-song-chart-playlist-generator-lambda-exec-role-20250910174428692000000001",
            "policy_arn": "arn:aws:iam::aws:policy/service-role/AWSLambdaBasicExecutionRole",
            "role": "spotify-song-chart-playlist-generator-lambda-exec-role"
          },
          "sensitive_attributes": [],
          "identity_schema_version": 0,
          "private": "bnVsbA==",
          "dependencies": [
            "module.song_chart_playlist_generator_lambda.aws_iam_role.execution_role"
          ]
        }
      ]
    },
    {
      "module": "module.song_chart_playlist_generator_lambda",
      "mode": "managed",
      "type": "aws_lambda_function",
      "name": "function",
      "provider": "provider[\"registry.terraform.io/hashicorp/aws\"]",
      "instances": [
        {
          "schema_version": 0,
          "attributes": {
            "architectures": [
              "x86_64"
            ],
            "arn": "arn:aws:lambda:us-west-1:211125619133:function:spotify-song-chart-playlist-generator-lambda",
            "code_sha256": "tM9B38WGVO467/TdByC2XbN4qczK6vWlAmbcFWDsDcQ=",
            "code_signing_config_arn": "",
            "dead_letter_config": [],
            "description": "",
            "environment": [
              {
                "variables": {
                  "AWS_ACCOUNT_ID": "211125619133",
                  "ENV": "spotify",
                  "REGION": "us-west-1",
                  "SONG_CHART_HISTORY_BUCKET_NAME": "jeremy-spotify-song-chart-history-bucket",
                  "SPOTIFY_CLIENT_ID": "ca1cd64416c445398c7c7e0db471dd68",
                  "SPOTIFY_CLIENT_SECRET": "2f4a918c35b74acd9fcea703d297833e",
                  "SPOTIFY_REFRESH_TOKEN": "AQDwoiwvS0wqIbE7QZZMvOf0Vy4GOxrP20TEwR58dSPGBVd04erRQlzrtrGQ15X9lYiGnOhyszWwP_xMu4Oa4lCELQDZYTdH1EYSrB-R6frh7cgSYdxKeZ4Vdrge9rJIehc"
                }
              }
            ],
            "ephemeral_storage": [
              {
                "size": 512
              }
            ],
            "file_system_config": [],
            "filename": "./../backend/build/song_chart_playlist_generator/song_chart_playlist_generator.zip",
            "function_name": "spotify-song-chart-playlist-generator-lambda",
            "handler": "handler.handler",
            "id": "spotify-song-chart-playlist-generator-lambda",
            "image_config": [],
            "image_uri": "",
            "invoke_arn": "arn:aws:apigateway:us-west-1:lambda:path/2015-03-31/functions/arn:aws:lambda:us-west-1:211125619133:function:spotify-song-chart-playlist-generator-lambda/invocations",
            "kms_key_arn": "",
            "last_modified": "2025-09-10T18:33:51.000+0000",
            "layers": [
              "arn:aws:lambda:us-west-1:211125619133:layer:spotify-shared-layer:12"
            ],
            "logging_config": [
              {
                "application_log_level": "",
                "log_format": "Text",
                "log_group": "/aws/lambda/spotify-song-chart-playlist-generator-lambda",
                "system_log_level": ""
              }
            ],
            "memory_size": 256,
            "package_type": "Zip",
            "publish": false,
            "qualified_arn": "arn:aws:lambda:us-west-1:211125619133:function:spotify-song-chart-playlist-generator-lambda:$LATEST",
            "qualified_invoke_arn": "arn:aws:apigateway:us-west-1:lambda:path/2015-03-31/functions/arn:aws:lambda:us-west-1:211125619133:function:spotify-song-chart-playlist-generator-lambda:$LATEST/invocations",
            "replace_security_groups_on_destroy": null,
            "replacement_security_group_ids": null,
            "reserved_concurrent_executions": -1,
            "role": "arn:aws:iam::211125619133:role/spotify-song-chart-playlist-generator-lambda-exec-role",
            "runtime": "nodejs20.x",
            "s3_bucket": null,
            "s3_key": null,
            "s3_object_version": null,
            "signing_job_arn": "",
            "signing_profile_version_arn": "",
            "skip_destroy": false,
            "snap_start": [],
            "source_code_hash": "tM9B38WGVO467/TdByC2XbN4qczK6vWlAmbcFWDsDcQ=",
            "source_code_size": 5480,
            "tags": {},
            "tags_all": {},
            "timeout": 60,
            "timeouts": null,
            "tracing_config": [
              {
                "mode": "PassThrough"
              }
            ],
            "version": "$LATEST",
            "vpc_config": []
          },
          "sensitive_attributes": [
            [
              {
                "type": "get_attr",
                "value": "environment"
              },
              {
                "type": "index",
                "value": {
                  "value": 0,
                  "type": "number"
                }
              },
              {
                "type": "get_attr",
                "value": "variables"
              },
              {
                "type": "index",
                "value": {
                  "value": "SPOTIFY_CLIENT_ID",
                  "type": "string"
                }
              }
            ],
            [
              {
                "type": "get_attr",
                "value": "environment"
              },
              {
                "type": "index",
                "value": {
                  "value": 0,
                  "type": "number"
                }
              },
              {
                "type": "get_attr",
                "value": "variables"
              },
              {
                "type": "index",
                "value": {
                  "value": "SPOTIFY_CLIENT_SECRET",
                  "type": "string"
                }
              }
            ],
            [
              {
                "type": "get_attr",
                "value": "environment"
              },
              {
                "type": "index",
                "value": {
                  "value": 0,
                  "type": "number"
                }
              },
              {
                "type": "get_attr",
                "value": "variables"
              },
              {
                "type": "index",
                "value": {
                  "value": "SPOTIFY_REFRESH_TOKEN",
                  "type": "string"
                }
              }
            ]
          ],
          "identity_schema_version": 0,
          "private": "eyJlMmJmYjczMC1lY2FhLTExZTYtOGY4OC0zNDM2M2JjN2M0YzAiOnsiY3JlYXRlIjo2MDAwMDAwMDAwMDAsImRlbGV0ZSI6NjAwMDAwMDAwMDAwLCJ1cGRhdGUiOjYwMDAwMDAwMDAwMH19",
          "dependencies": [
            "data.aws_caller_identity.current",
            "data.aws_secretsmanager_secret_version.spotify_api_secrets",
            "module.shared_lambda_layer.aws_lambda_layer_version.version",
            "module.shared_lambda_layer.aws_s3_object.s3_upload",
            "module.shared_lambda_layer.data.archive_file.zip",
            "module.song_chart_history_bucket.aws_s3_bucket.s3",
            "module.song_chart_playlist_generator_lambda.aws_iam_role.execution_role",
            "module.song_chart_playlist_generator_lambda.aws_s3_object.s3_upload",
            "module.song_chart_playlist_generator_lambda.data.archive_file.zip"
          ]
        }
      ]
    },
    {
      "module": "module.song_history_table",
      "mode": "managed",
      "type": "aws_dynamodb_table",
      "name": "table",
      "provider": "provider[\"registry.terraform.io/hashicorp/aws\"]",
      "instances": [
        {
          "schema_version": 1,
          "attributes": {
            "arn": "arn:aws:dynamodb:us-west-1:211125619133:table/spotify-song-history",
            "attribute": [
              {
                "name": "artist_id",
                "type": "S"
              },
              {
                "name": "track_id",
                "type": "S"
              }
            ],
            "billing_mode": "PAY_PER_REQUEST",
            "deletion_protection_enabled": false,
            "global_secondary_index": [],
            "hash_key": "artist_id",
            "id": "spotify-song-history",
            "import_table": [],
            "local_secondary_index": [],
            "name": "spotify-song-history",
            "on_demand_throughput": [],
            "point_in_time_recovery": [
              {
                "enabled": false
              }
            ],
            "range_key": "track_id",
            "read_capacity": 0,
            "replica": [],
            "restore_date_time": null,
            "restore_source_name": null,
            "restore_source_table_arn": null,
            "restore_to_latest_time": null,
            "server_side_encryption": [],
            "stream_arn": "",
            "stream_enabled": false,
            "stream_label": "",
            "stream_view_type": "",
            "table_class": "STANDARD",
            "tags": {
              "Developer": "Jeremy Quinto",
              "Environment": "spotify",
              "Name": "spotify-song-history",
              "Namespace": "jeremy",
              "Owner": "Jeremy Quinto",
              "Project": "spotify-project",
              "Stage": "spotify"
            },
            "tags_all": {
              "Developer": "Jeremy Quinto",
              "Environment": "spotify",
              "Name": "spotify-song-history",
              "Namespace": "jeremy",
              "Owner": "Jeremy Quinto",
              "Project": "spotify-project",
              "Stage": "spotify"
            },
            "timeouts": null,
            "ttl": [
              {
                "attribute_name": "",
                "enabled": false
              }
            ],
            "write_capacity": 0
          },
          "sensitive_attributes": [],
          "identity_schema_version": 0,
          "private": "eyJlMmJmYjczMC1lY2FhLTExZTYtOGY4OC0zNDM2M2JjN2M0YzAiOnsiY3JlYXRlIjoxODAwMDAwMDAwMDAwLCJkZWxldGUiOjYwMDAwMDAwMDAwMCwidXBkYXRlIjozNjAwMDAwMDAwMDAwfSwic2NoZW1hX3ZlcnNpb24iOiIxIn0="
        }
      ]
    },
    {
      "module": "module.spotify-project-api",
      "mode": "data",
      "type": "aws_region",
      "name": "current",
      "provider": "provider[\"registry.terraform.io/hashicorp/aws\"]",
      "instances": [
        {
          "schema_version": 0,
          "attributes": {
            "description": "US West (N. California)",
            "endpoint": "ec2.us-west-1.amazonaws.com",
            "id": "us-west-1",
            "name": "us-west-1"
          },
          "sensitive_attributes": [],
          "identity_schema_version": 0
        }
      ]
    },
    {
      "module": "module.spotify-project-api",
      "mode": "managed",
      "type": "aws_api_gateway_deployment",
      "name": "deployment",
      "provider": "provider[\"registry.terraform.io/hashicorp/aws\"]",
      "instances": [
        {
          "schema_version": 0,
          "attributes": {
            "canary_settings": [],
            "created_date": "2025-09-10T03:40:32Z",
            "description": "",
            "execution_arn": "arn:aws:execute-api:us-west-1:211125619133:sl6gy7fpd3/",
            "id": "p5u2xv",
            "invoke_url": "https://sl6gy7fpd3.execute-api.us-west-1.amazonaws.com/",
            "rest_api_id": "sl6gy7fpd3",
            "stage_description": null,
            "stage_name": null,
            "triggers": {
              "api_hash": "2027d8dac53e1fa6889b05eccee906b8b04a2c0e6e1244ff0719f4ff71ca6bb5",
              "integrations_hash": "{\"lambda\":{\"get-song-chart\":{\"deployment_dependencies\":[{\"cache_key_parameters\":[],\"cache_namespace\":\"7sp4l7\",\"connection_id\":\"\",\"connection_type\":\"INTERNET\",\"content_handling\":\"\",\"credentials\":\"\",\"http_method\":\"GET\",\"id\":\"agi-sl6gy7fpd3-7sp4l7-GET\",\"integration_http_method\":\"POST\",\"passthrough_behavior\":\"WHEN_NO_MATCH\",\"request_parameters\":{\"integration.request.header.Access-Control-Allow-Origin\":\"'*'\"},\"request_templates\":{},\"resource_id\":\"7sp4l7\",\"rest_api_id\":\"sl6gy7fpd3\",\"timeout_milliseconds\":29000,\"tls_config\":[],\"type\":\"AWS_PROXY\",\"uri\":\"arn:aws:apigateway:us-west-1:lambda:path/2015-03-31/functions/arn:aws:lambda:us-west-1:211125619133:function:spotify-get-song-chart-lambda/invocations\"},{\"http_method\":\"GET\",\"id\":\"agmr-sl6gy7fpd3-7sp4l7-GET-200\",\"resource_id\":\"7sp4l7\",\"response_models\":{\"application/json\":\"Empty\"},\"response_parameters\":{\"method.response.header.Access-Control-Allow-Headers\":true,\"method.response.header.Access-Control-Allow-Methods\":true,\"method.response.header.Access-Control-Allow-Origin\":true},\"rest_api_id\":\"sl6gy7fpd3\",\"status_code\":\"200\"},{\"content_handling\":\"\",\"http_method\":\"GET\",\"id\":\"agir-sl6gy7fpd3-7sp4l7-GET-200\",\"resource_id\":\"7sp4l7\",\"response_parameters\":{\"method.response.header.Access-Control-Allow-Origin\":\"'*'\"},\"response_templates\":{},\"rest_api_id\":\"sl6gy7fpd3\",\"selection_pattern\":\"\",\"status_code\":\"200\"}]},\"list-song-charts\":{\"deployment_dependencies\":[{\"cache_key_parameters\":[],\"cache_namespace\":\"ja2zhx\",\"connection_id\":\"\",\"connection_type\":\"INTERNET\",\"content_handling\":\"\",\"credentials\":\"\",\"http_method\":\"GET\",\"id\":\"agi-sl6gy7fpd3-ja2zhx-GET\",\"integration_http_method\":\"POST\",\"passthrough_behavior\":\"WHEN_NO_MATCH\",\"request_parameters\":{\"integration.request.header.Access-Control-Allow-Origin\":\"'*'\"},\"request_templates\":{},\"resource_id\":\"ja2zhx\",\"rest_api_id\":\"sl6gy7fpd3\",\"timeout_milliseconds\":29000,\"tls_config\":[],\"type\":\"AWS_PROXY\",\"uri\":\"arn:aws:apigateway:us-west-1:lambda:path/2015-03-31/functions/arn:aws:lambda:us-west-1:211125619133:function:spotify-list-song-charts-lambda/invocations\"},{\"http_method\":\"GET\",\"id\":\"agmr-sl6gy7fpd3-ja2zhx-GET-200\",\"resource_id\":\"ja2zhx\",\"response_models\":{\"application/json\":\"Empty\"},\"response_parameters\":{\"method.response.header.Access-Control-Allow-Headers\":true,\"method.response.header.Access-Control-Allow-Methods\":true,\"method.response.header.Access-Control-Allow-Origin\":true},\"rest_api_id\":\"sl6gy7fpd3\",\"status_code\":\"200\"},{\"content_handling\":\"\",\"http_method\":\"GET\",\"id\":\"agir-sl6gy7fpd3-ja2zhx-GET-200\",\"resource_id\":\"ja2zhx\",\"response_parameters\":{\"method.response.header.Access-Control-Allow-Origin\":\"'*'\"},\"response_templates\":{},\"rest_api_id\":\"sl6gy7fpd3\",\"selection_pattern\":\"\",\"status_code\":\"200\"}]}}}",
              "policy_hash": "no-policy",
              "redeployment_hash": "cd501ddc2b7e6fdbdd4c3576dab88483dbbf50dc1910e247d1ed7cf758d20713",
              "routes_hash": "[{\"dynamodb_table_name\":null,\"enable_cors_all\":true,\"execution_role_arn\":null,\"http_method\":\"GET\",\"integration_type\":\"lambda\",\"lambda_function_name\":\"spotify-get-song-chart-lambda\",\"lambda_invoke_arn\":\"arn:aws:apigateway:us-west-1:lambda:path/2015-03-31/functions/arn:aws:lambda:us-west-1:211125619133:function:spotify-get-song-chart-lambda/invocations\",\"parent_path\":null,\"path\":\"get-song-chart\",\"use_authorizer\":false},{\"dynamodb_table_name\":null,\"enable_cors_all\":true,\"execution_role_arn\":null,\"http_method\":\"GET\",\"integration_type\":\"lambda\",\"lambda_function_name\":\"spotify-list-song-charts-lambda\",\"lambda_invoke_arn\":\"arn:aws:apigateway:us-west-1:lambda:path/2015-03-31/functions/arn:aws:lambda:us-west-1:211125619133:function:spotify-list-song-charts-lambda/invocations\",\"parent_path\":null,\"path\":\"list-song-charts\",\"use_authorizer\":false}]"
            },
            "variables": null
          },
          "sensitive_attributes": [],
          "identity_schema_version": 0,
          "private": "bnVsbA==",
          "dependencies": [
            "data.aws_caller_identity.current",
            "module.get_song_chart_lambda.aws_iam_role.execution_role",
            "module.get_song_chart_lambda.aws_lambda_function.function",
            "module.get_song_chart_lambda.aws_s3_object.s3_upload",
            "module.get_song_chart_lambda.data.archive_file.zip",
            "module.list_song_charts_lambda.aws_iam_role.execution_role",
            "module.list_song_charts_lambda.aws_lambda_function.function",
            "module.list_song_charts_lambda.aws_s3_object.s3_upload",
            "module.list_song_charts_lambda.data.archive_file.zip",
            "module.shared_lambda_layer.aws_lambda_layer_version.version",
            "module.shared_lambda_layer.aws_s3_object.s3_upload",
            "module.shared_lambda_layer.data.archive_file.zip",
            "module.song_chart_history_bucket.aws_s3_bucket.s3",
            "module.spotify-project-api.aws_api_gateway_resource.resources",
            "module.spotify-project-api.aws_api_gateway_rest_api.api",
            "module.spotify-project-api.aws_api_gateway_rest_api_policy.policy",
            "module.spotify-project-api.data.aws_iam_policy_document.api_policy",
            "module.spotify-project-api.module.api_lambda_integration.aws_api_gateway_integration.lambda_integration",
            "module.spotify-project-api.module.api_lambda_integration.aws_api_gateway_integration.options_integration",
            "module.spotify-project-api.module.api_lambda_integration.aws_api_gateway_integration_response.integration_response",
            "module.spotify-project-api.module.api_lambda_integration.aws_api_gateway_integration_response.options_integration_response",
            "module.spotify-project-api.module.api_lambda_integration.aws_api_gateway_method.method",
            "module.spotify-project-api.module.api_lambda_integration.aws_api_gateway_method.options_method",
            "module.spotify-project-api.module.api_lambda_integration.aws_api_gateway_method_response.options_200",
            "module.spotify-project-api.module.api_lambda_integration.aws_api_gateway_method_response.response_200",
            "module.spotify-project-api.module.api_lambda_integration.aws_lambda_permission.api_gateway_integration"
          ],
          "create_before_destroy": true
        }
      ]
    },
    {
      "module": "module.spotify-project-api",
      "mode": "managed",
      "type": "aws_api_gateway_resource",
      "name": "resources",
      "provider": "provider[\"registry.terraform.io/hashicorp/aws\"]",
      "instances": [
        {
          "index_key": "get-song-chart",
          "schema_version": 0,
          "attributes": {
            "id": "7sp4l7",
            "parent_id": "eoth4r4z78",
            "path": "/get-song-chart",
            "path_part": "get-song-chart",
            "rest_api_id": "sl6gy7fpd3"
          },
          "sensitive_attributes": [],
          "identity_schema_version": 0,
          "private": "bnVsbA==",
          "dependencies": [
            "data.aws_caller_identity.current",
            "module.get_song_chart_lambda.aws_iam_role.execution_role",
            "module.get_song_chart_lambda.aws_lambda_function.function",
            "module.get_song_chart_lambda.aws_s3_object.s3_upload",
            "module.get_song_chart_lambda.data.archive_file.zip",
            "module.list_song_charts_lambda.aws_iam_role.execution_role",
            "module.list_song_charts_lambda.aws_lambda_function.function",
            "module.list_song_charts_lambda.aws_s3_object.s3_upload",
            "module.list_song_charts_lambda.data.archive_file.zip",
            "module.shared_lambda_layer.aws_lambda_layer_version.version",
            "module.shared_lambda_layer.aws_s3_object.s3_upload",
            "module.shared_lambda_layer.data.archive_file.zip",
            "module.song_chart_history_bucket.aws_s3_bucket.s3",
            "module.spotify-project-api.aws_api_gateway_rest_api.api"
          ],
          "create_before_destroy": true
        },
        {
          "index_key": "list-song-charts",
          "schema_version": 0,
          "attributes": {
            "id": "ja2zhx",
            "parent_id": "eoth4r4z78",
            "path": "/list-song-charts",
            "path_part": "list-song-charts",
            "rest_api_id": "sl6gy7fpd3"
          },
          "sensitive_attributes": [],
          "identity_schema_version": 0,
          "private": "bnVsbA==",
          "dependencies": [
            "data.aws_caller_identity.current",
            "module.get_song_chart_lambda.aws_iam_role.execution_role",
            "module.get_song_chart_lambda.aws_lambda_function.function",
            "module.get_song_chart_lambda.aws_s3_object.s3_upload",
            "module.get_song_chart_lambda.data.archive_file.zip",
            "module.list_song_charts_lambda.aws_iam_role.execution_role",
            "module.list_song_charts_lambda.aws_lambda_function.function",
            "module.list_song_charts_lambda.aws_s3_object.s3_upload",
            "module.list_song_charts_lambda.data.archive_file.zip",
            "module.shared_lambda_layer.aws_lambda_layer_version.version",
            "module.shared_lambda_layer.aws_s3_object.s3_upload",
            "module.shared_lambda_layer.data.archive_file.zip",
            "module.song_chart_history_bucket.aws_s3_bucket.s3",
            "module.spotify-project-api.aws_api_gateway_rest_api.api"
          ],
          "create_before_destroy": true
        }
      ]
    },
    {
      "module": "module.spotify-project-api",
      "mode": "managed",
      "type": "aws_api_gateway_rest_api",
      "name": "api",
      "provider": "provider[\"registry.terraform.io/hashicorp/aws\"]",
      "instances": [
        {
          "schema_version": 0,
          "attributes": {
            "api_key_source": "HEADER",
            "arn": "arn:aws:apigateway:us-west-1::/restapis/sl6gy7fpd3",
            "binary_media_types": [],
            "body": null,
            "created_date": "2025-09-09T04:38:33Z",
            "description": "",
            "disable_execute_api_endpoint": false,
            "endpoint_configuration": [
              {
                "types": [
                  "REGIONAL"
                ],
                "vpc_endpoint_ids": []
              }
            ],
            "execution_arn": "arn:aws:execute-api:us-west-1:211125619133:sl6gy7fpd3",
            "fail_on_warnings": null,
            "id": "sl6gy7fpd3",
            "minimum_compression_size": "",
            "name": "spotify",
            "parameters": null,
            "policy": "",
            "put_rest_api_mode": null,
            "root_resource_id": "eoth4r4z78",
            "tags": {
              "Attributes": "apigw",
              "Developer": "Jeremy Quinto",
              "Environment": "spotify",
              "Name": "spotify",
              "Namespace": "jeremy",
              "Owner": "Jeremy Quinto",
              "Project": "spotify-project",
              "Stage": "spotify",
              "component": "apigw_rest"
            },
            "tags_all": {
              "Attributes": "apigw",
              "Developer": "Jeremy Quinto",
              "Environment": "spotify",
              "Name": "spotify",
              "Namespace": "jeremy",
              "Owner": "Jeremy Quinto",
              "Project": "spotify-project",
              "Stage": "spotify",
              "component": "apigw_rest"
            }
          },
          "sensitive_attributes": [],
          "identity_schema_version": 0,
          "private": "bnVsbA==",
          "create_before_destroy": true
        }
      ]
    },
    {
      "module": "module.spotify-project-api",
      "mode": "managed",
      "type": "aws_api_gateway_stage",
      "name": "auth_stage",
      "provider": "provider[\"registry.terraform.io/hashicorp/aws\"]",
      "instances": [
        {
          "schema_version": 0,
          "attributes": {
            "access_log_settings": [],
            "arn": "arn:aws:apigateway:us-west-1::/restapis/sl6gy7fpd3/stages/prod",
            "cache_cluster_enabled": false,
            "cache_cluster_size": "",
            "canary_settings": [],
            "client_certificate_id": "",
            "deployment_id": "p5u2xv",
            "description": "",
            "documentation_version": "",
            "execution_arn": "arn:aws:execute-api:us-west-1:211125619133:sl6gy7fpd3/prod",
            "id": "ags-sl6gy7fpd3-prod",
            "invoke_url": "https://sl6gy7fpd3.execute-api.us-west-1.amazonaws.com/prod",
            "rest_api_id": "sl6gy7fpd3",
            "stage_name": "prod",
            "tags": {
              "Attributes": "apigw-rest-api",
              "Developer": "Jeremy Quinto",
              "Environment": "spotify",
              "Name": "spotify",
              "Namespace": "jeremy",
              "Owner": "Jeremy Quinto",
              "Project": "spotify-project",
              "Stage": "spotify",
              "component": "apigw_rest"
            },
            "tags_all": {
              "Attributes": "apigw-rest-api",
              "Developer": "Jeremy Quinto",
              "Environment": "spotify",
              "Name": "spotify",
              "Namespace": "jeremy",
              "Owner": "Jeremy Quinto",
              "Project": "spotify-project",
              "Stage": "spotify",
              "component": "apigw_rest"
            },
            "variables": {
              "cors": "true"
            },
            "web_acl_arn": "",
            "xray_tracing_enabled": false
          },
          "sensitive_attributes": [],
          "identity_schema_version": 0,
          "private": "bnVsbA==",
          "dependencies": [
            "data.aws_caller_identity.current",
            "module.get_song_chart_lambda.aws_iam_role.execution_role",
            "module.get_song_chart_lambda.aws_lambda_function.function",
            "module.get_song_chart_lambda.aws_s3_object.s3_upload",
            "module.get_song_chart_lambda.data.archive_file.zip",
            "module.list_song_charts_lambda.aws_iam_role.execution_role",
            "module.list_song_charts_lambda.aws_lambda_function.function",
            "module.list_song_charts_lambda.aws_s3_object.s3_upload",
            "module.list_song_charts_lambda.data.archive_file.zip",
            "module.shared_lambda_layer.aws_lambda_layer_version.version",
            "module.shared_lambda_layer.aws_s3_object.s3_upload",
            "module.shared_lambda_layer.data.archive_file.zip",
            "module.song_chart_history_bucket.aws_s3_bucket.s3",
            "module.spotify-project-api.aws_api_gateway_deployment.deployment",
            "module.spotify-project-api.aws_api_gateway_resource.resources",
            "module.spotify-project-api.aws_api_gateway_rest_api.api",
            "module.spotify-project-api.aws_api_gateway_rest_api_policy.policy",
            "module.spotify-project-api.data.aws_iam_policy_document.api_policy",
            "module.spotify-project-api.module.api_lambda_integration.aws_api_gateway_integration.lambda_integration",
            "module.spotify-project-api.module.api_lambda_integration.aws_api_gateway_integration.options_integration",
            "module.spotify-project-api.module.api_lambda_integration.aws_api_gateway_integration_response.integration_response",
            "module.spotify-project-api.module.api_lambda_integration.aws_api_gateway_integration_response.options_integration_response",
            "module.spotify-project-api.module.api_lambda_integration.aws_api_gateway_method.method",
            "module.spotify-project-api.module.api_lambda_integration.aws_api_gateway_method.options_method",
            "module.spotify-project-api.module.api_lambda_integration.aws_api_gateway_method_response.options_200",
            "module.spotify-project-api.module.api_lambda_integration.aws_api_gateway_method_response.response_200",
            "module.spotify-project-api.module.api_lambda_integration.aws_lambda_permission.api_gateway_integration"
          ]
        }
      ]
    },
    {
      "module": "module.spotify-project-api.module.api_lambda_integration[\"get-song-chart\"]",
      "mode": "managed",
      "type": "aws_api_gateway_integration",
      "name": "lambda_integration",
      "provider": "provider[\"registry.terraform.io/hashicorp/aws\"]",
      "instances": [
        {
          "schema_version": 0,
          "attributes": {
            "cache_key_parameters": [],
            "cache_namespace": "7sp4l7",
            "connection_id": "",
            "connection_type": "INTERNET",
            "content_handling": "",
            "credentials": "",
            "http_method": "GET",
            "id": "agi-sl6gy7fpd3-7sp4l7-GET",
            "integration_http_method": "POST",
            "passthrough_behavior": "WHEN_NO_MATCH",
            "request_parameters": {
              "integration.request.header.Access-Control-Allow-Origin": "'*'"
            },
            "request_templates": {},
            "resource_id": "7sp4l7",
            "rest_api_id": "sl6gy7fpd3",
            "timeout_milliseconds": 29000,
            "tls_config": [],
            "type": "AWS_PROXY",
            "uri": "arn:aws:apigateway:us-west-1:lambda:path/2015-03-31/functions/arn:aws:lambda:us-west-1:211125619133:function:spotify-get-song-chart-lambda/invocations"
          },
          "sensitive_attributes": [],
          "identity_schema_version": 0,
          "private": "bnVsbA==",
          "dependencies": [
            "data.aws_caller_identity.current",
            "module.get_song_chart_lambda.aws_iam_role.execution_role",
            "module.get_song_chart_lambda.aws_lambda_function.function",
            "module.get_song_chart_lambda.aws_s3_object.s3_upload",
            "module.get_song_chart_lambda.data.archive_file.zip",
            "module.list_song_charts_lambda.aws_iam_role.execution_role",
            "module.list_song_charts_lambda.aws_lambda_function.function",
            "module.list_song_charts_lambda.aws_s3_object.s3_upload",
            "module.list_song_charts_lambda.data.archive_file.zip",
            "module.shared_lambda_layer.aws_lambda_layer_version.version",
            "module.shared_lambda_layer.aws_s3_object.s3_upload",
            "module.shared_lambda_layer.data.archive_file.zip",
            "module.song_chart_history_bucket.aws_s3_bucket.s3",
            "module.spotify-project-api.aws_api_gateway_resource.resources",
            "module.spotify-project-api.aws_api_gateway_rest_api.api",
            "module.spotify-project-api.module.api_lambda_integration.aws_api_gateway_method.method"
          ],
          "create_before_destroy": true
        }
      ]
    },
    {
      "module": "module.spotify-project-api.module.api_lambda_integration[\"get-song-chart\"]",
      "mode": "managed",
      "type": "aws_api_gateway_integration",
      "name": "options_integration",
      "provider": "provider[\"registry.terraform.io/hashicorp/aws\"]",
      "instances": [
        {
          "index_key": 0,
          "schema_version": 0,
          "attributes": {
            "cache_key_parameters": [],
            "cache_namespace": "7sp4l7",
            "connection_id": "",
            "connection_type": "INTERNET",
            "content_handling": "",
            "credentials": "",
            "http_method": "OPTIONS",
            "id": "agi-sl6gy7fpd3-7sp4l7-OPTIONS",
            "integration_http_method": "",
            "passthrough_behavior": "WHEN_NO_MATCH",
            "request_parameters": {},
            "request_templates": {
              "application/json": "{\"statusCode\":200}"
            },
            "resource_id": "7sp4l7",
            "rest_api_id": "sl6gy7fpd3",
            "timeout_milliseconds": 29000,
            "tls_config": [],
            "type": "MOCK",
            "uri": ""
          },
          "sensitive_attributes": [],
          "identity_schema_version": 0,
          "private": "bnVsbA==",
          "dependencies": [
            "data.aws_caller_identity.current",
            "module.get_song_chart_lambda.aws_iam_role.execution_role",
            "module.get_song_chart_lambda.aws_lambda_function.function",
            "module.get_song_chart_lambda.aws_s3_object.s3_upload",
            "module.get_song_chart_lambda.data.archive_file.zip",
            "module.list_song_charts_lambda.aws_iam_role.execution_role",
            "module.list_song_charts_lambda.aws_lambda_function.function",
            "module.list_song_charts_lambda.aws_s3_object.s3_upload",
            "module.list_song_charts_lambda.data.archive_file.zip",
            "module.shared_lambda_layer.aws_lambda_layer_version.version",
            "module.shared_lambda_layer.aws_s3_object.s3_upload",
            "module.shared_lambda_layer.data.archive_file.zip",
            "module.song_chart_history_bucket.aws_s3_bucket.s3",
            "module.spotify-project-api.aws_api_gateway_resource.resources",
            "module.spotify-project-api.aws_api_gateway_rest_api.api",
            "module.spotify-project-api.module.api_lambda_integration.aws_api_gateway_method.options_method"
          ],
          "create_before_destroy": true
        }
      ]
    },
    {
      "module": "module.spotify-project-api.module.api_lambda_integration[\"get-song-chart\"]",
      "mode": "managed",
      "type": "aws_api_gateway_integration_response",
      "name": "integration_response",
      "provider": "provider[\"registry.terraform.io/hashicorp/aws\"]",
      "instances": [
        {
          "schema_version": 0,
          "attributes": {
            "content_handling": "",
            "http_method": "GET",
            "id": "agir-sl6gy7fpd3-7sp4l7-GET-200",
            "resource_id": "7sp4l7",
            "response_parameters": {
              "method.response.header.Access-Control-Allow-Origin": "'*'"
            },
            "response_templates": {},
            "rest_api_id": "sl6gy7fpd3",
            "selection_pattern": "",
            "status_code": "200"
          },
          "sensitive_attributes": [],
          "identity_schema_version": 0,
          "private": "bnVsbA==",
          "dependencies": [
            "data.aws_caller_identity.current",
            "module.get_song_chart_lambda.aws_iam_role.execution_role",
            "module.get_song_chart_lambda.aws_lambda_function.function",
            "module.get_song_chart_lambda.aws_s3_object.s3_upload",
            "module.get_song_chart_lambda.data.archive_file.zip",
            "module.list_song_charts_lambda.aws_iam_role.execution_role",
            "module.list_song_charts_lambda.aws_lambda_function.function",
            "module.list_song_charts_lambda.aws_s3_object.s3_upload",
            "module.list_song_charts_lambda.data.archive_file.zip",
            "module.shared_lambda_layer.aws_lambda_layer_version.version",
            "module.shared_lambda_layer.aws_s3_object.s3_upload",
            "module.shared_lambda_layer.data.archive_file.zip",
            "module.song_chart_history_bucket.aws_s3_bucket.s3",
            "module.spotify-project-api.aws_api_gateway_resource.resources",
            "module.spotify-project-api.aws_api_gateway_rest_api.api",
            "module.spotify-project-api.module.api_lambda_integration.aws_api_gateway_integration.lambda_integration",
            "module.spotify-project-api.module.api_lambda_integration.aws_api_gateway_method.method",
            "module.spotify-project-api.module.api_lambda_integration.aws_api_gateway_method_response.response_200"
          ],
          "create_before_destroy": true
        }
      ]
    },
    {
      "module": "module.spotify-project-api.module.api_lambda_integration[\"get-song-chart\"]",
      "mode": "managed",
      "type": "aws_api_gateway_integration_response",
      "name": "options_integration_response",
      "provider": "provider[\"registry.terraform.io/hashicorp/aws\"]",
      "instances": [
        {
          "index_key": 0,
          "schema_version": 0,
          "attributes": {
            "content_handling": "",
            "http_method": "OPTIONS",
            "id": "agir-sl6gy7fpd3-7sp4l7-OPTIONS-200",
            "resource_id": "7sp4l7",
            "response_parameters": {
              "method.response.header.Access-Control-Allow-Headers": "'Content-Type,X-Amz-Date,Authorization,X-Api-Key,X-Amz-Security-Token,X-Requested-With'",
              "method.response.header.Access-Control-Allow-Methods": "'OPTIONS,POST'",
              "method.response.header.Access-Control-Allow-Origin": "'*'"
            },
            "response_templates": {},
            "rest_api_id": "sl6gy7fpd3",
            "selection_pattern": "",
            "status_code": "200"
          },
          "sensitive_attributes": [],
          "identity_schema_version": 0,
          "private": "bnVsbA==",
          "dependencies": [
            "data.aws_caller_identity.current",
            "module.get_song_chart_lambda.aws_iam_role.execution_role",
            "module.get_song_chart_lambda.aws_lambda_function.function",
            "module.get_song_chart_lambda.aws_s3_object.s3_upload",
            "module.get_song_chart_lambda.data.archive_file.zip",
            "module.list_song_charts_lambda.aws_iam_role.execution_role",
            "module.list_song_charts_lambda.aws_lambda_function.function",
            "module.list_song_charts_lambda.aws_s3_object.s3_upload",
            "module.list_song_charts_lambda.data.archive_file.zip",
            "module.shared_lambda_layer.aws_lambda_layer_version.version",
            "module.shared_lambda_layer.aws_s3_object.s3_upload",
            "module.shared_lambda_layer.data.archive_file.zip",
            "module.song_chart_history_bucket.aws_s3_bucket.s3",
            "module.spotify-project-api.aws_api_gateway_resource.resources",
            "module.spotify-project-api.aws_api_gateway_rest_api.api",
            "module.spotify-project-api.module.api_lambda_integration.aws_api_gateway_integration.options_integration",
            "module.spotify-project-api.module.api_lambda_integration.aws_api_gateway_method.options_method",
            "module.spotify-project-api.module.api_lambda_integration.aws_api_gateway_method_response.options_200"
          ],
          "create_before_destroy": true
        }
      ]
    },
    {
      "module": "module.spotify-project-api.module.api_lambda_integration[\"get-song-chart\"]",
      "mode": "managed",
      "type": "aws_api_gateway_method",
      "name": "method",
      "provider": "provider[\"registry.terraform.io/hashicorp/aws\"]",
      "instances": [
        {
          "schema_version": 0,
          "attributes": {
            "api_key_required": false,
            "authorization": "NONE",
            "authorization_scopes": [],
            "authorizer_id": "",
            "http_method": "GET",
            "id": "agm-sl6gy7fpd3-7sp4l7-GET",
            "operation_name": "",
            "request_models": {},
            "request_parameters": {
              "method.request.header.Authorization": false,
              "method.request.header.Content-Type": false,
              "method.request.header.X-Requested-With": false,
              "method.request.header.X-User-ID": false
            },
            "request_validator_id": "",
            "resource_id": "7sp4l7",
            "rest_api_id": "sl6gy7fpd3"
          },
          "sensitive_attributes": [],
          "identity_schema_version": 0,
          "private": "bnVsbA==",
          "dependencies": [
            "data.aws_caller_identity.current",
            "module.get_song_chart_lambda.aws_iam_role.execution_role",
            "module.get_song_chart_lambda.aws_lambda_function.function",
            "module.get_song_chart_lambda.aws_s3_object.s3_upload",
            "module.get_song_chart_lambda.data.archive_file.zip",
            "module.list_song_charts_lambda.aws_iam_role.execution_role",
            "module.list_song_charts_lambda.aws_lambda_function.function",
            "module.list_song_charts_lambda.aws_s3_object.s3_upload",
            "module.list_song_charts_lambda.data.archive_file.zip",
            "module.shared_lambda_layer.aws_lambda_layer_version.version",
            "module.shared_lambda_layer.aws_s3_object.s3_upload",
            "module.shared_lambda_layer.data.archive_file.zip",
            "module.song_chart_history_bucket.aws_s3_bucket.s3",
            "module.spotify-project-api.aws_api_gateway_resource.resources",
            "module.spotify-project-api.aws_api_gateway_rest_api.api"
          ],
          "create_before_destroy": true
        }
      ]
    },
    {
      "module": "module.spotify-project-api.module.api_lambda_integration[\"get-song-chart\"]",
      "mode": "managed",
      "type": "aws_api_gateway_method",
      "name": "options_method",
      "provider": "provider[\"registry.terraform.io/hashicorp/aws\"]",
      "instances": [
        {
          "index_key": 0,
          "schema_version": 0,
          "attributes": {
            "api_key_required": false,
            "authorization": "NONE",
            "authorization_scopes": [],
            "authorizer_id": "",
            "http_method": "OPTIONS",
            "id": "agm-sl6gy7fpd3-7sp4l7-OPTIONS",
            "operation_name": "",
            "request_models": {},
            "request_parameters": {
              "method.request.header.Authorization": false,
              "method.request.header.Content-Type": false,
              "method.request.header.X-User-ID": false
            },
            "request_validator_id": "",
            "resource_id": "7sp4l7",
            "rest_api_id": "sl6gy7fpd3"
          },
          "sensitive_attributes": [],
          "identity_schema_version": 0,
          "private": "bnVsbA==",
          "dependencies": [
            "data.aws_caller_identity.current",
            "module.get_song_chart_lambda.aws_iam_role.execution_role",
            "module.get_song_chart_lambda.aws_lambda_function.function",
            "module.get_song_chart_lambda.aws_s3_object.s3_upload",
            "module.get_song_chart_lambda.data.archive_file.zip",
            "module.list_song_charts_lambda.aws_iam_role.execution_role",
            "module.list_song_charts_lambda.aws_lambda_function.function",
            "module.list_song_charts_lambda.aws_s3_object.s3_upload",
            "module.list_song_charts_lambda.data.archive_file.zip",
            "module.shared_lambda_layer.aws_lambda_layer_version.version",
            "module.shared_lambda_layer.aws_s3_object.s3_upload",
            "module.shared_lambda_layer.data.archive_file.zip",
            "module.song_chart_history_bucket.aws_s3_bucket.s3",
            "module.spotify-project-api.aws_api_gateway_resource.resources",
            "module.spotify-project-api.aws_api_gateway_rest_api.api"
          ],
          "create_before_destroy": true
        }
      ]
    },
    {
      "module": "module.spotify-project-api.module.api_lambda_integration[\"get-song-chart\"]",
      "mode": "managed",
      "type": "aws_api_gateway_method_response",
      "name": "options_200",
      "provider": "provider[\"registry.terraform.io/hashicorp/aws\"]",
      "instances": [
        {
          "index_key": 0,
          "schema_version": 0,
          "attributes": {
            "http_method": "OPTIONS",
            "id": "agmr-sl6gy7fpd3-7sp4l7-OPTIONS-200",
            "resource_id": "7sp4l7",
            "response_models": {
              "application/json": "Empty"
            },
            "response_parameters": {
              "method.response.header.Access-Control-Allow-Headers": true,
              "method.response.header.Access-Control-Allow-Methods": true,
              "method.response.header.Access-Control-Allow-Origin": true
            },
            "rest_api_id": "sl6gy7fpd3",
            "status_code": "200"
          },
          "sensitive_attributes": [],
          "identity_schema_version": 0,
          "private": "bnVsbA==",
          "dependencies": [
            "data.aws_caller_identity.current",
            "module.get_song_chart_lambda.aws_iam_role.execution_role",
            "module.get_song_chart_lambda.aws_lambda_function.function",
            "module.get_song_chart_lambda.aws_s3_object.s3_upload",
            "module.get_song_chart_lambda.data.archive_file.zip",
            "module.list_song_charts_lambda.aws_iam_role.execution_role",
            "module.list_song_charts_lambda.aws_lambda_function.function",
            "module.list_song_charts_lambda.aws_s3_object.s3_upload",
            "module.list_song_charts_lambda.data.archive_file.zip",
            "module.shared_lambda_layer.aws_lambda_layer_version.version",
            "module.shared_lambda_layer.aws_s3_object.s3_upload",
            "module.shared_lambda_layer.data.archive_file.zip",
            "module.song_chart_history_bucket.aws_s3_bucket.s3",
            "module.spotify-project-api.aws_api_gateway_resource.resources",
            "module.spotify-project-api.aws_api_gateway_rest_api.api",
            "module.spotify-project-api.module.api_lambda_integration.aws_api_gateway_method.options_method"
          ],
          "create_before_destroy": true
        }
      ]
    },
    {
      "module": "module.spotify-project-api.module.api_lambda_integration[\"get-song-chart\"]",
      "mode": "managed",
      "type": "aws_api_gateway_method_response",
      "name": "response_200",
      "provider": "provider[\"registry.terraform.io/hashicorp/aws\"]",
      "instances": [
        {
          "schema_version": 0,
          "attributes": {
            "http_method": "GET",
            "id": "agmr-sl6gy7fpd3-7sp4l7-GET-200",
            "resource_id": "7sp4l7",
            "response_models": {
              "application/json": "Empty"
            },
            "response_parameters": {
              "method.response.header.Access-Control-Allow-Headers": true,
              "method.response.header.Access-Control-Allow-Methods": true,
              "method.response.header.Access-Control-Allow-Origin": true
            },
            "rest_api_id": "sl6gy7fpd3",
            "status_code": "200"
          },
          "sensitive_attributes": [],
          "identity_schema_version": 0,
          "private": "bnVsbA==",
          "dependencies": [
            "data.aws_caller_identity.current",
            "module.get_song_chart_lambda.aws_iam_role.execution_role",
            "module.get_song_chart_lambda.aws_lambda_function.function",
            "module.get_song_chart_lambda.aws_s3_object.s3_upload",
            "module.get_song_chart_lambda.data.archive_file.zip",
            "module.list_song_charts_lambda.aws_iam_role.execution_role",
            "module.list_song_charts_lambda.aws_lambda_function.function",
            "module.list_song_charts_lambda.aws_s3_object.s3_upload",
            "module.list_song_charts_lambda.data.archive_file.zip",
            "module.shared_lambda_layer.aws_lambda_layer_version.version",
            "module.shared_lambda_layer.aws_s3_object.s3_upload",
            "module.shared_lambda_layer.data.archive_file.zip",
            "module.song_chart_history_bucket.aws_s3_bucket.s3",
            "module.spotify-project-api.aws_api_gateway_resource.resources",
            "module.spotify-project-api.aws_api_gateway_rest_api.api",
            "module.spotify-project-api.module.api_lambda_integration.aws_api_gateway_integration.lambda_integration",
            "module.spotify-project-api.module.api_lambda_integration.aws_api_gateway_method.method"
          ],
          "create_before_destroy": true
        }
      ]
    },
    {
      "module": "module.spotify-project-api.module.api_lambda_integration[\"get-song-chart\"]",
      "mode": "managed",
      "type": "aws_lambda_permission",
      "name": "api_gateway_integration",
      "provider": "provider[\"registry.terraform.io/hashicorp/aws\"]",
      "instances": [
        {
          "schema_version": 0,
          "attributes": {
            "action": "lambda:InvokeFunction",
            "event_source_token": null,
            "function_name": "spotify-get-song-chart-lambda",
            "function_url_auth_type": null,
            "id": "AllowAPIGatewayInvokeIntegration-sl6gy7fpd3-7sp4l7",
            "principal": "apigateway.amazonaws.com",
            "principal_org_id": null,
            "qualifier": "",
            "source_account": null,
            "source_arn": "arn:aws:execute-api:us-west-1:211125619133:sl6gy7fpd3/*",
            "statement_id": "AllowAPIGatewayInvokeIntegration-sl6gy7fpd3-7sp4l7",
            "statement_id_prefix": ""
          },
          "sensitive_attributes": [],
          "identity_schema_version": 0,
          "private": "bnVsbA==",
          "dependencies": [
            "data.aws_caller_identity.current",
            "module.get_song_chart_lambda.aws_iam_role.execution_role",
            "module.get_song_chart_lambda.aws_lambda_function.function",
            "module.get_song_chart_lambda.aws_s3_object.s3_upload",
            "module.get_song_chart_lambda.data.archive_file.zip",
            "module.list_song_charts_lambda.aws_iam_role.execution_role",
            "module.list_song_charts_lambda.aws_lambda_function.function",
            "module.list_song_charts_lambda.aws_s3_object.s3_upload",
            "module.list_song_charts_lambda.data.archive_file.zip",
            "module.shared_lambda_layer.aws_lambda_layer_version.version",
            "module.shared_lambda_layer.aws_s3_object.s3_upload",
            "module.shared_lambda_layer.data.archive_file.zip",
            "module.song_chart_history_bucket.aws_s3_bucket.s3",
            "module.spotify-project-api.aws_api_gateway_resource.resources",
            "module.spotify-project-api.aws_api_gateway_rest_api.api",
            "module.spotify-project-api.module.api_lambda_integration.aws_api_gateway_method.method"
          ],
          "create_before_destroy": true
        }
      ]
    },
    {
      "module": "module.spotify-project-api.module.api_lambda_integration[\"list-song-charts\"]",
      "mode": "managed",
      "type": "aws_api_gateway_integration",
      "name": "lambda_integration",
      "provider": "provider[\"registry.terraform.io/hashicorp/aws\"]",
      "instances": [
        {
          "schema_version": 0,
          "attributes": {
            "cache_key_parameters": [],
            "cache_namespace": "ja2zhx",
            "connection_id": "",
            "connection_type": "INTERNET",
            "content_handling": "",
            "credentials": "",
            "http_method": "GET",
            "id": "agi-sl6gy7fpd3-ja2zhx-GET",
            "integration_http_method": "POST",
            "passthrough_behavior": "WHEN_NO_MATCH",
            "request_parameters": {
              "integration.request.header.Access-Control-Allow-Origin": "'*'"
            },
            "request_templates": {},
            "resource_id": "ja2zhx",
            "rest_api_id": "sl6gy7fpd3",
            "timeout_milliseconds": 29000,
            "tls_config": [],
            "type": "AWS_PROXY",
            "uri": "arn:aws:apigateway:us-west-1:lambda:path/2015-03-31/functions/arn:aws:lambda:us-west-1:211125619133:function:spotify-list-song-charts-lambda/invocations"
          },
          "sensitive_attributes": [],
          "identity_schema_version": 0,
          "private": "bnVsbA==",
          "dependencies": [
            "data.aws_caller_identity.current",
            "module.get_song_chart_lambda.aws_iam_role.execution_role",
            "module.get_song_chart_lambda.aws_lambda_function.function",
            "module.get_song_chart_lambda.aws_s3_object.s3_upload",
            "module.get_song_chart_lambda.data.archive_file.zip",
            "module.list_song_charts_lambda.aws_iam_role.execution_role",
            "module.list_song_charts_lambda.aws_lambda_function.function",
            "module.list_song_charts_lambda.aws_s3_object.s3_upload",
            "module.list_song_charts_lambda.data.archive_file.zip",
            "module.shared_lambda_layer.aws_lambda_layer_version.version",
            "module.shared_lambda_layer.aws_s3_object.s3_upload",
            "module.shared_lambda_layer.data.archive_file.zip",
            "module.song_chart_history_bucket.aws_s3_bucket.s3",
            "module.spotify-project-api.aws_api_gateway_resource.resources",
            "module.spotify-project-api.aws_api_gateway_rest_api.api",
            "module.spotify-project-api.module.api_lambda_integration.aws_api_gateway_method.method"
          ],
          "create_before_destroy": true
        }
      ]
    },
    {
      "module": "module.spotify-project-api.module.api_lambda_integration[\"list-song-charts\"]",
      "mode": "managed",
      "type": "aws_api_gateway_integration",
      "name": "options_integration",
      "provider": "provider[\"registry.terraform.io/hashicorp/aws\"]",
      "instances": [
        {
          "index_key": 0,
          "schema_version": 0,
          "attributes": {
            "cache_key_parameters": [],
            "cache_namespace": "ja2zhx",
            "connection_id": "",
            "connection_type": "INTERNET",
            "content_handling": "",
            "credentials": "",
            "http_method": "OPTIONS",
            "id": "agi-sl6gy7fpd3-ja2zhx-OPTIONS",
            "integration_http_method": "",
            "passthrough_behavior": "WHEN_NO_MATCH",
            "request_parameters": {},
            "request_templates": {
              "application/json": "{\"statusCode\":200}"
            },
            "resource_id": "ja2zhx",
            "rest_api_id": "sl6gy7fpd3",
            "timeout_milliseconds": 29000,
            "tls_config": [],
            "type": "MOCK",
            "uri": ""
          },
          "sensitive_attributes": [],
          "identity_schema_version": 0,
          "private": "bnVsbA==",
          "dependencies": [
            "data.aws_caller_identity.current",
            "module.get_song_chart_lambda.aws_iam_role.execution_role",
            "module.get_song_chart_lambda.aws_lambda_function.function",
            "module.get_song_chart_lambda.aws_s3_object.s3_upload",
            "module.get_song_chart_lambda.data.archive_file.zip",
            "module.list_song_charts_lambda.aws_iam_role.execution_role",
            "module.list_song_charts_lambda.aws_lambda_function.function",
            "module.list_song_charts_lambda.aws_s3_object.s3_upload",
            "module.list_song_charts_lambda.data.archive_file.zip",
            "module.shared_lambda_layer.aws_lambda_layer_version.version",
            "module.shared_lambda_layer.aws_s3_object.s3_upload",
            "module.shared_lambda_layer.data.archive_file.zip",
            "module.song_chart_history_bucket.aws_s3_bucket.s3",
            "module.spotify-project-api.aws_api_gateway_resource.resources",
            "module.spotify-project-api.aws_api_gateway_rest_api.api",
            "module.spotify-project-api.module.api_lambda_integration.aws_api_gateway_method.options_method"
          ],
          "create_before_destroy": true
        }
      ]
    },
    {
      "module": "module.spotify-project-api.module.api_lambda_integration[\"list-song-charts\"]",
      "mode": "managed",
      "type": "aws_api_gateway_integration_response",
      "name": "integration_response",
      "provider": "provider[\"registry.terraform.io/hashicorp/aws\"]",
      "instances": [
        {
          "schema_version": 0,
          "attributes": {
            "content_handling": "",
            "http_method": "GET",
            "id": "agir-sl6gy7fpd3-ja2zhx-GET-200",
            "resource_id": "ja2zhx",
            "response_parameters": {
              "method.response.header.Access-Control-Allow-Origin": "'*'"
            },
            "response_templates": {},
            "rest_api_id": "sl6gy7fpd3",
            "selection_pattern": "",
            "status_code": "200"
          },
          "sensitive_attributes": [],
          "identity_schema_version": 0,
          "private": "bnVsbA==",
          "dependencies": [
            "data.aws_caller_identity.current",
            "module.get_song_chart_lambda.aws_iam_role.execution_role",
            "module.get_song_chart_lambda.aws_lambda_function.function",
            "module.get_song_chart_lambda.aws_s3_object.s3_upload",
            "module.get_song_chart_lambda.data.archive_file.zip",
            "module.list_song_charts_lambda.aws_iam_role.execution_role",
            "module.list_song_charts_lambda.aws_lambda_function.function",
            "module.list_song_charts_lambda.aws_s3_object.s3_upload",
            "module.list_song_charts_lambda.data.archive_file.zip",
            "module.shared_lambda_layer.aws_lambda_layer_version.version",
            "module.shared_lambda_layer.aws_s3_object.s3_upload",
            "module.shared_lambda_layer.data.archive_file.zip",
            "module.song_chart_history_bucket.aws_s3_bucket.s3",
            "module.spotify-project-api.aws_api_gateway_resource.resources",
            "module.spotify-project-api.aws_api_gateway_rest_api.api",
            "module.spotify-project-api.module.api_lambda_integration.aws_api_gateway_integration.lambda_integration",
            "module.spotify-project-api.module.api_lambda_integration.aws_api_gateway_method.method",
            "module.spotify-project-api.module.api_lambda_integration.aws_api_gateway_method_response.response_200"
          ],
          "create_before_destroy": true
        }
      ]
    },
    {
      "module": "module.spotify-project-api.module.api_lambda_integration[\"list-song-charts\"]",
      "mode": "managed",
      "type": "aws_api_gateway_integration_response",
      "name": "options_integration_response",
      "provider": "provider[\"registry.terraform.io/hashicorp/aws\"]",
      "instances": [
        {
          "index_key": 0,
          "schema_version": 0,
          "attributes": {
            "content_handling": "",
            "http_method": "OPTIONS",
            "id": "agir-sl6gy7fpd3-ja2zhx-OPTIONS-200",
            "resource_id": "ja2zhx",
            "response_parameters": {
              "method.response.header.Access-Control-Allow-Headers": "'Content-Type,X-Amz-Date,Authorization,X-Api-Key,X-Amz-Security-Token,X-Requested-With'",
              "method.response.header.Access-Control-Allow-Methods": "'OPTIONS,POST'",
              "method.response.header.Access-Control-Allow-Origin": "'*'"
            },
            "response_templates": {},
            "rest_api_id": "sl6gy7fpd3",
            "selection_pattern": "",
            "status_code": "200"
          },
          "sensitive_attributes": [],
          "identity_schema_version": 0,
          "private": "bnVsbA==",
          "dependencies": [
            "data.aws_caller_identity.current",
            "module.get_song_chart_lambda.aws_iam_role.execution_role",
            "module.get_song_chart_lambda.aws_lambda_function.function",
            "module.get_song_chart_lambda.aws_s3_object.s3_upload",
            "module.get_song_chart_lambda.data.archive_file.zip",
            "module.list_song_charts_lambda.aws_iam_role.execution_role",
            "module.list_song_charts_lambda.aws_lambda_function.function",
            "module.list_song_charts_lambda.aws_s3_object.s3_upload",
            "module.list_song_charts_lambda.data.archive_file.zip",
            "module.shared_lambda_layer.aws_lambda_layer_version.version",
            "module.shared_lambda_layer.aws_s3_object.s3_upload",
            "module.shared_lambda_layer.data.archive_file.zip",
            "module.song_chart_history_bucket.aws_s3_bucket.s3",
            "module.spotify-project-api.aws_api_gateway_resource.resources",
            "module.spotify-project-api.aws_api_gateway_rest_api.api",
            "module.spotify-project-api.module.api_lambda_integration.aws_api_gateway_integration.options_integration",
            "module.spotify-project-api.module.api_lambda_integration.aws_api_gateway_method.options_method",
            "module.spotify-project-api.module.api_lambda_integration.aws_api_gateway_method_response.options_200"
          ],
          "create_before_destroy": true
        }
      ]
    },
    {
      "module": "module.spotify-project-api.module.api_lambda_integration[\"list-song-charts\"]",
      "mode": "managed",
      "type": "aws_api_gateway_method",
      "name": "method",
      "provider": "provider[\"registry.terraform.io/hashicorp/aws\"]",
      "instances": [
        {
          "schema_version": 0,
          "attributes": {
            "api_key_required": false,
            "authorization": "NONE",
            "authorization_scopes": [],
            "authorizer_id": "",
            "http_method": "GET",
            "id": "agm-sl6gy7fpd3-ja2zhx-GET",
            "operation_name": "",
            "request_models": {},
            "request_parameters": {
              "method.request.header.Authorization": false,
              "method.request.header.Content-Type": false,
              "method.request.header.X-Requested-With": false,
              "method.request.header.X-User-ID": false
            },
            "request_validator_id": "",
            "resource_id": "ja2zhx",
            "rest_api_id": "sl6gy7fpd3"
          },
          "sensitive_attributes": [],
          "identity_schema_version": 0,
          "private": "bnVsbA==",
          "dependencies": [
            "data.aws_caller_identity.current",
            "module.get_song_chart_lambda.aws_iam_role.execution_role",
            "module.get_song_chart_lambda.aws_lambda_function.function",
            "module.get_song_chart_lambda.aws_s3_object.s3_upload",
            "module.get_song_chart_lambda.data.archive_file.zip",
            "module.list_song_charts_lambda.aws_iam_role.execution_role",
            "module.list_song_charts_lambda.aws_lambda_function.function",
            "module.list_song_charts_lambda.aws_s3_object.s3_upload",
            "module.list_song_charts_lambda.data.archive_file.zip",
            "module.shared_lambda_layer.aws_lambda_layer_version.version",
            "module.shared_lambda_layer.aws_s3_object.s3_upload",
            "module.shared_lambda_layer.data.archive_file.zip",
            "module.song_chart_history_bucket.aws_s3_bucket.s3",
            "module.spotify-project-api.aws_api_gateway_resource.resources",
            "module.spotify-project-api.aws_api_gateway_rest_api.api"
          ],
          "create_before_destroy": true
        }
      ]
    },
    {
      "module": "module.spotify-project-api.module.api_lambda_integration[\"list-song-charts\"]",
      "mode": "managed",
      "type": "aws_api_gateway_method",
      "name": "options_method",
      "provider": "provider[\"registry.terraform.io/hashicorp/aws\"]",
      "instances": [
        {
          "index_key": 0,
          "schema_version": 0,
          "attributes": {
            "api_key_required": false,
            "authorization": "NONE",
            "authorization_scopes": [],
            "authorizer_id": "",
            "http_method": "OPTIONS",
            "id": "agm-sl6gy7fpd3-ja2zhx-OPTIONS",
            "operation_name": "",
            "request_models": {},
            "request_parameters": {
              "method.request.header.Authorization": false,
              "method.request.header.Content-Type": false,
              "method.request.header.X-User-ID": false
            },
            "request_validator_id": "",
            "resource_id": "ja2zhx",
            "rest_api_id": "sl6gy7fpd3"
          },
          "sensitive_attributes": [],
          "identity_schema_version": 0,
          "private": "bnVsbA==",
          "dependencies": [
            "data.aws_caller_identity.current",
            "module.get_song_chart_lambda.aws_iam_role.execution_role",
            "module.get_song_chart_lambda.aws_lambda_function.function",
            "module.get_song_chart_lambda.aws_s3_object.s3_upload",
            "module.get_song_chart_lambda.data.archive_file.zip",
            "module.list_song_charts_lambda.aws_iam_role.execution_role",
            "module.list_song_charts_lambda.aws_lambda_function.function",
            "module.list_song_charts_lambda.aws_s3_object.s3_upload",
            "module.list_song_charts_lambda.data.archive_file.zip",
            "module.shared_lambda_layer.aws_lambda_layer_version.version",
            "module.shared_lambda_layer.aws_s3_object.s3_upload",
            "module.shared_lambda_layer.data.archive_file.zip",
            "module.song_chart_history_bucket.aws_s3_bucket.s3",
            "module.spotify-project-api.aws_api_gateway_resource.resources",
            "module.spotify-project-api.aws_api_gateway_rest_api.api"
          ],
          "create_before_destroy": true
        }
      ]
    },
    {
      "module": "module.spotify-project-api.module.api_lambda_integration[\"list-song-charts\"]",
      "mode": "managed",
      "type": "aws_api_gateway_method_response",
      "name": "options_200",
      "provider": "provider[\"registry.terraform.io/hashicorp/aws\"]",
      "instances": [
        {
          "index_key": 0,
          "schema_version": 0,
          "attributes": {
            "http_method": "OPTIONS",
            "id": "agmr-sl6gy7fpd3-ja2zhx-OPTIONS-200",
            "resource_id": "ja2zhx",
            "response_models": {
              "application/json": "Empty"
            },
            "response_parameters": {
              "method.response.header.Access-Control-Allow-Headers": true,
              "method.response.header.Access-Control-Allow-Methods": true,
              "method.response.header.Access-Control-Allow-Origin": true
            },
            "rest_api_id": "sl6gy7fpd3",
            "status_code": "200"
          },
          "sensitive_attributes": [],
          "identity_schema_version": 0,
          "private": "bnVsbA==",
          "dependencies": [
            "data.aws_caller_identity.current",
            "module.get_song_chart_lambda.aws_iam_role.execution_role",
            "module.get_song_chart_lambda.aws_lambda_function.function",
            "module.get_song_chart_lambda.aws_s3_object.s3_upload",
            "module.get_song_chart_lambda.data.archive_file.zip",
            "module.list_song_charts_lambda.aws_iam_role.execution_role",
            "module.list_song_charts_lambda.aws_lambda_function.function",
            "module.list_song_charts_lambda.aws_s3_object.s3_upload",
            "module.list_song_charts_lambda.data.archive_file.zip",
            "module.shared_lambda_layer.aws_lambda_layer_version.version",
            "module.shared_lambda_layer.aws_s3_object.s3_upload",
            "module.shared_lambda_layer.data.archive_file.zip",
            "module.song_chart_history_bucket.aws_s3_bucket.s3",
            "module.spotify-project-api.aws_api_gateway_resource.resources",
            "module.spotify-project-api.aws_api_gateway_rest_api.api",
            "module.spotify-project-api.module.api_lambda_integration.aws_api_gateway_method.options_method"
          ],
          "create_before_destroy": true
        }
      ]
    },
    {
      "module": "module.spotify-project-api.module.api_lambda_integration[\"list-song-charts\"]",
      "mode": "managed",
      "type": "aws_api_gateway_method_response",
      "name": "response_200",
      "provider": "provider[\"registry.terraform.io/hashicorp/aws\"]",
      "instances": [
        {
          "schema_version": 0,
          "attributes": {
            "http_method": "GET",
            "id": "agmr-sl6gy7fpd3-ja2zhx-GET-200",
            "resource_id": "ja2zhx",
            "response_models": {
              "application/json": "Empty"
            },
            "response_parameters": {
              "method.response.header.Access-Control-Allow-Headers": true,
              "method.response.header.Access-Control-Allow-Methods": true,
              "method.response.header.Access-Control-Allow-Origin": true
            },
            "rest_api_id": "sl6gy7fpd3",
            "status_code": "200"
          },
          "sensitive_attributes": [],
          "identity_schema_version": 0,
          "private": "bnVsbA==",
          "dependencies": [
            "data.aws_caller_identity.current",
            "module.get_song_chart_lambda.aws_iam_role.execution_role",
            "module.get_song_chart_lambda.aws_lambda_function.function",
            "module.get_song_chart_lambda.aws_s3_object.s3_upload",
            "module.get_song_chart_lambda.data.archive_file.zip",
            "module.list_song_charts_lambda.aws_iam_role.execution_role",
            "module.list_song_charts_lambda.aws_lambda_function.function",
            "module.list_song_charts_lambda.aws_s3_object.s3_upload",
            "module.list_song_charts_lambda.data.archive_file.zip",
            "module.shared_lambda_layer.aws_lambda_layer_version.version",
            "module.shared_lambda_layer.aws_s3_object.s3_upload",
            "module.shared_lambda_layer.data.archive_file.zip",
            "module.song_chart_history_bucket.aws_s3_bucket.s3",
            "module.spotify-project-api.aws_api_gateway_resource.resources",
            "module.spotify-project-api.aws_api_gateway_rest_api.api",
            "module.spotify-project-api.module.api_lambda_integration.aws_api_gateway_integration.lambda_integration",
            "module.spotify-project-api.module.api_lambda_integration.aws_api_gateway_method.method"
          ],
          "create_before_destroy": true
        }
      ]
    },
    {
      "module": "module.spotify-project-api.module.api_lambda_integration[\"list-song-charts\"]",
      "mode": "managed",
      "type": "aws_lambda_permission",
      "name": "api_gateway_integration",
      "provider": "provider[\"registry.terraform.io/hashicorp/aws\"]",
      "instances": [
        {
          "schema_version": 0,
          "attributes": {
            "action": "lambda:InvokeFunction",
            "event_source_token": null,
            "function_name": "spotify-list-song-charts-lambda",
            "function_url_auth_type": null,
            "id": "AllowAPIGatewayInvokeIntegration-sl6gy7fpd3-ja2zhx",
            "principal": "apigateway.amazonaws.com",
            "principal_org_id": null,
            "qualifier": "",
            "source_account": null,
            "source_arn": "arn:aws:execute-api:us-west-1:211125619133:sl6gy7fpd3/*",
            "statement_id": "AllowAPIGatewayInvokeIntegration-sl6gy7fpd3-ja2zhx",
            "statement_id_prefix": ""
          },
          "sensitive_attributes": [],
          "identity_schema_version": 0,
          "private": "bnVsbA==",
          "dependencies": [
            "data.aws_caller_identity.current",
            "module.get_song_chart_lambda.aws_iam_role.execution_role",
            "module.get_song_chart_lambda.aws_lambda_function.function",
            "module.get_song_chart_lambda.aws_s3_object.s3_upload",
            "module.get_song_chart_lambda.data.archive_file.zip",
            "module.list_song_charts_lambda.aws_iam_role.execution_role",
            "module.list_song_charts_lambda.aws_lambda_function.function",
            "module.list_song_charts_lambda.aws_s3_object.s3_upload",
            "module.list_song_charts_lambda.data.archive_file.zip",
            "module.shared_lambda_layer.aws_lambda_layer_version.version",
            "module.shared_lambda_layer.aws_s3_object.s3_upload",
            "module.shared_lambda_layer.data.archive_file.zip",
            "module.song_chart_history_bucket.aws_s3_bucket.s3",
            "module.spotify-project-api.aws_api_gateway_resource.resources",
            "module.spotify-project-api.aws_api_gateway_rest_api.api",
            "module.spotify-project-api.module.api_lambda_integration.aws_api_gateway_method.method"
          ],
          "create_before_destroy": true
        }
      ]
    },
    {
      "module": "module.status_timestamps_table",
      "mode": "managed",
      "type": "aws_dynamodb_table",
      "name": "table",
      "provider": "provider[\"registry.terraform.io/hashicorp/aws\"]",
      "instances": [
        {
          "schema_version": 1,
          "attributes": {
            "arn": "arn:aws:dynamodb:us-west-1:211125619133:table/spotify-status-timestamps-table",
            "attribute": [
              {
                "name": "metric_name",
                "type": "S"
              }
            ],
            "billing_mode": "PAY_PER_REQUEST",
            "deletion_protection_enabled": false,
            "global_secondary_index": [],
            "hash_key": "metric_name",
            "id": "spotify-status-timestamps-table",
            "import_table": [],
            "local_secondary_index": [],
            "name": "spotify-status-timestamps-table",
            "on_demand_throughput": [],
            "point_in_time_recovery": [
              {
                "enabled": false
              }
            ],
            "range_key": null,
            "read_capacity": 0,
            "replica": [],
            "restore_date_time": null,
            "restore_source_name": null,
            "restore_source_table_arn": null,
            "restore_to_latest_time": null,
            "server_side_encryption": [],
            "stream_arn": "",
            "stream_enabled": false,
            "stream_label": "",
            "stream_view_type": "",
            "table_class": "STANDARD",
            "tags": {
              "Developer": "Jeremy Quinto",
              "Environment": "spotify",
              "Name": "spotify-status-timestamps-table",
              "Namespace": "jeremy",
              "Owner": "Jeremy Quinto",
              "Project": "spotify-project",
              "Stage": "spotify"
            },
            "tags_all": {
              "Developer": "Jeremy Quinto",
              "Environment": "spotify",
              "Name": "spotify-status-timestamps-table",
              "Namespace": "jeremy",
              "Owner": "Jeremy Quinto",
              "Project": "spotify-project",
              "Stage": "spotify"
            },
            "timeouts": null,
            "ttl": [
              {
                "attribute_name": "",
                "enabled": false
              }
            ],
            "write_capacity": 0
          },
          "sensitive_attributes": [],
          "identity_schema_version": 0,
          "private": "eyJlMmJmYjczMC1lY2FhLTExZTYtOGY4OC0zNDM2M2JjN2M0YzAiOnsiY3JlYXRlIjoxODAwMDAwMDAwMDAwLCJkZWxldGUiOjYwMDAwMDAwMDAwMCwidXBkYXRlIjozNjAwMDAwMDAwMDAwfSwic2NoZW1hX3ZlcnNpb24iOiIxIn0="
        }
      ]
    }
  ],
  "check_results": [
    {
      "object_kind": "var",
      "config_addr": "module.spotify-project-api.module.label_apigw.var.id_length_limit",
      "status": "pass",
      "objects": [
        {
          "object_addr": "module.spotify-project-api.module.label_apigw.var.id_length_limit",
          "status": "pass"
        }
      ]
    },
    {
      "object_kind": "var",
      "config_addr": "module.browser_lambda_layer.var.deployment_type",
      "status": "pass",
      "objects": [
        {
          "object_addr": "module.browser_lambda_layer.var.deployment_type",
          "status": "pass"
        }
      ]
    },
    {
      "object_kind": "var",
      "config_addr": "module.song_history_table.module.label_dynamodb.var.label_key_case",
      "status": "pass",
      "objects": [
        {
          "object_addr": "module.song_history_table.module.label_dynamodb.var.label_key_case",
          "status": "pass"
        }
      ]
    },
    {
      "object_kind": "var",
      "config_addr": "module.list_song_charts_lambda.var.log_retention_days",
      "status": "pass",
      "objects": [
        {
          "object_addr": "module.list_song_charts_lambda.var.log_retention_days",
          "status": "pass"
        }
      ]
    },
    {
      "object_kind": "var",
      "config_addr": "module.status_timestamps_table.module.label_dynamodb.var.context",
      "status": "pass",
      "objects": [
        {
          "object_addr": "module.status_timestamps_table.module.label_dynamodb.var.context",
          "status": "pass"
        }
      ]
    },
    {
      "object_kind": "var",
      "config_addr": "module.shared_lambda_layer.var.build_path",
      "status": "pass",
      "objects": [
        {
          "object_addr": "module.shared_lambda_layer.var.build_path",
          "status": "pass"
        }
      ]
    },
    {
      "object_kind": "var",
      "config_addr": "module.status_timestamps_table.var.stream_view_type",
      "status": "pass",
      "objects": [
        {
          "object_addr": "module.status_timestamps_table.var.stream_view_type",
          "status": "pass"
        }
      ]
    },
    {
      "object_kind": "var",
      "config_addr": "module.browser_lambda_layer.module.label_layer.var.label_value_case",
      "status": "pass",
      "objects": [
        {
          "object_addr": "module.browser_lambda_layer.module.label_layer.var.label_value_case",
          "status": "pass"
        }
      ]
    },
    {
      "object_kind": "var",
      "config_addr": "module.get_song_chart_lambda.module.label_lambda_exec_role.var.label_value_case",
      "status": "pass",
      "objects": [
        {
          "object_addr": "module.get_song_chart_lambda.module.label_lambda_exec_role.var.label_value_case",
          "status": "pass"
        }
      ]
    },
    {
      "object_kind": "var",
      "config_addr": "module.song_chart_history_bucket.module.label_bucket.var.id_length_limit",
      "status": "pass",
      "objects": [
        {
          "object_addr": "module.song_chart_history_bucket.module.label_bucket.var.id_length_limit",
          "status": "pass"
        }
      ]
    },
    {
      "object_kind": "var",
      "config_addr": "module.listening_history_ingestor_lambda.module.label_lambda_exec_role.var.label_value_case",
      "status": "pass",
      "objects": [
        {
          "object_addr": "module.listening_history_ingestor_lambda.module.label_lambda_exec_role.var.label_value_case",
          "status": "pass"
        }
      ]
    },
    {
      "object_kind": "var",
      "config_addr": "module.spotify-project-api.module.label_apigw_apikey.var.id_length_limit",
      "status": "pass",
      "objects": [
        {
          "object_addr": "module.spotify-project-api.module.label_apigw_apikey.var.id_length_limit",
          "status": "pass"
        }
      ]
    },
    {
      "object_kind": "var",
      "config_addr": "module.get_song_chart_lambda.module.label_lambda.var.context",
      "status": "pass",
      "objects": [
        {
          "object_addr": "module.get_song_chart_lambda.module.label_lambda.var.context",
          "status": "pass"
        }
      ]
    },
    {
      "object_kind": "var",
      "config_addr": "module.spotify-project-api.module.label_apigw_rest_api_label.var.label_key_case",
      "status": "pass",
      "objects": [
        {
          "object_addr": "module.spotify-project-api.module.label_apigw_rest_api_label.var.label_key_case",
          "status": "pass"
        }
      ]
    },
    {
      "object_kind": "var",
      "config_addr": "module.get_song_chart_lambda.module.label_lambda_exec_role.var.context",
      "status": "pass",
      "objects": [
        {
          "object_addr": "module.get_song_chart_lambda.module.label_lambda_exec_role.var.context",
          "status": "pass"
        }
      ]
    },
    {
      "object_kind": "var",
      "config_addr": "module.listening_history_ingestor_lambda.var.filename",
      "status": "pass",
      "objects": [
        {
          "object_addr": "module.listening_history_ingestor_lambda.var.filename",
          "status": "pass"
        }
      ]
    },
    {
      "object_kind": "var",
      "config_addr": "module.song_chart_playlist_generator_lambda.var.zip_project",
      "status": "pass",
      "objects": [
        {
          "object_addr": "module.song_chart_playlist_generator_lambda.var.zip_project",
          "status": "pass"
        }
      ]
    },
    {
      "object_kind": "var",
      "config_addr": "module.spotify-project-api.module.label_apigw.var.context",
      "status": "pass",
      "objects": [
        {
          "object_addr": "module.spotify-project-api.module.label_apigw.var.context",
          "status": "pass"
        }
      ]
    },
    {
      "object_kind": "var",
      "config_addr": "module.chart_generator_lambda.module.label_lambda.var.id_length_limit",
      "status": "pass",
      "objects": [
        {
          "object_addr": "module.chart_generator_lambda.module.label_lambda.var.id_length_limit",
          "status": "pass"
        }
      ]
    },
    {
      "object_kind": "var",
      "config_addr": "module.browser_lambda_layer.module.label_layer.var.id_length_limit",
      "status": "pass",
      "objects": [
        {
          "object_addr": "module.browser_lambda_layer.module.label_layer.var.id_length_limit",
          "status": "pass"
        }
      ]
    },
    {
      "object_kind": "var",
      "config_addr": "module.listening_history_ingestor_lambda.var.platform",
      "status": "pass",
      "objects": [
        {
          "object_addr": "module.listening_history_ingestor_lambda.var.platform",
          "status": "pass"
        }
      ]
    },
    {
      "object_kind": "var",
      "config_addr": "module.get_song_chart_lambda.var.upload_to_s3",
      "status": "pass",
      "objects": [
        {
          "object_addr": "module.get_song_chart_lambda.var.upload_to_s3",
          "status": "pass"
        }
      ]
    },
    {
      "object_kind": "var",
      "config_addr": "module.get_song_chart_lambda.var.zip_project",
      "status": "pass",
      "objects": [
        {
          "object_addr": "module.get_song_chart_lambda.var.zip_project",
          "status": "pass"
        }
      ]
    },
    {
      "object_kind": "var",
      "config_addr": "module.song_chart_playlist_generator_lambda.var.build_image",
      "status": "pass",
      "objects": [
        {
          "object_addr": "module.song_chart_playlist_generator_lambda.var.build_image",
          "status": "pass"
        }
      ]
    },
    {
      "object_kind": "var",
      "config_addr": "module.list_song_charts_lambda.var.source_dir",
      "status": "pass",
      "objects": [
        {
          "object_addr": "module.list_song_charts_lambda.var.source_dir",
          "status": "pass"
        }
      ]
    },
    {
      "object_kind": "var",
      "config_addr": "module.listening_history_table.var.write_capacity",
      "status": "pass",
      "objects": [
        {
          "object_addr": "module.listening_history_table.var.write_capacity",
          "status": "pass"
        }
      ]
    },
    {
      "object_kind": "var",
      "config_addr": "module.listening_history_ingestor_lambda.var.build_path",
      "status": "pass",
      "objects": [
        {
          "object_addr": "module.listening_history_ingestor_lambda.var.build_path",
          "status": "pass"
        }
      ]
    },
    {
      "object_kind": "var",
      "config_addr": "module.spotify-project-api.module.label_apigw_usageplan.var.id_length_limit",
      "status": "pass",
      "objects": [
        {
          "object_addr": "module.spotify-project-api.module.label_apigw_usageplan.var.id_length_limit",
          "status": "pass"
        }
      ]
    },
    {
      "object_kind": "var",
      "config_addr": "module.song_chart_history_bucket.module.label_bucket.var.context",
      "status": "pass",
      "objects": [
        {
          "object_addr": "module.song_chart_history_bucket.module.label_bucket.var.context",
          "status": "pass"
        }
      ]
    },
    {
      "object_kind": "var",
      "config_addr": "module.browser_lambda_layer.module.label_layer.var.label_key_case",
      "status": "pass",
      "objects": [
        {
          "object_addr": "module.browser_lambda_layer.module.label_layer.var.label_key_case",
          "status": "pass"
        }
      ]
    },
    {
      "object_kind": "var",
      "config_addr": "module.spotify-project-api.module.main_ctx.var.label_key_case",
      "status": "pass",
      "objects": [
        {
          "object_addr": "module.spotify-project-api.module.main_ctx.var.label_key_case",
          "status": "pass"
        }
      ]
    },
    {
      "object_kind": "var",
      "config_addr": "module.get_song_chart_lambda.var.source_dir",
      "status": "pass",
      "objects": [
        {
          "object_addr": "module.get_song_chart_lambda.var.source_dir",
          "status": "pass"
        }
      ]
    },
    {
      "object_kind": "var",
      "config_addr": "module.listening_history_ingestor_lambda.var.source_dir",
      "status": "pass",
      "objects": [
        {
          "object_addr": "module.listening_history_ingestor_lambda.var.source_dir",
          "status": "pass"
        }
      ]
    },
    {
      "object_kind": "var",
      "config_addr": "module.song_history_table.module.label_dynamodb.var.id_length_limit",
      "status": "pass",
      "objects": [
        {
          "object_addr": "module.song_history_table.module.label_dynamodb.var.id_length_limit",
          "status": "pass"
        }
      ]
    },
    {
      "object_kind": "var",
      "config_addr": "module.song_chart_playlist_generator_lambda.var.platform",
      "status": "pass",
      "objects": [
        {
          "object_addr": "module.song_chart_playlist_generator_lambda.var.platform",
          "status": "pass"
        }
      ]
    },
    {
      "object_kind": "var",
      "config_addr": "module.list_song_charts_lambda.var.upload_to_s3",
      "status": "pass",
      "objects": [
        {
          "object_addr": "module.list_song_charts_lambda.var.upload_to_s3",
          "status": "pass"
        }
      ]
    },
    {
      "object_kind": "var",
      "config_addr": "module.spotify-project-api.var.authorizer_type",
      "status": "pass",
      "objects": [
        {
          "object_addr": "module.spotify-project-api.var.authorizer_type",
          "status": "pass"
        }
      ]
    },
    {
      "object_kind": "var",
      "config_addr": "module.spotify-project-api.module.label_apigw_rest_api_label.var.context",
      "status": "pass",
      "objects": [
        {
          "object_addr": "module.spotify-project-api.module.label_apigw_rest_api_label.var.context",
          "status": "pass"
        }
      ]
    },
    {
      "object_kind": "var",
      "config_addr": "module.song_chart_history_bucket.module.label_bucket.var.label_value_case",
      "status": "pass",
      "objects": [
        {
          "object_addr": "module.song_chart_history_bucket.module.label_bucket.var.label_value_case",
          "status": "pass"
        }
      ]
    },
    {
      "object_kind": "var",
      "config_addr": "module.chart_generator_lambda.module.label_lambda.var.context",
      "status": "pass",
      "objects": [
        {
          "object_addr": "module.chart_generator_lambda.module.label_lambda.var.context",
          "status": "pass"
        }
      ]
    },
    {
      "object_kind": "var",
      "config_addr": "module.shared_lambda_layer.var.s3_object_version",
      "status": "pass",
      "objects": [
        {
          "object_addr": "module.shared_lambda_layer.var.s3_object_version",
          "status": "pass"
        }
      ]
    },
    {
      "object_kind": "var",
      "config_addr": "module.chart_generator_lambda.var.upload_to_s3",
      "status": "pass",
      "objects": [
        {
          "object_addr": "module.chart_generator_lambda.var.upload_to_s3",
          "status": "pass"
        }
      ]
    },
    {
      "object_kind": "var",
      "config_addr": "module.chart_generator_lambda.var.s3_object_version",
      "status": "pass",
      "objects": [
        {
          "object_addr": "module.chart_generator_lambda.var.s3_object_version",
          "status": "pass"
        }
      ]
    },
    {
      "object_kind": "var",
      "config_addr": "module.null_label.var.context",
      "status": "pass",
      "objects": [
        {
          "object_addr": "module.null_label.var.context",
          "status": "pass"
        }
      ]
    },
    {
      "object_kind": "var",
      "config_addr": "module.list_song_charts_lambda.var.s3_bucket",
      "status": "pass",
      "objects": [
        {
          "object_addr": "module.list_song_charts_lambda.var.s3_bucket",
          "status": "pass"
        }
      ]
    },
    {
      "object_kind": "var",
      "config_addr": "module.shared_lambda_layer.module.label_layer.var.label_value_case",
      "status": "pass",
      "objects": [
        {
          "object_addr": "module.shared_lambda_layer.module.label_layer.var.label_value_case",
          "status": "pass"
        }
      ]
    },
    {
      "object_kind": "var",
      "config_addr": "module.shared_lambda_layer.module.label_layer.var.context",
      "status": "pass",
      "objects": [
        {
          "object_addr": "module.shared_lambda_layer.module.label_layer.var.context",
          "status": "pass"
        }
      ]
    },
    {
      "object_kind": "var",
      "config_addr": "module.spotify-project-api.module.label_apigw_usageplan.var.label_value_case",
      "status": "pass",
      "objects": [
        {
          "object_addr": "module.spotify-project-api.module.label_apigw_usageplan.var.label_value_case",
          "status": "pass"
        }
      ]
    },
    {
      "object_kind": "var",
      "config_addr": "module.get_song_chart_lambda.module.label_lambda.var.label_key_case",
      "status": "pass",
      "objects": [
        {
          "object_addr": "module.get_song_chart_lambda.module.label_lambda.var.label_key_case",
          "status": "pass"
        }
      ]
    },
    {
      "object_kind": "var",
      "config_addr": "module.chart_generator_lambda.module.label_lambda_exec_role.var.id_length_limit",
      "status": "pass",
      "objects": [
        {
          "object_addr": "module.chart_generator_lambda.module.label_lambda_exec_role.var.id_length_limit",
          "status": "pass"
        }
      ]
    },
    {
      "object_kind": "var",
      "config_addr": "module.listening_history_ingestor_lambda.var.upload_to_s3",
      "status": "pass",
      "objects": [
        {
          "object_addr": "module.listening_history_ingestor_lambda.var.upload_to_s3",
          "status": "pass"
        }
      ]
    },
    {
      "object_kind": "var",
      "config_addr": "module.song_chart_playlist_generator_lambda.module.label_lambda.var.label_key_case",
      "status": "pass",
      "objects": [
        {
          "object_addr": "module.song_chart_playlist_generator_lambda.module.label_lambda.var.label_key_case",
          "status": "pass"
        }
      ]
    },
    {
      "object_kind": "var",
      "config_addr": "module.listening_history_ingestor_lambda.module.label_lambda.var.label_key_case",
      "status": "pass",
      "objects": [
        {
          "object_addr": "module.listening_history_ingestor_lambda.module.label_lambda.var.label_key_case",
          "status": "pass"
        }
      ]
    },
    {
      "object_kind": "var",
      "config_addr": "module.song_history_table.var.read_capacity",
      "status": "pass",
      "objects": [
        {
          "object_addr": "module.song_history_table.var.read_capacity",
          "status": "pass"
        }
      ]
    },
    {
      "object_kind": "var",
      "config_addr": "module.song_chart_playlist_generator_lambda.var.upload_to_s3",
      "status": "pass",
      "objects": [
        {
          "object_addr": "module.song_chart_playlist_generator_lambda.var.upload_to_s3",
          "status": "pass"
        }
      ]
    },
    {
      "object_kind": "var",
      "config_addr": "module.null_label.var.label_value_case",
      "status": "pass",
      "objects": [
        {
          "object_addr": "module.null_label.var.label_value_case",
          "status": "pass"
        }
      ]
    },
    {
      "object_kind": "var",
      "config_addr": "module.chart_generator_lambda.var.filename",
      "status": "pass",
      "objects": [
        {
          "object_addr": "module.chart_generator_lambda.var.filename",
          "status": "pass"
        }
      ]
    },
    {
      "object_kind": "var",
      "config_addr": "module.listening_history_table.module.label_dynamodb.var.label_key_case",
      "status": "pass",
      "objects": [
        {
          "object_addr": "module.listening_history_table.module.label_dynamodb.var.label_key_case",
          "status": "pass"
        }
      ]
    },
    {
      "object_kind": "var",
      "config_addr": "module.song_chart_playlist_generator_lambda.var.source_dir",
      "status": "pass",
      "objects": [
        {
          "object_addr": "module.song_chart_playlist_generator_lambda.var.source_dir",
          "status": "pass"
        }
      ]
    },
    {
      "object_kind": "var",
      "config_addr": "module.browser_lambda_layer.var.filename",
      "status": "pass",
      "objects": [
        {
          "object_addr": "module.browser_lambda_layer.var.filename",
          "status": "pass"
        }
      ]
    },
    {
      "object_kind": "var",
      "config_addr": "module.song_chart_playlist_generator_lambda.var.s3_bucket",
      "status": "pass",
      "objects": [
        {
          "object_addr": "module.song_chart_playlist_generator_lambda.var.s3_bucket",
          "status": "pass"
        }
      ]
    },
    {
      "object_kind": "var",
      "config_addr": "module.list_song_charts_lambda.module.label_lambda_exec_role.var.label_key_case",
      "status": "pass",
      "objects": [
        {
          "object_addr": "module.list_song_charts_lambda.module.label_lambda_exec_role.var.label_key_case",
          "status": "pass"
        }
      ]
    },
    {
      "object_kind": "var",
      "config_addr": "module.shared_lambda_layer.module.label_layer.var.id_length_limit",
      "status": "pass",
      "objects": [
        {
          "object_addr": "module.shared_lambda_layer.module.label_layer.var.id_length_limit",
          "status": "pass"
        }
      ]
    },
    {
      "object_kind": "var",
      "config_addr": "module.get_song_chart_lambda.var.platform",
      "status": "pass",
      "objects": [
        {
          "object_addr": "module.get_song_chart_lambda.var.platform",
          "status": "pass"
        }
      ]
    },
    {
      "object_kind": "var",
      "config_addr": "module.song_chart_history_bucket.module.label_bucket.var.label_key_case",
      "status": "pass",
      "objects": [
        {
          "object_addr": "module.song_chart_history_bucket.module.label_bucket.var.label_key_case",
          "status": "pass"
        }
      ]
    },
    {
      "object_kind": "var",
      "config_addr": "module.chart_generator_lambda.var.s3_bucket",
      "status": "pass",
      "objects": [
        {
          "object_addr": "module.chart_generator_lambda.var.s3_bucket",
          "status": "pass"
        }
      ]
    },
    {
      "object_kind": "var",
      "config_addr": "module.spotify-project-api.module.api_lambda_integration.var.authorizer_type",
      "status": "pass",
      "objects": [
        {
          "object_addr": "module.spotify-project-api.module.api_lambda_integration[\"list-song-charts\"].var.authorizer_type",
          "status": "pass"
        },
        {
          "object_addr": "module.spotify-project-api.module.api_lambda_integration[\"get-song-chart\"].var.authorizer_type",
          "status": "pass"
        }
      ]
    },
    {
      "object_kind": "var",
      "config_addr": "module.browser_lambda_layer.var.architecture",
      "status": "pass",
      "objects": [
        {
          "object_addr": "module.browser_lambda_layer.var.architecture",
          "status": "pass"
        }
      ]
    },
    {
      "object_kind": "var",
      "config_addr": "module.get_song_chart_lambda.var.s3_object_version",
      "status": "pass",
      "objects": [
        {
          "object_addr": "module.get_song_chart_lambda.var.s3_object_version",
          "status": "pass"
        }
      ]
    },
    {
      "object_kind": "var",
      "config_addr": "module.spotify-project-api.module.label_apigw.var.label_value_case",
      "status": "pass",
      "objects": [
        {
          "object_addr": "module.spotify-project-api.module.label_apigw.var.label_value_case",
          "status": "pass"
        }
      ]
    },
    {
      "object_kind": "var",
      "config_addr": "module.list_song_charts_lambda.var.build_image",
      "status": "pass",
      "objects": [
        {
          "object_addr": "module.list_song_charts_lambda.var.build_image",
          "status": "pass"
        }
      ]
    },
    {
      "object_kind": "var",
      "config_addr": "module.listening_history_ingestor_lambda.var.create_sg",
      "status": "pass",
      "objects": [
        {
          "object_addr": "module.listening_history_ingestor_lambda.var.create_sg",
          "status": "pass"
        }
      ]
    },
    {
      "object_kind": "var",
      "config_addr": "module.list_song_charts_lambda.module.label_lambda_exec_role.var.id_length_limit",
      "status": "pass",
      "objects": [
        {
          "object_addr": "module.list_song_charts_lambda.module.label_lambda_exec_role.var.id_length_limit",
          "status": "pass"
        }
      ]
    },
    {
      "object_kind": "var",
      "config_addr": "module.get_song_chart_lambda.var.subnet_ids",
      "status": "pass",
      "objects": [
        {
          "object_addr": "module.get_song_chart_lambda.var.subnet_ids",
          "status": "pass"
        }
      ]
    },
    {
      "object_kind": "var",
      "config_addr": "module.list_song_charts_lambda.module.label_lambda.var.id_length_limit",
      "status": "pass",
      "objects": [
        {
          "object_addr": "module.list_song_charts_lambda.module.label_lambda.var.id_length_limit",
          "status": "pass"
        }
      ]
    },
    {
      "object_kind": "var",
      "config_addr": "module.chart_generator_lambda.module.label_lambda_exec_role.var.label_key_case",
      "status": "pass",
      "objects": [
        {
          "object_addr": "module.chart_generator_lambda.module.label_lambda_exec_role.var.label_key_case",
          "status": "pass"
        }
      ]
    },
    {
      "object_kind": "var",
      "config_addr": "module.get_song_chart_lambda.module.label_lambda_exec_role.var.id_length_limit",
      "status": "pass",
      "objects": [
        {
          "object_addr": "module.get_song_chart_lambda.module.label_lambda_exec_role.var.id_length_limit",
          "status": "pass"
        }
      ]
    },
    {
      "object_kind": "var",
      "config_addr": "module.browser_lambda_layer.var.zip_project",
      "status": "pass",
      "objects": [
        {
          "object_addr": "module.browser_lambda_layer.var.zip_project",
          "status": "pass"
        }
      ]
    },
    {
      "object_kind": "var",
      "config_addr": "module.null_label.var.id_length_limit",
      "status": "pass",
      "objects": [
        {
          "object_addr": "module.null_label.var.id_length_limit",
          "status": "pass"
        }
      ]
    },
    {
      "object_kind": "var",
      "config_addr": "module.browser_lambda_layer.var.s3_object_version",
      "status": "pass",
      "objects": [
        {
          "object_addr": "module.browser_lambda_layer.var.s3_object_version",
          "status": "pass"
        }
      ]
    },
    {
      "object_kind": "var",
      "config_addr": "module.chart_generator_lambda.var.platform",
      "status": "pass",
      "objects": [
        {
          "object_addr": "module.chart_generator_lambda.var.platform",
          "status": "pass"
        }
      ]
    },
    {
      "object_kind": "var",
      "config_addr": "module.song_chart_playlist_generator_lambda.module.label_lambda.var.id_length_limit",
      "status": "pass",
      "objects": [
        {
          "object_addr": "module.song_chart_playlist_generator_lambda.module.label_lambda.var.id_length_limit",
          "status": "pass"
        }
      ]
    },
    {
      "object_kind": "var",
      "config_addr": "module.chart_generator_lambda.module.label_lambda_exec_role.var.context",
      "status": "pass",
      "objects": [
        {
          "object_addr": "module.chart_generator_lambda.module.label_lambda_exec_role.var.context",
          "status": "pass"
        }
      ]
    },
    {
      "object_kind": "var",
      "config_addr": "module.get_song_chart_lambda.var.security_group_ids",
      "status": "pass",
      "objects": [
        {
          "object_addr": "module.get_song_chart_lambda.var.security_group_ids",
          "status": "pass"
        }
      ]
    },
    {
      "object_kind": "var",
      "config_addr": "module.listening_history_ingestor_lambda.module.label_lambda.var.label_value_case",
      "status": "pass",
      "objects": [
        {
          "object_addr": "module.listening_history_ingestor_lambda.module.label_lambda.var.label_value_case",
          "status": "pass"
        }
      ]
    },
    {
      "object_kind": "var",
      "config_addr": "module.chart_generator_lambda.var.log_retention_days",
      "status": "pass",
      "objects": [
        {
          "object_addr": "module.chart_generator_lambda.var.log_retention_days",
          "status": "pass"
        }
      ]
    },
    {
      "object_kind": "var",
      "config_addr": "module.listening_history_ingestor_lambda.module.label_lambda.var.context",
      "status": "pass",
      "objects": [
        {
          "object_addr": "module.listening_history_ingestor_lambda.module.label_lambda.var.context",
          "status": "pass"
        }
      ]
    },
    {
      "object_kind": "var",
      "config_addr": "module.song_chart_playlist_generator_lambda.var.create_sg",
      "status": "pass",
      "objects": [
        {
          "object_addr": "module.song_chart_playlist_generator_lambda.var.create_sg",
          "status": "pass"
        }
      ]
    },
    {
      "object_kind": "var",
      "config_addr": "module.list_song_charts_lambda.module.label_lambda.var.label_value_case",
      "status": "pass",
      "objects": [
        {
          "object_addr": "module.list_song_charts_lambda.module.label_lambda.var.label_value_case",
          "status": "pass"
        }
      ]
    },
    {
      "object_kind": "var",
      "config_addr": "module.song_chart_playlist_generator_lambda.module.label_lambda_exec_role.var.id_length_limit",
      "status": "pass",
      "objects": [
        {
          "object_addr": "module.song_chart_playlist_generator_lambda.module.label_lambda_exec_role.var.id_length_limit",
          "status": "pass"
        }
      ]
    },
    {
      "object_kind": "var",
      "config_addr": "module.listening_history_ingestor_lambda.module.label_lambda.var.id_length_limit",
      "status": "pass",
      "objects": [
        {
          "object_addr": "module.listening_history_ingestor_lambda.module.label_lambda.var.id_length_limit",
          "status": "pass"
        }
      ]
    },
    {
      "object_kind": "var",
      "config_addr": "module.song_history_table.var.billing_mode",
      "status": "pass",
      "objects": [
        {
          "object_addr": "module.song_history_table.var.billing_mode",
          "status": "pass"
        }
      ]
    },
    {
      "object_kind": "var",
      "config_addr": "module.get_song_chart_lambda.var.log_retention_days",
      "status": "pass",
      "objects": [
        {
          "object_addr": "module.get_song_chart_lambda.var.log_retention_days",
          "status": "pass"
        }
      ]
    },
    {
      "object_kind": "var",
      "config_addr": "module.song_history_table.var.stream_view_type",
      "status": "pass",
      "objects": [
        {
          "object_addr": "module.song_history_table.var.stream_view_type",
          "status": "pass"
        }
      ]
    },
    {
      "object_kind": "var",
      "config_addr": "module.list_song_charts_lambda.var.zip_project",
      "status": "pass",
      "objects": [
        {
          "object_addr": "module.list_song_charts_lambda.var.zip_project",
          "status": "pass"
        }
      ]
    },
    {
      "object_kind": "var",
      "config_addr": "module.shared_lambda_layer.var.source_dir",
      "status": "pass",
      "objects": [
        {
          "object_addr": "module.shared_lambda_layer.var.source_dir",
          "status": "pass"
        }
      ]
    },
    {
      "object_kind": "var",
      "config_addr": "module.listening_history_ingestor_lambda.module.label_lambda_exec_role.var.id_length_limit",
      "status": "pass",
      "objects": [
        {
          "object_addr": "module.listening_history_ingestor_lambda.module.label_lambda_exec_role.var.id_length_limit",
          "status": "pass"
        }
      ]
    },
    {
      "object_kind": "var",
      "config_addr": "module.song_chart_playlist_generator_lambda.module.label_lambda_exec_role.var.context",
      "status": "pass",
      "objects": [
        {
          "object_addr": "module.song_chart_playlist_generator_lambda.module.label_lambda_exec_role.var.context",
          "status": "pass"
        }
      ]
    },
    {
      "object_kind": "var",
      "config_addr": "module.song_history_table.module.label_dynamodb.var.label_value_case",
      "status": "pass",
      "objects": [
        {
          "object_addr": "module.song_history_table.module.label_dynamodb.var.label_value_case",
          "status": "pass"
        }
      ]
    },
    {
      "object_kind": "var",
      "config_addr": "module.song_chart_playlist_generator_lambda.var.security_group_ids",
      "status": "pass",
      "objects": [
        {
          "object_addr": "module.song_chart_playlist_generator_lambda.var.security_group_ids",
          "status": "pass"
        }
      ]
    },
    {
      "object_kind": "var",
      "config_addr": "module.song_chart_playlist_generator_lambda.var.s3_object_version",
      "status": "pass",
      "objects": [
        {
          "object_addr": "module.song_chart_playlist_generator_lambda.var.s3_object_version",
          "status": "pass"
        }
      ]
    },
    {
      "object_kind": "var",
      "config_addr": "module.list_song_charts_lambda.var.platform",
      "status": "pass",
      "objects": [
        {
          "object_addr": "module.list_song_charts_lambda.var.platform",
          "status": "pass"
        }
      ]
    },
    {
      "object_kind": "var",
      "config_addr": "module.listening_history_table.var.stream_view_type",
      "status": "pass",
      "objects": [
        {
          "object_addr": "module.listening_history_table.var.stream_view_type",
          "status": "pass"
        }
      ]
    },
    {
      "object_kind": "var",
      "config_addr": "module.get_song_chart_lambda.var.deployment_type",
      "status": "pass",
      "objects": [
        {
          "object_addr": "module.get_song_chart_lambda.var.deployment_type",
          "status": "pass"
        }
      ]
    },
    {
      "object_kind": "var",
      "config_addr": "module.chart_generator_lambda.var.deployment_type",
      "status": "pass",
      "objects": [
        {
          "object_addr": "module.chart_generator_lambda.var.deployment_type",
          "status": "pass"
        }
      ]
    },
    {
      "object_kind": "var",
      "config_addr": "module.chart_generator_lambda.var.build_path",
      "status": "pass",
      "objects": [
        {
          "object_addr": "module.chart_generator_lambda.var.build_path",
          "status": "pass"
        }
      ]
    },
    {
      "object_kind": "var",
      "config_addr": "module.chart_generator_lambda.var.source_dir",
      "status": "pass",
      "objects": [
        {
          "object_addr": "module.chart_generator_lambda.var.source_dir",
          "status": "pass"
        }
      ]
    },
    {
      "object_kind": "var",
      "config_addr": "module.listening_history_ingestor_lambda.var.zip_project",
      "status": "pass",
      "objects": [
        {
          "object_addr": "module.listening_history_ingestor_lambda.var.zip_project",
          "status": "pass"
        }
      ]
    },
    {
      "object_kind": "var",
      "config_addr": "module.listening_history_ingestor_lambda.module.label_lambda_exec_role.var.label_key_case",
      "status": "pass",
      "objects": [
        {
          "object_addr": "module.listening_history_ingestor_lambda.module.label_lambda_exec_role.var.label_key_case",
          "status": "pass"
        }
      ]
    },
    {
      "object_kind": "var",
      "config_addr": "module.list_song_charts_lambda.module.label_lambda_exec_role.var.context",
      "status": "pass",
      "objects": [
        {
          "object_addr": "module.list_song_charts_lambda.module.label_lambda_exec_role.var.context",
          "status": "pass"
        }
      ]
    },
    {
      "object_kind": "var",
      "config_addr": "module.browser_lambda_layer.var.source_dir",
      "status": "pass",
      "objects": [
        {
          "object_addr": "module.browser_lambda_layer.var.source_dir",
          "status": "pass"
        }
      ]
    },
    {
      "object_kind": "var",
      "config_addr": "module.browser_lambda_layer.module.label_layer.var.context",
      "status": "pass",
      "objects": [
        {
          "object_addr": "module.browser_lambda_layer.module.label_layer.var.context",
          "status": "pass"
        }
      ]
    },
    {
      "object_kind": "var",
      "config_addr": "module.chart_generator_lambda.var.subnet_ids",
      "status": "pass",
      "objects": [
        {
          "object_addr": "module.chart_generator_lambda.var.subnet_ids",
          "status": "pass"
        }
      ]
    },
    {
      "object_kind": "var",
      "config_addr": "module.status_timestamps_table.var.billing_mode",
      "status": "pass",
      "objects": [
        {
          "object_addr": "module.status_timestamps_table.var.billing_mode",
          "status": "pass"
        }
      ]
    },
    {
      "object_kind": "var",
      "config_addr": "module.status_timestamps_table.module.label_dynamodb.var.id_length_limit",
      "status": "pass",
      "objects": [
        {
          "object_addr": "module.status_timestamps_table.module.label_dynamodb.var.id_length_limit",
          "status": "pass"
        }
      ]
    },
    {
      "object_kind": "var",
      "config_addr": "module.listening_history_ingestor_lambda.module.label_lambda_exec_role.var.context",
      "status": "pass",
      "objects": [
        {
          "object_addr": "module.listening_history_ingestor_lambda.module.label_lambda_exec_role.var.context",
          "status": "pass"
        }
      ]
    },
    {
      "object_kind": "var",
      "config_addr": "module.shared_lambda_layer.var.deployment_type",
      "status": "pass",
      "objects": [
        {
          "object_addr": "module.shared_lambda_layer.var.deployment_type",
          "status": "pass"
        }
      ]
    },
    {
      "object_kind": "var",
      "config_addr": "module.listening_history_ingestor_lambda.var.s3_object_version",
      "status": "pass",
      "objects": [
        {
          "object_addr": "module.listening_history_ingestor_lambda.var.s3_object_version",
          "status": "pass"
        }
      ]
    },
    {
      "object_kind": "var",
      "config_addr": "module.list_song_charts_lambda.module.label_lambda_exec_role.var.label_value_case",
      "status": "pass",
      "objects": [
        {
          "object_addr": "module.list_song_charts_lambda.module.label_lambda_exec_role.var.label_value_case",
          "status": "pass"
        }
      ]
    },
    {
      "object_kind": "var",
      "config_addr": "module.browser_lambda_layer.var.upload_to_s3",
      "status": "pass",
      "objects": [
        {
          "object_addr": "module.browser_lambda_layer.var.upload_to_s3",
          "status": "pass"
        }
      ]
    },
    {
      "object_kind": "var",
      "config_addr": "module.chart_generator_lambda.var.zip_project",
      "status": "pass",
      "objects": [
        {
          "object_addr": "module.chart_generator_lambda.var.zip_project",
          "status": "pass"
        }
      ]
    },
    {
      "object_kind": "var",
      "config_addr": "module.shared_lambda_layer.var.zip_project",
      "status": "pass",
      "objects": [
        {
          "object_addr": "module.shared_lambda_layer.var.zip_project",
          "status": "pass"
        }
      ]
    },
    {
      "object_kind": "var",
      "config_addr": "module.listening_history_table.var.billing_mode",
      "status": "pass",
      "objects": [
        {
          "object_addr": "module.listening_history_table.var.billing_mode",
          "status": "pass"
        }
      ]
    },
    {
      "object_kind": "var",
      "config_addr": "module.shared_lambda_layer.var.s3_bucket",
      "status": "pass",
      "objects": [
        {
          "object_addr": "module.shared_lambda_layer.var.s3_bucket",
          "status": "pass"
        }
      ]
    },
    {
      "object_kind": "var",
      "config_addr": "module.list_song_charts_lambda.var.s3_object_version",
      "status": "pass",
      "objects": [
        {
          "object_addr": "module.list_song_charts_lambda.var.s3_object_version",
          "status": "pass"
        }
      ]
    },
    {
      "object_kind": "var",
      "config_addr": "module.listening_history_table.module.label_dynamodb.var.label_value_case",
      "status": "pass",
      "objects": [
        {
          "object_addr": "module.listening_history_table.module.label_dynamodb.var.label_value_case",
          "status": "pass"
        }
      ]
    },
    {
      "object_kind": "var",
      "config_addr": "module.list_song_charts_lambda.module.label_lambda.var.context",
      "status": "pass",
      "objects": [
        {
          "object_addr": "module.list_song_charts_lambda.module.label_lambda.var.context",
          "status": "pass"
        }
      ]
    },
    {
      "object_kind": "var",
      "config_addr": "module.listening_history_table.var.read_capacity",
      "status": "pass",
      "objects": [
        {
          "object_addr": "module.listening_history_table.var.read_capacity",
          "status": "pass"
        }
      ]
    },
    {
      "object_kind": "var",
      "config_addr": "module.listening_history_ingestor_lambda.var.build_image",
      "status": "pass",
      "objects": [
        {
          "object_addr": "module.listening_history_ingestor_lambda.var.build_image",
          "status": "pass"
        }
      ]
    },
    {
      "object_kind": "var",
      "config_addr": "module.get_song_chart_lambda.module.label_lambda.var.label_value_case",
      "status": "pass",
      "objects": [
        {
          "object_addr": "module.get_song_chart_lambda.module.label_lambda.var.label_value_case",
          "status": "pass"
        }
      ]
    },
    {
      "object_kind": "var",
      "config_addr": "module.chart_generator_lambda.module.label_lambda.var.label_key_case",
      "status": "pass",
      "objects": [
        {
          "object_addr": "module.chart_generator_lambda.module.label_lambda.var.label_key_case",
          "status": "pass"
        }
      ]
    },
    {
      "object_kind": "var",
      "config_addr": "module.listening_history_ingestor_lambda.var.subnet_ids",
      "status": "pass",
      "objects": [
        {
          "object_addr": "module.listening_history_ingestor_lambda.var.subnet_ids",
          "status": "pass"
        }
      ]
    },
    {
      "object_kind": "var",
      "config_addr": "module.song_chart_playlist_generator_lambda.var.filename",
      "status": "pass",
      "objects": [
        {
          "object_addr": "module.song_chart_playlist_generator_lambda.var.filename",
          "status": "pass"
        }
      ]
    },
    {
      "object_kind": "var",
      "config_addr": "module.song_history_table.module.label_dynamodb.var.context",
      "status": "pass",
      "objects": [
        {
          "object_addr": "module.song_history_table.module.label_dynamodb.var.context",
          "status": "pass"
        }
      ]
    },
    {
      "object_kind": "var",
      "config_addr": "module.song_chart_playlist_generator_lambda.var.deployment_type",
      "status": "pass",
      "objects": [
        {
          "object_addr": "module.song_chart_playlist_generator_lambda.var.deployment_type",
          "status": "pass"
        }
      ]
    },
    {
      "object_kind": "var",
      "config_addr": "module.song_history_table.var.write_capacity",
      "status": "pass",
      "objects": [
        {
          "object_addr": "module.song_history_table.var.write_capacity",
          "status": "pass"
        }
      ]
    },
    {
      "object_kind": "var",
      "config_addr": "module.chart_generator_lambda.var.create_sg",
      "status": "pass",
      "objects": [
        {
          "object_addr": "module.chart_generator_lambda.var.create_sg",
          "status": "pass"
        }
      ]
    },
    {
      "object_kind": "var",
      "config_addr": "module.list_song_charts_lambda.var.build_path",
      "status": "pass",
      "objects": [
        {
          "object_addr": "module.list_song_charts_lambda.var.build_path",
          "status": "pass"
        }
      ]
    },
    {
      "object_kind": "var",
      "config_addr": "module.song_chart_playlist_generator_lambda.module.label_lambda.var.context",
      "status": "pass",
      "objects": [
        {
          "object_addr": "module.song_chart_playlist_generator_lambda.module.label_lambda.var.context",
          "status": "pass"
        }
      ]
    },
    {
      "object_kind": "var",
      "config_addr": "module.spotify-project-api.module.label_apigw_apikey.var.label_value_case",
      "status": "pass",
      "objects": [
        {
          "object_addr": "module.spotify-project-api.module.label_apigw_apikey.var.label_value_case",
          "status": "pass"
        }
      ]
    },
    {
      "object_kind": "var",
      "config_addr": "module.status_timestamps_table.module.label_dynamodb.var.label_key_case",
      "status": "pass",
      "objects": [
        {
          "object_addr": "module.status_timestamps_table.module.label_dynamodb.var.label_key_case",
          "status": "pass"
        }
      ]
    },
    {
      "object_kind": "var",
      "config_addr": "module.spotify-project-api.module.main_ctx.var.context",
      "status": "pass",
      "objects": [
        {
          "object_addr": "module.spotify-project-api.module.main_ctx.var.context",
          "status": "pass"
        }
      ]
    },
    {
      "object_kind": "var",
      "config_addr": "module.chart_generator_lambda.module.label_lambda_exec_role.var.label_value_case",
      "status": "pass",
      "objects": [
        {
          "object_addr": "module.chart_generator_lambda.module.label_lambda_exec_role.var.label_value_case",
          "status": "pass"
        }
      ]
    },
    {
      "object_kind": "var",
      "config_addr": "module.spotify-project-api.var.api_type",
      "status": "pass",
      "objects": [
        {
          "object_addr": "module.spotify-project-api.var.api_type",
          "status": "pass"
        }
      ]
    },
    {
      "object_kind": "var",
      "config_addr": "module.get_song_chart_lambda.var.build_path",
      "status": "pass",
      "objects": [
        {
          "object_addr": "module.get_song_chart_lambda.var.build_path",
          "status": "pass"
        }
      ]
    },
    {
      "object_kind": "var",
      "config_addr": "module.song_chart_playlist_generator_lambda.var.log_retention_days",
      "status": "pass",
      "objects": [
        {
          "object_addr": "module.song_chart_playlist_generator_lambda.var.log_retention_days",
          "status": "pass"
        }
      ]
    },
    {
      "object_kind": "var",
      "config_addr": "module.status_timestamps_table.module.label_dynamodb.var.label_value_case",
      "status": "pass",
      "objects": [
        {
          "object_addr": "module.status_timestamps_table.module.label_dynamodb.var.label_value_case",
          "status": "pass"
        }
      ]
    },
    {
      "object_kind": "var",
      "config_addr": "module.spotify-project-api.module.label_apigw_rest_api_label.var.label_value_case",
      "status": "pass",
      "objects": [
        {
          "object_addr": "module.spotify-project-api.module.label_apigw_rest_api_label.var.label_value_case",
          "status": "pass"
        }
      ]
    },
    {
      "object_kind": "var",
      "config_addr": "module.shared_lambda_layer.var.architecture",
      "status": "pass",
      "objects": [
        {
          "object_addr": "module.shared_lambda_layer.var.architecture",
          "status": "pass"
        }
      ]
    },
    {
      "object_kind": "var",
      "config_addr": "module.list_song_charts_lambda.var.filename",
      "status": "pass",
      "objects": [
        {
          "object_addr": "module.list_song_charts_lambda.var.filename",
          "status": "pass"
        }
      ]
    },
    {
      "object_kind": "var",
      "config_addr": "module.listening_history_table.module.label_dynamodb.var.id_length_limit",
      "status": "pass",
      "objects": [
        {
          "object_addr": "module.listening_history_table.module.label_dynamodb.var.id_length_limit",
          "status": "pass"
        }
      ]
    },
    {
      "object_kind": "var",
      "config_addr": "module.chart_generator_lambda.var.security_group_ids",
      "status": "pass",
      "objects": [
        {
          "object_addr": "module.chart_generator_lambda.var.security_group_ids",
          "status": "pass"
        }
      ]
    },
    {
      "object_kind": "var",
      "config_addr": "module.listening_history_ingestor_lambda.var.deployment_type",
      "status": "pass",
      "objects": [
        {
          "object_addr": "module.listening_history_ingestor_lambda.var.deployment_type",
          "status": "pass"
        }
      ]
    },
    {
      "object_kind": "var",
      "config_addr": "module.chart_generator_lambda.var.build_image",
      "status": "pass",
      "objects": [
        {
          "object_addr": "module.chart_generator_lambda.var.build_image",
          "status": "pass"
        }
      ]
    },
    {
      "object_kind": "var",
      "config_addr": "module.spotify-project-api.module.label_apigw_apikey.var.label_key_case",
      "status": "pass",
      "objects": [
        {
          "object_addr": "module.spotify-project-api.module.label_apigw_apikey.var.label_key_case",
          "status": "pass"
        }
      ]
    },
    {
      "object_kind": "var",
      "config_addr": "module.spotify-project-api.module.label_apigw_usageplan.var.label_key_case",
      "status": "pass",
      "objects": [
        {
          "object_addr": "module.spotify-project-api.module.label_apigw_usageplan.var.label_key_case",
          "status": "pass"
        }
      ]
    },
    {
      "object_kind": "var",
      "config_addr": "module.list_song_charts_lambda.var.create_sg",
      "status": "pass",
      "objects": [
        {
          "object_addr": "module.list_song_charts_lambda.var.create_sg",
          "status": "pass"
        }
      ]
    },
    {
      "object_kind": "var",
      "config_addr": "module.song_chart_playlist_generator_lambda.module.label_lambda.var.label_value_case",
      "status": "pass",
      "objects": [
        {
          "object_addr": "module.song_chart_playlist_generator_lambda.module.label_lambda.var.label_value_case",
          "status": "pass"
        }
      ]
    },
    {
      "object_kind": "var",
      "config_addr": "module.list_song_charts_lambda.var.security_group_ids",
      "status": "pass",
      "objects": [
        {
          "object_addr": "module.list_song_charts_lambda.var.security_group_ids",
          "status": "pass"
        }
      ]
    },
    {
      "object_kind": "var",
      "config_addr": "module.song_chart_playlist_generator_lambda.module.label_lambda_exec_role.var.label_key_case",
      "status": "pass",
      "objects": [
        {
          "object_addr": "module.song_chart_playlist_generator_lambda.module.label_lambda_exec_role.var.label_key_case",
          "status": "pass"
        }
      ]
    },
    {
      "object_kind": "var",
      "config_addr": "module.get_song_chart_lambda.var.create_sg",
      "status": "pass",
      "objects": [
        {
          "object_addr": "module.get_song_chart_lambda.var.create_sg",
          "status": "pass"
        }
      ]
    },
    {
      "object_kind": "var",
      "config_addr": "module.listening_history_ingestor_lambda.var.s3_bucket",
      "status": "pass",
      "objects": [
        {
          "object_addr": "module.listening_history_ingestor_lambda.var.s3_bucket",
          "status": "pass"
        }
      ]
    },
    {
      "object_kind": "var",
      "config_addr": "module.browser_lambda_layer.var.build_path",
      "status": "pass",
      "objects": [
        {
          "object_addr": "module.browser_lambda_layer.var.build_path",
          "status": "pass"
        }
      ]
    },
    {
      "object_kind": "var",
      "config_addr": "module.listening_history_ingestor_lambda.var.security_group_ids",
      "status": "pass",
      "objects": [
        {
          "object_addr": "module.listening_history_ingestor_lambda.var.security_group_ids",
          "status": "pass"
        }
      ]
    },
    {
      "object_kind": "var",
      "config_addr": "module.spotify-project-api.module.main_ctx.var.id_length_limit",
      "status": "pass",
      "objects": [
        {
          "object_addr": "module.spotify-project-api.module.main_ctx.var.id_length_limit",
          "status": "pass"
        }
      ]
    },
    {
      "object_kind": "var",
      "config_addr": "module.get_song_chart_lambda.module.label_lambda_exec_role.var.label_key_case",
      "status": "pass",
      "objects": [
        {
          "object_addr": "module.get_song_chart_lambda.module.label_lambda_exec_role.var.label_key_case",
          "status": "pass"
        }
      ]
    },
    {
      "object_kind": "var",
      "config_addr": "module.null_label.var.label_key_case",
      "status": "pass",
      "objects": [
        {
          "object_addr": "module.null_label.var.label_key_case",
          "status": "pass"
        }
      ]
    },
    {
      "object_kind": "var",
      "config_addr": "module.shared_lambda_layer.var.upload_to_s3",
      "status": "pass",
      "objects": [
        {
          "object_addr": "module.shared_lambda_layer.var.upload_to_s3",
          "status": "pass"
        }
      ]
    },
    {
      "object_kind": "var",
      "config_addr": "module.get_song_chart_lambda.var.s3_bucket",
      "status": "pass",
      "objects": [
        {
          "object_addr": "module.get_song_chart_lambda.var.s3_bucket",
          "status": "pass"
        }
      ]
    },
    {
      "object_kind": "var",
      "config_addr": "module.spotify-project-api.module.label_apigw_rest_api_label.var.id_length_limit",
      "status": "pass",
      "objects": [
        {
          "object_addr": "module.spotify-project-api.module.label_apigw_rest_api_label.var.id_length_limit",
          "status": "pass"
        }
      ]
    },
    {
      "object_kind": "var",
      "config_addr": "module.song_chart_playlist_generator_lambda.var.subnet_ids",
      "status": "pass",
      "objects": [
        {
          "object_addr": "module.song_chart_playlist_generator_lambda.var.subnet_ids",
          "status": "pass"
        }
      ]
    },
    {
      "object_kind": "var",
      "config_addr": "module.song_chart_playlist_generator_lambda.module.label_lambda_exec_role.var.label_value_case",
      "status": "pass",
      "objects": [
        {
          "object_addr": "module.song_chart_playlist_generator_lambda.module.label_lambda_exec_role.var.label_value_case",
          "status": "pass"
        }
      ]
    },
    {
      "object_kind": "var",
      "config_addr": "module.spotify-project-api.module.label_apigw.var.label_key_case",
      "status": "pass",
      "objects": [
        {
          "object_addr": "module.spotify-project-api.module.label_apigw.var.label_key_case",
          "status": "pass"
        }
      ]
    },
    {
      "object_kind": "var",
      "config_addr": "module.status_timestamps_table.var.read_capacity",
      "status": "pass",
      "objects": [
        {
          "object_addr": "module.status_timestamps_table.var.read_capacity",
          "status": "pass"
        }
      ]
    },
    {
      "object_kind": "var",
      "config_addr": "module.song_chart_playlist_generator_lambda.var.build_path",
      "status": "pass",
      "objects": [
        {
          "object_addr": "module.song_chart_playlist_generator_lambda.var.build_path",
          "status": "pass"
        }
      ]
    },
    {
      "object_kind": "var",
      "config_addr": "module.listening_history_ingestor_lambda.var.log_retention_days",
      "status": "pass",
      "objects": [
        {
          "object_addr": "module.listening_history_ingestor_lambda.var.log_retention_days",
          "status": "pass"
        }
      ]
    },
    {
      "object_kind": "var",
      "config_addr": "module.get_song_chart_lambda.var.filename",
      "status": "pass",
      "objects": [
        {
          "object_addr": "module.get_song_chart_lambda.var.filename",
          "status": "pass"
        }
      ]
    },
    {
      "object_kind": "var",
      "config_addr": "module.shared_lambda_layer.var.filename",
      "status": "pass",
      "objects": [
        {
          "object_addr": "module.shared_lambda_layer.var.filename",
          "status": "pass"
        }
      ]
    },
    {
      "object_kind": "var",
      "config_addr": "module.spotify-project-api.module.label_apigw_usageplan.var.context",
      "status": "pass",
      "objects": [
        {
          "object_addr": "module.spotify-project-api.module.label_apigw_usageplan.var.context",
          "status": "pass"
        }
      ]
    },
    {
      "object_kind": "var",
      "config_addr": "module.list_song_charts_lambda.module.label_lambda.var.label_key_case",
      "status": "pass",
      "objects": [
        {
          "object_addr": "module.list_song_charts_lambda.module.label_lambda.var.label_key_case",
          "status": "pass"
        }
      ]
    },
    {
      "object_kind": "var",
      "config_addr": "module.shared_lambda_layer.module.label_layer.var.label_key_case",
      "status": "pass",
      "objects": [
        {
          "object_addr": "module.shared_lambda_layer.module.label_layer.var.label_key_case",
          "status": "pass"
        }
      ]
    },
    {
      "object_kind": "var",
      "config_addr": "module.listening_history_table.module.label_dynamodb.var.context",
      "status": "pass",
      "objects": [
        {
          "object_addr": "module.listening_history_table.module.label_dynamodb.var.context",
          "status": "pass"
        }
      ]
    },
    {
      "object_kind": "var",
      "config_addr": "module.get_song_chart_lambda.var.build_image",
      "status": "pass",
      "objects": [
        {
          "object_addr": "module.get_song_chart_lambda.var.build_image",
          "status": "pass"
        }
      ]
    },
    {
      "object_kind": "var",
      "config_addr": "module.list_song_charts_lambda.var.deployment_type",
      "status": "pass",
      "objects": [
        {
          "object_addr": "module.list_song_charts_lambda.var.deployment_type",
          "status": "pass"
        }
      ]
    },
    {
      "object_kind": "var",
      "config_addr": "module.spotify-project-api.module.label_apigw_apikey.var.context",
      "status": "pass",
      "objects": [
        {
          "object_addr": "module.spotify-project-api.module.label_apigw_apikey.var.context",
          "status": "pass"
        }
      ]
    },
    {
      "object_kind": "var",
      "config_addr": "module.get_song_chart_lambda.module.label_lambda.var.id_length_limit",
      "status": "pass",
      "objects": [
        {
          "object_addr": "module.get_song_chart_lambda.module.label_lambda.var.id_length_limit",
          "status": "pass"
        }
      ]
    },
    {
      "object_kind": "var",
      "config_addr": "module.status_timestamps_table.var.write_capacity",
      "status": "pass",
      "objects": [
        {
          "object_addr": "module.status_timestamps_table.var.write_capacity",
          "status": "pass"
        }
      ]
    },
    {
      "object_kind": "var",
      "config_addr": "module.spotify-project-api.module.main_ctx.var.label_value_case",
      "status": "pass",
      "objects": [
        {
          "object_addr": "module.spotify-project-api.module.main_ctx.var.label_value_case",
          "status": "pass"
        }
      ]
    },
    {
      "object_kind": "var",
      "config_addr": "module.list_song_charts_lambda.var.subnet_ids",
      "status": "pass",
      "objects": [
        {
          "object_addr": "module.list_song_charts_lambda.var.subnet_ids",
          "status": "pass"
        }
      ]
    },
    {
      "object_kind": "var",
      "config_addr": "module.browser_lambda_layer.var.s3_bucket",
      "status": "pass",
      "objects": [
        {
          "object_addr": "module.browser_lambda_layer.var.s3_bucket",
          "status": "pass"
        }
      ]
    },
    {
      "object_kind": "var",
      "config_addr": "module.chart_generator_lambda.module.label_lambda.var.label_value_case",
      "status": "pass",
      "objects": [
        {
          "object_addr": "module.chart_generator_lambda.module.label_lambda.var.label_value_case",
          "status": "pass"
        }
      ]
    }
  ]
}
