{
  "version": 4,
  "terraform_version": "1.12.1",
  "serial": 121,
  "lineage": "35aa9bfc-f14e-ce5d-ad8d-3f00bba0111a",
  "outputs": {},
  "resources": [
    {
      "mode": "data",
      "type": "aws_caller_identity",
      "name": "current",
      "provider": "provider[\"registry.terraform.io/hashicorp/aws\"]",
      "instances": [
        {
          "schema_version": 0,
          "attributes": {
            "account_id": "211125619133",
            "arn": "arn:aws:iam::211125619133:user/Jeremy",
            "id": "211125619133",
            "user_id": "AIDATCKARJG6T2JYWDM3D"
          },
          "sensitive_attributes": [],
          "identity_schema_version": 0
        }
      ]
    },
    {
      "mode": "data",
      "type": "aws_region",
      "name": "current",
      "provider": "provider[\"registry.terraform.io/hashicorp/aws\"]",
      "instances": [
        {
          "schema_version": 0,
          "attributes": {
            "description": "US West (N. California)",
            "endpoint": "ec2.us-west-1.amazonaws.com",
            "id": "us-west-1",
            "name": "us-west-1"
          },
          "sensitive_attributes": [],
          "identity_schema_version": 0
        }
      ]
    },
    {
      "mode": "data",
      "type": "aws_secretsmanager_secret_version",
      "name": "spotify_api_secrets",
      "provider": "provider[\"registry.terraform.io/hashicorp/aws\"]",
      "instances": [
        {
          "schema_version": 0,
          "attributes": {
            "arn": "arn:aws:secretsmanager:us-west-1:211125619133:secret:SpotifyAPICreds-ck6Gnk",
            "created_date": "2025-09-08T22:48:06Z",
            "id": "SpotifyAPICreds|AWSCURRENT",
            "secret_binary": "",
            "secret_id": "SpotifyAPICreds",
            "secret_string": "{\"SPOTIFY_REFRESH_TOKEN\":\"AQBKebBtX2rCfeoXxxWUCGXcr-oA9CXQ4F8rtqFQI9Fg2ykQ-J9Dx-6s2S_cAsuZvEtUqYH22BZB0tTCq_1WlZaNCSPa3GwYtAzCCC-vTCBgZVb6zVOuIOJ3VSX0YtJpoNI\",\"SPOTIFY_CLIENT_ID\":\"ca1cd64416c445398c7c7e0db471dd68\",\"SPOTIFY_CLIENT_SECRET\":\"2f4a918c35b74acd9fcea703d297833e\"}",
            "version_id": "178aa110-08eb-4602-a101-4ce7bf1e3452",
            "version_stage": "AWSCURRENT",
            "version_stages": [
              "AWSCURRENT"
            ]
          },
          "sensitive_attributes": [
            [
              {
                "type": "get_attr",
                "value": "secret_binary"
              }
            ],
            [
              {
                "type": "get_attr",
                "value": "secret_string"
              }
            ]
          ],
          "identity_schema_version": 0
        }
      ]
    },
    {
      "mode": "managed",
      "type": "aws_cloudwatch_event_rule",
      "name": "listening_history_ingestor_trigger",
      "provider": "provider[\"registry.terraform.io/hashicorp/aws\"]",
      "instances": [
        {
          "schema_version": 1,
          "attributes": {
            "arn": "arn:aws:events:us-west-1:211125619133:rule/listening-history-ingestor-trigger",
            "description": "Triggers listening history ingestor Lambda every hour",
            "event_bus_name": "default",
            "event_pattern": null,
            "force_destroy": false,
            "id": "listening-history-ingestor-trigger",
            "is_enabled": true,
            "name": "listening-history-ingestor-trigger",
            "name_prefix": "",
            "role_arn": "",
            "schedule_expression": "cron(0 * * * ? *)",
            "state": "ENABLED",
            "tags": {},
            "tags_all": {}
          },
          "sensitive_attributes": [],
          "identity_schema_version": 0,
          "private": "eyJzY2hlbWFfdmVyc2lvbiI6IjEifQ=="
        }
      ]
    },
    {
      "mode": "managed",
      "type": "aws_cloudwatch_event_target",
      "name": "trigger_synthetic_lambda",
      "provider": "provider[\"registry.terraform.io/hashicorp/aws\"]",
      "instances": [
        {
          "schema_version": 1,
          "attributes": {
            "appsync_target": [],
            "arn": "arn:aws:lambda:us-west-1:211125619133:function:spotify-listening-history-ingestor-lambda",
            "batch_target": [],
            "dead_letter_config": [],
            "ecs_target": [],
            "event_bus_name": "default",
            "force_destroy": false,
            "http_target": [],
            "id": "listening-history-ingestor-trigger-SyntheticDataLambda",
            "input": "{\"trigger\":\"daily\"}",
            "input_path": "",
            "input_transformer": [],
            "kinesis_target": [],
            "redshift_target": [],
            "retry_policy": [],
            "role_arn": "",
            "rule": "listening-history-ingestor-trigger",
            "run_command_targets": [],
            "sagemaker_pipeline_target": [],
            "sqs_target": [],
            "target_id": "SyntheticDataLambda"
          },
          "sensitive_attributes": [],
          "identity_schema_version": 0,
          "private": "eyJzY2hlbWFfdmVyc2lvbiI6IjEifQ==",
          "dependencies": [
            "aws_cloudwatch_event_rule.listening_history_ingestor_trigger",
            "data.aws_caller_identity.current",
            "data.aws_secretsmanager_secret_version.spotify_api_secrets",
            "module.listening_history_ingestor_lambda.aws_iam_role.execution_role",
            "module.listening_history_ingestor_lambda.aws_lambda_function.function",
            "module.listening_history_ingestor_lambda.aws_s3_object.s3_upload",
            "module.listening_history_ingestor_lambda.data.archive_file.zip",
            "module.recent_listening_history_table.aws_dynamodb_table.table",
            "module.shared_lambda_layer.aws_lambda_layer_version.version",
            "module.shared_lambda_layer.aws_s3_object.s3_upload",
            "module.shared_lambda_layer.data.archive_file.zip",
            "module.status_timestamps_table.aws_dynamodb_table.table"
          ]
        }
      ]
    },
    {
      "mode": "managed",
      "type": "aws_iam_policy",
      "name": "chart_generator_policy",
      "provider": "provider[\"registry.terraform.io/hashicorp/aws\"]",
      "instances": [
        {
          "schema_version": 0,
          "attributes": {
            "arn": "arn:aws:iam::211125619133:policy/chart-generator-policy",
            "attachment_count": 1,
            "description": "Allows the listening history ingestor Lambda to write to the DynamoDB table.",
            "id": "arn:aws:iam::211125619133:policy/chart-generator-policy",
            "name": "chart-generator-policy",
            "name_prefix": "",
            "path": "/",
            "policy": "{\"Statement\":[{\"Action\":[\"dynamodb:Query\"],\"Effect\":\"Allow\",\"Resource\":\"arn:aws:dynamodb:us-west-1:211125619133:table/spotify-recent-listening-history\"},{\"Action\":[\"dynamodb:GetItem\",\"dynamodb:PutItem\",\"dynamodb:UpdateItem\"],\"Effect\":\"Allow\",\"Resource\":\"arn:aws:dynamodb:us-west-1:211125619133:table/spotify-status-timestamps-table\"},{\"Action\":[\"dynamodb:GetItem\",\"dynamodb:PutItem\",\"dynamodb:UpdateItem\"],\"Effect\":\"Allow\",\"Resource\":\"arn:aws:dynamodb:us-west-1:211125619133:table/spotify-song-history\"},{\"Action\":[\"s3:PutObject\"],\"Effect\":\"Allow\",\"Resource\":\"arn:aws:s3:::jeremy-spotify-song-chart-history-bucket/*\"}],\"Version\":\"2012-10-17\"}",
            "policy_id": "ANPATCKARJG6WSIR2LYJ3",
            "tags": {},
            "tags_all": {}
          },
          "sensitive_attributes": [],
          "identity_schema_version": 0,
          "private": "bnVsbA==",
          "dependencies": [
            "module.recent_listening_history_table.aws_dynamodb_table.table",
            "module.song_chart_history_bucket.aws_s3_bucket.s3",
            "module.song_history_table.aws_dynamodb_table.table",
            "module.status_timestamps_table.aws_dynamodb_table.table"
          ]
        }
      ]
    },
    {
      "mode": "managed",
      "type": "aws_iam_policy",
      "name": "listening_history_ingestor_policy",
      "provider": "provider[\"registry.terraform.io/hashicorp/aws\"]",
      "instances": [
        {
          "schema_version": 0,
          "attributes": {
            "arn": "arn:aws:iam::211125619133:policy/listening-history-ingestor-policy",
            "attachment_count": 1,
            "description": "Allows the listening history ingestor Lambda to write to the DynamoDB table.",
            "id": "arn:aws:iam::211125619133:policy/listening-history-ingestor-policy",
            "name": "listening-history-ingestor-policy",
            "name_prefix": "",
            "path": "/",
            "policy": "{\"Statement\":[{\"Action\":[\"dynamodb:PutItem\",\"dynamodb:BatchWriteItem\"],\"Effect\":\"Allow\",\"Resource\":\"arn:aws:dynamodb:us-west-1:211125619133:table/spotify-recent-listening-history\"},{\"Action\":[\"dynamodb:GetItem\",\"dynamodb:PutItem\",\"dynamodb:UpdateItem\"],\"Effect\":\"Allow\",\"Resource\":\"arn:aws:dynamodb:us-west-1:211125619133:table/spotify-status-timestamps-table\"}],\"Version\":\"2012-10-17\"}",
            "policy_id": "ANPATCKARJG6XT5O2VWNT",
            "tags": {},
            "tags_all": {}
          },
          "sensitive_attributes": [],
          "identity_schema_version": 0,
          "private": "bnVsbA==",
          "dependencies": [
            "module.recent_listening_history_table.aws_dynamodb_table.table",
            "module.status_timestamps_table.aws_dynamodb_table.table"
          ]
        }
      ]
    },
    {
      "mode": "managed",
      "type": "aws_iam_role_policy_attachment",
      "name": "chart_generator_attach",
      "provider": "provider[\"registry.terraform.io/hashicorp/aws\"]",
      "instances": [
        {
          "schema_version": 0,
          "attributes": {
            "id": "spotify-chart-generator-lambda-exec-role-20250908233545132100000001",
            "policy_arn": "arn:aws:iam::211125619133:policy/chart-generator-policy",
            "role": "spotify-chart-generator-lambda-exec-role"
          },
          "sensitive_attributes": [],
          "identity_schema_version": 0,
          "private": "bnVsbA==",
          "dependencies": [
            "aws_iam_policy.chart_generator_policy",
            "module.chart_generator_lambda.aws_iam_role.execution_role",
            "module.recent_listening_history_table.aws_dynamodb_table.table",
            "module.song_chart_history_bucket.aws_s3_bucket.s3",
            "module.song_history_table.aws_dynamodb_table.table",
            "module.status_timestamps_table.aws_dynamodb_table.table"
          ]
        }
      ]
    },
    {
      "mode": "managed",
      "type": "aws_iam_role_policy_attachment",
      "name": "listening_history_ingestor_attach",
      "provider": "provider[\"registry.terraform.io/hashicorp/aws\"]",
      "instances": [
        {
          "schema_version": 0,
          "attributes": {
            "id": "spotify-listening-history-ingestor-lambda-exec-role-20250908221107870000000001",
            "policy_arn": "arn:aws:iam::211125619133:policy/listening-history-ingestor-policy",
            "role": "spotify-listening-history-ingestor-lambda-exec-role"
          },
          "sensitive_attributes": [],
          "identity_schema_version": 0,
          "private": "bnVsbA==",
          "dependencies": [
            "aws_iam_policy.listening_history_ingestor_policy",
            "module.listening_history_ingestor_lambda.aws_iam_role.execution_role",
            "module.recent_listening_history_table.aws_dynamodb_table.table",
            "module.status_timestamps_table.aws_dynamodb_table.table"
          ]
        }
      ]
    },
    {
      "mode": "managed",
      "type": "aws_lambda_permission",
      "name": "allow_eventbridge",
      "provider": "provider[\"registry.terraform.io/hashicorp/aws\"]",
      "instances": [
        {
          "schema_version": 0,
          "attributes": {
            "action": "lambda:InvokeFunction",
            "event_source_token": null,
            "function_name": "spotify-listening-history-ingestor-lambda",
            "function_url_auth_type": null,
            "id": "AllowEventBridgeInvoke",
            "principal": "events.amazonaws.com",
            "principal_org_id": null,
            "qualifier": "",
            "source_account": null,
            "source_arn": "arn:aws:events:us-west-1:211125619133:rule/listening-history-ingestor-trigger",
            "statement_id": "AllowEventBridgeInvoke",
            "statement_id_prefix": ""
          },
          "sensitive_attributes": [],
          "identity_schema_version": 0,
          "private": "bnVsbA==",
          "dependencies": [
            "aws_cloudwatch_event_rule.listening_history_ingestor_trigger",
            "data.aws_caller_identity.current",
            "data.aws_secretsmanager_secret_version.spotify_api_secrets",
            "module.listening_history_ingestor_lambda.aws_iam_role.execution_role",
            "module.listening_history_ingestor_lambda.aws_lambda_function.function",
            "module.listening_history_ingestor_lambda.aws_s3_object.s3_upload",
            "module.listening_history_ingestor_lambda.data.archive_file.zip",
            "module.recent_listening_history_table.aws_dynamodb_table.table",
            "module.shared_lambda_layer.aws_lambda_layer_version.version",
            "module.shared_lambda_layer.aws_s3_object.s3_upload",
            "module.shared_lambda_layer.data.archive_file.zip",
            "module.status_timestamps_table.aws_dynamodb_table.table"
          ]
        }
      ]
    },
    {
      "module": "module.chart_generator_lambda",
      "mode": "data",
      "type": "archive_file",
      "name": "zip",
      "provider": "provider[\"registry.terraform.io/hashicorp/archive\"]",
      "instances": [
        {
          "index_key": 0,
          "schema_version": 0,
          "attributes": {
            "exclude_symlink_directories": null,
            "excludes": [
              "*.zip"
            ],
            "id": "21002b0cbd71157b4c901fc636e619de68ed4fd3",
            "output_base64sha256": "kfghYOwvF/R8AzamV4JpRCOZ6lnMMx7N8A6kEDdvz0w=",
            "output_base64sha512": "9/cpp6qUep58dNYJY1eKGxDrxzRWzI34DGqFfbP1V/HqKcn/ZBu23Ai7pBfx20pzdU4m3J1HQu6rL26ZcXsnWw==",
            "output_file_mode": null,
            "output_md5": "16fa699db1075cb80570e36f90a9f566",
            "output_path": "./../backend/build/chart_generator/chart_generator.zip",
            "output_sha": "21002b0cbd71157b4c901fc636e619de68ed4fd3",
            "output_sha256": "91f82160ec2f17f47c0336a6578269442399ea59cc331ecdf00ea410376fcf4c",
            "output_sha512": "f7f729a7aa947a9e7c74d60963578a1b10ebc73456cc8df80c6a857db3f557f1ea29c9ff641bb6dc08bba417f1db4a73754e26dc9d4742eeab2f6e99717b275b",
            "output_size": 7274,
            "source": [],
            "source_content": null,
            "source_content_filename": null,
            "source_dir": "./../backend/dist/chart_generator",
            "source_file": null,
            "type": "zip"
          },
          "sensitive_attributes": [],
          "identity_schema_version": 0
        }
      ]
    },
    {
      "module": "module.chart_generator_lambda",
      "mode": "data",
      "type": "aws_subnet",
      "name": "lambda_subnet",
      "provider": "provider[\"registry.terraform.io/hashicorp/aws\"]",
      "instances": []
    },
    {
      "module": "module.chart_generator_lambda",
      "mode": "managed",
      "type": "aws_cloudwatch_log_group",
      "name": "lambda_log_group",
      "provider": "provider[\"registry.terraform.io/hashicorp/aws\"]",
      "instances": [
        {
          "schema_version": 0,
          "attributes": {
            "arn": "arn:aws:logs:us-west-1:211125619133:log-group:/aws/lambda/spotify-chart-generator-lambda",
            "id": "/aws/lambda/spotify-chart-generator-lambda",
            "kms_key_id": "",
            "log_group_class": "STANDARD",
            "name": "/aws/lambda/spotify-chart-generator-lambda",
            "name_prefix": "",
            "retention_in_days": 7,
            "skip_destroy": false,
            "tags": {
              "Developer": "Jeremy Quinto",
              "Environment": "spotify",
              "Name": "spotify-chart-generator-lambda",
              "Namespace": "jeremy",
              "Owner": "Jeremy Quinto",
              "Project": "spotify-project",
              "Stage": "spotify"
            },
            "tags_all": {
              "Developer": "Jeremy Quinto",
              "Environment": "spotify",
              "Name": "spotify-chart-generator-lambda",
              "Namespace": "jeremy",
              "Owner": "Jeremy Quinto",
              "Project": "spotify-project",
              "Stage": "spotify"
            }
          },
          "sensitive_attributes": [],
          "identity_schema_version": 0,
          "private": "bnVsbA=="
        }
      ]
    },
    {
      "module": "module.chart_generator_lambda",
      "mode": "managed",
      "type": "aws_iam_role",
      "name": "execution_role",
      "provider": "provider[\"registry.terraform.io/hashicorp/aws\"]",
      "instances": [
        {
          "schema_version": 0,
          "attributes": {
            "arn": "arn:aws:iam::211125619133:role/spotify-chart-generator-lambda-exec-role",
            "assume_role_policy": "{\"Statement\":[{\"Action\":\"sts:AssumeRole\",\"Effect\":\"Allow\",\"Principal\":{\"Service\":\"lambda.amazonaws.com\"}}],\"Version\":\"2012-10-17\"}",
            "create_date": "2025-09-08T23:35:01Z",
            "description": "Execution role for Lambda function spotify-chart-generator-lambda",
            "force_detach_policies": false,
            "id": "spotify-chart-generator-lambda-exec-role",
            "inline_policy": [],
            "managed_policy_arns": [
              "arn:aws:iam::211125619133:policy/chart-generator-policy",
              "arn:aws:iam::aws:policy/service-role/AWSLambdaBasicExecutionRole"
            ],
            "max_session_duration": 3600,
            "name": "spotify-chart-generator-lambda-exec-role",
            "name_prefix": "",
            "path": "/",
            "permissions_boundary": "",
            "tags": {
              "Developer": "Jeremy Quinto",
              "Environment": "spotify",
              "Name": "spotify-chart-generator-lambda-exec-role",
              "Namespace": "jeremy",
              "Owner": "Jeremy Quinto",
              "Project": "spotify-project",
              "Stage": "spotify"
            },
            "tags_all": {
              "Developer": "Jeremy Quinto",
              "Environment": "spotify",
              "Name": "spotify-chart-generator-lambda-exec-role",
              "Namespace": "jeremy",
              "Owner": "Jeremy Quinto",
              "Project": "spotify-project",
              "Stage": "spotify"
            },
            "unique_id": "AROATCKARJG63VSWSO5OU"
          },
          "sensitive_attributes": [],
          "identity_schema_version": 0,
          "private": "bnVsbA=="
        }
      ]
    },
    {
      "module": "module.chart_generator_lambda",
      "mode": "managed",
      "type": "aws_iam_role_policy_attachment",
      "name": "lambda_basic_execution_role",
      "provider": "provider[\"registry.terraform.io/hashicorp/aws\"]",
      "instances": [
        {
          "schema_version": 0,
          "attributes": {
            "id": "spotify-chart-generator-lambda-exec-role-20250908233459045800000001",
            "policy_arn": "arn:aws:iam::aws:policy/service-role/AWSLambdaBasicExecutionRole",
            "role": "spotify-chart-generator-lambda-exec-role"
          },
          "sensitive_attributes": [],
          "identity_schema_version": 0,
          "private": "bnVsbA==",
          "dependencies": [
            "module.chart_generator_lambda.aws_iam_role.execution_role"
          ]
        }
      ]
    },
    {
      "module": "module.chart_generator_lambda",
      "mode": "managed",
      "type": "aws_iam_role_policy_attachment",
      "name": "lambda_eni_management_access",
      "provider": "provider[\"registry.terraform.io/hashicorp/aws\"]",
      "instances": []
    },
    {
      "module": "module.chart_generator_lambda",
      "mode": "managed",
      "type": "aws_lambda_function",
      "name": "function",
      "provider": "provider[\"registry.terraform.io/hashicorp/aws\"]",
      "instances": [
        {
          "schema_version": 0,
          "attributes": {
            "architectures": [
              "x86_64"
            ],
            "arn": "arn:aws:lambda:us-west-1:211125619133:function:spotify-chart-generator-lambda",
            "code_sha256": "yi7BKh1EL7UvZReRYKLkldfKswafnLj+Gv+VbXuh05w=",
            "code_signing_config_arn": "",
            "dead_letter_config": [],
            "description": "",
            "environment": [
              {
                "variables": {
                  "AWS_ACCOUNT_ID": "211125619133",
                  "ENV": "spotify",
                  "INGESTION_STATUS_TABLE_NAME": "spotify-status-timestamps-table",
                  "RECENT_LISTENING_HISTORY_TABLE_NAME": "spotify-recent-listening-history",
                  "REGION": "us-west-1",
                  "SONG_CHART_HISTORY_BUCKET_NAME": "jeremy-spotify-song-chart-history-bucket",
                  "SONG_HISTORY_TABLE_NAME": "spotify-song-history"
                }
              }
            ],
            "ephemeral_storage": [
              {
                "size": 512
              }
            ],
            "file_system_config": [],
            "filename": "./../backend/build/chart_generator/chart_generator.zip",
            "function_name": "spotify-chart-generator-lambda",
            "handler": "handler.handler",
            "id": "spotify-chart-generator-lambda",
            "image_config": [],
            "image_uri": "",
            "invoke_arn": "arn:aws:apigateway:us-west-1:lambda:path/2015-03-31/functions/arn:aws:lambda:us-west-1:211125619133:function:spotify-chart-generator-lambda/invocations",
            "kms_key_arn": "",
            "last_modified": "2025-09-09T04:02:39.000+0000",
            "layers": [
              "arn:aws:lambda:us-west-1:211125619133:layer:spotify-shared-layer:2"
            ],
            "logging_config": [
              {
                "application_log_level": "",
                "log_format": "Text",
                "log_group": "/aws/lambda/spotify-chart-generator-lambda",
                "system_log_level": ""
              }
            ],
            "memory_size": 256,
            "package_type": "Zip",
            "publish": false,
            "qualified_arn": "arn:aws:lambda:us-west-1:211125619133:function:spotify-chart-generator-lambda:$LATEST",
            "qualified_invoke_arn": "arn:aws:apigateway:us-west-1:lambda:path/2015-03-31/functions/arn:aws:lambda:us-west-1:211125619133:function:spotify-chart-generator-lambda:$LATEST/invocations",
            "replace_security_groups_on_destroy": null,
            "replacement_security_group_ids": null,
            "reserved_concurrent_executions": -1,
            "role": "arn:aws:iam::211125619133:role/spotify-chart-generator-lambda-exec-role",
            "runtime": "nodejs20.x",
            "s3_bucket": null,
            "s3_key": null,
            "s3_object_version": null,
            "signing_job_arn": "",
            "signing_profile_version_arn": "",
            "skip_destroy": false,
            "snap_start": [],
            "source_code_hash": "yi7BKh1EL7UvZReRYKLkldfKswafnLj+Gv+VbXuh05w=",
            "source_code_size": 7292,
            "tags": {},
            "tags_all": {},
            "timeout": 60,
            "timeouts": null,
            "tracing_config": [
              {
                "mode": "PassThrough"
              }
            ],
            "version": "$LATEST",
            "vpc_config": []
          },
          "sensitive_attributes": [],
          "identity_schema_version": 0,
          "private": "eyJlMmJmYjczMC1lY2FhLTExZTYtOGY4OC0zNDM2M2JjN2M0YzAiOnsiY3JlYXRlIjo2MDAwMDAwMDAwMDAsImRlbGV0ZSI6NjAwMDAwMDAwMDAwLCJ1cGRhdGUiOjYwMDAwMDAwMDAwMH19",
          "dependencies": [
            "data.aws_caller_identity.current",
            "module.chart_generator_lambda.aws_iam_role.execution_role",
            "module.chart_generator_lambda.aws_s3_object.s3_upload",
            "module.chart_generator_lambda.data.archive_file.zip",
            "module.recent_listening_history_table.aws_dynamodb_table.table",
            "module.shared_lambda_layer.aws_lambda_layer_version.version",
            "module.shared_lambda_layer.aws_s3_object.s3_upload",
            "module.shared_lambda_layer.data.archive_file.zip",
            "module.song_chart_history_bucket.aws_s3_bucket.s3",
            "module.song_history_table.aws_dynamodb_table.table",
            "module.status_timestamps_table.aws_dynamodb_table.table"
          ]
        }
      ]
    },
    {
      "module": "module.chart_generator_lambda",
      "mode": "managed",
      "type": "aws_s3_object",
      "name": "s3_upload",
      "provider": "provider[\"registry.terraform.io/hashicorp/aws\"]",
      "instances": []
    },
    {
      "module": "module.listening_history_ingestor_lambda",
      "mode": "data",
      "type": "archive_file",
      "name": "zip",
      "provider": "provider[\"registry.terraform.io/hashicorp/archive\"]",
      "instances": [
        {
          "index_key": 0,
          "schema_version": 0,
          "attributes": {
            "exclude_symlink_directories": null,
            "excludes": [
              "*.zip"
            ],
            "id": "a666662375a50c004817087beed031c77ae7b8c1",
            "output_base64sha256": "uqKLef1FfNyg0CrCIUaiVpBkoWIqJMfGwJ4uwMkB9oE=",
            "output_base64sha512": "IS6bp7zwvs6ynTlOC5qjIrJjLPplRpersNOLH/3vfsWUf/01JBJw/w+7zlBBCV/wlQ32zxp+W2ZkQitF1d/31w==",
            "output_file_mode": null,
            "output_md5": "23387a0e8c1ec6c2062dd8ea8f43893c",
            "output_path": "./../backend/build/listening_history_ingestor/listening_history_ingestor.zip",
            "output_sha": "a666662375a50c004817087beed031c77ae7b8c1",
            "output_sha256": "baa28b79fd457cdca0d02ac22146a2569064a1622a24c7c6c09e2ec0c901f681",
            "output_sha512": "212e9ba7bcf0beceb29d394e0b9aa322b2632cfa654697abb0d38b1ffdef7ec5947ffd35241270ff0fbbce5041095ff0950df6cf1a7e5b6664422b45d5dff7d7",
            "output_size": 5110,
            "source": [],
            "source_content": null,
            "source_content_filename": null,
            "source_dir": "./../backend/dist/listening_history_ingestor",
            "source_file": null,
            "type": "zip"
          },
          "sensitive_attributes": [],
          "identity_schema_version": 0
        }
      ]
    },
    {
      "module": "module.listening_history_ingestor_lambda",
      "mode": "data",
      "type": "aws_subnet",
      "name": "lambda_subnet",
      "provider": "provider[\"registry.terraform.io/hashicorp/aws\"]",
      "instances": []
    },
    {
      "module": "module.listening_history_ingestor_lambda",
      "mode": "managed",
      "type": "aws_cloudwatch_log_group",
      "name": "lambda_log_group",
      "provider": "provider[\"registry.terraform.io/hashicorp/aws\"]",
      "instances": [
        {
          "schema_version": 0,
          "attributes": {
            "arn": "arn:aws:logs:us-west-1:211125619133:log-group:/aws/lambda/spotify-listening-history-ingestor-lambda",
            "id": "/aws/lambda/spotify-listening-history-ingestor-lambda",
            "kms_key_id": "",
            "log_group_class": "STANDARD",
            "name": "/aws/lambda/spotify-listening-history-ingestor-lambda",
            "name_prefix": "",
            "retention_in_days": 7,
            "skip_destroy": false,
            "tags": {
              "Developer": "Jeremy Quinto",
              "Environment": "spotify",
              "Name": "spotify-listening-history-ingestor-lambda",
              "Namespace": "jeremy",
              "Owner": "Jeremy Quinto",
              "Project": "spotify-project",
              "Stage": "spotify"
            },
            "tags_all": {
              "Developer": "Jeremy Quinto",
              "Environment": "spotify",
              "Name": "spotify-listening-history-ingestor-lambda",
              "Namespace": "jeremy",
              "Owner": "Jeremy Quinto",
              "Project": "spotify-project",
              "Stage": "spotify"
            }
          },
          "sensitive_attributes": [],
          "identity_schema_version": 0,
          "private": "bnVsbA=="
        }
      ]
    },
    {
      "module": "module.listening_history_ingestor_lambda",
      "mode": "managed",
      "type": "aws_iam_role",
      "name": "execution_role",
      "provider": "provider[\"registry.terraform.io/hashicorp/aws\"]",
      "instances": [
        {
          "schema_version": 0,
          "attributes": {
            "arn": "arn:aws:iam::211125619133:role/spotify-listening-history-ingestor-lambda-exec-role",
            "assume_role_policy": "{\"Statement\":[{\"Action\":\"sts:AssumeRole\",\"Effect\":\"Allow\",\"Principal\":{\"Service\":\"lambda.amazonaws.com\"}}],\"Version\":\"2012-10-17\"}",
            "create_date": "2025-09-08T22:06:34Z",
            "description": "Execution role for Lambda function spotify-listening-history-ingestor-lambda",
            "force_detach_policies": false,
            "id": "spotify-listening-history-ingestor-lambda-exec-role",
            "inline_policy": [],
            "managed_policy_arns": [
              "arn:aws:iam::211125619133:policy/listening-history-ingestor-policy",
              "arn:aws:iam::aws:policy/service-role/AWSLambdaBasicExecutionRole"
            ],
            "max_session_duration": 3600,
            "name": "spotify-listening-history-ingestor-lambda-exec-role",
            "name_prefix": "",
            "path": "/",
            "permissions_boundary": "",
            "tags": {
              "Developer": "Jeremy Quinto",
              "Environment": "spotify",
              "Name": "spotify-listening-history-ingestor-lambda-exec-role",
              "Namespace": "jeremy",
              "Owner": "Jeremy Quinto",
              "Project": "spotify-project",
              "Stage": "spotify"
            },
            "tags_all": {
              "Developer": "Jeremy Quinto",
              "Environment": "spotify",
              "Name": "spotify-listening-history-ingestor-lambda-exec-role",
              "Namespace": "jeremy",
              "Owner": "Jeremy Quinto",
              "Project": "spotify-project",
              "Stage": "spotify"
            },
            "unique_id": "AROATCKARJG6TB2FVN3LI"
          },
          "sensitive_attributes": [],
          "identity_schema_version": 0,
          "private": "bnVsbA=="
        }
      ]
    },
    {
      "module": "module.listening_history_ingestor_lambda",
      "mode": "managed",
      "type": "aws_iam_role_policy_attachment",
      "name": "lambda_basic_execution_role",
      "provider": "provider[\"registry.terraform.io/hashicorp/aws\"]",
      "instances": [
        {
          "schema_version": 0,
          "attributes": {
            "id": "spotify-listening-history-ingestor-lambda-exec-role-20250908220632122300000001",
            "policy_arn": "arn:aws:iam::aws:policy/service-role/AWSLambdaBasicExecutionRole",
            "role": "spotify-listening-history-ingestor-lambda-exec-role"
          },
          "sensitive_attributes": [],
          "identity_schema_version": 0,
          "private": "bnVsbA==",
          "dependencies": [
            "module.listening_history_ingestor_lambda.aws_iam_role.execution_role"
          ]
        }
      ]
    },
    {
      "module": "module.listening_history_ingestor_lambda",
      "mode": "managed",
      "type": "aws_iam_role_policy_attachment",
      "name": "lambda_eni_management_access",
      "provider": "provider[\"registry.terraform.io/hashicorp/aws\"]",
      "instances": []
    },
    {
      "module": "module.listening_history_ingestor_lambda",
      "mode": "managed",
      "type": "aws_lambda_function",
      "name": "function",
      "provider": "provider[\"registry.terraform.io/hashicorp/aws\"]",
      "instances": [
        {
          "schema_version": 0,
          "attributes": {
            "architectures": [
              "x86_64"
            ],
            "arn": "arn:aws:lambda:us-west-1:211125619133:function:spotify-listening-history-ingestor-lambda",
            "code_sha256": "uqKLef1FfNyg0CrCIUaiVpBkoWIqJMfGwJ4uwMkB9oE=",
            "code_signing_config_arn": "",
            "dead_letter_config": [],
            "description": "",
            "environment": [
              {
                "variables": {
                  "AWS_ACCOUNT_ID": "211125619133",
                  "ENV": "spotify",
                  "INGESTION_STATUS_TABLE_NAME": "spotify-status-timestamps-table",
                  "RECENT_LISTENING_HISTORY_TABLE_NAME": "spotify-recent-listening-history",
                  "REGION": "us-west-1",
                  "SPOTIFY_CLIENT_ID": "ca1cd64416c445398c7c7e0db471dd68",
                  "SPOTIFY_CLIENT_SECRET": "2f4a918c35b74acd9fcea703d297833e",
                  "SPOTIFY_REFRESH_TOKEN": "AQBKebBtX2rCfeoXxxWUCGXcr-oA9CXQ4F8rtqFQI9Fg2ykQ-J9Dx-6s2S_cAsuZvEtUqYH22BZB0tTCq_1WlZaNCSPa3GwYtAzCCC-vTCBgZVb6zVOuIOJ3VSX0YtJpoNI"
                }
              }
            ],
            "ephemeral_storage": [
              {
                "size": 512
              }
            ],
            "file_system_config": [],
            "filename": "./../backend/build/listening_history_ingestor/listening_history_ingestor.zip",
            "function_name": "spotify-listening-history-ingestor-lambda",
            "handler": "handler.handler",
            "id": "spotify-listening-history-ingestor-lambda",
            "image_config": [],
            "image_uri": "",
            "invoke_arn": "arn:aws:apigateway:us-west-1:lambda:path/2015-03-31/functions/arn:aws:lambda:us-west-1:211125619133:function:spotify-listening-history-ingestor-lambda/invocations",
            "kms_key_arn": "",
            "last_modified": "2025-09-09T00:14:22.000+0000",
            "layers": [
              "arn:aws:lambda:us-west-1:211125619133:layer:spotify-shared-layer:2"
            ],
            "logging_config": [
              {
                "application_log_level": "",
                "log_format": "Text",
                "log_group": "/aws/lambda/spotify-listening-history-ingestor-lambda",
                "system_log_level": ""
              }
            ],
            "memory_size": 256,
            "package_type": "Zip",
            "publish": false,
            "qualified_arn": "arn:aws:lambda:us-west-1:211125619133:function:spotify-listening-history-ingestor-lambda:$LATEST",
            "qualified_invoke_arn": "arn:aws:apigateway:us-west-1:lambda:path/2015-03-31/functions/arn:aws:lambda:us-west-1:211125619133:function:spotify-listening-history-ingestor-lambda:$LATEST/invocations",
            "replace_security_groups_on_destroy": null,
            "replacement_security_group_ids": null,
            "reserved_concurrent_executions": -1,
            "role": "arn:aws:iam::211125619133:role/spotify-listening-history-ingestor-lambda-exec-role",
            "runtime": "nodejs20.x",
            "s3_bucket": null,
            "s3_key": null,
            "s3_object_version": null,
            "signing_job_arn": "",
            "signing_profile_version_arn": "",
            "skip_destroy": false,
            "snap_start": [],
            "source_code_hash": "uqKLef1FfNyg0CrCIUaiVpBkoWIqJMfGwJ4uwMkB9oE=",
            "source_code_size": 5110,
            "tags": {},
            "tags_all": {},
            "timeout": 60,
            "timeouts": null,
            "tracing_config": [
              {
                "mode": "PassThrough"
              }
            ],
            "version": "$LATEST",
            "vpc_config": []
          },
          "sensitive_attributes": [
            [
              {
                "type": "get_attr",
                "value": "environment"
              },
              {
                "type": "index",
                "value": {
                  "value": 0,
                  "type": "number"
                }
              },
              {
                "type": "get_attr",
                "value": "variables"
              },
              {
                "type": "index",
                "value": {
                  "value": "SPOTIFY_CLIENT_ID",
                  "type": "string"
                }
              }
            ],
            [
              {
                "type": "get_attr",
                "value": "environment"
              },
              {
                "type": "index",
                "value": {
                  "value": 0,
                  "type": "number"
                }
              },
              {
                "type": "get_attr",
                "value": "variables"
              },
              {
                "type": "index",
                "value": {
                  "value": "SPOTIFY_CLIENT_SECRET",
                  "type": "string"
                }
              }
            ],
            [
              {
                "type": "get_attr",
                "value": "environment"
              },
              {
                "type": "index",
                "value": {
                  "value": 0,
                  "type": "number"
                }
              },
              {
                "type": "get_attr",
                "value": "variables"
              },
              {
                "type": "index",
                "value": {
                  "value": "SPOTIFY_REFRESH_TOKEN",
                  "type": "string"
                }
              }
            ]
          ],
          "identity_schema_version": 0,
          "private": "eyJlMmJmYjczMC1lY2FhLTExZTYtOGY4OC0zNDM2M2JjN2M0YzAiOnsiY3JlYXRlIjo2MDAwMDAwMDAwMDAsImRlbGV0ZSI6NjAwMDAwMDAwMDAwLCJ1cGRhdGUiOjYwMDAwMDAwMDAwMH19",
          "dependencies": [
            "data.aws_caller_identity.current",
            "data.aws_secretsmanager_secret_version.spotify_api_secrets",
            "module.listening_history_ingestor_lambda.aws_iam_role.execution_role",
            "module.listening_history_ingestor_lambda.aws_s3_object.s3_upload",
            "module.listening_history_ingestor_lambda.data.archive_file.zip",
            "module.recent_listening_history_table.aws_dynamodb_table.table",
            "module.shared_lambda_layer.aws_lambda_layer_version.version",
            "module.shared_lambda_layer.aws_s3_object.s3_upload",
            "module.shared_lambda_layer.data.archive_file.zip",
            "module.status_timestamps_table.aws_dynamodb_table.table"
          ]
        }
      ]
    },
    {
      "module": "module.listening_history_ingestor_lambda",
      "mode": "managed",
      "type": "aws_s3_object",
      "name": "s3_upload",
      "provider": "provider[\"registry.terraform.io/hashicorp/aws\"]",
      "instances": []
    },
    {
      "module": "module.recent_listening_history_table",
      "mode": "managed",
      "type": "aws_dynamodb_table",
      "name": "table",
      "provider": "provider[\"registry.terraform.io/hashicorp/aws\"]",
      "instances": [
        {
          "schema_version": 1,
          "attributes": {
            "arn": "arn:aws:dynamodb:us-west-1:211125619133:table/spotify-recent-listening-history",
            "attribute": [
              {
                "name": "timestamp",
                "type": "S"
              },
              {
                "name": "user_id",
                "type": "S"
              }
            ],
            "billing_mode": "PAY_PER_REQUEST",
            "deletion_protection_enabled": false,
            "global_secondary_index": [],
            "hash_key": "user_id",
            "id": "spotify-recent-listening-history",
            "import_table": [],
            "local_secondary_index": [],
            "name": "spotify-recent-listening-history",
            "on_demand_throughput": [],
            "point_in_time_recovery": [
              {
                "enabled": false
              }
            ],
            "range_key": "timestamp",
            "read_capacity": 0,
            "replica": [],
            "restore_date_time": null,
            "restore_source_name": null,
            "restore_source_table_arn": null,
            "restore_to_latest_time": null,
            "server_side_encryption": [],
            "stream_arn": "",
            "stream_enabled": false,
            "stream_label": "",
            "stream_view_type": "",
            "table_class": "STANDARD",
            "tags": {
              "Developer": "Jeremy Quinto",
              "Environment": "spotify",
              "Name": "spotify-recent-listening-history",
              "Namespace": "jeremy",
              "Owner": "Jeremy Quinto",
              "Project": "spotify-project",
              "Stage": "spotify"
            },
            "tags_all": {
              "Developer": "Jeremy Quinto",
              "Environment": "spotify",
              "Name": "spotify-recent-listening-history",
              "Namespace": "jeremy",
              "Owner": "Jeremy Quinto",
              "Project": "spotify-project",
              "Stage": "spotify"
            },
            "timeouts": null,
            "ttl": [
              {
                "attribute_name": "ttl",
                "enabled": true
              }
            ],
            "write_capacity": 0
          },
          "sensitive_attributes": [],
          "identity_schema_version": 0,
          "private": "eyJlMmJmYjczMC1lY2FhLTExZTYtOGY4OC0zNDM2M2JjN2M0YzAiOnsiY3JlYXRlIjoxODAwMDAwMDAwMDAwLCJkZWxldGUiOjYwMDAwMDAwMDAwMCwidXBkYXRlIjozNjAwMDAwMDAwMDAwfSwic2NoZW1hX3ZlcnNpb24iOiIxIn0="
        }
      ]
    },
    {
      "module": "module.shared_lambda_layer",
      "mode": "data",
      "type": "archive_file",
      "name": "zip",
      "provider": "provider[\"registry.terraform.io/hashicorp/archive\"]",
      "instances": []
    },
    {
      "module": "module.shared_lambda_layer",
      "mode": "managed",
      "type": "aws_lambda_layer_version",
      "name": "version",
      "provider": "provider[\"registry.terraform.io/hashicorp/aws\"]",
      "instances": [
        {
          "schema_version": 0,
          "attributes": {
            "arn": "arn:aws:lambda:us-west-1:211125619133:layer:spotify-shared-layer:3",
            "code_sha256": "rqldygeQ5C1GQWHAwKnOD2pLD7DAsZHzJ68OofcETbQ=",
            "compatible_architectures": [
              "arm64",
              "x86_64"
            ],
            "compatible_runtimes": [
              "nodejs20.x"
            ],
            "created_date": "2025-09-09T04:11:47.501+0000",
            "description": "Shared utilities and dependencies for all lambdas",
            "filename": "./../backend/build/layers/shared_layer.zip",
            "id": "arn:aws:lambda:us-west-1:211125619133:layer:spotify-shared-layer:3",
            "layer_arn": "arn:aws:lambda:us-west-1:211125619133:layer:spotify-shared-layer",
            "layer_name": "spotify-shared-layer",
            "license_info": "",
            "s3_bucket": null,
            "s3_key": null,
            "s3_object_version": null,
            "signing_job_arn": "",
            "signing_profile_version_arn": "",
            "skip_destroy": false,
            "source_code_hash": "rqldygeQ5C1GQWHAwKnOD2pLD7DAsZHzJ68OofcETbQ=",
            "source_code_size": 3342818,
            "version": "3"
          },
          "sensitive_attributes": [],
          "identity_schema_version": 0,
          "private": "bnVsbA==",
          "dependencies": [
            "module.shared_lambda_layer.aws_s3_object.s3_upload",
            "module.shared_lambda_layer.data.archive_file.zip"
          ]
        }
      ]
    },
    {
      "module": "module.shared_lambda_layer",
      "mode": "managed",
      "type": "aws_s3_object",
      "name": "s3_upload",
      "provider": "provider[\"registry.terraform.io/hashicorp/aws\"]",
      "instances": []
    },
    {
      "module": "module.song_chart_history_bucket",
      "mode": "managed",
      "type": "aws_s3_bucket",
      "name": "infrequent_access_bucket",
      "provider": "provider[\"registry.terraform.io/hashicorp/aws\"]",
      "instances": [
        {
          "index_key": 0,
          "schema_version": 0,
          "attributes": {
            "acceleration_status": "",
            "acl": null,
            "arn": "arn:aws:s3:::jeremy-spotify-song-chart-history-bucket-infrequent-access",
            "bucket": "jeremy-spotify-song-chart-history-bucket-infrequent-access",
            "bucket_domain_name": "jeremy-spotify-song-chart-history-bucket-infrequent-access.s3.amazonaws.com",
            "bucket_prefix": "",
            "bucket_regional_domain_name": "jeremy-spotify-song-chart-history-bucket-infrequent-access.s3.us-west-1.amazonaws.com",
            "cors_rule": [],
            "force_destroy": false,
            "grant": [
              {
                "id": "2495daeaf8d6fc71fe2af5778f7f679c28cb48e13a70c13ad693e14b0133a854",
                "permissions": [
                  "FULL_CONTROL"
                ],
                "type": "CanonicalUser",
                "uri": ""
              }
            ],
            "hosted_zone_id": "Z2F56UZL2M1ACD",
            "id": "jeremy-spotify-song-chart-history-bucket-infrequent-access",
            "lifecycle_rule": [],
            "logging": [],
            "object_lock_configuration": [],
            "object_lock_enabled": false,
            "policy": "",
            "region": "us-west-1",
            "replication_configuration": [],
            "request_payer": "BucketOwner",
            "server_side_encryption_configuration": [
              {
                "rule": [
                  {
                    "apply_server_side_encryption_by_default": [
                      {
                        "kms_master_key_id": "",
                        "sse_algorithm": "AES256"
                      }
                    ],
                    "bucket_key_enabled": false
                  }
                ]
              }
            ],
            "tags": {
              "Developer": "Jeremy Quinto",
              "Environment": "spotify",
              "Name": "jeremy-spotify-song-chart-history-bucket",
              "Namespace": "jeremy",
              "Owner": "Jeremy Quinto",
              "Project": "spotify-project",
              "Stage": "spotify"
            },
            "tags_all": {
              "Developer": "Jeremy Quinto",
              "Environment": "spotify",
              "Name": "jeremy-spotify-song-chart-history-bucket",
              "Namespace": "jeremy",
              "Owner": "Jeremy Quinto",
              "Project": "spotify-project",
              "Stage": "spotify"
            },
            "timeouts": null,
            "versioning": [
              {
                "enabled": false,
                "mfa_delete": false
              }
            ],
            "website": [],
            "website_domain": null,
            "website_endpoint": null
          },
          "sensitive_attributes": [],
          "identity_schema_version": 0,
          "private": "eyJlMmJmYjczMC1lY2FhLTExZTYtOGY4OC0zNDM2M2JjN2M0YzAiOnsiY3JlYXRlIjoxMjAwMDAwMDAwMDAwLCJkZWxldGUiOjM2MDAwMDAwMDAwMDAsInJlYWQiOjEyMDAwMDAwMDAwMDAsInVwZGF0ZSI6MTIwMDAwMDAwMDAwMH19"
        }
      ]
    },
    {
      "module": "module.song_chart_history_bucket",
      "mode": "managed",
      "type": "aws_s3_bucket",
      "name": "s3",
      "provider": "provider[\"registry.terraform.io/hashicorp/aws\"]",
      "instances": [
        {
          "schema_version": 0,
          "attributes": {
            "acceleration_status": "",
            "acl": null,
            "arn": "arn:aws:s3:::jeremy-spotify-song-chart-history-bucket",
            "bucket": "jeremy-spotify-song-chart-history-bucket",
            "bucket_domain_name": "jeremy-spotify-song-chart-history-bucket.s3.amazonaws.com",
            "bucket_prefix": "",
            "bucket_regional_domain_name": "jeremy-spotify-song-chart-history-bucket.s3.us-west-1.amazonaws.com",
            "cors_rule": [],
            "force_destroy": true,
            "grant": [
              {
                "id": "2495daeaf8d6fc71fe2af5778f7f679c28cb48e13a70c13ad693e14b0133a854",
                "permissions": [
                  "FULL_CONTROL"
                ],
                "type": "CanonicalUser",
                "uri": ""
              }
            ],
            "hosted_zone_id": "Z2F56UZL2M1ACD",
            "id": "jeremy-spotify-song-chart-history-bucket",
            "lifecycle_rule": [
              {
                "abort_incomplete_multipart_upload_days": 0,
                "enabled": true,
                "expiration": [],
                "id": "charts-to-infrequent-access",
                "noncurrent_version_expiration": [],
                "noncurrent_version_transition": [],
                "prefix": "charts/",
                "tags": {},
                "transition": [
                  {
                    "date": "",
                    "days": 365,
                    "storage_class": "STANDARD_IA"
                  }
                ]
              }
            ],
            "logging": [],
            "object_lock_configuration": [],
            "object_lock_enabled": false,
            "policy": "",
            "region": "us-west-1",
            "replication_configuration": [],
            "request_payer": "BucketOwner",
            "server_side_encryption_configuration": [
              {
                "rule": [
                  {
                    "apply_server_side_encryption_by_default": [
                      {
                        "kms_master_key_id": "",
                        "sse_algorithm": "AES256"
                      }
                    ],
                    "bucket_key_enabled": false
                  }
                ]
              }
            ],
            "tags": {
              "Developer": "Jeremy Quinto",
              "Environment": "spotify",
              "Name": "jeremy-spotify-song-chart-history-bucket",
              "Namespace": "jeremy",
              "Owner": "Jeremy Quinto",
              "Project": "spotify-project",
              "Stage": "spotify"
            },
            "tags_all": {
              "Developer": "Jeremy Quinto",
              "Environment": "spotify",
              "Name": "jeremy-spotify-song-chart-history-bucket",
              "Namespace": "jeremy",
              "Owner": "Jeremy Quinto",
              "Project": "spotify-project",
              "Stage": "spotify"
            },
            "timeouts": null,
            "versioning": [
              {
                "enabled": false,
                "mfa_delete": false
              }
            ],
            "website": [],
            "website_domain": null,
            "website_endpoint": null
          },
          "sensitive_attributes": [],
          "identity_schema_version": 0,
          "private": "eyJlMmJmYjczMC1lY2FhLTExZTYtOGY4OC0zNDM2M2JjN2M0YzAiOnsiY3JlYXRlIjoxMjAwMDAwMDAwMDAwLCJkZWxldGUiOjM2MDAwMDAwMDAwMDAsInJlYWQiOjEyMDAwMDAwMDAwMDAsInVwZGF0ZSI6MTIwMDAwMDAwMDAwMH19"
        }
      ]
    },
    {
      "module": "module.song_chart_history_bucket",
      "mode": "managed",
      "type": "aws_s3_bucket_lifecycle_configuration",
      "name": "lifecycle",
      "provider": "provider[\"registry.terraform.io/hashicorp/aws\"]",
      "instances": [
        {
          "index_key": 0,
          "schema_version": 0,
          "attributes": {
            "bucket": "jeremy-spotify-song-chart-history-bucket",
            "expected_bucket_owner": "",
            "id": "jeremy-spotify-song-chart-history-bucket",
            "rule": [
              {
                "abort_incomplete_multipart_upload": [],
                "expiration": [],
                "filter": [
                  {
                    "and": [],
                    "object_size_greater_than": "",
                    "object_size_less_than": "",
                    "prefix": "charts/",
                    "tag": []
                  }
                ],
                "id": "charts-to-infrequent-access",
                "noncurrent_version_expiration": [],
                "noncurrent_version_transition": [],
                "prefix": "",
                "status": "Enabled",
                "transition": [
                  {
                    "date": "",
                    "days": 365,
                    "storage_class": "STANDARD_IA"
                  }
                ]
              }
            ],
            "timeouts": null,
            "transition_default_minimum_object_size": "all_storage_classes_128K"
          },
          "sensitive_attributes": [],
          "identity_schema_version": 0,
          "private": "eyJlMmJmYjczMC1lY2FhLTExZTYtOGY4OC0zNDM2M2JjN2M0YzAiOnsiY3JlYXRlIjoxODAwMDAwMDAwMDAsInVwZGF0ZSI6MTgwMDAwMDAwMDAwfX0=",
          "dependencies": [
            "module.song_chart_history_bucket.aws_s3_bucket.s3"
          ]
        }
      ]
    },
    {
      "module": "module.song_chart_history_bucket",
      "mode": "managed",
      "type": "aws_s3_bucket_policy",
      "name": "bucket_policy",
      "provider": "provider[\"registry.terraform.io/hashicorp/aws\"]",
      "instances": []
    },
    {
      "module": "module.song_chart_history_bucket",
      "mode": "managed",
      "type": "aws_s3_bucket_public_access_block",
      "name": "public_access_block",
      "provider": "provider[\"registry.terraform.io/hashicorp/aws\"]",
      "instances": [
        {
          "schema_version": 0,
          "attributes": {
            "block_public_acls": false,
            "block_public_policy": false,
            "bucket": "jeremy-spotify-song-chart-history-bucket",
            "id": "jeremy-spotify-song-chart-history-bucket",
            "ignore_public_acls": false,
            "restrict_public_buckets": false
          },
          "sensitive_attributes": [],
          "identity_schema_version": 0,
          "private": "bnVsbA==",
          "dependencies": [
            "module.song_chart_history_bucket.aws_s3_bucket.s3"
          ]
        }
      ]
    },
    {
      "module": "module.song_chart_history_bucket",
      "mode": "managed",
      "type": "aws_s3_bucket_server_side_encryption_configuration",
      "name": "server_side_encryption",
      "provider": "provider[\"registry.terraform.io/hashicorp/aws\"]",
      "instances": []
    },
    {
      "module": "module.song_chart_history_bucket",
      "mode": "managed",
      "type": "aws_s3_bucket_versioning",
      "name": "bucket_versioning",
      "provider": "provider[\"registry.terraform.io/hashicorp/aws\"]",
      "instances": []
    },
    {
      "module": "module.song_chart_history_bucket",
      "mode": "managed",
      "type": "aws_s3_bucket_website_configuration",
      "name": "website_configuration",
      "provider": "provider[\"registry.terraform.io/hashicorp/aws\"]",
      "instances": []
    },
    {
      "module": "module.song_history_table",
      "mode": "managed",
      "type": "aws_dynamodb_table",
      "name": "table",
      "provider": "provider[\"registry.terraform.io/hashicorp/aws\"]",
      "instances": [
        {
          "schema_version": 1,
          "attributes": {
            "arn": "arn:aws:dynamodb:us-west-1:211125619133:table/spotify-song-history",
            "attribute": [
              {
                "name": "artist_id",
                "type": "S"
              },
              {
                "name": "track_id",
                "type": "S"
              }
            ],
            "billing_mode": "PAY_PER_REQUEST",
            "deletion_protection_enabled": false,
            "global_secondary_index": [],
            "hash_key": "artist_id",
            "id": "spotify-song-history",
            "import_table": [],
            "local_secondary_index": [],
            "name": "spotify-song-history",
            "on_demand_throughput": [],
            "point_in_time_recovery": [
              {
                "enabled": false
              }
            ],
            "range_key": "track_id",
            "read_capacity": 0,
            "replica": [],
            "restore_date_time": null,
            "restore_source_name": null,
            "restore_source_table_arn": null,
            "restore_to_latest_time": null,
            "server_side_encryption": [],
            "stream_arn": "",
            "stream_enabled": false,
            "stream_label": "",
            "stream_view_type": "",
            "table_class": "STANDARD",
            "tags": {
              "Developer": "Jeremy Quinto",
              "Environment": "spotify",
              "Name": "spotify-song-history",
              "Namespace": "jeremy",
              "Owner": "Jeremy Quinto",
              "Project": "spotify-project",
              "Stage": "spotify"
            },
            "tags_all": {
              "Developer": "Jeremy Quinto",
              "Environment": "spotify",
              "Name": "spotify-song-history",
              "Namespace": "jeremy",
              "Owner": "Jeremy Quinto",
              "Project": "spotify-project",
              "Stage": "spotify"
            },
            "timeouts": null,
            "ttl": [
              {
                "attribute_name": "",
                "enabled": false
              }
            ],
            "write_capacity": 0
          },
          "sensitive_attributes": [],
          "identity_schema_version": 0,
          "private": "eyJlMmJmYjczMC1lY2FhLTExZTYtOGY4OC0zNDM2M2JjN2M0YzAiOnsiY3JlYXRlIjoxODAwMDAwMDAwMDAwLCJkZWxldGUiOjYwMDAwMDAwMDAwMCwidXBkYXRlIjozNjAwMDAwMDAwMDAwfSwic2NoZW1hX3ZlcnNpb24iOiIxIn0="
        }
      ]
    },
    {
      "module": "module.status_timestamps_table",
      "mode": "managed",
      "type": "aws_dynamodb_table",
      "name": "table",
      "provider": "provider[\"registry.terraform.io/hashicorp/aws\"]",
      "instances": [
        {
          "schema_version": 1,
          "attributes": {
            "arn": "arn:aws:dynamodb:us-west-1:211125619133:table/spotify-status-timestamps-table",
            "attribute": [
              {
                "name": "metric_name",
                "type": "S"
              }
            ],
            "billing_mode": "PAY_PER_REQUEST",
            "deletion_protection_enabled": false,
            "global_secondary_index": [],
            "hash_key": "metric_name",
            "id": "spotify-status-timestamps-table",
            "import_table": [],
            "local_secondary_index": [],
            "name": "spotify-status-timestamps-table",
            "on_demand_throughput": [],
            "point_in_time_recovery": [
              {
                "enabled": false
              }
            ],
            "range_key": null,
            "read_capacity": 0,
            "replica": [],
            "restore_date_time": null,
            "restore_source_name": null,
            "restore_source_table_arn": null,
            "restore_to_latest_time": null,
            "server_side_encryption": [],
            "stream_arn": "",
            "stream_enabled": false,
            "stream_label": "",
            "stream_view_type": "",
            "table_class": "STANDARD",
            "tags": {
              "Developer": "Jeremy Quinto",
              "Environment": "spotify",
              "Name": "spotify-status-timestamps-table",
              "Namespace": "jeremy",
              "Owner": "Jeremy Quinto",
              "Project": "spotify-project",
              "Stage": "spotify"
            },
            "tags_all": {
              "Developer": "Jeremy Quinto",
              "Environment": "spotify",
              "Name": "spotify-status-timestamps-table",
              "Namespace": "jeremy",
              "Owner": "Jeremy Quinto",
              "Project": "spotify-project",
              "Stage": "spotify"
            },
            "timeouts": null,
            "ttl": [
              {
                "attribute_name": "",
                "enabled": false
              }
            ],
            "write_capacity": 0
          },
          "sensitive_attributes": [],
          "identity_schema_version": 0,
          "private": "eyJlMmJmYjczMC1lY2FhLTExZTYtOGY4OC0zNDM2M2JjN2M0YzAiOnsiY3JlYXRlIjoxODAwMDAwMDAwMDAwLCJkZWxldGUiOjYwMDAwMDAwMDAwMCwidXBkYXRlIjozNjAwMDAwMDAwMDAwfSwic2NoZW1hX3ZlcnNpb24iOiIxIn0="
        }
      ]
    }
  ],
  "check_results": null
}
