{
  "version": 4,
  "terraform_version": "1.12.1",
  "serial": 44,
  "lineage": "35aa9bfc-f14e-ce5d-ad8d-3f00bba0111a",
  "outputs": {},
  "resources": [
    {
      "mode": "data",
      "type": "aws_caller_identity",
      "name": "current",
      "provider": "provider[\"registry.terraform.io/hashicorp/aws\"]",
      "instances": [
        {
          "schema_version": 0,
          "attributes": {
            "account_id": "211125619133",
            "arn": "arn:aws:iam::211125619133:user/Jeremy",
            "id": "211125619133",
            "user_id": "AIDATCKARJG6T2JYWDM3D"
          },
          "sensitive_attributes": [],
          "identity_schema_version": 0
        }
      ]
    },
    {
      "mode": "data",
      "type": "aws_region",
      "name": "current",
      "provider": "provider[\"registry.terraform.io/hashicorp/aws\"]",
      "instances": [
        {
          "schema_version": 0,
          "attributes": {
            "description": "US West (N. California)",
            "endpoint": "ec2.us-west-1.amazonaws.com",
            "id": "us-west-1",
            "name": "us-west-1"
          },
          "sensitive_attributes": [],
          "identity_schema_version": 0
        }
      ]
    },
    {
      "mode": "managed",
      "type": "aws_iam_policy",
      "name": "listening_history_ingestor_policy",
      "provider": "provider[\"registry.terraform.io/hashicorp/aws\"]",
      "instances": [
        {
          "schema_version": 0,
          "attributes": {
            "arn": "arn:aws:iam::211125619133:policy/listening-history-ingestor-policy",
            "attachment_count": 0,
            "description": "Allows the listening history ingestor Lambda to write to the DynamoDB table.",
            "id": "arn:aws:iam::211125619133:policy/listening-history-ingestor-policy",
            "name": "listening-history-ingestor-policy",
            "name_prefix": "",
            "path": "/",
            "policy": "{\"Statement\":[{\"Action\":[\"dynamodb:PutItem\"],\"Effect\":\"Allow\",\"Resource\":\"arn:aws:dynamodb:us-west-1:211125619133:table/spotify-recent-listening-history\"}],\"Version\":\"2012-10-17\"}",
            "policy_id": "ANPATCKARJG6XT5O2VWNT",
            "tags": null,
            "tags_all": {}
          },
          "sensitive_attributes": [],
          "identity_schema_version": 0,
          "private": "bnVsbA==",
          "dependencies": [
            "module.recent_listening_history_table.aws_dynamodb_table.table"
          ]
        }
      ]
    },
    {
      "mode": "managed",
      "type": "aws_iam_role_policy_attachment",
      "name": "listening_history_ingestor_attach",
      "provider": "provider[\"registry.terraform.io/hashicorp/aws\"]",
      "instances": [
        {
          "schema_version": 0,
          "attributes": {
            "id": "spotify-listening-history-ingestor-lambda-exec-role-20250908221107870000000001",
            "policy_arn": "arn:aws:iam::211125619133:policy/listening-history-ingestor-policy",
            "role": "spotify-listening-history-ingestor-lambda-exec-role"
          },
          "sensitive_attributes": [],
          "identity_schema_version": 0,
          "private": "bnVsbA==",
          "dependencies": [
            "aws_iam_policy.listening_history_ingestor_policy",
            "module.listening_history_ingestor_lambda.aws_iam_role.execution_role",
            "module.recent_listening_history_table.aws_dynamodb_table.table"
          ]
        }
      ]
    },
    {
      "module": "module.listening_history_ingestor_lambda",
      "mode": "data",
      "type": "archive_file",
      "name": "zip",
      "provider": "provider[\"registry.terraform.io/hashicorp/archive\"]",
      "instances": [
        {
          "index_key": 0,
          "schema_version": 0,
          "attributes": {
            "exclude_symlink_directories": null,
            "excludes": [
              "*.zip"
            ],
            "id": "98050c94726c13d93f250fda01e8651e5f1e05ba",
            "output_base64sha256": "3hRhpVu35Obvt8YXET5C9HZuwKTPfgdHDCNg/dzElEQ=",
            "output_base64sha512": "xVzJ/6ODTvi7zY8wesAaCixZHZyAfwUoY8PPWrc1sXfAQVFimyIJXzC0WTV0Kaa5xsaiQRMiaK2LxqsM4aaU7A==",
            "output_file_mode": null,
            "output_md5": "61b29f8a5aca1cc3f03ad7d1730305df",
            "output_path": "./../backend/build/listening_history_ingestor/listening_history_ingestor.zip",
            "output_sha": "98050c94726c13d93f250fda01e8651e5f1e05ba",
            "output_sha256": "de1461a55bb7e4e6efb7c617113e42f4766ec0a4cf7e07470c2360fddcc49444",
            "output_sha512": "c55cc9ffa3834ef8bbcd8f307ac01a0a2c591d9c807f052863c3cf5ab735b177c04151629b22095f30b459357429a6b9c6c6a241132268ad8bc6ab0ce1a694ec",
            "output_size": 154,
            "source": [],
            "source_content": null,
            "source_content_filename": null,
            "source_dir": "./../backend/dist/listening_history_ingestor",
            "source_file": null,
            "type": "zip"
          },
          "sensitive_attributes": [],
          "identity_schema_version": 0
        }
      ]
    },
    {
      "module": "module.listening_history_ingestor_lambda",
      "mode": "managed",
      "type": "aws_cloudwatch_log_group",
      "name": "lambda_log_group",
      "provider": "provider[\"registry.terraform.io/hashicorp/aws\"]",
      "instances": [
        {
          "schema_version": 0,
          "attributes": {
            "arn": "arn:aws:logs:us-west-1:211125619133:log-group:/aws/lambda/spotify-listening-history-ingestor-lambda",
            "id": "/aws/lambda/spotify-listening-history-ingestor-lambda",
            "kms_key_id": "",
            "log_group_class": "STANDARD",
            "name": "/aws/lambda/spotify-listening-history-ingestor-lambda",
            "name_prefix": "",
            "retention_in_days": 7,
            "skip_destroy": false,
            "tags": {
              "Developer": "Jeremy Quinto",
              "Environment": "spotify",
              "Name": "spotify-listening-history-ingestor-lambda",
              "Namespace": "jeremy",
              "Owner": "Jeremy Quinto",
              "Project": "spotify-project",
              "Stage": "spotify"
            },
            "tags_all": {
              "Developer": "Jeremy Quinto",
              "Environment": "spotify",
              "Name": "spotify-listening-history-ingestor-lambda",
              "Namespace": "jeremy",
              "Owner": "Jeremy Quinto",
              "Project": "spotify-project",
              "Stage": "spotify"
            }
          },
          "sensitive_attributes": [],
          "identity_schema_version": 0,
          "private": "bnVsbA=="
        }
      ]
    },
    {
      "module": "module.listening_history_ingestor_lambda",
      "mode": "managed",
      "type": "aws_iam_role",
      "name": "execution_role",
      "provider": "provider[\"registry.terraform.io/hashicorp/aws\"]",
      "instances": [
        {
          "schema_version": 0,
          "attributes": {
            "arn": "arn:aws:iam::211125619133:role/spotify-listening-history-ingestor-lambda-exec-role",
            "assume_role_policy": "{\"Statement\":[{\"Action\":\"sts:AssumeRole\",\"Effect\":\"Allow\",\"Principal\":{\"Service\":\"lambda.amazonaws.com\"}}],\"Version\":\"2012-10-17\"}",
            "create_date": "2025-09-08T22:06:34Z",
            "description": "Execution role for Lambda function spotify-listening-history-ingestor-lambda",
            "force_detach_policies": false,
            "id": "spotify-listening-history-ingestor-lambda-exec-role",
            "inline_policy": [],
            "managed_policy_arns": [
              "arn:aws:iam::aws:policy/service-role/AWSLambdaBasicExecutionRole"
            ],
            "max_session_duration": 3600,
            "name": "spotify-listening-history-ingestor-lambda-exec-role",
            "name_prefix": "",
            "path": "/",
            "permissions_boundary": "",
            "tags": {
              "Developer": "Jeremy Quinto",
              "Environment": "spotify",
              "Name": "spotify-listening-history-ingestor-lambda-exec-role",
              "Namespace": "jeremy",
              "Owner": "Jeremy Quinto",
              "Project": "spotify-project",
              "Stage": "spotify"
            },
            "tags_all": {
              "Developer": "Jeremy Quinto",
              "Environment": "spotify",
              "Name": "spotify-listening-history-ingestor-lambda-exec-role",
              "Namespace": "jeremy",
              "Owner": "Jeremy Quinto",
              "Project": "spotify-project",
              "Stage": "spotify"
            },
            "unique_id": "AROATCKARJG6TB2FVN3LI"
          },
          "sensitive_attributes": [],
          "identity_schema_version": 0,
          "private": "bnVsbA=="
        }
      ]
    },
    {
      "module": "module.listening_history_ingestor_lambda",
      "mode": "managed",
      "type": "aws_iam_role_policy_attachment",
      "name": "lambda_basic_execution_role",
      "provider": "provider[\"registry.terraform.io/hashicorp/aws\"]",
      "instances": [
        {
          "schema_version": 0,
          "attributes": {
            "id": "spotify-listening-history-ingestor-lambda-exec-role-20250908220632122300000001",
            "policy_arn": "arn:aws:iam::aws:policy/service-role/AWSLambdaBasicExecutionRole",
            "role": "spotify-listening-history-ingestor-lambda-exec-role"
          },
          "sensitive_attributes": [],
          "identity_schema_version": 0,
          "private": "bnVsbA==",
          "dependencies": [
            "module.listening_history_ingestor_lambda.aws_iam_role.execution_role"
          ]
        }
      ]
    },
    {
      "module": "module.listening_history_ingestor_lambda",
      "mode": "managed",
      "type": "aws_lambda_function",
      "name": "function",
      "provider": "provider[\"registry.terraform.io/hashicorp/aws\"]",
      "instances": [
        {
          "schema_version": 0,
          "attributes": {
            "architectures": [
              "x86_64"
            ],
            "arn": "arn:aws:lambda:us-west-1:211125619133:function:spotify-listening-history-ingestor-lambda",
            "code_sha256": "3hRhpVu35Obvt8YXET5C9HZuwKTPfgdHDCNg/dzElEQ=",
            "code_signing_config_arn": "",
            "dead_letter_config": [],
            "description": "",
            "environment": [
              {
                "variables": {
                  "AWS_ACCOUNT_ID": "211125619133",
                  "ENV": "spotify",
                  "REGION": "us-west-1"
                }
              }
            ],
            "ephemeral_storage": [
              {
                "size": 512
              }
            ],
            "file_system_config": [],
            "filename": "./../backend/build/listening_history_ingestor/listening_history_ingestor.zip",
            "function_name": "spotify-listening-history-ingestor-lambda",
            "handler": "handler.handler",
            "id": "spotify-listening-history-ingestor-lambda",
            "image_config": [],
            "image_uri": "",
            "invoke_arn": "arn:aws:apigateway:us-west-1:lambda:path/2015-03-31/functions/arn:aws:lambda:us-west-1:211125619133:function:spotify-listening-history-ingestor-lambda/invocations",
            "kms_key_arn": "",
            "last_modified": "2025-09-08T22:06:44.345+0000",
            "layers": [
              "arn:aws:lambda:us-west-1:211125619133:layer:spotify-shared-layer:1"
            ],
            "logging_config": [
              {
                "application_log_level": "",
                "log_format": "Text",
                "log_group": "/aws/lambda/spotify-listening-history-ingestor-lambda",
                "system_log_level": ""
              }
            ],
            "memory_size": 256,
            "package_type": "Zip",
            "publish": false,
            "qualified_arn": "arn:aws:lambda:us-west-1:211125619133:function:spotify-listening-history-ingestor-lambda:$LATEST",
            "qualified_invoke_arn": "arn:aws:apigateway:us-west-1:lambda:path/2015-03-31/functions/arn:aws:lambda:us-west-1:211125619133:function:spotify-listening-history-ingestor-lambda:$LATEST/invocations",
            "replace_security_groups_on_destroy": null,
            "replacement_security_group_ids": null,
            "reserved_concurrent_executions": -1,
            "role": "arn:aws:iam::211125619133:role/spotify-listening-history-ingestor-lambda-exec-role",
            "runtime": "nodejs20.x",
            "s3_bucket": null,
            "s3_key": null,
            "s3_object_version": null,
            "signing_job_arn": "",
            "signing_profile_version_arn": "",
            "skip_destroy": false,
            "snap_start": [],
            "source_code_hash": "3hRhpVu35Obvt8YXET5C9HZuwKTPfgdHDCNg/dzElEQ=",
            "source_code_size": 154,
            "tags": {},
            "tags_all": {},
            "timeout": 60,
            "timeouts": null,
            "tracing_config": [
              {
                "mode": "PassThrough"
              }
            ],
            "version": "$LATEST",
            "vpc_config": []
          },
          "sensitive_attributes": [],
          "identity_schema_version": 0,
          "private": "eyJlMmJmYjczMC1lY2FhLTExZTYtOGY4OC0zNDM2M2JjN2M0YzAiOnsiY3JlYXRlIjo2MDAwMDAwMDAwMDAsImRlbGV0ZSI6NjAwMDAwMDAwMDAwLCJ1cGRhdGUiOjYwMDAwMDAwMDAwMH19",
          "dependencies": [
            "data.aws_caller_identity.current",
            "module.listening_history_ingestor_lambda.aws_iam_role.execution_role",
            "module.listening_history_ingestor_lambda.aws_s3_object.s3_upload",
            "module.listening_history_ingestor_lambda.data.archive_file.zip",
            "module.shared_lambda_layer.aws_lambda_layer_version.version",
            "module.shared_lambda_layer.aws_s3_object.s3_upload",
            "module.shared_lambda_layer.data.archive_file.zip"
          ]
        }
      ]
    },
    {
      "module": "module.recent_listening_history_table",
      "mode": "managed",
      "type": "aws_dynamodb_table",
      "name": "table",
      "provider": "provider[\"registry.terraform.io/hashicorp/aws\"]",
      "instances": [
        {
          "schema_version": 1,
          "attributes": {
            "arn": "arn:aws:dynamodb:us-west-1:211125619133:table/spotify-recent-listening-history",
            "attribute": [
              {
                "name": "timestamp",
                "type": "S"
              },
              {
                "name": "user_id",
                "type": "S"
              }
            ],
            "billing_mode": "PAY_PER_REQUEST",
            "deletion_protection_enabled": false,
            "global_secondary_index": [],
            "hash_key": "user_id",
            "id": "spotify-recent-listening-history",
            "import_table": [],
            "local_secondary_index": [],
            "name": "spotify-recent-listening-history",
            "on_demand_throughput": [],
            "point_in_time_recovery": [
              {
                "enabled": false
              }
            ],
            "range_key": "timestamp",
            "read_capacity": 0,
            "replica": [],
            "restore_date_time": null,
            "restore_source_name": null,
            "restore_source_table_arn": null,
            "restore_to_latest_time": null,
            "server_side_encryption": [],
            "stream_arn": "",
            "stream_enabled": false,
            "stream_label": "",
            "stream_view_type": "",
            "table_class": "STANDARD",
            "tags": {
              "Developer": "Jeremy Quinto",
              "Environment": "spotify",
              "Name": "spotify-recent-listening-history",
              "Namespace": "jeremy",
              "Owner": "Jeremy Quinto",
              "Project": "spotify-project",
              "Stage": "spotify"
            },
            "tags_all": {
              "Developer": "Jeremy Quinto",
              "Environment": "spotify",
              "Name": "spotify-recent-listening-history",
              "Namespace": "jeremy",
              "Owner": "Jeremy Quinto",
              "Project": "spotify-project",
              "Stage": "spotify"
            },
            "timeouts": null,
            "ttl": [
              {
                "attribute_name": "ttl",
                "enabled": true
              }
            ],
            "write_capacity": 0
          },
          "sensitive_attributes": [],
          "identity_schema_version": 0,
          "private": "eyJlMmJmYjczMC1lY2FhLTExZTYtOGY4OC0zNDM2M2JjN2M0YzAiOnsiY3JlYXRlIjoxODAwMDAwMDAwMDAwLCJkZWxldGUiOjYwMDAwMDAwMDAwMCwidXBkYXRlIjozNjAwMDAwMDAwMDAwfSwic2NoZW1hX3ZlcnNpb24iOiIxIn0="
        }
      ]
    },
    {
      "module": "module.shared_lambda_layer",
      "mode": "managed",
      "type": "aws_lambda_layer_version",
      "name": "version",
      "provider": "provider[\"registry.terraform.io/hashicorp/aws\"]",
      "instances": [
        {
          "schema_version": 0,
          "attributes": {
            "arn": "arn:aws:lambda:us-west-1:211125619133:layer:spotify-shared-layer:1",
            "code_sha256": "ztU4W8FGVi2M4HB+IwI99F5O4zqBtk+eMDs5Uw3cJQg=",
            "compatible_architectures": [
              "arm64",
              "x86_64"
            ],
            "compatible_runtimes": [
              "nodejs20.x"
            ],
            "created_date": "2025-09-08T22:06:35.908+0000",
            "description": "Shared utilities and dependencies for all lambdas",
            "filename": "./../backend/build/layers/shared_layer.zip",
            "id": "arn:aws:lambda:us-west-1:211125619133:layer:spotify-shared-layer:1",
            "layer_arn": "arn:aws:lambda:us-west-1:211125619133:layer:spotify-shared-layer",
            "layer_name": "spotify-shared-layer",
            "license_info": "",
            "s3_bucket": null,
            "s3_key": null,
            "s3_object_version": null,
            "signing_job_arn": "",
            "signing_profile_version_arn": "",
            "skip_destroy": false,
            "source_code_hash": "ztU4W8FGVi2M4HB+IwI99F5O4zqBtk+eMDs5Uw3cJQg=",
            "source_code_size": 1511737,
            "version": "1"
          },
          "sensitive_attributes": [],
          "identity_schema_version": 0,
          "private": "bnVsbA==",
          "dependencies": [
            "module.shared_lambda_layer.aws_s3_object.s3_upload",
            "module.shared_lambda_layer.data.archive_file.zip"
          ]
        }
      ]
    }
  ],
  "check_results": [
    {
      "object_kind": "var",
      "config_addr": "module.recent_listening_history_table.module.label_dynamodb.var.context",
      "status": "pass",
      "objects": [
        {
          "object_addr": "module.recent_listening_history_table.module.label_dynamodb.var.context",
          "status": "pass"
        }
      ]
    },
    {
      "object_kind": "var",
      "config_addr": "module.shared_lambda_layer.var.deployment_type",
      "status": "pass",
      "objects": [
        {
          "object_addr": "module.shared_lambda_layer.var.deployment_type",
          "status": "pass"
        }
      ]
    },
    {
      "object_kind": "var",
      "config_addr": "module.listening_history_ingestor_lambda.var.zip_project",
      "status": "pass",
      "objects": [
        {
          "object_addr": "module.listening_history_ingestor_lambda.var.zip_project",
          "status": "pass"
        }
      ]
    },
    {
      "object_kind": "var",
      "config_addr": "module.listening_history_ingestor_lambda.var.s3_bucket",
      "status": "pass",
      "objects": [
        {
          "object_addr": "module.listening_history_ingestor_lambda.var.s3_bucket",
          "status": "pass"
        }
      ]
    },
    {
      "object_kind": "var",
      "config_addr": "module.shared_lambda_layer.module.label_layer.var.label_value_case",
      "status": "pass",
      "objects": [
        {
          "object_addr": "module.shared_lambda_layer.module.label_layer.var.label_value_case",
          "status": "pass"
        }
      ]
    },
    {
      "object_kind": "var",
      "config_addr": "module.null_label.var.context",
      "status": "pass",
      "objects": [
        {
          "object_addr": "module.null_label.var.context",
          "status": "pass"
        }
      ]
    },
    {
      "object_kind": "var",
      "config_addr": "module.shared_lambda_layer.var.upload_to_s3",
      "status": "pass",
      "objects": [
        {
          "object_addr": "module.shared_lambda_layer.var.upload_to_s3",
          "status": "pass"
        }
      ]
    },
    {
      "object_kind": "var",
      "config_addr": "module.listening_history_ingestor_lambda.var.log_retention_days",
      "status": "pass",
      "objects": [
        {
          "object_addr": "module.listening_history_ingestor_lambda.var.log_retention_days",
          "status": "pass"
        }
      ]
    },
    {
      "object_kind": "var",
      "config_addr": "module.listening_history_ingestor_lambda.var.subnet_ids",
      "status": "pass",
      "objects": [
        {
          "object_addr": "module.listening_history_ingestor_lambda.var.subnet_ids",
          "status": "pass"
        }
      ]
    },
    {
      "object_kind": "var",
      "config_addr": "module.shared_lambda_layer.var.source_dir",
      "status": "pass",
      "objects": [
        {
          "object_addr": "module.shared_lambda_layer.var.source_dir",
          "status": "pass"
        }
      ]
    },
    {
      "object_kind": "var",
      "config_addr": "module.recent_listening_history_table.module.label_dynamodb.var.id_length_limit",
      "status": "pass",
      "objects": [
        {
          "object_addr": "module.recent_listening_history_table.module.label_dynamodb.var.id_length_limit",
          "status": "pass"
        }
      ]
    },
    {
      "object_kind": "var",
      "config_addr": "module.listening_history_ingestor_lambda.var.s3_object_version",
      "status": "pass",
      "objects": [
        {
          "object_addr": "module.listening_history_ingestor_lambda.var.s3_object_version",
          "status": "pass"
        }
      ]
    },
    {
      "object_kind": "var",
      "config_addr": "module.recent_listening_history_table.var.stream_view_type",
      "status": "pass",
      "objects": [
        {
          "object_addr": "module.recent_listening_history_table.var.stream_view_type",
          "status": "pass"
        }
      ]
    },
    {
      "object_kind": "var",
      "config_addr": "module.recent_listening_history_table.module.label_dynamodb.var.label_key_case",
      "status": "pass",
      "objects": [
        {
          "object_addr": "module.recent_listening_history_table.module.label_dynamodb.var.label_key_case",
          "status": "pass"
        }
      ]
    },
    {
      "object_kind": "var",
      "config_addr": "module.shared_lambda_layer.var.architecture",
      "status": "pass",
      "objects": [
        {
          "object_addr": "module.shared_lambda_layer.var.architecture",
          "status": "pass"
        }
      ]
    },
    {
      "object_kind": "var",
      "config_addr": "module.listening_history_ingestor_lambda.var.create_sg",
      "status": "pass",
      "objects": [
        {
          "object_addr": "module.listening_history_ingestor_lambda.var.create_sg",
          "status": "pass"
        }
      ]
    },
    {
      "object_kind": "var",
      "config_addr": "module.shared_lambda_layer.var.filename",
      "status": "pass",
      "objects": [
        {
          "object_addr": "module.shared_lambda_layer.var.filename",
          "status": "pass"
        }
      ]
    },
    {
      "object_kind": "var",
      "config_addr": "module.listening_history_ingestor_lambda.var.source_dir",
      "status": "pass",
      "objects": [
        {
          "object_addr": "module.listening_history_ingestor_lambda.var.source_dir",
          "status": "pass"
        }
      ]
    },
    {
      "object_kind": "var",
      "config_addr": "module.shared_lambda_layer.var.s3_bucket",
      "status": "pass",
      "objects": [
        {
          "object_addr": "module.shared_lambda_layer.var.s3_bucket",
          "status": "pass"
        }
      ]
    },
    {
      "object_kind": "var",
      "config_addr": "module.listening_history_ingestor_lambda.module.label_lambda_exec_role.var.id_length_limit",
      "status": "pass",
      "objects": [
        {
          "object_addr": "module.listening_history_ingestor_lambda.module.label_lambda_exec_role.var.id_length_limit",
          "status": "pass"
        }
      ]
    },
    {
      "object_kind": "var",
      "config_addr": "module.shared_lambda_layer.module.label_layer.var.context",
      "status": "pass",
      "objects": [
        {
          "object_addr": "module.shared_lambda_layer.module.label_layer.var.context",
          "status": "pass"
        }
      ]
    },
    {
      "object_kind": "var",
      "config_addr": "module.listening_history_ingestor_lambda.var.security_group_ids",
      "status": "pass",
      "objects": [
        {
          "object_addr": "module.listening_history_ingestor_lambda.var.security_group_ids",
          "status": "pass"
        }
      ]
    },
    {
      "object_kind": "var",
      "config_addr": "module.recent_listening_history_table.module.label_dynamodb.var.label_value_case",
      "status": "pass",
      "objects": [
        {
          "object_addr": "module.recent_listening_history_table.module.label_dynamodb.var.label_value_case",
          "status": "pass"
        }
      ]
    },
    {
      "object_kind": "var",
      "config_addr": "module.listening_history_ingestor_lambda.var.build_image",
      "status": "pass",
      "objects": [
        {
          "object_addr": "module.listening_history_ingestor_lambda.var.build_image",
          "status": "pass"
        }
      ]
    },
    {
      "object_kind": "var",
      "config_addr": "module.listening_history_ingestor_lambda.module.label_lambda_exec_role.var.context",
      "status": "pass",
      "objects": [
        {
          "object_addr": "module.listening_history_ingestor_lambda.module.label_lambda_exec_role.var.context",
          "status": "pass"
        }
      ]
    },
    {
      "object_kind": "var",
      "config_addr": "module.null_label.var.label_key_case",
      "status": "pass",
      "objects": [
        {
          "object_addr": "module.null_label.var.label_key_case",
          "status": "pass"
        }
      ]
    },
    {
      "object_kind": "var",
      "config_addr": "module.listening_history_ingestor_lambda.var.upload_to_s3",
      "status": "pass",
      "objects": [
        {
          "object_addr": "module.listening_history_ingestor_lambda.var.upload_to_s3",
          "status": "pass"
        }
      ]
    },
    {
      "object_kind": "var",
      "config_addr": "module.shared_lambda_layer.var.zip_project",
      "status": "pass",
      "objects": [
        {
          "object_addr": "module.shared_lambda_layer.var.zip_project",
          "status": "pass"
        }
      ]
    },
    {
      "object_kind": "var",
      "config_addr": "module.listening_history_ingestor_lambda.var.build_path",
      "status": "pass",
      "objects": [
        {
          "object_addr": "module.listening_history_ingestor_lambda.var.build_path",
          "status": "pass"
        }
      ]
    },
    {
      "object_kind": "var",
      "config_addr": "module.listening_history_ingestor_lambda.var.filename",
      "status": "pass",
      "objects": [
        {
          "object_addr": "module.listening_history_ingestor_lambda.var.filename",
          "status": "pass"
        }
      ]
    },
    {
      "object_kind": "var",
      "config_addr": "module.shared_lambda_layer.var.build_path",
      "status": "pass",
      "objects": [
        {
          "object_addr": "module.shared_lambda_layer.var.build_path",
          "status": "pass"
        }
      ]
    },
    {
      "object_kind": "var",
      "config_addr": "module.listening_history_ingestor_lambda.module.label_lambda.var.label_key_case",
      "status": "pass",
      "objects": [
        {
          "object_addr": "module.listening_history_ingestor_lambda.module.label_lambda.var.label_key_case",
          "status": "pass"
        }
      ]
    },
    {
      "object_kind": "var",
      "config_addr": "module.null_label.var.id_length_limit",
      "status": "pass",
      "objects": [
        {
          "object_addr": "module.null_label.var.id_length_limit",
          "status": "pass"
        }
      ]
    },
    {
      "object_kind": "var",
      "config_addr": "module.null_label.var.label_value_case",
      "status": "pass",
      "objects": [
        {
          "object_addr": "module.null_label.var.label_value_case",
          "status": "pass"
        }
      ]
    },
    {
      "object_kind": "var",
      "config_addr": "module.listening_history_ingestor_lambda.module.label_lambda.var.id_length_limit",
      "status": "pass",
      "objects": [
        {
          "object_addr": "module.listening_history_ingestor_lambda.module.label_lambda.var.id_length_limit",
          "status": "pass"
        }
      ]
    },
    {
      "object_kind": "var",
      "config_addr": "module.listening_history_ingestor_lambda.var.deployment_type",
      "status": "pass",
      "objects": [
        {
          "object_addr": "module.listening_history_ingestor_lambda.var.deployment_type",
          "status": "pass"
        }
      ]
    },
    {
      "object_kind": "var",
      "config_addr": "module.recent_listening_history_table.var.read_capacity",
      "status": "pass",
      "objects": [
        {
          "object_addr": "module.recent_listening_history_table.var.read_capacity",
          "status": "pass"
        }
      ]
    },
    {
      "object_kind": "var",
      "config_addr": "module.shared_lambda_layer.module.label_layer.var.id_length_limit",
      "status": "pass",
      "objects": [
        {
          "object_addr": "module.shared_lambda_layer.module.label_layer.var.id_length_limit",
          "status": "pass"
        }
      ]
    },
    {
      "object_kind": "var",
      "config_addr": "module.recent_listening_history_table.var.billing_mode",
      "status": "pass",
      "objects": [
        {
          "object_addr": "module.recent_listening_history_table.var.billing_mode",
          "status": "pass"
        }
      ]
    },
    {
      "object_kind": "var",
      "config_addr": "module.shared_lambda_layer.var.s3_object_version",
      "status": "pass",
      "objects": [
        {
          "object_addr": "module.shared_lambda_layer.var.s3_object_version",
          "status": "pass"
        }
      ]
    },
    {
      "object_kind": "var",
      "config_addr": "module.shared_lambda_layer.module.label_layer.var.label_key_case",
      "status": "pass",
      "objects": [
        {
          "object_addr": "module.shared_lambda_layer.module.label_layer.var.label_key_case",
          "status": "pass"
        }
      ]
    },
    {
      "object_kind": "var",
      "config_addr": "module.listening_history_ingestor_lambda.module.label_lambda_exec_role.var.label_key_case",
      "status": "pass",
      "objects": [
        {
          "object_addr": "module.listening_history_ingestor_lambda.module.label_lambda_exec_role.var.label_key_case",
          "status": "pass"
        }
      ]
    },
    {
      "object_kind": "var",
      "config_addr": "module.listening_history_ingestor_lambda.module.label_lambda.var.label_value_case",
      "status": "pass",
      "objects": [
        {
          "object_addr": "module.listening_history_ingestor_lambda.module.label_lambda.var.label_value_case",
          "status": "pass"
        }
      ]
    },
    {
      "object_kind": "var",
      "config_addr": "module.listening_history_ingestor_lambda.module.label_lambda.var.context",
      "status": "pass",
      "objects": [
        {
          "object_addr": "module.listening_history_ingestor_lambda.module.label_lambda.var.context",
          "status": "pass"
        }
      ]
    },
    {
      "object_kind": "var",
      "config_addr": "module.listening_history_ingestor_lambda.module.label_lambda_exec_role.var.label_value_case",
      "status": "pass",
      "objects": [
        {
          "object_addr": "module.listening_history_ingestor_lambda.module.label_lambda_exec_role.var.label_value_case",
          "status": "pass"
        }
      ]
    },
    {
      "object_kind": "var",
      "config_addr": "module.recent_listening_history_table.var.write_capacity",
      "status": "pass",
      "objects": [
        {
          "object_addr": "module.recent_listening_history_table.var.write_capacity",
          "status": "pass"
        }
      ]
    },
    {
      "object_kind": "var",
      "config_addr": "module.listening_history_ingestor_lambda.var.platform",
      "status": "pass",
      "objects": [
        {
          "object_addr": "module.listening_history_ingestor_lambda.var.platform",
          "status": "pass"
        }
      ]
    }
  ]
}
